{
  "lineage": "test-zero-trust-list-lineage",
  "outputs": {},
  "resources": [
    {
      "instances": [
        {
          "attributes": {
            "account_id": "test-account-id",
            "description": null,
            "id": "minimal-list-id",
            "items": [
              {
                "value": "192.168.1.1"
              }
            ],
            "name": "Minimal",
            "type": "IP"
          },
          "schema_version": 0
        }
      ],
      "mode": "managed",
      "name": "minimal",
      "provider": "provider[\"registry.terraform.io/cloudflare/cloudflare\"]",
      "type": "cloudflare_zero_trust_list"
    },
    {
      "instances": [
        {
          "attributes": {
            "account_id": "test-account-id",
            "description": "Test description",
            "id": "maximal-list-id",
            "items": [
              {
                "description": "Secure subdomain",
                "value": "secure.cf-tf-test.com"
              },
              {
                "description": "Admin portal",
                "value": "admin.cf-tf-test.com"
              },
              {
                "value": "cf-tf-test.com"
              },
              {
                "value": "test.cf-tf-test.com"
              },
              {
                "value": "api.cf-tf-test.com"
              }
            ],
            "name": "Maximal",
            "type": "DOMAIN"
          },
          "schema_version": 0
        }
      ],
      "mode": "managed",
      "name": "maximal",
      "provider": "provider[\"registry.terraform.io/cloudflare/cloudflare\"]",
      "type": "cloudflare_zero_trust_list"
    },
    {
      "instances": [
        {
          "attributes": {
            "account_id": "test-account-id",
            "description": "Test description",
            "id": "empty-list-id",
            "name": "Empty",
            "type": "URL"
          },
          "schema_version": 0
        }
      ],
      "mode": "managed",
      "name": "empty",
      "provider": "provider[\"registry.terraform.io/cloudflare/cloudflare\"]",
      "type": "cloudflare_zero_trust_list"
    },
    {
      "instances": [
        {
          "attributes": {
            "account_id": "test-account-id",
            "description": null,
            "id": "ip_list-list-id",
            "items": [
              {
                "value": "192.168.1.1"
              },
              {
                "value": "192.168.1.2"
              },
              {
                "value": "10.0.0.0/8"
              }
            ],
            "name": "Ip List",
            "type": "IP"
          },
          "schema_version": 0
        }
      ],
      "mode": "managed",
      "name": "ip_list",
      "provider": "provider[\"registry.terraform.io/cloudflare/cloudflare\"]",
      "type": "cloudflare_zero_trust_list"
    },
    {
      "instances": [
        {
          "attributes": {
            "account_id": "test-account-id",
            "description": "Test description",
            "id": "domain_list-list-id",
            "items": [
              {
                "description": "Main company domain",
                "value": "cf-tf-test.com"
              },
              {
                "description": "API subdomain",
                "value": "api.cf-tf-test.com"
              },
              {
                "description": "Testing environment",
                "value": "test.cf-tf-test.com"
              }
            ],
            "name": "Domain List",
            "type": "DOMAIN"
          },
          "schema_version": 0
        }
      ],
      "mode": "managed",
      "name": "domain_list",
      "provider": "provider[\"registry.terraform.io/cloudflare/cloudflare\"]",
      "type": "cloudflare_zero_trust_list"
    },
    {
      "instances": [
        {
          "attributes": {
            "account_id": "test-account-id",
            "description": null,
            "id": "email_list-list-id",
            "items": [
              {
                "description": "CEO email address",
                "value": "ceo@cf-tf-test.com"
              },
              {
                "description": "CTO email address",
                "value": "cto@cf-tf-test.com"
              },
              {
                "value": "admin@cf-tf-test.com"
              },
              {
                "value": "security@cf-tf-test.com"
              }
            ],
            "name": "Email List",
            "type": "EMAIL"
          },
          "schema_version": 0
        }
      ],
      "mode": "managed",
      "name": "email_list",
      "provider": "provider[\"registry.terraform.io/cloudflare/cloudflare\"]",
      "type": "cloudflare_zero_trust_list"
    },
    {
      "instances": [
        {
          "attributes": {
            "account_id": "test-account-id",
            "description": "Test url_list",
            "id": "url_list-id",
            "items": [
              {
                "value": "cf-tf-test.com"
              }
            ],
            "name": "Url List",
            "type": "DOMAIN"
          },
          "schema_version": 0
        }
      ],
      "mode": "managed",
      "name": "url_list",
      "provider": "provider[\"registry.terraform.io/cloudflare/cloudflare\"]",
      "type": "cloudflare_zero_trust_list"
    },
    {
      "instances": [
        {
          "attributes": {
            "account_id": "test-account-id",
            "description": "Test serial_list",
            "id": "serial_list-id",
            "items": [
              {
                "value": "cf-tf-test.com"
              }
            ],
            "name": "Serial List",
            "type": "DOMAIN"
          },
          "schema_version": 0
        }
      ],
      "mode": "managed",
      "name": "serial_list",
      "provider": "provider[\"registry.terraform.io/cloudflare/cloudflare\"]",
      "type": "cloudflare_zero_trust_list"
    },
    {
      "instances": [
        {
          "attributes": {
            "account_id": "test-account-id",
            "description": "Test complex_ips",
            "id": "complex_ips-id",
            "items": [
              {
                "value": "cf-tf-test.com"
              }
            ],
            "name": "Complex Ips",
            "type": "DOMAIN"
          },
          "schema_version": 0
        }
      ],
      "mode": "managed",
      "name": "complex_ips",
      "provider": "provider[\"registry.terraform.io/cloudflare/cloudflare\"]",
      "type": "cloudflare_zero_trust_list"
    },
    {
      "instances": [
        {
          "attributes": {
            "account_id": "test-account-id",
            "description": "Test complex_emails",
            "id": "complex_emails-id",
            "items": [
              {
                "value": "cf-tf-test.com"
              }
            ],
            "name": "Complex Emails",
            "type": "DOMAIN"
          },
          "schema_version": 0
        }
      ],
      "mode": "managed",
      "name": "complex_emails",
      "provider": "provider[\"registry.terraform.io/cloudflare/cloudflare\"]",
      "type": "cloudflare_zero_trust_list"
    },
    {
      "instances": [
        {
          "attributes": {
            "account_id": "test-account-id",
            "description": "Test with_join",
            "id": "with_join-id",
            "items": [
              {
                "value": "cf-tf-test.com"
              }
            ],
            "name": "With Join",
            "type": "DOMAIN"
          },
          "schema_version": 0
        }
      ],
      "mode": "managed",
      "name": "with_join",
      "provider": "provider[\"registry.terraform.io/cloudflare/cloudflare\"]",
      "type": "cloudflare_zero_trust_list"
    },
    {
      "instances": [
        {
          "attributes": {
            "account_id": "test-account-id",
            "description": "Test with_interpolation",
            "id": "with_interpolation-id",
            "items": [
              {
                "value": "cf-tf-test.com"
              }
            ],
            "name": "With Interpolation",
            "type": "DOMAIN"
          },
          "schema_version": 0
        }
      ],
      "mode": "managed",
      "name": "with_interpolation",
      "provider": "provider[\"registry.terraform.io/cloudflare/cloudflare\"]",
      "type": "cloudflare_zero_trust_list"
    },
    {
      "instances": [
        {
          "attributes": {
            "account_id": "test-account-id",
            "description": "Test with_lifecycle",
            "id": "with_lifecycle-id",
            "items": [
              {
                "value": "cf-tf-test.com"
              }
            ],
            "name": "With Lifecycle",
            "type": "DOMAIN"
          },
          "schema_version": 0
        }
      ],
      "mode": "managed",
      "name": "with_lifecycle",
      "provider": "provider[\"registry.terraform.io/cloudflare/cloudflare\"]",
      "type": "cloudflare_zero_trust_list"
    },
    {
      "instances": [
        {
          "attributes": {
            "account_id": "test-account-id",
            "description": "Test with_prevent_destroy",
            "id": "with_prevent_destroy-id",
            "items": [
              {
                "value": "cf-tf-test.com"
              }
            ],
            "name": "With Prevent Destroy",
            "type": "DOMAIN"
          },
          "schema_version": 0
        }
      ],
      "mode": "managed",
      "name": "with_prevent_destroy",
      "provider": "provider[\"registry.terraform.io/cloudflare/cloudflare\"]",
      "type": "cloudflare_zero_trust_list"
    },
    {
      "index_key": "malware",
      "instances": [
        {
          "attributes": {
            "account_id": "test-account-id",
            "description": "Known malware domains",
            "id": "security-malware-id",
            "items": [
              {
                "value": "malware.cf-tf-test.com"
              },
              {
                "value": "www.malware.cf-tf-test.com"
              }
            ],
            "name": "cftftest-list-malware",
            "type": "DOMAIN"
          },
          "index_key": "malware",
          "schema_version": 0
        }
      ],
      "mode": "managed",
      "name": "security_domains",
      "provider": "provider[\"registry.terraform.io/cloudflare/cloudflare\"]",
      "type": "cloudflare_zero_trust_list"
    },
    {
      "index_key": "phishing",
      "instances": [
        {
          "attributes": {
            "account_id": "test-account-id",
            "description": "Known phishing domains",
            "id": "security-phishing-id",
            "items": [
              {
                "value": "phishing.cf-tf-test.com"
              },
              {
                "value": "www.phishing.cf-tf-test.com"
              }
            ],
            "name": "cftftest-list-phishing",
            "type": "DOMAIN"
          },
          "index_key": "phishing",
          "schema_version": 0
        }
      ],
      "mode": "managed",
      "name": "security_domains",
      "provider": "provider[\"registry.terraform.io/cloudflare/cloudflare\"]",
      "type": "cloudflare_zero_trust_list"
    },
    {
      "index_key": "spam",
      "instances": [
        {
          "attributes": {
            "account_id": "test-account-id",
            "description": "Known spam domains",
            "id": "security-spam-id",
            "items": [
              {
                "value": "spam.cf-tf-test.com"
              },
              {
                "value": "www.spam.cf-tf-test.com"
              }
            ],
            "name": "cftftest-list-spam",
            "type": "DOMAIN"
          },
          "index_key": "spam",
          "schema_version": 0
        }
      ],
      "mode": "managed",
      "name": "security_domains",
      "provider": "provider[\"registry.terraform.io/cloudflare/cloudflare\"]",
      "type": "cloudflare_zero_trust_list"
    },
    {
      "index_key": "staging",
      "instances": [
        {
          "attributes": {
            "account_id": "test-account-id",
            "description": "List for staging environment",
            "id": "list-staging-id",
            "items": [
              {
                "value": "staging.cf-tf-test.com"
              }
            ],
            "name": "cftftest-list-staging",
            "type": "DOMAIN"
          },
          "index_key": "staging",
          "schema_version": 0
        }
      ],
      "mode": "managed",
      "name": "list_types",
      "provider": "provider[\"registry.terraform.io/cloudflare/cloudflare\"]",
      "type": "cloudflare_zero_trust_list"
    },
    {
      "index_key": "production",
      "instances": [
        {
          "attributes": {
            "account_id": "test-account-id",
            "description": "List for production environment",
            "id": "list-production-id",
            "items": [
              {
                "value": "production.cf-tf-test.com"
              }
            ],
            "name": "cftftest-list-production",
            "type": "DOMAIN"
          },
          "index_key": "production",
          "schema_version": 0
        }
      ],
      "mode": "managed",
      "name": "list_types",
      "provider": "provider[\"registry.terraform.io/cloudflare/cloudflare\"]",
      "type": "cloudflare_zero_trust_list"
    },
    {
      "index_key": "development",
      "instances": [
        {
          "attributes": {
            "account_id": "test-account-id",
            "description": "List for development environment",
            "id": "list-development-id",
            "items": [
              {
                "value": "development.cf-tf-test.com"
              }
            ],
            "name": "cftftest-list-development",
            "type": "DOMAIN"
          },
          "index_key": "development",
          "schema_version": 0
        }
      ],
      "mode": "managed",
      "name": "list_types",
      "provider": "provider[\"registry.terraform.io/cloudflare/cloudflare\"]",
      "type": "cloudflare_zero_trust_list"
    },
    {
      "index_key": "testing",
      "instances": [
        {
          "attributes": {
            "account_id": "test-account-id",
            "description": "List for testing environment",
            "id": "list-testing-id",
            "items": [
              {
                "value": "testing.cf-tf-test.com"
              }
            ],
            "name": "cftftest-list-testing",
            "type": "DOMAIN"
          },
          "index_key": "testing",
          "schema_version": 0
        }
      ],
      "mode": "managed",
      "name": "list_types",
      "provider": "provider[\"registry.terraform.io/cloudflare/cloudflare\"]",
      "type": "cloudflare_zero_trust_list"
    },
    {
      "index_key": 0,
      "instances": [
        {
          "attributes": {
            "account_id": "test-account-id",
            "description": "IP range 0",
            "id": "ip-range-0-id",
            "items": [
              {
                "value": "192.168.0.0/24"
              }
            ],
            "name": "cftftest-list-range-0",
            "type": "IP"
          },
          "index_key": 0,
          "schema_version": 0
        }
      ],
      "mode": "managed",
      "name": "ip_ranges",
      "provider": "provider[\"registry.terraform.io/cloudflare/cloudflare\"]",
      "type": "cloudflare_zero_trust_list"
    },
    {
      "index_key": 1,
      "instances": [
        {
          "attributes": {
            "account_id": "test-account-id",
            "description": "IP range 1",
            "id": "ip-range-1-id",
            "items": [
              {
                "value": "192.168.1.0/24"
              }
            ],
            "name": "cftftest-list-range-1",
            "type": "IP"
          },
          "index_key": 1,
          "schema_version": 0
        }
      ],
      "mode": "managed",
      "name": "ip_ranges",
      "provider": "provider[\"registry.terraform.io/cloudflare/cloudflare\"]",
      "type": "cloudflare_zero_trust_list"
    },
    {
      "index_key": 2,
      "instances": [
        {
          "attributes": {
            "account_id": "test-account-id",
            "description": "IP range 2",
            "id": "ip-range-2-id",
            "items": [
              {
                "value": "192.168.2.0/24"
              }
            ],
            "name": "cftftest-list-range-2",
            "type": "IP"
          },
          "index_key": 2,
          "schema_version": 0
        }
      ],
      "mode": "managed",
      "name": "ip_ranges",
      "provider": "provider[\"registry.terraform.io/cloudflare/cloudflare\"]",
      "type": "cloudflare_zero_trust_list"
    },
    {
      "index_key": 0,
      "instances": [
        {
          "attributes": {
            "account_id": "test-account-id",
            "description": "This list is conditionally created",
            "id": "conditional-enabled-id",
            "items": [
              {
                "value": "secure.cf-tf-test.com"
              },
              {
                "value": "protected.cf-tf-test.com"
              }
            ],
            "name": "Security List - Enabled",
            "type": "DOMAIN"
          },
          "index_key": 0,
          "schema_version": 0
        }
      ],
      "mode": "managed",
      "name": "conditional_enabled",
      "provider": "provider[\"registry.terraform.io/cloudflare/cloudflare\"]",
      "type": "cloudflare_zero_trust_list"
    }
  ],
  "serial": 1,
  "terraform_version": "1.5.0",
  "version": 4
}