{
  "version": 4,
  "terraform_version": "1.5.0",
  "serial": 1,
  "lineage": "test-zero-trust-list-lineage",
  "outputs": {},
  "resources": [
    {
      "mode": "managed",
      "type": "cloudflare_teams_list",
      "name": "minimal",
      "provider": "provider[\"registry.terraform.io/cloudflare/cloudflare\"]",
      "instances": [
        {
          "schema_version": 0,
          "attributes": {
            "id": "minimal-list-id",
            "account_id": "test-account-id",
            "name": "Minimal",
            "type": "IP",
            "description": null,
            "items": [
              "192.168.1.1"
            ],
            "items_with_description": []
          }
        }
      ]
    },
    {
      "mode": "managed",
      "type": "cloudflare_teams_list",
      "name": "maximal",
      "provider": "provider[\"registry.terraform.io/cloudflare/cloudflare\"]",
      "instances": [
        {
          "schema_version": 0,
          "attributes": {
            "id": "maximal-list-id",
            "account_id": "test-account-id",
            "name": "Maximal",
            "type": "DOMAIN",
            "description": "Test description",
            "items": [
              "example.com",
              "test.example.com",
              "api.example.com"
            ],
            "items_with_description": [
              {
                "value": "secure.example.com",
                "description": "Secure subdomain"
              },
              {
                "value": "admin.example.com",
                "description": "Admin portal"
              }
            ]
          }
        }
      ]
    },
    {
      "mode": "managed",
      "type": "cloudflare_teams_list",
      "name": "empty",
      "provider": "provider[\"registry.terraform.io/cloudflare/cloudflare\"]",
      "instances": [
        {
          "schema_version": 0,
          "attributes": {
            "id": "empty-list-id",
            "account_id": "test-account-id",
            "name": "Empty",
            "type": "URL",
            "description": "Test description",
            "items": [],
            "items_with_description": []
          }
        }
      ]
    },
    {
      "mode": "managed",
      "type": "cloudflare_teams_list",
      "name": "ip_list",
      "provider": "provider[\"registry.terraform.io/cloudflare/cloudflare\"]",
      "instances": [
        {
          "schema_version": 0,
          "attributes": {
            "id": "ip_list-list-id",
            "account_id": "test-account-id",
            "name": "Ip List",
            "type": "IP",
            "description": null,
            "items": [
              "192.168.1.1",
              "192.168.1.2",
              "10.0.0.0/8"
            ],
            "items_with_description": []
          }
        }
      ]
    },
    {
      "mode": "managed",
      "type": "cloudflare_teams_list",
      "name": "domain_list",
      "provider": "provider[\"registry.terraform.io/cloudflare/cloudflare\"]",
      "instances": [
        {
          "schema_version": 0,
          "attributes": {
            "id": "domain_list-list-id",
            "account_id": "test-account-id",
            "name": "Domain List",
            "type": "DOMAIN",
            "description": "Test description",
            "items": [],
            "items_with_description": [
              {
                "value": "example.com",
                "description": "Main company domain"
              },
              {
                "value": "api.example.com",
                "description": "API subdomain"
              },
              {
                "value": "test.example.com",
                "description": "Testing environment"
              }
            ]
          }
        }
      ]
    },
    {
      "mode": "managed",
      "type": "cloudflare_teams_list",
      "name": "email_list",
      "provider": "provider[\"registry.terraform.io/cloudflare/cloudflare\"]",
      "instances": [
        {
          "schema_version": 0,
          "attributes": {
            "id": "email_list-list-id",
            "account_id": "test-account-id",
            "name": "Email List",
            "type": "EMAIL",
            "description": null,
            "items": [
              "admin@example.com",
              "security@example.com"
            ],
            "items_with_description": [
              {
                "value": "ceo@example.com",
                "description": "CEO email address"
              },
              {
                "value": "cto@example.com",
                "description": "CTO email address"
              }
            ]
          }
        }
      ]
    },
    {
      "mode": "managed",
      "type": "cloudflare_teams_list",
      "name": "url_list",
      "provider": "provider[\"registry.terraform.io/cloudflare/cloudflare\"]",
      "instances": [
        {
          "schema_version": 0,
          "attributes": {
            "id": "url_list-id",
            "account_id": "test-account-id",
            "name": "Url List",
            "type": "DOMAIN",
            "description": "Test url_list",
            "items": [
              "example.com"
            ],
            "items_with_description": []
          }
        }
      ]
    },
    {
      "mode": "managed",
      "type": "cloudflare_teams_list",
      "name": "serial_list",
      "provider": "provider[\"registry.terraform.io/cloudflare/cloudflare\"]",
      "instances": [
        {
          "schema_version": 0,
          "attributes": {
            "id": "serial_list-id",
            "account_id": "test-account-id",
            "name": "Serial List",
            "type": "DOMAIN",
            "description": "Test serial_list",
            "items": [
              "example.com"
            ],
            "items_with_description": []
          }
        }
      ]
    },
    {
      "mode": "managed",
      "type": "cloudflare_teams_list",
      "name": "complex_ips",
      "provider": "provider[\"registry.terraform.io/cloudflare/cloudflare\"]",
      "instances": [
        {
          "schema_version": 0,
          "attributes": {
            "id": "complex_ips-id",
            "account_id": "test-account-id",
            "name": "Complex Ips",
            "type": "DOMAIN",
            "description": "Test complex_ips",
            "items": [
              "example.com"
            ],
            "items_with_description": []
          }
        }
      ]
    },
    {
      "mode": "managed",
      "type": "cloudflare_teams_list",
      "name": "complex_emails",
      "provider": "provider[\"registry.terraform.io/cloudflare/cloudflare\"]",
      "instances": [
        {
          "schema_version": 0,
          "attributes": {
            "id": "complex_emails-id",
            "account_id": "test-account-id",
            "name": "Complex Emails",
            "type": "DOMAIN",
            "description": "Test complex_emails",
            "items": [
              "example.com"
            ],
            "items_with_description": []
          }
        }
      ]
    },
    {
      "mode": "managed",
      "type": "cloudflare_teams_list",
      "name": "with_join",
      "provider": "provider[\"registry.terraform.io/cloudflare/cloudflare\"]",
      "instances": [
        {
          "schema_version": 0,
          "attributes": {
            "id": "with_join-id",
            "account_id": "test-account-id",
            "name": "With Join",
            "type": "DOMAIN",
            "description": "Test with_join",
            "items": [
              "example.com"
            ],
            "items_with_description": []
          }
        }
      ]
    },
    {
      "mode": "managed",
      "type": "cloudflare_teams_list",
      "name": "with_interpolation",
      "provider": "provider[\"registry.terraform.io/cloudflare/cloudflare\"]",
      "instances": [
        {
          "schema_version": 0,
          "attributes": {
            "id": "with_interpolation-id",
            "account_id": "test-account-id",
            "name": "With Interpolation",
            "type": "DOMAIN",
            "description": "Test with_interpolation",
            "items": [
              "example.com"
            ],
            "items_with_description": []
          }
        }
      ]
    },
    {
      "mode": "managed",
      "type": "cloudflare_teams_list",
      "name": "with_lifecycle",
      "provider": "provider[\"registry.terraform.io/cloudflare/cloudflare\"]",
      "instances": [
        {
          "schema_version": 0,
          "attributes": {
            "id": "with_lifecycle-id",
            "account_id": "test-account-id",
            "name": "With Lifecycle",
            "type": "DOMAIN",
            "description": "Test with_lifecycle",
            "items": [
              "example.com"
            ],
            "items_with_description": []
          }
        }
      ]
    },
    {
      "mode": "managed",
      "type": "cloudflare_teams_list",
      "name": "with_prevent_destroy",
      "provider": "provider[\"registry.terraform.io/cloudflare/cloudflare\"]",
      "instances": [
        {
          "schema_version": 0,
          "attributes": {
            "id": "with_prevent_destroy-id",
            "account_id": "test-account-id",
            "name": "With Prevent Destroy",
            "type": "DOMAIN",
            "description": "Test with_prevent_destroy",
            "items": [
              "example.com"
            ],
            "items_with_description": []
          }
        }
      ]
    },
    {
      "mode": "managed",
      "type": "cloudflare_teams_list",
      "name": "security_domains",
      "provider": "provider[\"registry.terraform.io/cloudflare/cloudflare\"]",
      "index_key": "malware",
      "instances": [
        {
          "schema_version": 0,
          "index_key": "malware",
          "attributes": {
            "id": "security-malware-id",
            "account_id": "test-account-id",
            "name": "test-list-malware",
            "type": "DOMAIN",
            "description": "Known malware domains",
            "items": [
              "malware.example.com",
              "www.malware.example.com"
            ],
            "items_with_description": []
          }
        }
      ]
    },
    {
      "mode": "managed",
      "type": "cloudflare_teams_list",
      "name": "security_domains",
      "provider": "provider[\"registry.terraform.io/cloudflare/cloudflare\"]",
      "index_key": "phishing",
      "instances": [
        {
          "schema_version": 0,
          "index_key": "phishing",
          "attributes": {
            "id": "security-phishing-id",
            "account_id": "test-account-id",
            "name": "test-list-phishing",
            "type": "DOMAIN",
            "description": "Known phishing domains",
            "items": [
              "phishing.example.com",
              "www.phishing.example.com"
            ],
            "items_with_description": []
          }
        }
      ]
    },
    {
      "mode": "managed",
      "type": "cloudflare_teams_list",
      "name": "security_domains",
      "provider": "provider[\"registry.terraform.io/cloudflare/cloudflare\"]",
      "index_key": "spam",
      "instances": [
        {
          "schema_version": 0,
          "index_key": "spam",
          "attributes": {
            "id": "security-spam-id",
            "account_id": "test-account-id",
            "name": "test-list-spam",
            "type": "DOMAIN",
            "description": "Known spam domains",
            "items": [
              "spam.example.com",
              "www.spam.example.com"
            ],
            "items_with_description": []
          }
        }
      ]
    },
    {
      "mode": "managed",
      "type": "cloudflare_teams_list",
      "name": "list_types",
      "provider": "provider[\"registry.terraform.io/cloudflare/cloudflare\"]",
      "index_key": "staging",
      "instances": [
        {
          "schema_version": 0,
          "index_key": "staging",
          "attributes": {
            "id": "list-staging-id",
            "account_id": "test-account-id",
            "name": "test-list-staging",
            "type": "DOMAIN",
            "description": "List for staging environment",
            "items": [
              "staging.example.com"
            ],
            "items_with_description": []
          }
        }
      ]
    },
    {
      "mode": "managed",
      "type": "cloudflare_teams_list",
      "name": "list_types",
      "provider": "provider[\"registry.terraform.io/cloudflare/cloudflare\"]",
      "index_key": "production",
      "instances": [
        {
          "schema_version": 0,
          "index_key": "production",
          "attributes": {
            "id": "list-production-id",
            "account_id": "test-account-id",
            "name": "test-list-production",
            "type": "DOMAIN",
            "description": "List for production environment",
            "items": [
              "production.example.com"
            ],
            "items_with_description": []
          }
        }
      ]
    },
    {
      "mode": "managed",
      "type": "cloudflare_teams_list",
      "name": "list_types",
      "provider": "provider[\"registry.terraform.io/cloudflare/cloudflare\"]",
      "index_key": "development",
      "instances": [
        {
          "schema_version": 0,
          "index_key": "development",
          "attributes": {
            "id": "list-development-id",
            "account_id": "test-account-id",
            "name": "test-list-development",
            "type": "DOMAIN",
            "description": "List for development environment",
            "items": [
              "development.example.com"
            ],
            "items_with_description": []
          }
        }
      ]
    },
    {
      "mode": "managed",
      "type": "cloudflare_teams_list",
      "name": "list_types",
      "provider": "provider[\"registry.terraform.io/cloudflare/cloudflare\"]",
      "index_key": "testing",
      "instances": [
        {
          "schema_version": 0,
          "index_key": "testing",
          "attributes": {
            "id": "list-testing-id",
            "account_id": "test-account-id",
            "name": "test-list-testing",
            "type": "DOMAIN",
            "description": "List for testing environment",
            "items": [
              "testing.example.com"
            ],
            "items_with_description": []
          }
        }
      ]
    },
    {
      "mode": "managed",
      "type": "cloudflare_teams_list",
      "name": "ip_ranges",
      "provider": "provider[\"registry.terraform.io/cloudflare/cloudflare\"]",
      "index_key": 0,
      "instances": [
        {
          "schema_version": 0,
          "index_key": 0,
          "attributes": {
            "id": "ip-range-0-id",
            "account_id": "test-account-id",
            "name": "test-list-range-0",
            "type": "IP",
            "description": "IP range 0",
            "items": [
              "192.168.0.0/24"
            ],
            "items_with_description": []
          }
        }
      ]
    },
    {
      "mode": "managed",
      "type": "cloudflare_teams_list",
      "name": "ip_ranges",
      "provider": "provider[\"registry.terraform.io/cloudflare/cloudflare\"]",
      "index_key": 1,
      "instances": [
        {
          "schema_version": 0,
          "index_key": 1,
          "attributes": {
            "id": "ip-range-1-id",
            "account_id": "test-account-id",
            "name": "test-list-range-1",
            "type": "IP",
            "description": "IP range 1",
            "items": [
              "192.168.1.0/24"
            ],
            "items_with_description": []
          }
        }
      ]
    },
    {
      "mode": "managed",
      "type": "cloudflare_teams_list",
      "name": "ip_ranges",
      "provider": "provider[\"registry.terraform.io/cloudflare/cloudflare\"]",
      "index_key": 2,
      "instances": [
        {
          "schema_version": 0,
          "index_key": 2,
          "attributes": {
            "id": "ip-range-2-id",
            "account_id": "test-account-id",
            "name": "test-list-range-2",
            "type": "IP",
            "description": "IP range 2",
            "items": [
              "192.168.2.0/24"
            ],
            "items_with_description": []
          }
        }
      ]
    },
    {
      "mode": "managed",
      "type": "cloudflare_teams_list",
      "name": "conditional_enabled",
      "provider": "provider[\"registry.terraform.io/cloudflare/cloudflare\"]",
      "index_key": 0,
      "instances": [
        {
          "schema_version": 0,
          "index_key": 0,
          "attributes": {
            "id": "conditional-enabled-id",
            "account_id": "test-account-id",
            "name": "Security List - Enabled",
            "type": "DOMAIN",
            "description": "This list is conditionally created",
            "items": [
              "secure.example.com",
              "protected.example.com"
            ],
            "items_with_description": []
          }
        }
      ]
    }
  ]
}
