{
  "lineage": "test-zero-trust-organization-lineage",
  "outputs": {},
  "resources": [
    {
      "instances": [
        {
          "attributes": {
            "account_id": "test-account-123",
            "auth_domain": "cftftest-minimal-account.cloudflareaccess.com",
            "id": "test-account-123",
            "name": "Minimal Account Organization",
            "allow_authenticate_via_warp": false,
            "auto_redirect_to_identity": false,
            "is_ui_read_only": false
          },
          "schema_version": 0
        }
      ],
      "mode": "managed",
      "name": "minimal_account",
      "provider": "provider[\"registry.terraform.io/cloudflare/cloudflare\"]",
      "type": "cloudflare_zero_trust_organization"
    },
    {
      "instances": [
        {
          "attributes": {
            "auth_domain": "cftftest-minimal-zone.cloudflareaccess.com",
            "id": "test-zone-456",
            "name": "Minimal Zone Organization",
            "zone_id": "test-zone-456",
            "allow_authenticate_via_warp": false,
            "auto_redirect_to_identity": false,
            "is_ui_read_only": false
          },
          "schema_version": 0
        }
      ],
      "mode": "managed",
      "name": "minimal_zone",
      "provider": "provider[\"registry.terraform.io/cloudflare/cloudflare\"]",
      "type": "cloudflare_zero_trust_organization"
    },
    {
      "instances": [
        {
          "attributes": {
            "account_id": "test-account-123",
            "allow_authenticate_via_warp": true,
            "auth_domain": "cftftest-complete.cloudflareaccess.com",
            "auto_redirect_to_identity": true,
            "custom_pages": {
              "forbidden": "aaaaaaaa-aaaa-aaaa-aaaa-aaaaaaaaaaaa",
              "identity_denied": "bbbbbbbb-bbbb-bbbb-bbbb-bbbbbbbbbbbb"
            },
            "id": "test-account-123",
            "is_ui_read_only": true,
            "login_design": {
              "background_color": "#000000",
              "footer_text": "Powered by Cloudflare Access",
              "header_text": "Welcome to Our Platform",
              "logo_path": "https://assets.cf-tf-test.com/logo.png",
              "text_color": "#FFFFFF"
            },
            "name": "Complete Organization",
            "session_duration": "24h",
            "ui_read_only_toggle_reason": "Managed via Terraform",
            "user_seat_expiration_inactive_time": "730h",
            "warp_auth_session_duration": "12h"
          },
          "schema_version": 0
        }
      ],
      "mode": "managed",
      "name": "complete",
      "provider": "provider[\"registry.terraform.io/cloudflare/cloudflare\"]",
      "type": "cloudflare_zero_trust_organization"
    },
    {
      "instances": [
        {
          "attributes": {
            "account_id": "test-account-123",
            "auth_domain": "cftftest-login-design.cloudflareaccess.com",
            "id": "test-account-123",
            "login_design": {
              "background_color": "#1a1a2e",
              "footer_text": "© 2026 Enterprise Inc.",
              "header_text": "Enterprise Portal",
              "logo_path": "https://assets.cf-tf-test.com/custom-logo.png",
              "text_color": "#eaeaea"
            },
            "name": "Organization with Custom Login Design",
            "allow_authenticate_via_warp": false,
            "auto_redirect_to_identity": false,
            "is_ui_read_only": false
          },
          "schema_version": 0
        }
      ],
      "mode": "managed",
      "name": "with_login_design",
      "provider": "provider[\"registry.terraform.io/cloudflare/cloudflare\"]",
      "type": "cloudflare_zero_trust_organization"
    },
    {
      "instances": [
        {
          "attributes": {
            "account_id": "test-account-123",
            "auth_domain": "cftftest-custom-pages.cloudflareaccess.com",
            "custom_pages": {
              "forbidden": "cccccccc-cccc-cccc-cccc-cccccccccccc",
              "identity_denied": "dddddddd-dddd-dddd-dddd-dddddddddddd"
            },
            "id": "test-account-123",
            "name": "Organization with Custom Pages",
            "allow_authenticate_via_warp": false,
            "auto_redirect_to_identity": false,
            "is_ui_read_only": false
          },
          "schema_version": 0
        }
      ],
      "mode": "managed",
      "name": "with_custom_pages",
      "provider": "provider[\"registry.terraform.io/cloudflare/cloudflare\"]",
      "type": "cloudflare_zero_trust_organization"
    },
    {
      "instances": [
        {
          "attributes": {
            "account_id": "test-account-123",
            "auth_domain": "cftftest-both-nested.cloudflareaccess.com",
            "custom_pages": {
              "forbidden": "eeeeeeee-eeee-eeee-eeee-eeeeeeeeeeee"
            },
            "id": "test-account-123",
            "login_design": {
              "background_color": "#2c3e50",
              "text_color": "#ecf0f1"
            },
            "name": "Organization with Both Nested Blocks",
            "allow_authenticate_via_warp": false,
            "auto_redirect_to_identity": false,
            "is_ui_read_only": false
          },
          "schema_version": 0
        }
      ],
      "mode": "managed",
      "name": "with_both_nested",
      "provider": "provider[\"registry.terraform.io/cloudflare/cloudflare\"]",
      "type": "cloudflare_zero_trust_organization"
    },
    {
      "instances": [
        {
          "attributes": {
            "account_id": "test-account-123",
            "allow_authenticate_via_warp": true,
            "auth_domain": "cftftest-booleans-true.cloudflareaccess.com",
            "auto_redirect_to_identity": true,
            "id": "test-account-123",
            "is_ui_read_only": true,
            "name": "Organization with Booleans True"
          },
          "schema_version": 0
        }
      ],
      "mode": "managed",
      "name": "with_booleans_true",
      "provider": "provider[\"registry.terraform.io/cloudflare/cloudflare\"]",
      "type": "cloudflare_zero_trust_organization"
    },
    {
      "instances": [
        {
          "attributes": {
            "account_id": "test-account-123",
            "auth_domain": "cftftest-durations.cloudflareaccess.com",
            "id": "test-account-123",
            "name": "Organization with All Duration Fields",
            "session_duration": "48h",
            "user_seat_expiration_inactive_time": "1460h",
            "warp_auth_session_duration": "2h30m",
            "allow_authenticate_via_warp": false,
            "auto_redirect_to_identity": false,
            "is_ui_read_only": false
          },
          "schema_version": 0
        }
      ],
      "mode": "managed",
      "name": "with_durations",
      "provider": "provider[\"registry.terraform.io/cloudflare/cloudflare\"]",
      "type": "cloudflare_zero_trust_organization"
    },
    {
      "instances": [
        {
          "attributes": {
            "account_id": "test-account-123",
            "auth_domain": "cftftest-deprecated.cloudflareaccess.com",
            "id": "test-account-123",
            "name": "Using Deprecated Resource Name",
            "allow_authenticate_via_warp": false,
            "auto_redirect_to_identity": false,
            "is_ui_read_only": false
          },
          "schema_version": 0
        }
      ],
      "mode": "managed",
      "name": "deprecated_name",
      "provider": "provider[\"registry.terraform.io/cloudflare/cloudflare\"]",
      "type": "cloudflare_zero_trust_organization"
    },
    {
      "instances": [
        {
          "attributes": {
            "account_id": "test-account-123",
            "auth_domain": "cftftest-current.cloudflareaccess.com",
            "id": "test-account-123",
            "name": "Using Current Resource Name",
            "allow_authenticate_via_warp": false,
            "auto_redirect_to_identity": false,
            "is_ui_read_only": false
          },
          "schema_version": 0
        }
      ],
      "mode": "managed",
      "name": "current_name",
      "provider": "provider[\"registry.terraform.io/cloudflare/cloudflare\"]",
      "type": "cloudflare_zero_trust_organization"
    },
    {
      "instances": [
        {
          "attributes": {
            "account_id": "test-account-123",
            "auth_domain": "cftftest-partial-login-1.cloudflareaccess.com",
            "id": "test-account-123",
            "login_design": {
              "background_color": "#16213e",
              "text_color": "#f1f1f1"
            },
            "name": "Partial Login Design - Colors Only",
            "allow_authenticate_via_warp": false,
            "auto_redirect_to_identity": false,
            "is_ui_read_only": false
          },
          "schema_version": 0
        }
      ],
      "mode": "managed",
      "name": "partial_login_1",
      "provider": "provider[\"registry.terraform.io/cloudflare/cloudflare\"]",
      "type": "cloudflare_zero_trust_organization"
    },
    {
      "instances": [
        {
          "attributes": {
            "account_id": "test-account-123",
            "auth_domain": "cftftest-partial-login-2.cloudflareaccess.com",
            "id": "test-account-123",
            "login_design": {
              "logo_path": "https://assets.cf-tf-test.com/simple-logo.png"
            },
            "name": "Partial Login Design - Logo Only",
            "allow_authenticate_via_warp": false,
            "auto_redirect_to_identity": false,
            "is_ui_read_only": false
          },
          "schema_version": 0
        }
      ],
      "mode": "managed",
      "name": "partial_login_2",
      "provider": "provider[\"registry.terraform.io/cloudflare/cloudflare\"]",
      "type": "cloudflare_zero_trust_organization"
    },
    {
      "instances": [
        {
          "attributes": {
            "account_id": "test-account-123",
            "auth_domain": "cftftest-partial-custom-1.cloudflareaccess.com",
            "custom_pages": {
              "identity_denied": "11111111-1111-1111-1111-111111111111"
            },
            "id": "test-account-123",
            "name": "Partial Custom Pages - Identity Denied Only",
            "allow_authenticate_via_warp": false,
            "auto_redirect_to_identity": false,
            "is_ui_read_only": false
          },
          "schema_version": 0
        }
      ],
      "mode": "managed",
      "name": "partial_custom_1",
      "provider": "provider[\"registry.terraform.io/cloudflare/cloudflare\"]",
      "type": "cloudflare_zero_trust_organization"
    },
    {
      "instances": [
        {
          "attributes": {
            "account_id": "test-account-123",
            "auth_domain": "cftftest-partial-custom-2.cloudflareaccess.com",
            "custom_pages": {
              "forbidden": "22222222-2222-2222-2222-222222222222"
            },
            "id": "test-account-123",
            "name": "Partial Custom Pages - Forbidden Only",
            "allow_authenticate_via_warp": false,
            "auto_redirect_to_identity": false,
            "is_ui_read_only": false
          },
          "schema_version": 0
        }
      ],
      "mode": "managed",
      "name": "partial_custom_2",
      "provider": "provider[\"registry.terraform.io/cloudflare/cloudflare\"]",
      "type": "cloudflare_zero_trust_organization"
    },
    {
      "instances": [
        {
          "attributes": {
            "account_id": "test-account-123",
            "auth_domain": "cftftest-only-session.cloudflareaccess.com",
            "id": "test-account-123",
            "name": "Organization with Only Session Duration",
            "session_duration": "6h",
            "allow_authenticate_via_warp": false,
            "auto_redirect_to_identity": false,
            "is_ui_read_only": false
          },
          "schema_version": 0
        }
      ],
      "mode": "managed",
      "name": "only_session",
      "provider": "provider[\"registry.terraform.io/cloudflare/cloudflare\"]",
      "type": "cloudflare_zero_trust_organization"
    },
    {
      "instances": [
        {
          "attributes": {
            "account_id": "test-account-123",
            "auth_domain": "cftftest-only-seat.cloudflareaccess.com",
            "id": "test-account-123",
            "name": "Organization with Only Seat Expiration",
            "user_seat_expiration_inactive_time": "730h",
            "allow_authenticate_via_warp": false,
            "auto_redirect_to_identity": false,
            "is_ui_read_only": false
          },
          "schema_version": 0
        }
      ],
      "mode": "managed",
      "name": "only_seat_expiration",
      "provider": "provider[\"registry.terraform.io/cloudflare/cloudflare\"]",
      "type": "cloudflare_zero_trust_organization"
    },
    {
      "instances": [
        {
          "attributes": {
            "account_id": "test-account-123",
            "auth_domain": "cftftest-only-warp.cloudflareaccess.com",
            "id": "test-account-123",
            "name": "Organization with Only WARP Duration",
            "warp_auth_session_duration": "1h30m",
            "allow_authenticate_via_warp": false,
            "auto_redirect_to_identity": false,
            "is_ui_read_only": false
          },
          "schema_version": 0
        }
      ],
      "mode": "managed",
      "name": "only_warp_duration",
      "provider": "provider[\"registry.terraform.io/cloudflare/cloudflare\"]",
      "type": "cloudflare_zero_trust_organization"
    },
    {
      "instances": [
        {
          "attributes": {
            "account_id": "test-account-123",
            "auth_domain": "cftftest-only-readonly.cloudflareaccess.com",
            "id": "test-account-123",
            "is_ui_read_only": true,
            "name": "Organization with Only Read-Only Flag",
            "ui_read_only_toggle_reason": "Locked down for compliance",
            "allow_authenticate_via_warp": false,
            "auto_redirect_to_identity": false
          },
          "schema_version": 0
        }
      ],
      "mode": "managed",
      "name": "only_readonly",
      "provider": "provider[\"registry.terraform.io/cloudflare/cloudflare\"]",
      "type": "cloudflare_zero_trust_organization"
    },
    {
      "instances": [
        {
          "attributes": {
            "account_id": "test-account-123",
            "auth_domain": "cftftest-special.cloudflareaccess.com",
            "id": "test-account-123",
            "login_design": {
              "footer_text": "Questions? Email: support@cf-tf-test.com",
              "header_text": "Welcome! Let's get started..."
            },
            "name": "Org with Special: @#$% & Chars!",
            "ui_read_only_toggle_reason": "Locked: Deployment (2026-01-20 @ 14:00 UTC)",
            "allow_authenticate_via_warp": false,
            "auto_redirect_to_identity": false,
            "is_ui_read_only": false
          },
          "schema_version": 0
        }
      ],
      "mode": "managed",
      "name": "special_chars",
      "provider": "provider[\"registry.terraform.io/cloudflare/cloudflare\"]",
      "type": "cloudflare_zero_trust_organization"
    },
    {
      "instances": [
        {
          "attributes": {
            "account_id": "test-account-123",
            "auth_domain": "cftftest-long.cloudflareaccess.com",
            "id": "test-account-123",
            "login_design": {
              "footer_text": "This footer contains legal disclaimers and copyright notices",
              "header_text": "This is a very long header text about the organization"
            },
            "name": "Organization with Very Long Name That Contains Many Characters",
            "ui_read_only_toggle_reason": "This organization is locked because of maintenance",
            "allow_authenticate_via_warp": false,
            "auto_redirect_to_identity": false,
            "is_ui_read_only": false
          },
          "schema_version": 0
        }
      ],
      "mode": "managed",
      "name": "long_strings",
      "provider": "provider[\"registry.terraform.io/cloudflare/cloudflare\"]",
      "type": "cloudflare_zero_trust_organization"
    },
    {
      "instances": [
        {
          "attributes": {
            "account_id": "test-account-123",
            "auth_domain": "cftftest-duration-formats.cloudflareaccess.com",
            "id": "test-account-123",
            "name": "Organization with Various Duration Formats",
            "session_duration": "2h45m",
            "user_seat_expiration_inactive_time": "730h",
            "warp_auth_session_duration": "90m",
            "allow_authenticate_via_warp": false,
            "auto_redirect_to_identity": false,
            "is_ui_read_only": false
          },
          "schema_version": 0
        }
      ],
      "mode": "managed",
      "name": "duration_formats",
      "provider": "provider[\"registry.terraform.io/cloudflare/cloudflare\"]",
      "type": "cloudflare_zero_trust_organization"
    },
    {
      "instances": [
        {
          "attributes": {
            "account_id": "test-account-123",
            "auth_domain": "cftftest-colors.cloudflareaccess.com",
            "id": "test-account-123",
            "login_design": {
              "background_color": "#abc",
              "text_color": "#FFFFFF"
            },
            "name": "Organization with Various Color Formats",
            "allow_authenticate_via_warp": false,
            "auto_redirect_to_identity": false,
            "is_ui_read_only": false
          },
          "schema_version": 0
        }
      ],
      "mode": "managed",
      "name": "color_formats",
      "provider": "provider[\"registry.terraform.io/cloudflare/cloudflare\"]",
      "type": "cloudflare_zero_trust_organization"
    },
    {
      "instances": [
        {
          "attributes": {
            "account_id": "test-account-123",
            "allow_authenticate_via_warp": false,
            "auth_domain": "cftftest-booleans-false.cloudflareaccess.com",
            "auto_redirect_to_identity": false,
            "id": "test-account-123",
            "is_ui_read_only": false,
            "name": "Organization with Booleans False"
          },
          "schema_version": 0
        }
      ],
      "mode": "managed",
      "name": "booleans_false",
      "provider": "provider[\"registry.terraform.io/cloudflare/cloudflare\"]",
      "type": "cloudflare_zero_trust_organization"
    },
    {
      "instances": [
        {
          "attributes": {
            "account_id": "test-account-123",
            "auth_domain": "cftftest-org-alpha.cloudflareaccess.com",
            "id": "test-account-123",
            "name": "Organization org-alpha",
            "session_duration": "24h",
            "allow_authenticate_via_warp": false,
            "auto_redirect_to_identity": false,
            "is_ui_read_only": false
          },
          "index_key": "org-alpha",
          "schema_version": 0
        },
        {
          "attributes": {
            "account_id": "test-account-123",
            "auth_domain": "cftftest-org-beta.cloudflareaccess.com",
            "id": "test-account-123",
            "name": "Organization org-beta",
            "session_duration": "24h",
            "allow_authenticate_via_warp": false,
            "auto_redirect_to_identity": false,
            "is_ui_read_only": false
          },
          "index_key": "org-beta",
          "schema_version": 0
        },
        {
          "attributes": {
            "account_id": "test-account-123",
            "auth_domain": "cftftest-org-gamma.cloudflareaccess.com",
            "id": "test-account-123",
            "name": "Organization org-gamma",
            "session_duration": "24h",
            "allow_authenticate_via_warp": false,
            "auto_redirect_to_identity": false,
            "is_ui_read_only": false
          },
          "index_key": "org-gamma",
          "schema_version": 0
        }
      ],
      "mode": "managed",
      "name": "foreach_set",
      "provider": "provider[\"registry.terraform.io/cloudflare/cloudflare\"]",
      "type": "cloudflare_zero_trust_organization"
    },
    {
      "instances": [
        {
          "attributes": {
            "account_id": "test-account-123",
            "auth_domain": "cftftest-dev.cloudflareaccess.com",
            "id": "test-account-123",
            "name": "Environment: dev",
            "session_duration": "12h",
            "allow_authenticate_via_warp": false,
            "auto_redirect_to_identity": false,
            "is_ui_read_only": false
          },
          "index_key": "dev",
          "schema_version": 0
        },
        {
          "attributes": {
            "account_id": "test-account-123",
            "auth_domain": "cftftest-staging.cloudflareaccess.com",
            "id": "test-account-123",
            "name": "Environment: staging",
            "session_duration": "24h",
            "allow_authenticate_via_warp": false,
            "auto_redirect_to_identity": false,
            "is_ui_read_only": false
          },
          "index_key": "staging",
          "schema_version": 0
        },
        {
          "attributes": {
            "account_id": "test-account-123",
            "auth_domain": "cftftest-prod.cloudflareaccess.com",
            "id": "test-account-123",
            "name": "Environment: prod",
            "session_duration": "8h",
            "allow_authenticate_via_warp": false,
            "auto_redirect_to_identity": false,
            "is_ui_read_only": false
          },
          "index_key": "prod",
          "schema_version": 0
        }
      ],
      "mode": "managed",
      "name": "foreach_map",
      "provider": "provider[\"registry.terraform.io/cloudflare/cloudflare\"]",
      "type": "cloudflare_zero_trust_organization"
    },
    {
      "instances": [
        {
          "attributes": {
            "account_id": "test-account-123",
            "allow_authenticate_via_warp": true,
            "auth_domain": "cftftest-count-0.cloudflareaccess.com",
            "id": "test-account-123",
            "name": "Count-based Organization 0",
            "auto_redirect_to_identity": false,
            "is_ui_read_only": false
          },
          "index_key": 0,
          "schema_version": 0
        },
        {
          "attributes": {
            "account_id": "test-account-123",
            "allow_authenticate_via_warp": false,
            "auth_domain": "cftftest-count-1.cloudflareaccess.com",
            "id": "test-account-123",
            "name": "Count-based Organization 1",
            "auto_redirect_to_identity": false,
            "is_ui_read_only": false
          },
          "index_key": 1,
          "schema_version": 0
        }
      ],
      "mode": "managed",
      "name": "with_count",
      "provider": "provider[\"registry.terraform.io/cloudflare/cloudflare\"]",
      "type": "cloudflare_zero_trust_organization"
    },
    {
      "instances": [
        {
          "attributes": {
            "account_id": "test-account-123",
            "auth_domain": "cftftest-locals.cloudflareaccess.com",
            "id": "test-account-123",
            "login_design": {
              "header_text": "Welcome to cftftest"
            },
            "name": "cftftest Organization with Locals",
            "allow_authenticate_via_warp": false,
            "auto_redirect_to_identity": false,
            "is_ui_read_only": false
          },
          "schema_version": 0
        }
      ],
      "mode": "managed",
      "name": "with_locals",
      "provider": "provider[\"registry.terraform.io/cloudflare/cloudflare\"]",
      "type": "cloudflare_zero_trust_organization"
    },
    {
      "instances": [
        {
          "attributes": {
            "account_id": "test-account-123",
            "auth_domain": "cftftest-conditional.cloudflareaccess.com",
            "auto_redirect_to_identity": true,
            "id": "test-account-123",
            "is_ui_read_only": true,
            "name": "Organization with Conditional",
            "session_duration": "12h",
            "allow_authenticate_via_warp": false
          },
          "schema_version": 0
        }
      ],
      "mode": "managed",
      "name": "conditional",
      "provider": "provider[\"registry.terraform.io/cloudflare/cloudflare\"]",
      "type": "cloudflare_zero_trust_organization"
    },
    {
      "instances": [
        {
          "attributes": {
            "account_id": "test-account-123",
            "allow_authenticate_via_warp": false,
            "auth_domain": "cftftest-lifecycle.cloudflareaccess.com",
            "auto_redirect_to_identity": false,
            "id": "test-account-123",
            "is_ui_read_only": false,
            "name": "Organization with Lifecycle",
            "session_duration": "24h"
          },
          "schema_version": 0
        }
      ],
      "mode": "managed",
      "name": "with_lifecycle",
      "provider": "provider[\"registry.terraform.io/cloudflare/cloudflare\"]",
      "type": "cloudflare_zero_trust_organization"
    },
    {
      "instances": [
        {
          "attributes": {
            "account_id": "test-account-123",
            "allow_authenticate_via_warp": false,
            "auth_domain": "cftftest-depends.cloudflareaccess.com",
            "auto_redirect_to_identity": false,
            "id": "test-account-123",
            "is_ui_read_only": false,
            "name": "Organization with depends_on"
          },
          "schema_version": 0
        }
      ],
      "mode": "managed",
      "name": "with_depends",
      "provider": "provider[\"registry.terraform.io/cloudflare/cloudflare\"]",
      "type": "cloudflare_zero_trust_organization"
    },
    {
      "instances": [
        {
          "attributes": {
            "allow_authenticate_via_warp": true,
            "auth_domain": "cftftest-zone-comprehensive.cloudflareaccess.com",
            "auto_redirect_to_identity": true,
            "custom_pages": {
              "forbidden": "33333333-3333-3333-3333-333333333333",
              "identity_denied": "44444444-4444-4444-4444-444444444444"
            },
            "id": "test-zone-456",
            "is_ui_read_only": true,
            "login_design": {
              "background_color": "#1e1e1e",
              "footer_text": "Zone-level Access",
              "header_text": "Zone Portal",
              "logo_path": "https://zone.cf-tf-test.com/logo.png",
              "text_color": "#ffffff"
            },
            "name": "Comprehensive Zone-Scoped Organization",
            "session_duration": "12h",
            "ui_read_only_toggle_reason": "Zone-level configuration",
            "warp_auth_session_duration": "6h",
            "zone_id": "test-zone-456"
          },
          "schema_version": 0
        }
      ],
      "mode": "managed",
      "name": "zone_comprehensive",
      "provider": "provider[\"registry.terraform.io/cloudflare/cloudflare\"]",
      "type": "cloudflare_zero_trust_organization"
    }
  ],
  "serial": 1,
  "terraform_version": "1.0.0",
  "version": 4
}
