{
  "lineage": "test-zero-trust-access-applications-lineage",
  "outputs": {},
  "resources": [
    {
      "instances": [
        {
          "attributes": {
            "account_id": "test-account-id",
            "aud": "minimal-aud-token",
            "domain": "minimal.cort.terraform.cfapi.net",
            "id": "minimal-app-id",
            "name": "cftftest Minimal App",
            "type": "self_hosted"
          },
          "schema_version": 0
        }
      ],
      "mode": "managed",
      "name": "minimal",
      "provider": "provider[\"registry.terraform.io/cloudflare/cloudflare\"]",
      "type": "cloudflare_zero_trust_access_application"
    },
    {
      "instances": [
        {
          "attributes": {
            "account_id": "test-account-id",
            "aud": "self-hosted-aud",
            "domain": "self-hosted.cort.terraform.cfapi.net",
            "id": "minimal-self-hosted-id",
            "name": "cftftest Self Hosted",
            "type": "self_hosted"
          },
          "schema_version": 0
        }
      ],
      "mode": "managed",
      "name": "minimal_self_hosted",
      "provider": "provider[\"registry.terraform.io/cloudflare/cloudflare\"]",
      "type": "cloudflare_zero_trust_access_application"
    },
    {
      "instances": [
        {
          "attributes": {
            "account_id": "test-account-id",
            "allowed_idps": [
              "idp-1",
              "idp-2"
            ],
            "app_launcher_visible": true,
            "aud": "maximal-aud",
            "auto_redirect_to_identity": null,
            "cors_headers": {
              "allow_all_headers": null,
              "allow_all_methods": null,
              "allow_all_origins": null,
              "allow_credentials": true,
              "allowed_headers": [
                "Content-Type",
                "Authorization"
              ],
              "allowed_methods": [
                "GET",
                "POST",
                "PUT",
                "DELETE"
              ],
              "allowed_origins": [
                "https://app.cort.terraform.cfapi.net"
              ],
              "exposed_headers": [
                "X-Request-ID"
              ],
              "max_age": 3600
            },
            "custom_deny_message": "Access denied - contact admin",
            "custom_deny_url": "https://deny.cort.terraform.cfapi.net",
            "custom_non_identity_deny_url": "https://login.cort.terraform.cfapi.net",
            "domain": "maximal.cort.terraform.cfapi.net",
            "enable_binding_cookie": true,
            "http_only_cookie_attribute": true,
            "id": "maximal-app-id",
            "logo_url": "https://logo.cort.terraform.cfapi.net/logo.png",
            "name": "cftftest Maximal Self Hosted",
            "policies": [
              {
                "id": "policy-1",
                "precedence": 1
              },
              {
                "id": "policy-2",
                "precedence": 2
              },
              {
                "id": "policy-3",
                "precedence": 3
              }
            ],
            "same_site_cookie_attribute": "strict",
            "service_auth_401_redirect": true,
            "session_duration": "24h",
            "skip_interstitial": true,
            "type": "self_hosted"
          },
          "schema_version": 0
        }
      ],
      "mode": "managed",
      "name": "maximal_self_hosted",
      "provider": "provider[\"registry.terraform.io/cloudflare/cloudflare\"]",
      "type": "cloudflare_zero_trust_access_application"
    },
    {
      "instances": [
        {
          "attributes": {
            "account_id": "test-account-id",
            "aud": "saas-saml-aud",
            "id": "saas-saml-id",
            "name": "cftftest SAML SAAS",
            "policies": [
              {
                "id": "default-policy-id",
                "precedence": 1
              }
            ],
            "saas_app": {
              "auth_type": "saml",
              "consumer_service_url": "https://saml.cort.terraform.cfapi.net/sso/saml",
              "custom_attributes": [
                {
                  "name": "email",
                  "source": {
                    "name": "user_email"
                  }
                },
                {
                  "friendly_name": "Department",
                  "name": "department",
                  "source": {
                    "name": "department"
                  }
                }
              ],
              "idp_entity_id": "https://idp.cloudflare.com/entity-id",
              "name_id_format": "email",
              "public_key": "generated-public-key",
              "sp_entity_id": "saml-app-cftftest",
              "sso_endpoint": "https://sso.cloudflare.com/saml"
            },
            "type": "saas"
          },
          "schema_version": 0
        }
      ],
      "mode": "managed",
      "name": "saas_saml",
      "provider": "provider[\"registry.terraform.io/cloudflare/cloudflare\"]",
      "type": "cloudflare_zero_trust_access_application"
    },
    {
      "instances": [
        {
          "attributes": {
            "account_id": "test-account-id",
            "aud": "saas-oidc-aud",
            "id": "saas-oidc-id",
            "name": "cftftest OIDC SAAS",
            "policies": [
              {
                "id": "oidc-policy",
                "precedence": 1
              }
            ],
            "saas_app": {
              "app_launcher_url": "https://oidc.cort.terraform.cfapi.net/launch",
              "auth_type": "oidc",
              "client_id": "generated-client-id",
              "client_secret": "generated-client-secret",
              "custom_claims": [
                {
                  "name": "groups",
                  "scope": "groups",
                  "source": {
                    "name": "user_groups"
                  }
                }
              ],
              "grant_types": [
                "authorization_code"
              ],
              "hybrid_and_implicit_options": {
                "return_access_token_from_authorization_endpoint": true,
                "return_id_token_from_authorization_endpoint": true
              },
              "redirect_uris": [
                "https://oidc.cort.terraform.cfapi.net/callback"
              ],
              "refresh_token_options": {
                "lifetime": "2160h"
              },
              "scopes": [
                "openid",
                "email",
                "profile"
              ]
            },
            "type": "saas"
          },
          "schema_version": 0
        }
      ],
      "mode": "managed",
      "name": "saas_oidc",
      "provider": "provider[\"registry.terraform.io/cloudflare/cloudflare\"]",
      "type": "cloudflare_zero_trust_access_application"
    },
    {
      "instances": [
        {
          "attributes": {
            "account_id": "test-account-id",
            "aud": "warp-single-aud",
            "destinations": [
              {
                "type": "public",
                "uri": "tcp://internal.cort.terraform.cfapi.net:443"
              }
            ],
            "id": "warp-single-id",
            "name": "cftftest WARP Single",
            "policies": [
              {
                "id": "policy-1",
                "precedence": 1
              },
              {
                "id": "policy-2",
                "precedence": 2
              },
              {
                "id": "policy-3",
                "precedence": 3
              }
            ],
            "type": "warp"
          },
          "schema_version": 0
        }
      ],
      "mode": "managed",
      "name": "warp_single",
      "provider": "provider[\"registry.terraform.io/cloudflare/cloudflare\"]",
      "type": "cloudflare_zero_trust_access_application"
    },
    {
      "instances": [
        {
          "attributes": {
            "account_id": "test-account-id",
            "aud": "warp-multi-aud",
            "destinations": [
              {
                "type": "public",
                "uri": "https://app1.internal"
              },
              {
                "type": "private",
                "uri": "tcp://10.0.0.0/24:22"
              },
              {
                "type": "private",
                "uri": "udp://192.168.1.0/24:53"
              }
            ],
            "id": "warp-multi-id",
            "name": "cftftest WARP Multi",
            "policies": [
              {
                "id": "warp-policy",
                "precedence": 1
              }
            ],
            "type": "warp"
          },
          "schema_version": 0
        }
      ],
      "mode": "managed",
      "name": "warp_multi",
      "provider": "provider[\"registry.terraform.io/cloudflare/cloudflare\"]",
      "type": "cloudflare_zero_trust_access_application"
    },
    {
      "instances": [
        {
          "attributes": {
            "account_id": "test-account-id",
            "aud": "warp-expressions-aud",
            "destinations": [
              {
                "type": "public",
                "uri": "tcp://test-account-id.internal:443"
              }
            ],
            "id": "warp-expressions-id",
            "name": "cftftest WARP Expressions",
            "policies": [
              {
                "id": "expr-policy",
                "precedence": 1
              }
            ],
            "type": "warp"
          },
          "schema_version": 0
        }
      ],
      "mode": "managed",
      "name": "warp_expressions",
      "provider": "provider[\"registry.terraform.io/cloudflare/cloudflare\"]",
      "type": "cloudflare_zero_trust_access_application"
    },
    {
      "instances": [
        {
          "attributes": {
            "account_id": "test-account-id",
            "aud": "ssh-basic-aud",
            "id": "ssh-basic-id",
            "name": "cftftest SSH Basic",
            "policies": [
              {
                "id": "ssh-policy",
                "precedence": 1
              }
            ],
            "target_criteria": [
              {
                "port": 22,
                "protocol": "ssh",
                "target_attributes": {
                  "environment": [
                    "production"
                  ],
                  "hostname": [
                    "server1",
                    "server2"
                  ]
                }
              }
            ],
            "type": "ssh"
          },
          "schema_version": 0
        }
      ],
      "mode": "managed",
      "name": "ssh_basic",
      "provider": "provider[\"registry.terraform.io/cloudflare/cloudflare\"]",
      "type": "cloudflare_zero_trust_access_application"
    },
    {
      "instances": [
        {
          "attributes": {
            "account_id": "test-account-id",
            "aud": "ssh-multi-aud",
            "id": "ssh-multi-id",
            "name": "cftftest SSH Multi",
            "policies": [
              {
                "id": "default-policy-id",
                "precedence": 1
              }
            ],
            "target_criteria": [
              {
                "port": 22,
                "protocol": "ssh",
                "target_attributes": {
                  "tier": [
                    "web"
                  ]
                }
              },
              {
                "port": 2222,
                "protocol": "ssh",
                "target_attributes": {
                  "tier": [
                    "database"
                  ]
                }
              }
            ],
            "type": "ssh"
          },
          "schema_version": 0
        }
      ],
      "mode": "managed",
      "name": "ssh_multi_criteria",
      "provider": "provider[\"registry.terraform.io/cloudflare/cloudflare\"]",
      "type": "cloudflare_zero_trust_access_application"
    },
    {
      "instances": [
        {
          "attributes": {
            "account_id": "test-account-id",
            "aud": "landing-page-aud",
            "domain": "landing.cort.terraform.cfapi.net",
            "id": "landing-page-id",
            "landing_page_design": {
              "body_bg_color": "#FFFFFF",
              "footer_links": [
                {
                  "name": "Help Center",
                  "url": "https://help.cort.terraform.cfapi.net"
                },
                {
                  "name": "Privacy Policy",
                  "url": "https://privacy.cort.terraform.cfapi.net"
                }
              ],
              "header_bg_color": "#0051C3",
              "logo_url": "https://logo.cort.terraform.cfapi.net/logo.png",
              "message": "Please sign in to continue",
              "title": "Welcome to cftftest"
            },
            "name": "cftftest Landing Page",
            "policies": [
              {
                "id": "landing-policy",
                "precedence": 1
              }
            ],
            "type": "self_hosted"
          },
          "schema_version": 0
        }
      ],
      "mode": "managed",
      "name": "with_landing_page",
      "provider": "provider[\"registry.terraform.io/cloudflare/cloudflare\"]",
      "type": "cloudflare_zero_trust_access_application"
    },
    {
      "instances": [
        {
          "attributes": {
            "account_id": "test-account-id",
            "aud": "minimal-landing-aud",
            "domain": "minimal-landing.cort.terraform.cfapi.net",
            "id": "minimal-landing-id",
            "landing_page_design": {
              "message": "Sign in required",
              "title": "Welcome!"
            },
            "name": "cftftest Minimal Landing",
            "type": "self_hosted"
          },
          "schema_version": 0
        }
      ],
      "mode": "managed",
      "name": "minimal_landing",
      "provider": "provider[\"registry.terraform.io/cloudflare/cloudflare\"]",
      "type": "cloudflare_zero_trust_access_application"
    },
    {
      "instances": [
        {
          "attributes": {
            "account_id": "test-account-id",
            "aud": "scim-aud",
            "domain": "scim.cort.terraform.cfapi.net",
            "id": "scim-id",
            "name": "cftftest SCIM",
            "policies": [
              {
                "id": "scim-policy",
                "precedence": 1
              }
            ],
            "scim_config": {
              "authentication": {
                "password": "scim_password",
                "scheme": "httpbasic",
                "user": "scim_user"
              },
              "deactivate_on_delete": true,
              "enabled": true,
              "idp_uid": "email",
              "mappings": [
                {
                  "enabled": true,
                  "operations": {
                    "create": true,
                    "delete": true,
                    "update": true
                  },
                  "schema": "urn:ietf:params:scim:schemas:core:2.0:User"
                }
              ],
              "remote_uri": "https://scim.cort.terraform.cfapi.net/v2"
            },
            "type": "self_hosted"
          },
          "schema_version": 0
        }
      ],
      "mode": "managed",
      "name": "with_scim",
      "provider": "provider[\"registry.terraform.io/cloudflare/cloudflare\"]",
      "type": "cloudflare_zero_trust_access_application"
    },
    {
      "instances": [
        {
          "attributes": {
            "account_id": "test-account-id",
            "aud": "custom-pages-aud",
            "custom_pages": [
              "custom-forbidden-id",
              "custom-identity-denied-id"
            ],
            "domain": "custom-pages.cort.terraform.cfapi.net",
            "id": "custom-pages-id",
            "name": "cftftest Custom Pages",
            "policies": [
              {
                "id": "pages-policy",
                "precedence": 1
              }
            ],
            "type": "self_hosted"
          },
          "schema_version": 0
        }
      ],
      "mode": "managed",
      "name": "with_custom_pages",
      "provider": "provider[\"registry.terraform.io/cloudflare/cloudflare\"]",
      "type": "cloudflare_zero_trust_access_application"
    },
    {
      "instances": [
        {
          "attributes": {
            "account_id": "test-account-id",
            "aud": "self-hosted-domains-aud",
            "id": "self-hosted-domains-id",
            "name": "cftftest Self Hosted Domains",
            "policies": [
              {
                "id": "legacy-policy",
                "precedence": 1
              }
            ],
            "self_hosted_domains": [
              "legacy1.cort.terraform.cfapi.net",
              "legacy2.cort.terraform.cfapi.net"
            ],
            "type": "self_hosted"
          },
          "schema_version": 0
        }
      ],
      "mode": "managed",
      "name": "with_self_hosted_domains",
      "provider": "provider[\"registry.terraform.io/cloudflare/cloudflare\"]",
      "type": "cloudflare_zero_trust_access_application"
    },
    {
      "instances": [
        {
          "attributes": {
            "account_id": "test-account-id",
            "aud": "domain-type-aud",
            "domain": "domain-type.cort.terraform.cfapi.net",
            "id": "domain-type-id",
            "name": "cftftest Domain Type",
            "policies": [
              {
                "id": "domain-policy",
                "precedence": 1
              }
            ],
            "type": "self_hosted"
          },
          "schema_version": 0
        }
      ],
      "mode": "managed",
      "name": "with_domain_type",
      "provider": "provider[\"registry.terraform.io/cloudflare/cloudflare\"]",
      "type": "cloudflare_zero_trust_access_application"
    },
    {
      "instances": [
        {
          "attributes": {
            "account_id": "test-account-id",
            "aud": "count-0-aud",
            "domain": "count-0.cort.terraform.cfapi.net",
            "id": "count-0-id",
            "name": "cftftest Count 0",
            "policies": [
              {
                "id": "count-policy-0",
                "precedence": 1
              }
            ],
            "type": "self_hosted"
          },
          "index_key": 0,
          "schema_version": 0
        },
        {
          "attributes": {
            "account_id": "test-account-id",
            "aud": "count-1-aud",
            "domain": "count-1.cort.terraform.cfapi.net",
            "id": "count-1-id",
            "name": "cftftest Count 1",
            "policies": [
              {
                "id": "count-policy-1",
                "precedence": 1
              }
            ],
            "type": "self_hosted"
          },
          "index_key": 1,
          "schema_version": 0
        },
        {
          "attributes": {
            "account_id": "test-account-id",
            "aud": "count-2-aud",
            "domain": "count-2.cort.terraform.cfapi.net",
            "id": "count-2-id",
            "name": "cftftest Count 2",
            "policies": [
              {
                "id": "count-policy-2",
                "precedence": 1
              }
            ],
            "type": "self_hosted"
          },
          "index_key": 2,
          "schema_version": 0
        }
      ],
      "mode": "managed",
      "name": "with_count",
      "provider": "provider[\"registry.terraform.io/cloudflare/cloudflare\"]",
      "type": "cloudflare_zero_trust_access_application"
    },
    {
      "instances": [
        {
          "attributes": {
            "account_id": "test-account-id",
            "aud": "for-each-dev-aud",
            "domain": "dev.cort.terraform.cfapi.net",
            "id": "for-each-dev-id",
            "name": "cftftest dev",
            "policies": [
              {
                "id": "dev-policy",
                "precedence": 1
              }
            ],
            "session_duration": "24h",
            "type": "self_hosted"
          },
          "index_key": "dev",
          "schema_version": 0
        },
        {
          "attributes": {
            "account_id": "test-account-id",
            "aud": "for-each-prod-aud",
            "domain": "prod.cort.terraform.cfapi.net",
            "id": "for-each-prod-id",
            "name": "cftftest prod",
            "policies": [
              {
                "id": "prod-policy",
                "precedence": 1
              }
            ],
            "session_duration": "8h",
            "type": "self_hosted"
          },
          "index_key": "prod",
          "schema_version": 0
        },
        {
          "attributes": {
            "account_id": "test-account-id",
            "aud": "for-each-staging-aud",
            "domain": "staging.cort.terraform.cfapi.net",
            "id": "for-each-staging-id",
            "name": "cftftest staging",
            "policies": [
              {
                "id": "staging-policy",
                "precedence": 1
              }
            ],
            "session_duration": "24h",
            "type": "self_hosted"
          },
          "index_key": "staging",
          "schema_version": 0
        }
      ],
      "mode": "managed",
      "name": "with_for_each",
      "provider": "provider[\"registry.terraform.io/cloudflare/cloudflare\"]",
      "type": "cloudflare_zero_trust_access_application"
    },
    {
      "instances": [
        {
          "attributes": {
            "account_id": "test-account-id",
            "allowed_idps": [
              "idp-a",
              "idp-b",
              "idp-c"
            ],
            "aud": "complex-aud",
            "auto_redirect_to_identity": null,
            "cors_headers": {
              "allow_credentials": false,
              "allowed_methods": [
                "GET",
                "POST"
              ],
              "allowed_origins": [
                "*"
              ],
              "max_age": 7200
            },
            "domain": "complex.cort.terraform.cfapi.net",
            "footer_links": [
              {
                "name": "Support",
                "url": "https://support.cort.terraform.cfapi.net"
              },
              {
                "name": "Terms",
                "url": "https://terms.cort.terraform.cfapi.net"
              }
            ],
            "id": "complex-nested-id",
            "name": "cftftest Complex",
            "policies": [
              {
                "id": "policy-1",
                "precedence": 1
              },
              {
                "id": "policy-2",
                "precedence": 2
              },
              {
                "id": "policy-3",
                "precedence": 3
              }
            ],
            "session_duration": "12h",
            "type": "self_hosted"
          },
          "schema_version": 0
        }
      ],
      "mode": "managed",
      "name": "complex_nested",
      "provider": "provider[\"registry.terraform.io/cloudflare/cloudflare\"]",
      "type": "cloudflare_zero_trust_access_application"
    },
    {
      "instances": [
        {
          "attributes": {
            "account_id": "test-account-id",
            "aud": "var-refs-aud",
            "domain": "var-refs.cort.terraform.cfapi.net",
            "id": "var-refs-id",
            "name": "cftftest Variable Refs",
            "policies": [
              {
                "id": "default-policy-id",
                "precedence": 1
              },
              {
                "id": "policy-1",
                "precedence": 2
              },
              {
                "id": "policy-2",
                "precedence": 3
              },
              {
                "id": "policy-3",
                "precedence": 4
              }
            ],
            "type": "self_hosted"
          },
          "schema_version": 0
        }
      ],
      "mode": "managed",
      "name": "with_var_refs",
      "provider": "provider[\"registry.terraform.io/cloudflare/cloudflare\"]",
      "type": "cloudflare_zero_trust_access_application"
    },
    {
      "instances": [
        {
          "attributes": {
            "account_id": "test-account-id",
            "aud": "empty-policies-aud",
            "domain": "empty-policies.cort.terraform.cfapi.net",
            "id": "empty-policies-id",
            "name": "cftftest Empty Policies",
            "policies": null,
            "type": "self_hosted"
          },
          "schema_version": 0
        }
      ],
      "mode": "managed",
      "name": "empty_policies",
      "provider": "provider[\"registry.terraform.io/cloudflare/cloudflare\"]",
      "type": "cloudflare_zero_trust_access_application"
    },
    {
      "instances": [
        {
          "attributes": {
            "account_id": "test-account-id",
            "aud": "sparse-aud",
            "domain": "sparse.cort.terraform.cfapi.net",
            "id": "sparse-id",
            "name": "cftftest Sparse",
            "type": "self_hosted"
          },
          "schema_version": 0
        }
      ],
      "mode": "managed",
      "name": "sparse",
      "provider": "provider[\"registry.terraform.io/cloudflare/cloudflare\"]",
      "type": "cloudflare_zero_trust_access_application"
    },
    {
      "instances": [
        {
          "attributes": {
            "account_id": "test-account-id",
            "aud": "conditional-aud",
            "domain": "conditional.cort.terraform.cfapi.net",
            "id": "conditional-id",
            "name": "cftftest Conditional",
            "policies": [
              {
                "id": "conditional-policy",
                "precedence": 1
              }
            ],
            "type": "self_hosted"
          },
          "index_key": 0,
          "schema_version": 0
        }
      ],
      "mode": "managed",
      "name": "conditional",
      "provider": "provider[\"registry.terraform.io/cloudflare/cloudflare\"]",
      "type": "cloudflare_zero_trust_access_application"
    },
    {
      "instances": [
        {
          "attributes": {
            "account_id": "test-account-id",
            "aud": "special-chars-aud",
            "custom_deny_message": "Access denied!\nPlease contact: admin@cort.terraform.cfapi.net\n\nFor help visit: https://help.cort.terraform.cfapi.net",
            "domain": "special.cort.terraform.cfapi.net",
            "id": "special-chars-id",
            "name": "cftftest Special \"Chars\" \u0026 'Quotes'",
            "policies": [
              {
                "id": "special-policy",
                "precedence": 1
              }
            ],
            "type": "self_hosted"
          },
          "schema_version": 0
        }
      ],
      "mode": "managed",
      "name": "special_chars",
      "provider": "provider[\"registry.terraform.io/cloudflare/cloudflare\"]",
      "type": "cloudflare_zero_trust_access_application"
    }
  ],
  "serial": 1,
  "terraform_version": "1.5.0",
  "version": 4
}