{
  "lineage": "test-dns-lineage",
  "outputs": {},
  "resources": [
    {
      "instances": [
        {
          "attributes": {
            "content": "192.0.2.1",
            "created_on": "2023-01-01T00:00:00Z",
            "id": "372e67954025e0ba6aaa6d586b9e0b59",
            "modified_on": "2023-01-01T00:00:00Z",
            "name": "cftftest-example",
            "proxied": true,
            "ttl": 1,
            "type": "A",
            "zone_id": "0da42c8d2132a9ddaf714f9e7c920711"
          },
          "schema_version": 0
        }
      ],
      "mode": "managed",
      "name": "example_a",
      "provider": "provider[\"registry.terraform.io/cloudflare/cloudflare\"]",
      "type": "cloudflare_dns_record"
    },
    {
      "instances": [
        {
          "attributes": {
            "content": "mail.cf-tf-test.com",
            "created_on": "2024-01-01T00:00:00Z",
            "id": "mx-record-id",
            "modified_on": "2024-01-01T00:00:00Z",
            "name": "@",
            "priority": 10,
            "ttl": 3600,
            "type": "MX",
            "zone_id": "0da42c8d2132a9ddaf714f9e7c920711"
          },
          "schema_version": 0
        }
      ],
      "mode": "managed",
      "name": "example_mx",
      "provider": "provider[\"registry.terraform.io/cloudflare/cloudflare\"]",
      "type": "cloudflare_dns_record"
    },
    {
      "instances": [
        {
          "attributes": {
            "content": "0 issue ca.cf-tf-test.com",
            "created_on": "2024-01-01T00:00:00Z",
            "data": {
              "flags": {
                "type": "string",
                "value": "0"
              },
              "tag": "issue",
              "value": "ca.cf-tf-test.com"
            },
            "id": "caa-record-id",
            "modified_on": "2024-01-01T00:00:00Z",
            "name": "@",
            "ttl": 3600,
            "type": "CAA",
            "zone_id": "0da42c8d2132a9ddaf714f9e7c920711"
          },
          "schema_version": 0
        }
      ],
      "mode": "managed",
      "name": "example_caa",
      "provider": "provider[\"registry.terraform.io/cloudflare/cloudflare\"]",
      "type": "cloudflare_dns_record"
    },
    {
      "instances": [
        {
          "attributes": {
            "content": "128 issuewild ca.cf-tf-test.com",
            "created_on": "2024-01-01T00:00:00Z",
            "data": {
              "flags": {
                "type": "string",
                "value": "128"
              },
              "tag": "issuewild",
              "value": "ca.cf-tf-test.com"
            },
            "id": "caa-map-id",
            "modified_on": "2024-01-01T00:00:00Z",
            "name": "cftftest-caa-map",
            "ttl": 3600,
            "type": "CAA",
            "zone_id": "0da42c8d2132a9ddaf714f9e7c920711"
          },
          "schema_version": 0
        }
      ],
      "mode": "managed",
      "name": "example_caa_map",
      "provider": "provider[\"registry.terraform.io/cloudflare/cloudflare\"]",
      "type": "cloudflare_dns_record"
    },
    {
      "instances": [
        {
          "attributes": {
            "created_on": "2024-01-01T00:00:00Z",
            "data": {
              "port": 5060,
              "priority": 5,
              "target": "sip.cf-tf-test.com",
              "weight": 10
            },
            "id": "srv-record-id",
            "modified_on": "2024-01-01T00:00:00Z",
            "name": "_service._tcp",
            "priority": 5,
            "ttl": 3600,
            "type": "SRV",
            "zone_id": "0da42c8d2132a9ddaf714f9e7c920711"
          },
          "schema_version": 0
        }
      ],
      "mode": "managed",
      "name": "example_srv",
      "provider": "provider[\"registry.terraform.io/cloudflare/cloudflare\"]",
      "type": "cloudflare_dns_record"
    },
    {
      "instances": [
        {
          "attributes": {
            "content": "10 20 http://cf-tf-test.com/path",
            "created_on": "2024-01-01T00:00:00Z",
            "data": {
              "target": "http://cf-tf-test.com/path",
              "weight": 20
            },
            "id": "uri-record-id",
            "modified_on": "2024-01-01T00:00:00Z",
            "name": "_http._tcp",
            "priority": 10,
            "ttl": 3600,
            "type": "URI",
            "zone_id": "0da42c8d2132a9ddaf714f9e7c920711"
          },
          "schema_version": 0
        }
      ],
      "mode": "managed",
      "name": "example_uri",
      "provider": "provider[\"registry.terraform.io/cloudflare/cloudflare\"]",
      "type": "cloudflare_dns_record"
    },
    {
      "instances": [
        {
          "attributes": {
            "content": "cf-tf-test.com",
            "created_on": "2023-01-01T00:00:00Z",
            "id": "cname-record-id",
            "modified_on": "2023-01-01T00:00:00Z",
            "name": "cftftest-www",
            "proxied": false,
            "ttl": 1,
            "type": "CNAME",
            "zone_id": "0da42c8d2132a9ddaf714f9e7c920711"
          },
          "schema_version": 0
        }
      ],
      "mode": "managed",
      "name": "example_cname",
      "provider": "provider[\"registry.terraform.io/cloudflare/cloudflare\"]",
      "type": "cloudflare_dns_record"
    },
    {
      "instances": [
        {
          "attributes": {
            "content": "v=spf1 include:_spf.cf-tf-test.com ~all",
            "created_on": "2024-01-01T00:00:00Z",
            "id": "txt-record-id",
            "modified_on": "2024-01-01T00:00:00Z",
            "name": "@",
            "ttl": 3600,
            "type": "TXT",
            "zone_id": "0da42c8d2132a9ddaf714f9e7c920711"
          },
          "schema_version": 0
        }
      ],
      "mode": "managed",
      "name": "example_txt",
      "provider": "provider[\"registry.terraform.io/cloudflare/cloudflare\"]",
      "type": "cloudflare_dns_record"
    },
    {
      "instances": [
        {
          "attributes": {
            "content": "mQENBFzjqGoBCADTKLKfh...",
            "created_on": "2024-01-01T00:00:00Z",
            "id": "openpgpkey-record-id",
            "modified_on": "2024-01-01T00:00:00Z",
            "name": "cftftest-user._openpgpkey",
            "ttl": 3600,
            "type": "OPENPGPKEY",
            "zone_id": "0da42c8d2132a9ddaf714f9e7c920711"
          },
          "schema_version": 0
        }
      ],
      "mode": "managed",
      "name": "example_openpgpkey",
      "provider": "provider[\"registry.terraform.io/cloudflare/cloudflare\"]",
      "type": "cloudflare_dns_record"
    }
  ],
  "serial": 1,
  "terraform_version": "1.5.0",
  "version": 4
}