{
  "version": 4,
  "terraform_version": "1.0.0",
  "serial": 1,
  "lineage": "a75366f2-b332-4347-9a6c-239a2f23a319",
  "outputs": {},
  "resources": [
    {
      "mode": "managed",
      "type": "cloudflare_account_member",
      "name": "basic_am",
      "provider": "provider[\"registry.terraform.io/cloudflare/cloudflare\"]",
      "instances": [
        {
          "schema_version": 0,
          "attributes": {
            "account_id": "023e105f4ecef8ad9ca31a8372d0c353",
            "email_address": "terraform-test-user-b@cfapi.net",
            "id": "d8ffc3a1-5388-4b03-949f-30a8a344a8a5",
            "role_ids": [
              "e58cefd75d7adae0b761796c28815e5c"
            ],
            "status": null
          }
        }
      ]
    },
    {
      "mode": "managed",
      "type": "cloudflare_account_member",
      "name": "full_am",
      "provider": "provider[\"registry.terraform.io/cloudflare/cloudflare\"]",
      "instances": [
        {
          "schema_version": 0,
          "attributes": {
            "account_id": "023e105f4ecef8ad9ca31a8372d0c353",
            "email_address": "terraform-test-user-c@cfapi.net",
            "id": "c9b51e58-7665-465f-b36b-32cde4206a4f",
            "role_ids": [
              "e58cefd75d7adae0b761796c28815e5c",
              "a4154d230e664f8b3e6e5c95a8cc812f"
            ],
            "status": "accepted"
          }
        }
      ]
    }
  ]
}