{
  "version": 4,
  "terraform_version": "1.5.0",
  "serial": 1,
  "lineage": "test-account-member-lineage",
  "outputs": {},
  "resources": [
    {
      "mode": "managed",
      "type": "cloudflare_account_member",
      "name": "minimal",
      "provider": "provider[\"registry.terraform.io/cloudflare/cloudflare\"]",
      "instances": [
        {
          "schema_version": 0,
          "attributes": {
            "id": "minimal-member-id",
            "account_id": "f037e56e89293a057740de681ac9abbe",
            "email_address": "minimal-member@cfapi.net",
            "role_ids": ["e58cefd75d7adae0b761796c28815e5c"],
            "status": null
          }
        }
      ]
    },
    {
      "mode": "managed",
      "type": "cloudflare_account_member",
      "name": "maximal",
      "provider": "provider[\"registry.terraform.io/cloudflare/cloudflare\"]",
      "instances": [
        {
          "schema_version": 0,
          "attributes": {
            "id": "maximal-member-id",
            "account_id": "f037e56e89293a057740de681ac9abbe",
            "email_address": "maximal-member@cfapi.net",
            "role_ids": ["e58cefd75d7adae0b761796c28815e5c", "a4154d230e664f8b3e6e5c95a8cc812f", "a3eb64b6819c42e78c93e9cb90e6e8e2"],
            "status": "accepted"
          }
        }
      ]
    },
    {
      "mode": "managed",
      "type": "cloudflare_account_member",
      "name": "single_role",
      "provider": "provider[\"registry.terraform.io/cloudflare/cloudflare\"]",
      "instances": [
        {
          "schema_version": 0,
          "attributes": {
            "id": "single-role-id",
            "account_id": "f037e56e89293a057740de681ac9abbe",
            "email_address": "single-role@cfapi.net",
            "role_ids": ["a3eb64b6819c42e78c93e9cb90e6e8e2"],
            "status": "pending"
          }
        }
      ]
    },
    {
      "mode": "managed",
      "type": "cloudflare_account_member",
      "name": "map_example",
      "provider": "provider[\"registry.terraform.io/cloudflare/cloudflare\"]",
      "instances": [
        {
          "index_key": "member1",
          "schema_version": 0,
          "attributes": {
            "id": "map-member1-id",
            "account_id": "f037e56e89293a057740de681ac9abbe",
            "email_address": "test-member-1@cfapi.net",
            "role_ids": ["e58cefd75d7adae0b761796c28815e5c"],
            "status": "accepted"
          }
        },
        {
          "index_key": "member2",
          "schema_version": 0,
          "attributes": {
            "id": "map-member2-id",
            "account_id": "f037e56e89293a057740de681ac9abbe",
            "email_address": "test-member-2@cfapi.net",
            "role_ids": ["a4154d230e664f8b3e6e5c95a8cc812f", "a3eb64b6819c42e78c93e9cb90e6e8e2"],
            "status": "pending"
          }
        },
        {
          "index_key": "member3",
          "schema_version": 0,
          "attributes": {
            "id": "map-member3-id",
            "account_id": "f037e56e89293a057740de681ac9abbe",
            "email_address": "test-member-3@cfapi.net",
            "role_ids": ["e58cefd75d7adae0b761796c28815e5c", "a4154d230e664f8b3e6e5c95a8cc812f"],
            "status": "accepted"
          }
        }
      ]
    },
    {
      "mode": "managed",
      "type": "cloudflare_account_member",
      "name": "inline_map",
      "provider": "provider[\"registry.terraform.io/cloudflare/cloudflare\"]",
      "instances": [
        {
          "index_key": "admin",
          "schema_version": 0,
          "attributes": {
            "id": "inline-admin-id",
            "account_id": "f037e56e89293a057740de681ac9abbe",
            "email_address": "admin-inline@cfapi.net",
            "role_ids": ["e58cefd75d7adae0b761796c28815e5c"],
            "status": null
          }
        },
        {
          "index_key": "analyst",
          "schema_version": 0,
          "attributes": {
            "id": "inline-analyst-id",
            "account_id": "f037e56e89293a057740de681ac9abbe",
            "email_address": "analyst-inline@cfapi.net",
            "role_ids": ["a4154d230e664f8b3e6e5c95a8cc812f"],
            "status": null
          }
        },
        {
          "index_key": "finance",
          "schema_version": 0,
          "attributes": {
            "id": "inline-finance-id",
            "account_id": "f037e56e89293a057740de681ac9abbe",
            "email_address": "finance-inline@cfapi.net",
            "role_ids": ["a3eb64b6819c42e78c93e9cb90e6e8e2"],
            "status": null
          }
        }
      ]
    },
    {
      "mode": "managed",
      "type": "cloudflare_account_member",
      "name": "set_example",
      "provider": "provider[\"registry.terraform.io/cloudflare/cloudflare\"]",
      "instances": [
        {
          "index_key": "alpha",
          "schema_version": 0,
          "attributes": {
            "id": "set-alpha-id",
            "account_id": "f037e56e89293a057740de681ac9abbe",
            "email_address": "member-alpha@cfapi.net",
            "role_ids": ["e58cefd75d7adae0b761796c28815e5c"],
            "status": "accepted"
          }
        },
        {
          "index_key": "beta",
          "schema_version": 0,
          "attributes": {
            "id": "set-beta-id",
            "account_id": "f037e56e89293a057740de681ac9abbe",
            "email_address": "member-beta@cfapi.net",
            "role_ids": ["e58cefd75d7adae0b761796c28815e5c"],
            "status": "accepted"
          }
        },
        {
          "index_key": "delta",
          "schema_version": 0,
          "attributes": {
            "id": "set-delta-id",
            "account_id": "f037e56e89293a057740de681ac9abbe",
            "email_address": "member-delta@cfapi.net",
            "role_ids": ["e58cefd75d7adae0b761796c28815e5c"],
            "status": "accepted"
          }
        },
        {
          "index_key": "gamma",
          "schema_version": 0,
          "attributes": {
            "id": "set-gamma-id",
            "account_id": "f037e56e89293a057740de681ac9abbe",
            "email_address": "member-gamma@cfapi.net",
            "role_ids": ["e58cefd75d7adae0b761796c28815e5c"],
            "status": "accepted"
          }
        }
      ]
    },
    {
      "mode": "managed",
      "type": "cloudflare_account_member",
      "name": "counted",
      "provider": "provider[\"registry.terraform.io/cloudflare/cloudflare\"]",
      "instances": [
        {
          "index_key": 0,
          "schema_version": 0,
          "attributes": {
            "id": "counted-0-id",
            "account_id": "f037e56e89293a057740de681ac9abbe",
            "email_address": "counted-member-0@cfapi.net",
            "role_ids": ["e58cefd75d7adae0b761796c28815e5c"],
            "status": "accepted"
          }
        },
        {
          "index_key": 1,
          "schema_version": 0,
          "attributes": {
            "id": "counted-1-id",
            "account_id": "f037e56e89293a057740de681ac9abbe",
            "email_address": "counted-member-1@cfapi.net",
            "role_ids": ["e58cefd75d7adae0b761796c28815e5c"],
            "status": "pending"
          }
        },
        {
          "index_key": 2,
          "schema_version": 0,
          "attributes": {
            "id": "counted-2-id",
            "account_id": "f037e56e89293a057740de681ac9abbe",
            "email_address": "counted-member-2@cfapi.net",
            "role_ids": ["e58cefd75d7adae0b761796c28815e5c"],
            "status": "pending"
          }
        }
      ]
    },
    {
      "mode": "managed",
      "type": "cloudflare_account_member",
      "name": "conditional_enabled",
      "provider": "provider[\"registry.terraform.io/cloudflare/cloudflare\"]",
      "instances": [
        {
          "index_key": 0,
          "schema_version": 0,
          "attributes": {
            "id": "conditional-enabled-id",
            "account_id": "f037e56e89293a057740de681ac9abbe",
            "email_address": "conditional-enabled@cfapi.net",
            "role_ids": ["a4154d230e664f8b3e6e5c95a8cc812f"],
            "status": null
          }
        }
      ]
    },
    {
      "mode": "managed",
      "type": "cloudflare_account_member",
      "name": "with_join",
      "provider": "provider[\"registry.terraform.io/cloudflare/cloudflare\"]",
      "instances": [
        {
          "schema_version": 0,
          "attributes": {
            "id": "with-join-id",
            "account_id": "f037e56e89293a057740de681ac9abbe",
            "email_address": "member.with.join@cfapi.net",
            "role_ids": ["e58cefd75d7adae0b761796c28815e5c"],
            "status": null
          }
        }
      ]
    },
    {
      "mode": "managed",
      "type": "cloudflare_account_member",
      "name": "with_tolist",
      "provider": "provider[\"registry.terraform.io/cloudflare/cloudflare\"]",
      "instances": [
        {
          "schema_version": 0,
          "attributes": {
            "id": "with-tolist-id",
            "account_id": "f037e56e89293a057740de681ac9abbe",
            "email_address": "with-tolist@cfapi.net",
            "role_ids": ["a4154d230e664f8b3e6e5c95a8cc812f", "a3eb64b6819c42e78c93e9cb90e6e8e2"],
            "status": "accepted"
          }
        }
      ]
    },
    {
      "mode": "managed",
      "type": "cloudflare_account_member",
      "name": "with_interpolation",
      "provider": "provider[\"registry.terraform.io/cloudflare/cloudflare\"]",
      "instances": [
        {
          "schema_version": 0,
          "attributes": {
            "id": "with-interpolation-id",
            "account_id": "f037e56e89293a057740de681ac9abbe",
            "email_address": "member-for-account-f037e56e89293a057740de681ac9abbe@cfapi.net",
            "role_ids": ["e58cefd75d7adae0b761796c28815e5c"],
            "status": null
          }
        }
      ]
    },
    {
      "mode": "managed",
      "type": "cloudflare_account_member",
      "name": "with_lifecycle_cbd",
      "provider": "provider[\"registry.terraform.io/cloudflare/cloudflare\"]",
      "instances": [
        {
          "schema_version": 0,
          "attributes": {
            "id": "lifecycle-cbd-id",
            "account_id": "f037e56e89293a057740de681ac9abbe",
            "email_address": "lifecycle-cbd@cfapi.net",
            "role_ids": ["e58cefd75d7adae0b761796c28815e5c"],
            "status": null
          }
        }
      ]
    },
    {
      "mode": "managed",
      "type": "cloudflare_account_member",
      "name": "with_lifecycle_pd",
      "provider": "provider[\"registry.terraform.io/cloudflare/cloudflare\"]",
      "instances": [
        {
          "schema_version": 0,
          "attributes": {
            "id": "lifecycle-pd-id",
            "account_id": "f037e56e89293a057740de681ac9abbe",
            "email_address": "lifecycle-pd@cfapi.net",
            "role_ids": ["a4154d230e664f8b3e6e5c95a8cc812f"],
            "status": "accepted"
          }
        }
      ]
    },
    {
      "mode": "managed",
      "type": "cloudflare_account_member",
      "name": "with_lifecycle_ic",
      "provider": "provider[\"registry.terraform.io/cloudflare/cloudflare\"]",
      "instances": [
        {
          "schema_version": 0,
          "attributes": {
            "id": "lifecycle-ic-id",
            "account_id": "f037e56e89293a057740de681ac9abbe",
            "email_address": "lifecycle-ic@cfapi.net",
            "role_ids": ["a3eb64b6819c42e78c93e9cb90e6e8e2"],
            "status": null
          }
        }
      ]
    },
    {
      "mode": "managed",
      "type": "cloudflare_account_member",
      "name": "special_chars",
      "provider": "provider[\"registry.terraform.io/cloudflare/cloudflare\"]",
      "instances": [
        {
          "schema_version": 0,
          "attributes": {
            "id": "special-chars-id",
            "account_id": "f037e56e89293a057740de681ac9abbe",
            "email_address": "user+tag.test_123@cfapi.net",
            "role_ids": ["e58cefd75d7adae0b761796c28815e5c"],
            "status": "accepted"
          }
        }
      ]
    },
    {
      "mode": "managed",
      "type": "cloudflare_account_member",
      "name": "all_roles",
      "provider": "provider[\"registry.terraform.io/cloudflare/cloudflare\"]",
      "instances": [
        {
          "schema_version": 0,
          "attributes": {
            "id": "all-roles-id",
            "account_id": "f037e56e89293a057740de681ac9abbe",
            "email_address": "all-roles@cfapi.net",
            "role_ids": ["e58cefd75d7adae0b761796c28815e5c", "a4154d230e664f8b3e6e5c95a8cc812f", "a3eb64b6819c42e78c93e9cb90e6e8e2"],
            "status": null
          }
        }
      ]
    },
    {
      "mode": "managed",
      "type": "cloudflare_account_member",
      "name": "status_accepted",
      "provider": "provider[\"registry.terraform.io/cloudflare/cloudflare\"]",
      "instances": [
        {
          "schema_version": 0,
          "attributes": {
            "id": "status-accepted-id",
            "account_id": "f037e56e89293a057740de681ac9abbe",
            "email_address": "status-accepted@cfapi.net",
            "role_ids": ["e58cefd75d7adae0b761796c28815e5c"],
            "status": "accepted"
          }
        }
      ]
    },
    {
      "mode": "managed",
      "type": "cloudflare_account_member",
      "name": "status_pending",
      "provider": "provider[\"registry.terraform.io/cloudflare/cloudflare\"]",
      "instances": [
        {
          "schema_version": 0,
          "attributes": {
            "id": "status-pending-id",
            "account_id": "f037e56e89293a057740de681ac9abbe",
            "email_address": "status-pending@cfapi.net",
            "role_ids": ["a4154d230e664f8b3e6e5c95a8cc812f"],
            "status": "pending"
          }
        }
      ]
    }
  ]
}
