{
  "version": 4,
  "terraform_version": "1.5.0",
  "serial": 1,
  "lineage": "test-account-member-lineage",
  "outputs": {},
  "resources": [
    {
      "mode": "managed",
      "type": "cloudflare_account_member",
      "name": "maximal",
      "provider": "provider[\"registry.terraform.io/cloudflare/cloudflare\"]",
      "instances": [
        {
          "schema_version": 0,
          "attributes": {
            "id": "maximal-member-id",
            "account_id": "f037e56e89293a057740de681ac9abbe",
            "email_address": "maximal-member@cfapi.net",
            "role_ids": ["e58cefd75d7adae0b761796c28815e5c", "a4154d230e664f8b3e6e5c95a8cc812f", "a3eb64b6819c42e78c93e9cb90e6e8e2"],
            "status": "accepted"
          }
        }
      ]
    }
  ]
}
