{
  "version": 4,
  "terraform_version": "1.5.0",
  "serial": 1,
  "lineage": "test-lineage-page-rule",
  "outputs": {},
  "resources": [
    {
      "mode": "managed",
      "type": "cloudflare_page_rule",
      "name": "minimal",
      "provider": "provider[\"registry.terraform.io/cloudflare/cloudflare\"]",
      "instances": [
        {
          "schema_version": 0,
          "attributes": {
            "id": "minimal-rule-id",
            "zone_id": "14e48053f1836c10cb86ba178633826a",
            "target": "example.com/minimal",
            "priority": 1.0,
            "status": "active",
            "actions": {
              "cache_level": "bypass"
            }
          }
        }
      ]
    },
    {
      "mode": "managed",
      "type": "cloudflare_page_rule",
      "name": "with_cache_ttl",
      "provider": "provider[\"registry.terraform.io/cloudflare/cloudflare\"]",
      "instances": [
        {
          "schema_version": 0,
          "attributes": {
            "id": "cache-ttl-rule-id",
            "zone_id": "14e48053f1836c10cb86ba178633826a",
            "target": "example.com/cached/*",
            "priority": 2.0,
            "status": "active",
            "actions": {
              "cache_level": "cache_everything",
              "cache_ttl_by_status": {
                "200": "3600",
                "404": "300"
              }
            }
          }
        }
      ]
    },
    {
      "mode": "managed",
      "type": "cloudflare_page_rule",
      "name": "with_forwarding",
      "provider": "provider[\"registry.terraform.io/cloudflare/cloudflare\"]",
      "instances": [
        {
          "schema_version": 0,
          "attributes": {
            "id": "forwarding-rule-id",
            "zone_id": "14e48053f1836c10cb86ba178633826a",
            "target": "example.com/old/*",
            "priority": 3.0,
            "status": "active",
            "actions": {
              "forwarding_url": {
                "url": "https://example.com/new/$1",
                "status_code": 301
              }
            }
          }
        }
      ]
    },
    {
      "mode": "managed",
      "type": "cloudflare_page_rule",
      "name": "with_cache_key_fields",
      "provider": "provider[\"registry.terraform.io/cloudflare/cloudflare\"]",
      "instances": [
        {
          "schema_version": 0,
          "attributes": {
            "id": "cache-key-fields-rule-id",
            "zone_id": "14e48053f1836c10cb86ba178633826a",
            "target": "example.com/api/*",
            "priority": 4.0,
            "status": "active",
            "actions": {
              "cache_level": "cache_everything",
              "cache_key_fields": {
                "cookie": {"check_presence": ["sessionid"]},
                "host": {"resolved": true},
                "query_string": {"exclude": ["utm_*"]},
                "user": {"device_type": true, "geo": false}
              }
            }
          }
        }
      ]
    },
    {
      "mode": "managed",
      "type": "cloudflare_page_rule",
      "name": "with_deprecated_fields",
      "provider": "provider[\"registry.terraform.io/cloudflare/cloudflare\"]",
      "instances": [
        {
          "schema_version": 0,
          "attributes": {
            "id": "deprecated-rule-id",
            "zone_id": "14e48053f1836c10cb86ba178633826a",
            "target": "example.com/legacy/*",
            "priority": 5.0,
            "status": "active",
            "actions": {
              "cache_level": "bypass"
            }
          }
        }
      ]
    }
  ]
}
