{
  "lineage": "healthcheck-migration-test",
  "outputs": {},
  "resources": [
    {
      "instances": [
        {
          "attributes": {
            "address": "example.com",
            "created_on": "2024-01-01T00:00:00Z",
            "id": "minimal-http-id",
            "modified_on": "2024-01-01T00:00:00Z",
            "name": "cftftest-migration-test-minimal-http",
            "type": "HTTP",
            "zone_id": "zone123"
          },
          "schema_version": 0
        }
      ],
      "mode": "managed",
      "name": "minimal_http",
      "provider": "provider[\"registry.terraform.io/cloudflare/cloudflare\"]",
      "type": "cloudflare_healthcheck"
    },
    {
      "instances": [
        {
          "attributes": {
            "address": "api.example.com",
            "check_regions": [
              "WNAM",
              "ENAM"
            ],
            "consecutive_fails": 3,
            "consecutive_successes": 2,
            "created_on": "2024-01-01T00:00:00Z",
            "description": "Full HTTP healthcheck with all fields",
            "http_config": {
              "allow_insecure": false,
              "expected_body": "OK",
              "expected_codes": [
                "200",
                "201",
                "204"
              ],
              "follow_redirects": false,
              "header": {
                "Host": [
                  "example.com"
                ],
                "User-Agent": [
                  "HealthChecker/1.0"
                ]
              },
              "method": "GET",
              "path": "/health",
              "port": 80
            },
            "id": "full-http-id",
            "interval": 60,
            "modified_on": "2024-01-01T00:00:00Z",
            "name": "cftftest-migration-test-full-http",
            "retries": 2,
            "suspended": false,
            "timeout": 5,
            "type": "HTTP",
            "zone_id": "zone123"
          },
          "schema_version": 0
        }
      ],
      "mode": "managed",
      "name": "full_http",
      "provider": "provider[\"registry.terraform.io/cloudflare/cloudflare\"]",
      "type": "cloudflare_healthcheck"
    },
    {
      "instances": [
        {
          "attributes": {
            "address": "secure.example.com",
            "consecutive_fails": 2,
            "created_on": "2024-01-01T00:00:00Z",
            "http_config": {
              "allow_insecure": true,
              "expected_codes": [
                "200"
              ],
              "header": {
                "Authorization": [
                  "Bearer test-token"
                ]
              },
              "method": "HEAD",
              "path": "/api/health",
              "port": 443
            },
            "id": "https-ssl-id",
            "modified_on": "2024-01-01T00:00:00Z",
            "name": "cftftest-migration-test-https-ssl",
            "timeout": 10,
            "type": "HTTPS",
            "zone_id": "zone123"
          },
          "schema_version": 0
        }
      ],
      "mode": "managed",
      "name": "https_with_ssl",
      "provider": "provider[\"registry.terraform.io/cloudflare/cloudflare\"]",
      "type": "cloudflare_healthcheck"
    },
    {
      "instances": [
        {
          "attributes": {
            "address": "10.0.0.1",
            "consecutive_fails": 2,
            "created_on": "2024-01-01T00:00:00Z",
            "id": "tcp-basic-id",
            "interval": 30,
            "modified_on": "2024-01-01T00:00:00Z",
            "name": "cftftest-migration-test-tcp",
            "tcp_config": {
              "method": "connection_established",
              "port": 8080
            },
            "timeout": 10,
            "type": "TCP",
            "zone_id": "zone123"
          },
          "schema_version": 0
        }
      ],
      "mode": "managed",
      "name": "tcp_basic",
      "provider": "provider[\"registry.terraform.io/cloudflare/cloudflare\"]",
      "type": "cloudflare_healthcheck"
    },
    {
      "instances": [
        {
          "attributes": {
            "address": "admin.example.com",
            "consecutive_fails": 3,
            "created_on": "2024-01-01T00:00:00Z",
            "http_config": {
              "method": "GET",
              "path": "/admin/health",
              "port": 443
            },
            "id": "http-map-admin-id",
            "interval": 60,
            "modified_on": "2024-01-01T00:00:00Z",
            "name": "cftftest-migration-test-admin",
            "type": "HTTP",
            "zone_id": "zone123"
          },
          "index_key": "admin",
          "schema_version": 0
        },
        {
          "attributes": {
            "address": "api.example.com",
            "consecutive_fails": 3,
            "created_on": "2024-01-01T00:00:00Z",
            "http_config": {
              "method": "GET",
              "path": "/api/health",
              "port": 8080
            },
            "id": "http-map-api-id",
            "interval": 60,
            "modified_on": "2024-01-01T00:00:00Z",
            "name": "cftftest-migration-test-api",
            "type": "HTTP",
            "zone_id": "zone123"
          },
          "index_key": "api",
          "schema_version": 0
        },
        {
          "attributes": {
            "address": "www.example.com",
            "consecutive_fails": 3,
            "created_on": "2024-01-01T00:00:00Z",
            "http_config": {
              "method": "GET",
              "path": "/",
              "port": 80
            },
            "id": "http-map-web-id",
            "interval": 60,
            "modified_on": "2024-01-01T00:00:00Z",
            "name": "cftftest-migration-test-web",
            "type": "HTTP",
            "zone_id": "zone123"
          },
          "index_key": "web",
          "schema_version": 0
        }
      ],
      "mode": "managed",
      "name": "http_map",
      "provider": "provider[\"registry.terraform.io/cloudflare/cloudflare\"]",
      "type": "cloudflare_healthcheck"
    },
    {
      "instances": [
        {
          "attributes": {
            "address": "cache-server.internal",
            "created_on": "2024-01-01T00:00:00Z",
            "id": "tcp-cache-id",
            "interval": 30,
            "modified_on": "2024-01-01T00:00:00Z",
            "name": "cftftest-migration-test-cache-server",
            "tcp_config": {
              "method": "connection_established",
              "port": 5432
            },
            "timeout": 5,
            "type": "TCP",
            "zone_id": "zone123"
          },
          "index_key": "cache-server",
          "schema_version": 0
        },
        {
          "attributes": {
            "address": "db-primary.internal",
            "created_on": "2024-01-01T00:00:00Z",
            "id": "tcp-primary-id",
            "interval": 30,
            "modified_on": "2024-01-01T00:00:00Z",
            "name": "cftftest-migration-test-db-primary",
            "tcp_config": {
              "method": "connection_established",
              "port": 5432
            },
            "timeout": 5,
            "type": "TCP",
            "zone_id": "zone123"
          },
          "index_key": "db-primary",
          "schema_version": 0
        },
        {
          "attributes": {
            "address": "db-replica.internal",
            "created_on": "2024-01-01T00:00:00Z",
            "id": "tcp-replica-id",
            "interval": 30,
            "modified_on": "2024-01-01T00:00:00Z",
            "name": "cftftest-migration-test-db-replica",
            "tcp_config": {
              "method": "connection_established",
              "port": 5432
            },
            "timeout": 5,
            "type": "TCP",
            "zone_id": "zone123"
          },
          "index_key": "db-replica",
          "schema_version": 0
        }
      ],
      "mode": "managed",
      "name": "tcp_set",
      "provider": "provider[\"registry.terraform.io/cloudflare/cloudflare\"]",
      "type": "cloudflare_healthcheck"
    },
    {
      "instances": [
        {
          "attributes": {
            "address": "server-0.example.com",
            "created_on": "2024-01-01T00:00:00Z",
            "description": "Health check for server 0",
            "http_config": {
              "method": "GET",
              "path": "/health/0",
              "port": 80
            },
            "id": "counted-0-id",
            "interval": 60,
            "modified_on": "2024-01-01T00:00:00Z",
            "name": "cftftest-migration-test-counted-0",
            "type": "HTTP",
            "zone_id": "zone123"
          },
          "index_key": 0,
          "schema_version": 0
        },
        {
          "attributes": {
            "address": "server-1.example.com",
            "created_on": "2024-01-01T00:00:00Z",
            "description": "Health check for server 1",
            "http_config": {
              "method": "GET",
              "path": "/health/1",
              "port": 81
            },
            "id": "counted-1-id",
            "interval": 70,
            "modified_on": "2024-01-01T00:00:00Z",
            "name": "cftftest-migration-test-counted-1",
            "type": "HTTP",
            "zone_id": "zone123"
          },
          "index_key": 1,
          "schema_version": 0
        },
        {
          "attributes": {
            "address": "server-2.example.com",
            "created_on": "2024-01-01T00:00:00Z",
            "description": "Health check for server 2",
            "http_config": {
              "method": "GET",
              "path": "/health/2",
              "port": 82
            },
            "id": "counted-2-id",
            "interval": 80,
            "modified_on": "2024-01-01T00:00:00Z",
            "name": "cftftest-migration-test-counted-2",
            "type": "HTTP",
            "zone_id": "zone123"
          },
          "index_key": 2,
          "schema_version": 0
        },
        {
          "attributes": {
            "address": "server-3.example.com",
            "created_on": "2024-01-01T00:00:00Z",
            "description": "Health check for server 3",
            "http_config": {
              "method": "GET",
              "path": "/health/3",
              "port": 83
            },
            "id": "counted-3-id",
            "interval": 90,
            "modified_on": "2024-01-01T00:00:00Z",
            "name": "cftftest-migration-test-counted-3",
            "type": "HTTP",
            "zone_id": "zone123"
          },
          "index_key": 3,
          "schema_version": 0
        }
      ],
      "mode": "managed",
      "name": "counted",
      "provider": "provider[\"registry.terraform.io/cloudflare/cloudflare\"]",
      "type": "cloudflare_healthcheck"
    },
    {
      "instances": [
        {
          "attributes": {
            "address": "monitor.example.com",
            "created_on": "2024-01-01T00:00:00Z",
            "http_config": {
              "method": "GET",
              "path": "/health",
              "port": 80
            },
            "id": "conditional-enabled-id",
            "modified_on": "2024-01-01T00:00:00Z",
            "name": "cftftest-migration-test-conditional-enabled",
            "type": "HTTP",
            "zone_id": "zone123"
          },
          "index_key": 0,
          "schema_version": 0
        }
      ],
      "mode": "managed",
      "name": "conditional_enabled",
      "provider": "provider[\"registry.terraform.io/cloudflare/cloudflare\"]",
      "type": "cloudflare_healthcheck"
    },
    {
      "instances": [
        {
          "attributes": {
            "address": "example.com",
            "check_regions": [
              "WNAM",
              "EEU"
            ],
            "created_on": "2024-01-01T00:00:00Z",
            "description": "Healthcheck for zone zone123",
            "http_config": {
              "expected_codes": [
                "200",
                "202"
              ],
              "method": "GET",
              "path": "/health",
              "port": 443
            },
            "id": "functions-id",
            "interval": 60,
            "modified_on": "2024-01-01T00:00:00Z",
            "name": "cftftest-migration-test-functions-test",
            "type": "HTTPS",
            "zone_id": "zone123"
          },
          "schema_version": 0
        }
      ],
      "mode": "managed",
      "name": "with_functions",
      "provider": "provider[\"registry.terraform.io/cloudflare/cloudflare\"]",
      "type": "cloudflare_healthcheck"
    },
    {
      "instances": [
        {
          "attributes": {
            "address": "lifecycle.example.com",
            "created_on": "2024-01-01T00:00:00Z",
            "http_config": {
              "method": "GET",
              "path": "/health",
              "port": 80
            },
            "id": "lifecycle-id",
            "modified_on": "2024-01-01T00:00:00Z",
            "name": "cftftest-migration-test-lifecycle",
            "type": "HTTP",
            "zone_id": "zone123"
          },
          "schema_version": 0
        }
      ],
      "mode": "managed",
      "name": "with_lifecycle",
      "provider": "provider[\"registry.terraform.io/cloudflare/cloudflare\"]",
      "type": "cloudflare_healthcheck"
    },
    {
      "instances": [
        {
          "attributes": {
            "address": "important.example.com",
            "created_on": "2024-01-01T00:00:00Z",
            "http_config": {
              "method": "GET",
              "path": "/",
              "port": 443
            },
            "id": "prevent-destroy-id",
            "modified_on": "2024-01-01T00:00:00Z",
            "name": "cftftest-migration-test-prevent-destroy",
            "type": "HTTPS",
            "zone_id": "zone123"
          },
          "schema_version": 0
        }
      ],
      "mode": "managed",
      "name": "prevent_destroy",
      "provider": "provider[\"registry.terraform.io/cloudflare/cloudflare\"]",
      "type": "cloudflare_healthcheck"
    },
    {
      "instances": [
        {
          "attributes": {
            "address": "api.example.com",
            "created_on": "2024-01-01T00:00:00Z",
            "http_config": {
              "header": {
                "Accept": [
                  "application/json",
                  "text/plain"
                ],
                "X-API-Key": [
                  "test-api-key-123"
                ],
                "X-Custom-Header": [
                  "custom-value"
                ]
              },
              "method": "GET",
              "path": "/v1/health",
              "port": 80
            },
            "id": "multi-headers-id",
            "modified_on": "2024-01-01T00:00:00Z",
            "name": "cftftest-migration-test-multi-headers",
            "type": "HTTP",
            "zone_id": "zone123"
          },
          "schema_version": 0
        }
      ],
      "mode": "managed",
      "name": "multiple_headers",
      "provider": "provider[\"registry.terraform.io/cloudflare/cloudflare\"]",
      "type": "cloudflare_healthcheck"
    },
    {
      "instances": [
        {
          "attributes": {
            "address": "empty.example.com",
            "check_regions": [],
            "created_on": "2024-01-01T00:00:00Z",
            "http_config": {
              "expected_codes": [],
              "path": "/"
            },
            "id": "empty-fields-id",
            "modified_on": "2024-01-01T00:00:00Z",
            "name": "cftftest-migration-test-empty",
            "type": "HTTP",
            "zone_id": "zone123"
          },
          "schema_version": 0
        }
      ],
      "mode": "managed",
      "name": "empty_fields",
      "provider": "provider[\"registry.terraform.io/cloudflare/cloudflare\"]",
      "type": "cloudflare_healthcheck"
    },
    {
      "instances": [
        {
          "attributes": {
            "address": "null.example.com",
            "created_on": "2024-01-01T00:00:00Z",
            "description": null,
            "id": "null-desc-id",
            "modified_on": "2024-01-01T00:00:00Z",
            "name": "cftftest-migration-test-null-desc",
            "type": "HTTP",
            "zone_id": "zone123"
          },
          "schema_version": 0
        }
      ],
      "mode": "managed",
      "name": "null_description",
      "provider": "provider[\"registry.terraform.io/cloudflare/cloudflare\"]",
      "type": "cloudflare_healthcheck"
    },
    {
      "instances": [
        {
          "attributes": {
            "address": "suspended.example.com",
            "created_on": "2024-01-01T00:00:00Z",
            "http_config": {
              "method": "GET",
              "path": "/health"
            },
            "id": "suspended-id",
            "modified_on": "2024-01-01T00:00:00Z",
            "name": "cftftest-migration-test-suspended",
            "suspended": true,
            "type": "HTTP",
            "zone_id": "zone123"
          },
          "schema_version": 0
        }
      ],
      "mode": "managed",
      "name": "suspended",
      "provider": "provider[\"registry.terraform.io/cloudflare/cloudflare\"]",
      "type": "cloudflare_healthcheck"
    },
    {
      "instances": [
        {
          "attributes": {
            "address": "methods.example.com",
            "created_on": "2024-01-01T00:00:00Z",
            "http_config": {
              "method": "GET",
              "path": "/health",
              "port": 80
            },
            "id": "method-get-id",
            "modified_on": "2024-01-01T00:00:00Z",
            "name": "cftftest-migration-test-method-get",
            "type": "HTTP",
            "zone_id": "zone123"
          },
          "index_key": "GET",
          "schema_version": 0
        },
        {
          "attributes": {
            "address": "methods.example.com",
            "created_on": "2024-01-01T00:00:00Z",
            "http_config": {
              "method": "HEAD",
              "path": "/health",
              "port": 80
            },
            "id": "method-head-id",
            "modified_on": "2024-01-01T00:00:00Z",
            "name": "cftftest-migration-test-method-head",
            "type": "HTTP",
            "zone_id": "zone123"
          },
          "index_key": "HEAD",
          "schema_version": 0
        }
      ],
      "mode": "managed",
      "name": "http_methods",
      "provider": "provider[\"registry.terraform.io/cloudflare/cloudflare\"]",
      "type": "cloudflare_healthcheck"
    },
    {
      "instances": [
        {
          "attributes": {
            "address": "us.example.com",
            "check_regions": [
              "WNAM"
            ],
            "created_on": "2024-01-01T00:00:00Z",
            "id": "regions-wnam-id",
            "modified_on": "2024-01-01T00:00:00Z",
            "name": "cftftest-migration-test-region-wnam",
            "type": "HTTP",
            "zone_id": "zone123"
          },
          "schema_version": 0
        }
      ],
      "mode": "managed",
      "name": "regions_wnam",
      "provider": "provider[\"registry.terraform.io/cloudflare/cloudflare\"]",
      "type": "cloudflare_healthcheck"
    },
    {
      "instances": [
        {
          "attributes": {
            "address": "global.example.com",
            "check_regions": [
              "WNAM",
              "ENAM",
              "WEU",
              "EEU",
              "SEAS"
            ],
            "created_on": "2024-01-01T00:00:00Z",
            "id": "regions-multi-id",
            "modified_on": "2024-01-01T00:00:00Z",
            "name": "cftftest-migration-test-region-multi",
            "type": "HTTP",
            "zone_id": "zone123"
          },
          "schema_version": 0
        }
      ],
      "mode": "managed",
      "name": "regions_multi",
      "provider": "provider[\"registry.terraform.io/cloudflare/cloudflare\"]",
      "type": "cloudflare_healthcheck"
    },
    {
      "instances": [
        {
          "attributes": {
            "address": "example.com",
            "created_on": "2024-01-01T00:00:00Z",
            "description": "Health check for example.com in zone zone123",
            "http_config": {
              "method": "GET",
              "path": "/health"
            },
            "id": "interpolation-id",
            "modified_on": "2024-01-01T00:00:00Z",
            "name": "cftftest-migration-test-example.com-interpolated",
            "type": "HTTP",
            "zone_id": "zone123"
          },
          "schema_version": 0
        }
      ],
      "mode": "managed",
      "name": "interpolation",
      "provider": "provider[\"registry.terraform.io/cloudflare/cloudflare\"]",
      "type": "cloudflare_healthcheck"
    },
    {
      "instances": [
        {
          "attributes": {
            "address": "numeric.example.com",
            "consecutive_fails": 1,
            "consecutive_successes": 1,
            "created_on": "2024-01-01T00:00:00Z",
            "http_config": {
              "method": "GET",
              "port": 8443
            },
            "id": "numeric-edges-id",
            "interval": 300,
            "modified_on": "2024-01-01T00:00:00Z",
            "name": "cftftest-migration-test-numeric-edges",
            "retries": 5,
            "timeout": 30,
            "type": "HTTP",
            "zone_id": "zone123"
          },
          "schema_version": 0
        }
      ],
      "mode": "managed",
      "name": "numeric_edges",
      "provider": "provider[\"registry.terraform.io/cloudflare/cloudflare\"]",
      "type": "cloudflare_healthcheck"
    },
    {
      "instances": [
        {
          "attributes": {
            "address": "dynamic.example.com",
            "created_on": "2024-01-01T00:00:00Z",
            "http_config": {
              "header": {
                "X-Environment": [
                  "production"
                ],
                "X-Region": [
                  "us-west"
                ],
                "X-Version": [
                  "v2"
                ]
              },
              "method": "GET",
              "path": "/health",
              "port": 80
            },
            "id": "dynamic-headers-id",
            "modified_on": "2024-01-01T00:00:00Z",
            "name": "cftftest-migration-test-dynamic-headers",
            "type": "HTTP",
            "zone_id": "zone123"
          },
          "schema_version": 0
        }
      ],
      "mode": "managed",
      "name": "dynamic_headers",
      "provider": "provider[\"registry.terraform.io/cloudflare/cloudflare\"]",
      "type": "cloudflare_healthcheck"
    }
  ],
  "serial": 1,
  "terraform_version": "1.5.0",
  "version": 4
}