{
  "version": 4,
  "terraform_version": "1.5.0",
  "serial": 1,
  "lineage": "test-lineage",
  "outputs": {},
  "resources": [
    {
      "mode": "managed",
      "type": "cloudflare_pages_project",
      "name": "minimal",
      "provider": "provider[\"registry.terraform.io/cloudflare/cloudflare\"]",
      "instances": [
        {
          "schema_version": 0,
          "attributes": {
            "account_id": "f037e56e89293a057740de681ac9abbe",
            "name": "minimal-project",
            "production_branch": "main",
            "id": "minimal-project-id",
            "created_on": "2024-01-01T00:00:00Z",
            "subdomain": "minimal-project.pages.dev",
            "domains": []
          }
        }
      ]
    },
    {
      "mode": "managed",
      "type": "cloudflare_pages_project",
      "name": "with_build_config",
      "provider": "provider[\"registry.terraform.io/cloudflare/cloudflare\"]",
      "instances": [
        {
          "schema_version": 0,
          "attributes": {
            "account_id": "f037e56e89293a057740de681ac9abbe",
            "name": "project-with-build",
            "production_branch": "main",
            "id": "project-with-build-id",
            "created_on": "2024-01-01T00:00:00Z",
            "subdomain": "project-with-build.pages.dev",
            "domains": [],
            "build_config": [
              {
                "build_command": "npm run build",
                "destination_dir": "public",
                "root_dir": "/",
                "web_analytics_tag": "abc123",
                "web_analytics_token": "token123"
              }
            ]
          }
        }
      ]
    },
    {
      "mode": "managed",
      "type": "cloudflare_pages_project",
      "name": "with_source",
      "provider": "provider[\"registry.terraform.io/cloudflare/cloudflare\"]",
      "instances": [
        {
          "schema_version": 0,
          "attributes": {
            "account_id": "f037e56e89293a057740de681ac9abbe",
            "name": "project-with-source",
            "production_branch": "main",
            "id": "project-with-source-id",
            "created_on": "2024-01-01T00:00:00Z",
            "subdomain": "project-with-source.pages.dev",
            "domains": [],
            "source": [
              {
                "type": "github",
                "config": [
                  {
                    "owner": "cloudflare",
                    "repo_name": "test-repo",
                    "production_branch": "main",
                    "pr_comments_enabled": true,
                    "deployments_enabled": true,
                    "production_deployment_enabled": true,
                    "preview_deployment_setting": "custom",
                    "preview_branch_includes": ["dev", "staging"],
                    "preview_branch_excludes": ["temp"]
                  }
                ]
              }
            ]
          }
        }
      ]
    },
    {
      "mode": "managed",
      "type": "cloudflare_pages_project",
      "name": "with_deployment_configs",
      "provider": "provider[\"registry.terraform.io/cloudflare/cloudflare\"]",
      "instances": [
        {
          "schema_version": 0,
          "attributes": {
            "account_id": "f037e56e89293a057740de681ac9abbe",
            "name": "project-with-deployments",
            "production_branch": "main",
            "id": "project-with-deployments-id",
            "created_on": "2024-01-01T00:00:00Z",
            "subdomain": "project-with-deployments.pages.dev",
            "domains": [],
            "deployment_configs": [
              {
                "preview": [
                  {
                    "compatibility_date": "2024-01-01",
                    "compatibility_flags": ["nodejs_compat"],
                    "usage_model": "bundled",
                    "environment_variables": {
                      "NODE_ENV": "preview",
                      "API_URL": "https://preview-api.example.com"
                    },
                    "secrets": {
                      "API_KEY": "preview-secret-key",
                      "DB_PASSWORD": "preview-db-pass"
                    },
                    "kv_namespaces": {
                      "MY_KV": "kv-namespace-preview-id"
                    },
                    "d1_databases": {
                      "MY_DB": "d1-database-preview-id"
                    },
                    "r2_buckets": {
                      "MY_BUCKET": "preview-bucket-name"
                    },
                    "durable_object_namespaces": {
                      "MY_DO": "do-namespace-preview-id"
                    },
                    "service_binding": [
                      {
                        "name": "MY_SERVICE",
                        "service": "my-worker",
                        "environment": "production"
                      },
                      {
                        "name": "ANOTHER_SERVICE",
                        "service": "another-worker",
                        "environment": "preview"
                      }
                    ],
                    "placement": [
                      {
                        "mode": "smart"
                      }
                    ]
                  }
                ],
                "production": [
                  {
                    "compatibility_date": "2024-01-01",
                    "compatibility_flags": ["nodejs_compat", "streams_enable_constructors"],
                    "usage_model": "bundled",
                    "environment_variables": {
                      "NODE_ENV": "production"
                    },
                    "secrets": {
                      "API_KEY": "prod-secret-key"
                    },
                    "placement": [
                      {
                        "mode": "smart"
                      }
                    ]
                  }
                ]
              }
            ]
          }
        }
      ]
    },
    {
      "mode": "managed",
      "type": "cloudflare_pages_project",
      "name": "full",
      "provider": "provider[\"registry.terraform.io/cloudflare/cloudflare\"]",
      "instances": [
        {
          "schema_version": 0,
          "attributes": {
            "account_id": "f037e56e89293a057740de681ac9abbe",
            "name": "full-project",
            "production_branch": "main",
            "id": "full-project-id",
            "created_on": "2024-01-01T00:00:00Z",
            "subdomain": "full-project.pages.dev",
            "domains": [],
            "build_config": [
              {
                "build_command": "npm run build",
                "destination_dir": "dist",
                "root_dir": "/app"
              }
            ],
            "source": [
              {
                "type": "github",
                "config": [
                  {
                    "owner": "my-org",
                    "repo_name": "my-app",
                    "production_branch": "main",
                    "production_deployment_enabled": true,
                    "pr_comments_enabled": true
                  }
                ]
              }
            ],
            "deployment_configs": [
              {
                "preview": [
                  {
                    "compatibility_date": "2024-01-01",
                    "placement": [
                      {
                        "mode": "smart"
                      }
                    ]
                  }
                ],
                "production": [
                  {
                    "compatibility_date": "2024-01-01",
                    "placement": [
                      {
                        "mode": "smart"
                      }
                    ]
                  }
                ]
              }
            ]
          }
        }
      ]
    },
    {
      "mode": "managed",
      "type": "cloudflare_pages_project",
      "name": "deployment_only",
      "provider": "provider[\"registry.terraform.io/cloudflare/cloudflare\"]",
      "instances": [
        {
          "schema_version": 0,
          "attributes": {
            "account_id": "f037e56e89293a057740de681ac9abbe",
            "name": "deployment-only",
            "production_branch": "main",
            "id": "deployment-only-id",
            "created_on": "2024-01-01T00:00:00Z",
            "subdomain": "deployment-only.pages.dev",
            "domains": [],
            "deployment_configs": [
              {
                "production": [
                  {
                    "compatibility_date": "2024-01-15",
                    "placement": [
                      {
                        "mode": "smart"
                      }
                    ]
                  }
                ]
              }
            ]
          }
        }
      ]
    }
  ]
}
