{
  "version": 4,
  "terraform_version": "1.5.0",
  "serial": 1,
  "lineage": "test-lineage",
  "outputs": {},
  "resources": [
    {
      "mode": "managed",
      "type": "cloudflare_spectrum_application",
      "name": "basic",
      "provider": "provider[\"registry.terraform.io/cloudflare/cloudflare\"]",
      "instances": [
        {
          "schema_version": 1,
          "attributes": {
            "id": "app-basic-id",
            "zone_id": "example.com",
            "protocol": "tcp/443",
            "dns": [
              {
                "type": "CNAME",
                "name": "basic.example.com"
              }
            ],
            "origin_direct": ["203.0.113.1"],
            "created_on": "2023-01-01T00:00:00Z",
            "modified_on": "2023-01-01T00:00:00Z"
          }
        }
      ]
    },
    {
      "mode": "managed",
      "type": "cloudflare_spectrum_application",
      "name": "origin_dns_test",
      "provider": "provider[\"registry.terraform.io/cloudflare/cloudflare\"]",
      "instances": [
        {
          "schema_version": 1,
          "attributes": {
            "id": "app-origin-dns-id",
            "zone_id": "example.com",
            "protocol": "tcp/3306",
            "dns": [
              {
                "type": "CNAME",
                "name": "db.example.com"
              }
            ],
            "origin_dns": [
              {
                "name": "origin.example.com"
              }
            ],
            "created_on": "2023-01-01T00:00:00Z",
            "modified_on": "2023-01-01T00:00:00Z"
          }
        }
      ]
    },
    {
      "mode": "managed",
      "type": "cloudflare_spectrum_application",
      "name": "edge_ips_test",
      "provider": "provider[\"registry.terraform.io/cloudflare/cloudflare\"]",
      "instances": [
        {
          "schema_version": 1,
          "attributes": {
            "id": "app-edge-ips-id",
            "zone_id": "example.com",
            "protocol": "tcp/8080",
            "dns": [
              {
                "type": "CNAME",
                "name": "app.example.com"
              }
            ],
            "edge_ips": [
              {
                "type": "dynamic",
                "connectivity": "all"
              }
            ],
            "origin_direct": ["203.0.113.3"],
            "created_on": "2023-01-01T00:00:00Z",
            "modified_on": "2023-01-01T00:00:00Z"
          }
        }
      ]
    },
    {
      "mode": "managed",
      "type": "cloudflare_spectrum_application",
      "name": "port_range",
      "provider": "provider[\"registry.terraform.io/cloudflare/cloudflare\"]",
      "instances": [
        {
          "schema_version": 1,
          "attributes": {
            "id": "app-port-range-id",
            "zone_id": "example.com",
            "protocol": "tcp/3306-3310",
            "dns": [
              {
                "type": "ADDRESS",
                "name": "dbrange.example.com"
              }
            ],
            "origin_port_range": [
              {
                "start": 3306,
                "end": 3310
              }
            ],
            "origin_direct": ["203.0.113.4"],
            "created_on": "2023-01-01T00:00:00Z",
            "modified_on": "2023-01-01T00:00:00Z"
          }
        }
      ]
    },
    {
      "mode": "managed",
      "type": "cloudflare_spectrum_application",
      "name": "port_direct",
      "provider": "provider[\"registry.terraform.io/cloudflare/cloudflare\"]",
      "instances": [
        {
          "schema_version": 1,
          "attributes": {
            "id": "app-port-direct-id",
            "zone_id": "example.com",
            "protocol": "tcp/443",
            "dns": [
              {
                "type": "CNAME",
                "name": "secure.example.com"
              }
            ],
            "origin_port": 8443,
            "origin_direct": ["203.0.113.5"],
            "created_on": "2023-01-01T00:00:00Z",
            "modified_on": "2023-01-01T00:00:00Z"
          }
        }
      ]
    },
    {
      "mode": "managed",
      "type": "cloudflare_spectrum_application",
      "name": "complex",
      "provider": "provider[\"registry.terraform.io/cloudflare/cloudflare\"]",
      "instances": [
        {
          "schema_version": 1,
          "attributes": {
            "id": "app-complex-id",
            "zone_id": "example.com",
            "protocol": "tcp/443",
            "tls": "flexible",
            "argo_smart_routing": true,
            "ip_firewall": true,
            "proxy_protocol": "v1",
            "traffic_type": "direct",
            "dns": [
              {
                "type": "CNAME",
                "name": "complex.example.com"
              }
            ],
            "edge_ips": [
              {
                "type": "dynamic",
                "connectivity": "ipv4"
              }
            ],
            "origin_dns": [
              {
                "name": "backend.complex.example.com"
              }
            ],
            "created_on": "2023-01-01T00:00:00Z",
            "modified_on": "2023-01-01T00:00:00Z"
          }
        }
      ]
    }
  ]
}
