{
  "lineage": "test-lineage",
  "outputs": {},
  "resources": [
    {
      "instances": [
        {
          "attributes": {
            "argo_smart_routing": false,
            "created_on": "2023-01-01T00:00:00Z",
            "dns": [
              {
                "name": "cftftest-spectrum-basic.example.com",
                "type": "CNAME"
              }
            ],
            "edge_ips": [],
            "id": "app-basic-id",
            "ip_firewall": false,
            "modified_on": "2023-01-01T00:00:00Z",
            "origin_direct": [
              "tcp://54.205.230.94:443"
            ],
            "origin_dns": [],
            "origin_port": null,
            "protocol": "tcp/443",
            "proxy_protocol": "off",
            "tls": "off",
            "traffic_type": "direct",
            "zone_id": "test-zone-id"
          },
          "schema_version": 1
        }
      ],
      "mode": "managed",
      "name": "basic",
      "provider": "provider[\"registry.terraform.io/cloudflare/cloudflare\"]",
      "type": "cloudflare_spectrum_application"
    },
    {
      "instances": [
        {
          "attributes": {
            "argo_smart_routing": false,
            "created_on": "2023-01-01T00:00:00Z",
            "dns": [
              {
                "name": "cftftest-spectrum-app.example.com",
                "type": "CNAME"
              }
            ],
            "edge_ips": [
              {
                "connectivity": "all",
                "ips": [],
                "type": "dynamic"
              }
            ],
            "id": "app-edge-ips-id",
            "ip_firewall": false,
            "modified_on": "2023-01-01T00:00:00Z",
            "origin_direct": [
              "tcp://54.205.230.94:80"
            ],
            "origin_dns": [],
            "origin_port": null,
            "protocol": "tcp/80",
            "proxy_protocol": "off",
            "tls": "off",
            "traffic_type": "direct",
            "zone_id": "test-zone-id"
          },
          "schema_version": 1
        }
      ],
      "mode": "managed",
      "name": "edge_ips_test",
      "provider": "provider[\"registry.terraform.io/cloudflare/cloudflare\"]",
      "type": "cloudflare_spectrum_application"
    },
    {
      "instances": [
        {
          "attributes": {
            "argo_smart_routing": true,
            "created_on": "2023-01-01T00:00:00Z",
            "dns": [
              {
                "name": "cftftest-spectrum-complex.example.com",
                "type": "CNAME"
              }
            ],
            "edge_ips": [
              {
                "connectivity": "ipv4",
                "ips": [],
                "type": "dynamic"
              }
            ],
            "id": "app-complex-id",
            "ip_firewall": true,
            "modified_on": "2023-01-01T00:00:00Z",
            "origin_direct": [
              "tcp://54.205.230.94:443"
            ],
            "origin_dns": [],
            "origin_port": null,
            "protocol": "tcp/443",
            "proxy_protocol": "v1",
            "tls": "flexible",
            "traffic_type": "direct",
            "zone_id": "test-zone-id"
          },
          "schema_version": 1
        }
      ],
      "mode": "managed",
      "name": "complex",
      "provider": "provider[\"registry.terraform.io/cloudflare/cloudflare\"]",
      "type": "cloudflare_spectrum_application"
    }
  ],
  "serial": 1,
  "terraform_version": "1.5.0",
  "version": 4
}
