{
  "version": 4,
  "terraform_version": "1.5.0",
  "serial": 1,
  "lineage": "test-lineage",
  "outputs": {},
  "resources": [
    {
      "mode": "managed",
      "type": "cloudflare_workers_script",
      "name": "plain_text",
      "provider": "provider[\"registry.terraform.io/cloudflare/cloudflare\"]",
      "instances": [
        {
          "schema_version": 1,
          "attributes": {
            "id": "cftftest-plain-text-worker",
            "account_id": "f037e56e89293a057740de681ac9abbe",
            "name": "cftftest-plain-text-worker",
            "content": "addEventListener('fetch', event => { event.respondWith(new Response('Hello World')); });",
            "plain_text_binding": [
              {
                "name": "MY_VAR",
                "text": "my-value"
              }
            ],
            "secret_text_binding": [],
            "kv_namespace_binding": [],
            "webassembly_binding": [],
            "service_binding": [],
            "r2_bucket_binding": [],
            "analytics_engine_binding": [],
            "queue_binding": [],
            "d1_database_binding": [],
            "hyperdrive_config_binding": [],
            "module": null,
            "tags": null,
            "dispatch_namespace": null
          }
        }
      ]
    },
    {
      "mode": "managed",
      "type": "cloudflare_workers_script",
      "name": "queue",
      "provider": "provider[\"registry.terraform.io/cloudflare/cloudflare\"]",
      "instances": [
        {
          "schema_version": 1,
          "attributes": {
            "id": "cftftest-queue-worker",
            "account_id": "f037e56e89293a057740de681ac9abbe",
            "name": "cftftest-queue-worker",
            "content": "addEventListener('fetch', event => { event.respondWith(new Response('Hello World')); });",
            "plain_text_binding": [],
            "secret_text_binding": [],
            "kv_namespace_binding": [],
            "webassembly_binding": [],
            "service_binding": [],
            "r2_bucket_binding": [],
            "analytics_engine_binding": [],
            "queue_binding": [
              {
                "binding": "MY_QUEUE",
                "queue": "cftftest-queue"
              }
            ],
            "d1_database_binding": [],
            "hyperdrive_config_binding": [],
            "module": null,
            "tags": null,
            "dispatch_namespace": null
          }
        }
      ]
    },
    {
      "mode": "managed",
      "type": "cloudflare_workers_script",
      "name": "multiple_bindings",
      "provider": "provider[\"registry.terraform.io/cloudflare/cloudflare\"]",
      "instances": [
        {
          "schema_version": 1,
          "attributes": {
            "id": "cftftest-multiple-bindings-worker",
            "account_id": "f037e56e89293a057740de681ac9abbe",
            "name": "cftftest-multiple-bindings-worker",
            "content": "addEventListener('fetch', event => { event.respondWith(new Response('Hello World')); });",
            "plain_text_binding": [
              {
                "name": "VAR_ONE",
                "text": "value-one"
              }
            ],
            "secret_text_binding": [
              {
                "name": "SECRET_ONE",
                "text": "secret-value-one"
              }
            ],
            "kv_namespace_binding": [
              {
                "name": "KV_ONE",
                "namespace_id": "kv-namespace-id-123"
              }
            ],
            "webassembly_binding": [],
            "service_binding": [],
            "r2_bucket_binding": [],
            "analytics_engine_binding": [],
            "queue_binding": [],
            "d1_database_binding": [],
            "hyperdrive_config_binding": [],
            "module": null,
            "tags": null,
            "dispatch_namespace": null
          }
        }
      ]
    },
    {
      "mode": "managed",
      "type": "cloudflare_workers_script",
      "name": "module_false",
      "provider": "provider[\"registry.terraform.io/cloudflare/cloudflare\"]",
      "instances": [
        {
          "schema_version": 1,
          "attributes": {
            "id": "cftftest-module-false-worker",
            "account_id": "f037e56e89293a057740de681ac9abbe",
            "name": "cftftest-module-false-worker",
            "content": "addEventListener('fetch', event => { event.respondWith(new Response('Hello World')); });",
            "plain_text_binding": [],
            "secret_text_binding": [],
            "kv_namespace_binding": [],
            "webassembly_binding": [],
            "service_binding": [],
            "r2_bucket_binding": [],
            "analytics_engine_binding": [],
            "queue_binding": [],
            "d1_database_binding": [],
            "hyperdrive_config_binding": [],
            "module": false,
            "tags": null,
            "dispatch_namespace": null
          }
        }
      ]
    },
    {
      "mode": "managed",
      "type": "cloudflare_workers_script",
      "name": "placement",
      "provider": "provider[\"registry.terraform.io/cloudflare/cloudflare\"]",
      "instances": [
        {
          "schema_version": 1,
          "attributes": {
            "id": "cftftest-placement-worker",
            "account_id": "f037e56e89293a057740de681ac9abbe",
            "name": "cftftest-placement-worker",
            "content": "addEventListener('fetch', event => { event.respondWith(new Response('Hello World')); });",
            "plain_text_binding": [],
            "secret_text_binding": [],
            "kv_namespace_binding": [],
            "webassembly_binding": [],
            "service_binding": [],
            "r2_bucket_binding": [],
            "analytics_engine_binding": [],
            "queue_binding": [],
            "d1_database_binding": [],
            "hyperdrive_config_binding": [],
            "module": null,
            "placement": [
              {
                "mode": "smart"
              }
            ],
            "tags": null,
            "dispatch_namespace": null
          }
        }
      ]
    },
    {
      "mode": "managed",
      "type": "cloudflare_workers_script",
      "name": "tags",
      "provider": "provider[\"registry.terraform.io/cloudflare/cloudflare\"]",
      "instances": [
        {
          "schema_version": 1,
          "attributes": {
            "id": "cftftest-tags-worker",
            "account_id": "f037e56e89293a057740de681ac9abbe",
            "name": "cftftest-tags-worker",
            "content": "addEventListener('fetch', event => { event.respondWith(new Response('Hello World')); });",
            "plain_text_binding": [
              {
                "name": "VAR",
                "text": "value"
              }
            ],
            "secret_text_binding": [],
            "kv_namespace_binding": [],
            "webassembly_binding": [],
            "service_binding": [],
            "r2_bucket_binding": [],
            "analytics_engine_binding": [],
            "queue_binding": [],
            "d1_database_binding": [],
            "hyperdrive_config_binding": [],
            "module": null,
            "tags": ["test", "migration"],
            "dispatch_namespace": null
          }
        }
      ]
    },
    {
      "mode": "managed",
      "type": "cloudflare_workers_script",
      "name": "comprehensive",
      "provider": "provider[\"registry.terraform.io/cloudflare/cloudflare\"]",
      "instances": [
        {
          "schema_version": 1,
          "attributes": {
            "id": "cftftest-comprehensive-worker",
            "account_id": "f037e56e89293a057740de681ac9abbe",
            "name": "cftftest-comprehensive-worker",
            "content": "addEventListener('fetch', event => { event.respondWith(new Response('Hello World')); });",
            "plain_text_binding": [
              {
                "name": "PLAIN_VAR",
                "text": "plain-value"
              }
            ],
            "secret_text_binding": [
              {
                "name": "SECRET_VAR",
                "text": "secret-value"
              }
            ],
            "kv_namespace_binding": [
              {
                "name": "KV_NS",
                "namespace_id": "kv-namespace-id-789"
              }
            ],
            "webassembly_binding": [],
            "service_binding": [],
            "r2_bucket_binding": [],
            "analytics_engine_binding": [],
            "queue_binding": [],
            "d1_database_binding": [],
            "hyperdrive_config_binding": [],
            "module": false,
            "placement": [
              {
                "mode": "smart"
              }
            ],
            "tags": ["comprehensive", "test"],
            "dispatch_namespace": null
          }
        }
      ]
    },
    {
      "mode": "managed",
      "type": "cloudflare_worker_script",
      "name": "singular_name",
      "provider": "provider[\"registry.terraform.io/cloudflare/cloudflare\"]",
      "instances": [
        {
          "schema_version": 1,
          "attributes": {
            "id": "cftftest-singular-resource",
            "account_id": "f037e56e89293a057740de681ac9abbe",
            "name": "cftftest-singular-resource",
            "content": "addEventListener('fetch', event => { event.respondWith(new Response('Hello World')); });",
            "plain_text_binding": [
              {
                "name": "SINGULAR",
                "text": "true"
              }
            ],
            "secret_text_binding": [],
            "kv_namespace_binding": [],
            "webassembly_binding": [],
            "service_binding": [],
            "r2_bucket_binding": [],
            "analytics_engine_binding": [],
            "queue_binding": [],
            "d1_database_binding": [],
            "hyperdrive_config_binding": [],
            "module": null,
            "tags": null,
            "dispatch_namespace": null
          }
        }
      ]
    }
  ]
}
