{
  "version": 4,
  "terraform_version": "1.5.0",
  "serial": 1,
  "lineage": "healthcheck-migration-test",
  "outputs": {},
  "resources": [
    {
      "mode": "managed",
      "type": "cloudflare_healthcheck",
      "name": "minimal_http",
      "provider": "provider[\"registry.terraform.io/cloudflare/cloudflare\"]",
      "instances": [
        {
          "schema_version": 0,
          "attributes": {
            "id": "minimal-http-id",
            "zone_id": "zone123",
            "name": "migration-test-minimal-http",
            "address": "example.com",
            "type": "HTTP",
            "created_on": "2024-01-01T00:00:00Z",
            "modified_on": "2024-01-01T00:00:00Z"
          }
        }
      ]
    },
    {
      "mode": "managed",
      "type": "cloudflare_healthcheck",
      "name": "full_http",
      "provider": "provider[\"registry.terraform.io/cloudflare/cloudflare\"]",
      "instances": [
        {
          "schema_version": 0,
          "attributes": {
            "id": "full-http-id",
            "zone_id": "zone123",
            "name": "migration-test-full-http",
            "address": "api.example.com",
            "type": "HTTP",
            "port": 80,
            "path": "/health",
            "method": "GET",
            "expected_codes": ["200", "201", "204"],
            "expected_body": "OK",
            "follow_redirects": false,
            "allow_insecure": false,
            "header": [
              {
                "header": "Host",
                "values": ["example.com"]
              },
              {
                "header": "User-Agent",
                "values": ["HealthChecker/1.0"]
              }
            ],
            "description": "Full HTTP healthcheck with all fields",
            "consecutive_fails": 3,
            "consecutive_successes": 2,
            "retries": 2,
            "timeout": 5,
            "interval": 60,
            "suspended": false,
            "check_regions": ["WNAM", "ENAM"],
            "created_on": "2024-01-01T00:00:00Z",
            "modified_on": "2024-01-01T00:00:00Z"
          }
        }
      ]
    },
    {
      "mode": "managed",
      "type": "cloudflare_healthcheck",
      "name": "https_with_ssl",
      "provider": "provider[\"registry.terraform.io/cloudflare/cloudflare\"]",
      "instances": [
        {
          "schema_version": 0,
          "attributes": {
            "id": "https-ssl-id",
            "zone_id": "zone123",
            "name": "migration-test-https-ssl",
            "address": "secure.example.com",
            "type": "HTTPS",
            "port": 443,
            "path": "/api/health",
            "method": "HEAD",
            "allow_insecure": true,
            "expected_codes": ["200"],
            "header": [
              {
                "header": "Authorization",
                "values": ["Bearer test-token"]
              }
            ],
            "consecutive_fails": 2,
            "timeout": 10,
            "created_on": "2024-01-01T00:00:00Z",
            "modified_on": "2024-01-01T00:00:00Z"
          }
        }
      ]
    },
    {
      "mode": "managed",
      "type": "cloudflare_healthcheck",
      "name": "tcp_basic",
      "provider": "provider[\"registry.terraform.io/cloudflare/cloudflare\"]",
      "instances": [
        {
          "schema_version": 0,
          "attributes": {
            "id": "tcp-basic-id",
            "zone_id": "zone123",
            "name": "migration-test-tcp",
            "address": "10.0.0.1",
            "type": "TCP",
            "port": 8080,
            "method": "connection_established",
            "consecutive_fails": 2,
            "timeout": 10,
            "interval": 30,
            "created_on": "2024-01-01T00:00:00Z",
            "modified_on": "2024-01-01T00:00:00Z"
          }
        }
      ]
    },
    {
      "mode": "managed",
      "type": "cloudflare_healthcheck",
      "name": "http_map",
      "provider": "provider[\"registry.terraform.io/cloudflare/cloudflare\"]",
      "instances": [
        {
          "index_key": "admin",
          "schema_version": 0,
          "attributes": {
            "id": "http-map-admin-id",
            "zone_id": "zone123",
            "name": "migration-test-admin",
            "address": "admin.example.com",
            "type": "HTTP",
            "port": 443,
            "path": "/admin/health",
            "method": "GET",
            "consecutive_fails": 3,
            "interval": 60,
            "created_on": "2024-01-01T00:00:00Z",
            "modified_on": "2024-01-01T00:00:00Z"
          }
        },
        {
          "index_key": "api",
          "schema_version": 0,
          "attributes": {
            "id": "http-map-api-id",
            "zone_id": "zone123",
            "name": "migration-test-api",
            "address": "api.example.com",
            "type": "HTTP",
            "port": 8080,
            "path": "/api/health",
            "method": "GET",
            "consecutive_fails": 3,
            "interval": 60,
            "created_on": "2024-01-01T00:00:00Z",
            "modified_on": "2024-01-01T00:00:00Z"
          }
        },
        {
          "index_key": "web",
          "schema_version": 0,
          "attributes": {
            "id": "http-map-web-id",
            "zone_id": "zone123",
            "name": "migration-test-web",
            "address": "www.example.com",
            "type": "HTTP",
            "port": 80,
            "path": "/",
            "method": "GET",
            "consecutive_fails": 3,
            "interval": 60,
            "created_on": "2024-01-01T00:00:00Z",
            "modified_on": "2024-01-01T00:00:00Z"
          }
        }
      ]
    },
    {
      "mode": "managed",
      "type": "cloudflare_healthcheck",
      "name": "tcp_set",
      "provider": "provider[\"registry.terraform.io/cloudflare/cloudflare\"]",
      "instances": [
        {
          "index_key": "cache-server",
          "schema_version": 0,
          "attributes": {
            "id": "tcp-cache-id",
            "zone_id": "zone123",
            "name": "migration-test-cache-server",
            "address": "cache-server.internal",
            "type": "TCP",
            "port": 5432,
            "method": "connection_established",
            "timeout": 5,
            "interval": 30,
            "created_on": "2024-01-01T00:00:00Z",
            "modified_on": "2024-01-01T00:00:00Z"
          }
        },
        {
          "index_key": "db-primary",
          "schema_version": 0,
          "attributes": {
            "id": "tcp-primary-id",
            "zone_id": "zone123",
            "name": "migration-test-db-primary",
            "address": "db-primary.internal",
            "type": "TCP",
            "port": 5432,
            "method": "connection_established",
            "timeout": 5,
            "interval": 30,
            "created_on": "2024-01-01T00:00:00Z",
            "modified_on": "2024-01-01T00:00:00Z"
          }
        },
        {
          "index_key": "db-replica",
          "schema_version": 0,
          "attributes": {
            "id": "tcp-replica-id",
            "zone_id": "zone123",
            "name": "migration-test-db-replica",
            "address": "db-replica.internal",
            "type": "TCP",
            "port": 5432,
            "method": "connection_established",
            "timeout": 5,
            "interval": 30,
            "created_on": "2024-01-01T00:00:00Z",
            "modified_on": "2024-01-01T00:00:00Z"
          }
        }
      ]
    },
    {
      "mode": "managed",
      "type": "cloudflare_healthcheck",
      "name": "counted",
      "provider": "provider[\"registry.terraform.io/cloudflare/cloudflare\"]",
      "instances": [
        {
          "index_key": 0,
          "schema_version": 0,
          "attributes": {
            "id": "counted-0-id",
            "zone_id": "zone123",
            "name": "migration-test-counted-0",
            "address": "server-0.example.com",
            "type": "HTTP",
            "port": 80,
            "path": "/health/0",
            "method": "GET",
            "description": "Health check for server 0",
            "interval": 60,
            "created_on": "2024-01-01T00:00:00Z",
            "modified_on": "2024-01-01T00:00:00Z"
          }
        },
        {
          "index_key": 1,
          "schema_version": 0,
          "attributes": {
            "id": "counted-1-id",
            "zone_id": "zone123",
            "name": "migration-test-counted-1",
            "address": "server-1.example.com",
            "type": "HTTP",
            "port": 81,
            "path": "/health/1",
            "method": "GET",
            "description": "Health check for server 1",
            "interval": 70,
            "created_on": "2024-01-01T00:00:00Z",
            "modified_on": "2024-01-01T00:00:00Z"
          }
        },
        {
          "index_key": 2,
          "schema_version": 0,
          "attributes": {
            "id": "counted-2-id",
            "zone_id": "zone123",
            "name": "migration-test-counted-2",
            "address": "server-2.example.com",
            "type": "HTTP",
            "port": 82,
            "path": "/health/2",
            "method": "GET",
            "description": "Health check for server 2",
            "interval": 80,
            "created_on": "2024-01-01T00:00:00Z",
            "modified_on": "2024-01-01T00:00:00Z"
          }
        },
        {
          "index_key": 3,
          "schema_version": 0,
          "attributes": {
            "id": "counted-3-id",
            "zone_id": "zone123",
            "name": "migration-test-counted-3",
            "address": "server-3.example.com",
            "type": "HTTP",
            "port": 83,
            "path": "/health/3",
            "method": "GET",
            "description": "Health check for server 3",
            "interval": 90,
            "created_on": "2024-01-01T00:00:00Z",
            "modified_on": "2024-01-01T00:00:00Z"
          }
        }
      ]
    },
    {
      "mode": "managed",
      "type": "cloudflare_healthcheck",
      "name": "conditional_enabled",
      "provider": "provider[\"registry.terraform.io/cloudflare/cloudflare\"]",
      "instances": [
        {
          "index_key": 0,
          "schema_version": 0,
          "attributes": {
            "id": "conditional-enabled-id",
            "zone_id": "zone123",
            "name": "migration-test-conditional-enabled",
            "address": "monitor.example.com",
            "type": "HTTP",
            "port": 80,
            "path": "/health",
            "method": "GET",
            "created_on": "2024-01-01T00:00:00Z",
            "modified_on": "2024-01-01T00:00:00Z"
          }
        }
      ]
    },
    {
      "mode": "managed",
      "type": "cloudflare_healthcheck",
      "name": "with_functions",
      "provider": "provider[\"registry.terraform.io/cloudflare/cloudflare\"]",
      "instances": [
        {
          "schema_version": 0,
          "attributes": {
            "id": "functions-id",
            "zone_id": "zone123",
            "name": "migration-test-functions-test",
            "address": "example.com",
            "type": "HTTPS",
            "port": 443,
            "path": "/health",
            "method": "POST",
            "description": "Healthcheck for zone zone123",
            "expected_codes": ["200", "202"],
            "check_regions": ["WNAM", "EEUR"],
            "interval": 60,
            "created_on": "2024-01-01T00:00:00Z",
            "modified_on": "2024-01-01T00:00:00Z"
          }
        }
      ]
    },
    {
      "mode": "managed",
      "type": "cloudflare_healthcheck",
      "name": "with_lifecycle",
      "provider": "provider[\"registry.terraform.io/cloudflare/cloudflare\"]",
      "instances": [
        {
          "schema_version": 0,
          "attributes": {
            "id": "lifecycle-id",
            "zone_id": "zone123",
            "name": "migration-test-lifecycle",
            "address": "lifecycle.example.com",
            "type": "HTTP",
            "port": 80,
            "path": "/health",
            "method": "GET",
            "created_on": "2024-01-01T00:00:00Z",
            "modified_on": "2024-01-01T00:00:00Z"
          }
        }
      ]
    },
    {
      "mode": "managed",
      "type": "cloudflare_healthcheck",
      "name": "prevent_destroy",
      "provider": "provider[\"registry.terraform.io/cloudflare/cloudflare\"]",
      "instances": [
        {
          "schema_version": 0,
          "attributes": {
            "id": "prevent-destroy-id",
            "zone_id": "zone123",
            "name": "migration-test-prevent-destroy",
            "address": "important.example.com",
            "type": "HTTPS",
            "port": 443,
            "path": "/",
            "method": "GET",
            "created_on": "2024-01-01T00:00:00Z",
            "modified_on": "2024-01-01T00:00:00Z"
          }
        }
      ]
    },
    {
      "mode": "managed",
      "type": "cloudflare_healthcheck",
      "name": "multiple_headers",
      "provider": "provider[\"registry.terraform.io/cloudflare/cloudflare\"]",
      "instances": [
        {
          "schema_version": 0,
          "attributes": {
            "id": "multi-headers-id",
            "zone_id": "zone123",
            "name": "migration-test-multi-headers",
            "address": "api.example.com",
            "type": "HTTP",
            "port": 80,
            "path": "/v1/health",
            "method": "GET",
            "header": [
              {
                "header": "Accept",
                "values": ["application/json", "text/plain"]
              },
              {
                "header": "X-API-Key",
                "values": ["test-api-key-123"]
              },
              {
                "header": "X-Custom-Header",
                "values": ["custom-value"]
              }
            ],
            "created_on": "2024-01-01T00:00:00Z",
            "modified_on": "2024-01-01T00:00:00Z"
          }
        }
      ]
    },
    {
      "mode": "managed",
      "type": "cloudflare_healthcheck",
      "name": "empty_fields",
      "provider": "provider[\"registry.terraform.io/cloudflare/cloudflare\"]",
      "instances": [
        {
          "schema_version": 0,
          "attributes": {
            "id": "empty-fields-id",
            "zone_id": "zone123",
            "name": "migration-test-empty",
            "address": "empty.example.com",
            "type": "HTTP",
            "path": "/",
            "check_regions": [],
            "expected_codes": [],
            "created_on": "2024-01-01T00:00:00Z",
            "modified_on": "2024-01-01T00:00:00Z"
          }
        }
      ]
    },
    {
      "mode": "managed",
      "type": "cloudflare_healthcheck",
      "name": "null_description",
      "provider": "provider[\"registry.terraform.io/cloudflare/cloudflare\"]",
      "instances": [
        {
          "schema_version": 0,
          "attributes": {
            "id": "null-desc-id",
            "zone_id": "zone123",
            "name": "migration-test-null-desc",
            "address": "null.example.com",
            "type": "HTTP",
            "description": null,
            "created_on": "2024-01-01T00:00:00Z",
            "modified_on": "2024-01-01T00:00:00Z"
          }
        }
      ]
    },
    {
      "mode": "managed",
      "type": "cloudflare_healthcheck",
      "name": "suspended",
      "provider": "provider[\"registry.terraform.io/cloudflare/cloudflare\"]",
      "instances": [
        {
          "schema_version": 0,
          "attributes": {
            "id": "suspended-id",
            "zone_id": "zone123",
            "name": "migration-test-suspended",
            "address": "suspended.example.com",
            "type": "HTTP",
            "suspended": true,
            "path": "/health",
            "method": "GET",
            "created_on": "2024-01-01T00:00:00Z",
            "modified_on": "2024-01-01T00:00:00Z"
          }
        }
      ]
    },
    {
      "mode": "managed",
      "type": "cloudflare_healthcheck",
      "name": "http_methods",
      "provider": "provider[\"registry.terraform.io/cloudflare/cloudflare\"]",
      "instances": [
        {
          "index_key": "GET",
          "schema_version": 0,
          "attributes": {
            "id": "method-get-id",
            "zone_id": "zone123",
            "name": "migration-test-method-get",
            "address": "methods.example.com",
            "type": "HTTP",
            "port": 80,
            "path": "/health",
            "method": "GET",
            "created_on": "2024-01-01T00:00:00Z",
            "modified_on": "2024-01-01T00:00:00Z"
          }
        },
        {
          "index_key": "HEAD",
          "schema_version": 0,
          "attributes": {
            "id": "method-head-id",
            "zone_id": "zone123",
            "name": "migration-test-method-head",
            "address": "methods.example.com",
            "type": "HTTP",
            "port": 80,
            "path": "/health",
            "method": "HEAD",
            "created_on": "2024-01-01T00:00:00Z",
            "modified_on": "2024-01-01T00:00:00Z"
          }
        },
        {
          "index_key": "POST",
          "schema_version": 0,
          "attributes": {
            "id": "method-post-id",
            "zone_id": "zone123",
            "name": "migration-test-method-post",
            "address": "methods.example.com",
            "type": "HTTP",
            "port": 80,
            "path": "/health",
            "method": "POST",
            "created_on": "2024-01-01T00:00:00Z",
            "modified_on": "2024-01-01T00:00:00Z"
          }
        }
      ]
    },
    {
      "mode": "managed",
      "type": "cloudflare_healthcheck",
      "name": "regions_wnam",
      "provider": "provider[\"registry.terraform.io/cloudflare/cloudflare\"]",
      "instances": [
        {
          "schema_version": 0,
          "attributes": {
            "id": "regions-wnam-id",
            "zone_id": "zone123",
            "name": "migration-test-region-wnam",
            "address": "us.example.com",
            "type": "HTTP",
            "check_regions": ["WNAM"],
            "created_on": "2024-01-01T00:00:00Z",
            "modified_on": "2024-01-01T00:00:00Z"
          }
        }
      ]
    },
    {
      "mode": "managed",
      "type": "cloudflare_healthcheck",
      "name": "regions_multi",
      "provider": "provider[\"registry.terraform.io/cloudflare/cloudflare\"]",
      "instances": [
        {
          "schema_version": 0,
          "attributes": {
            "id": "regions-multi-id",
            "zone_id": "zone123",
            "name": "migration-test-region-multi",
            "address": "global.example.com",
            "type": "HTTP",
            "check_regions": ["WNAM", "ENAM", "WEU", "EEU", "SEAS", "WEAS"],
            "created_on": "2024-01-01T00:00:00Z",
            "modified_on": "2024-01-01T00:00:00Z"
          }
        }
      ]
    },
    {
      "mode": "managed",
      "type": "cloudflare_healthcheck",
      "name": "interpolation",
      "provider": "provider[\"registry.terraform.io/cloudflare/cloudflare\"]",
      "instances": [
        {
          "schema_version": 0,
          "attributes": {
            "id": "interpolation-id",
            "zone_id": "zone123",
            "name": "migration-test-example.com-interpolated",
            "address": "example.com",
            "type": "HTTP",
            "description": "Health check for example.com in zone zone123",
            "path": "/health",
            "method": "GET",
            "created_on": "2024-01-01T00:00:00Z",
            "modified_on": "2024-01-01T00:00:00Z"
          }
        }
      ]
    },
    {
      "mode": "managed",
      "type": "cloudflare_healthcheck",
      "name": "numeric_edges",
      "provider": "provider[\"registry.terraform.io/cloudflare/cloudflare\"]",
      "instances": [
        {
          "schema_version": 0,
          "attributes": {
            "id": "numeric-edges-id",
            "zone_id": "zone123",
            "name": "migration-test-numeric-edges",
            "address": "numeric.example.com",
            "type": "HTTP",
            "consecutive_fails": 1,
            "consecutive_successes": 1,
            "retries": 5,
            "timeout": 30,
            "interval": 300,
            "port": 8443,
            "method": "GET",
            "created_on": "2024-01-01T00:00:00Z",
            "modified_on": "2024-01-01T00:00:00Z"
          }
        }
      ]
    },
    {
      "mode": "managed",
      "type": "cloudflare_healthcheck",
      "name": "dynamic_headers",
      "provider": "provider[\"registry.terraform.io/cloudflare/cloudflare\"]",
      "instances": [
        {
          "schema_version": 0,
          "attributes": {
            "id": "dynamic-headers-id",
            "zone_id": "zone123",
            "name": "migration-test-dynamic-headers",
            "address": "dynamic.example.com",
            "type": "HTTP",
            "port": 80,
            "path": "/health",
            "method": "GET",
            "header": [
              {
                "header": "X-Environment",
                "values": ["production"]
              },
              {
                "header": "X-Region",
                "values": ["us-west"]
              },
              {
                "header": "X-Version",
                "values": ["v2"]
              }
            ],
            "created_on": "2024-01-01T00:00:00Z",
            "modified_on": "2024-01-01T00:00:00Z"
          }
        }
      ]
    }
  ]
}
