{
  "version": 4,
  "terraform_version": "1.5.0",
  "serial": 1,
  "lineage": "test-lineage-virtual-network-comprehensive",
  "outputs": {},
  "resources": [
    {
      "mode": "managed",
      "type": "cloudflare_tunnel_virtual_network",
      "name": "minimal",
      "provider": "provider[\"registry.terraform.io/cloudflare/cloudflare\"]",
      "instances": [
        {
          "schema_version": 0,
          "attributes": {
            "id": "v0000000-0000-0000-0000-000000000001",
            "account_id": "f037e56e89293a057740de681ac9abbe",
            "name": "test-vnet-minimal"
          }
        }
      ]
    },
    {
      "mode": "managed",
      "type": "cloudflare_zero_trust_tunnel_virtual_network",
      "name": "complete",
      "provider": "provider[\"registry.terraform.io/cloudflare/cloudflare\"]",
      "instances": [
        {
          "schema_version": 0,
          "attributes": {
            "id": "v0000000-0000-0000-0000-000000000002",
            "account_id": "f037e56e89293a057740de681ac9abbe",
            "name": "test-vnet-complete",
            "is_default_network": false,
            "comment": "Integration test"
          }
        }
      ]
    },
    {
      "mode": "managed",
      "type": "cloudflare_tunnel_virtual_network",
      "name": "default_net",
      "provider": "provider[\"registry.terraform.io/cloudflare/cloudflare\"]",
      "instances": [
        {
          "schema_version": 0,
          "attributes": {
            "id": "v0000000-0000-0000-0000-000000000003",
            "account_id": "f037e56e89293a057740de681ac9abbe",
            "name": "test-vnet-default",
            "is_default_network": true
          }
        }
      ]
    },
    {
      "mode": "managed",
      "type": "cloudflare_zero_trust_tunnel_virtual_network",
      "name": "empty_opts",
      "provider": "provider[\"registry.terraform.io/cloudflare/cloudflare\"]",
      "instances": [
        {
          "schema_version": 0,
          "attributes": {
            "id": "v0000000-0000-0000-0000-000000000004",
            "account_id": "f037e56e89293a057740de681ac9abbe",
            "name": "test-vnet-empty"
          }
        }
      ]
    },
    {
      "mode": "managed",
      "type": "cloudflare_tunnel_virtual_network",
      "name": "foreach",
      "provider": "provider[\"registry.terraform.io/cloudflare/cloudflare\"]",
      "instances": [
        {
          "index_key": "dev",
          "schema_version": 0,
          "attributes": {
            "id": "v0000000-0000-0000-0000-000000000005",
            "account_id": "f037e56e89293a057740de681ac9abbe",
            "name": "test-vnet-dev",
            "comment": "Network for dev"
          }
        },
        {
          "index_key": "prod",
          "schema_version": 0,
          "attributes": {
            "id": "v0000000-0000-0000-0000-000000000006",
            "account_id": "f037e56e89293a057740de681ac9abbe",
            "name": "test-vnet-prod",
            "comment": "Network for prod"
          }
        },
        {
          "index_key": "staging",
          "schema_version": 0,
          "attributes": {
            "id": "v0000000-0000-0000-0000-000000000007",
            "account_id": "f037e56e89293a057740de681ac9abbe",
            "name": "test-vnet-staging",
            "comment": "Network for staging"
          }
        }
      ]
    },
    {
      "mode": "managed",
      "type": "cloudflare_zero_trust_tunnel_virtual_network",
      "name": "counted",
      "provider": "provider[\"registry.terraform.io/cloudflare/cloudflare\"]",
      "instances": [
        {
          "index_key": 0,
          "schema_version": 0,
          "attributes": {
            "id": "v0000000-0000-0000-0000-000000000008",
            "account_id": "f037e56e89293a057740de681ac9abbe",
            "name": "test-vnet-count-0"
          }
        },
        {
          "index_key": 1,
          "schema_version": 0,
          "attributes": {
            "id": "v0000000-0000-0000-0000-000000000009",
            "account_id": "f037e56e89293a057740de681ac9abbe",
            "name": "test-vnet-count-1"
          }
        },
        {
          "index_key": 2,
          "schema_version": 0,
          "attributes": {
            "id": "v0000000-0000-0000-0000-000000000010",
            "account_id": "f037e56e89293a057740de681ac9abbe",
            "name": "test-vnet-count-2"
          }
        }
      ]
    },
    {
      "mode": "managed",
      "type": "cloudflare_tunnel_virtual_network",
      "name": "lifecycle",
      "provider": "provider[\"registry.terraform.io/cloudflare/cloudflare\"]",
      "instances": [
        {
          "schema_version": 0,
          "attributes": {
            "id": "v0000000-0000-0000-0000-000000000011",
            "account_id": "f037e56e89293a057740de681ac9abbe",
            "name": "test-vnet-lifecycle"
          }
        }
      ]
    },
    {
      "mode": "managed",
      "type": "cloudflare_tunnel_virtual_network",
      "name": "old_name",
      "provider": "provider[\"registry.terraform.io/cloudflare/cloudflare\"]",
      "instances": [
        {
          "schema_version": 0,
          "attributes": {
            "id": "v0000000-0000-0000-0000-000000000012",
            "account_id": "f037e56e89293a057740de681ac9abbe",
            "name": "test-vnet-old"
          }
        }
      ]
    },
    {
      "mode": "managed",
      "type": "cloudflare_zero_trust_tunnel_virtual_network",
      "name": "new_name",
      "provider": "provider[\"registry.terraform.io/cloudflare/cloudflare\"]",
      "instances": [
        {
          "schema_version": 0,
          "attributes": {
            "id": "v0000000-0000-0000-0000-000000000013",
            "account_id": "f037e56e89293a057740de681ac9abbe",
            "name": "test-vnet-new"
          }
        }
      ]
    }
  ]
}
