{
  "lineage": "test-lineage",
  "outputs": {},
  "resources": [
    {
      "instances": [
        {
          "attributes": {
            "account_id": "f037e56e89293a057740de681ac9abbe",
            "id": "ip_list_id",
            "items": [
              {
                "value": "192.168.1.1"
              },
              {
                "value": "192.168.1.2"
              },
              {
                "value": "10.0.0.0/8"
              }
            ],
            "name": "IP Allowlist",
            "type": "IP"
          },
          "schema_version": 0
        }
      ],
      "mode": "managed",
      "name": "ip_list",
      "provider": "provider[\"registry.terraform.io/cloudflare/cloudflare\"]",
      "type": "cloudflare_zero_trust_list"
    },
    {
      "instances": [
        {
          "attributes": {
            "account_id": "f037e56e89293a057740de681ac9abbe",
            "description": "Company approved domains",
            "id": "domain_list_id",
            "items": [
              {
                "description": "Main company domain",
                "value": "example.com"
              },
              {
                "description": "API subdomain",
                "value": "api.example.com"
              },
              {
                "description": "Testing environment",
                "value": "test.example.com"
              }
            ],
            "name": "Allowed Domains",
            "type": "DOMAIN"
          },
          "schema_version": 0
        }
      ],
      "mode": "managed",
      "name": "domain_list",
      "provider": "provider[\"registry.terraform.io/cloudflare/cloudflare\"]",
      "type": "cloudflare_zero_trust_list"
    },
    {
      "instances": [
        {
          "attributes": {
            "account_id": "f037e56e89293a057740de681ac9abbe",
            "id": "email_list_id",
            "items": [
              {
                "description": "CEO email address",
                "value": "ceo@example.com"
              },
              {
                "description": "CTO email address",
                "value": "cto@example.com"
              },
              {
                "value": "admin@example.com"
              },
              {
                "value": "security@example.com"
              }
            ],
            "name": "VIP Emails",
            "type": "EMAIL"
          },
          "schema_version": 0
        }
      ],
      "mode": "managed",
      "name": "email_list",
      "provider": "provider[\"registry.terraform.io/cloudflare/cloudflare\"]",
      "type": "cloudflare_zero_trust_list"
    },
    {
      "instances": [
        {
          "attributes": {
            "account_id": "f037e56e89293a057740de681ac9abbe",
            "id": "url_list_id",
            "items": [
              {
                "description": "Known phishing site",
                "value": "https://malicious.example.com/path"
              },
              {
                "description": "Spam website",
                "value": "https://spam.example.org/ads"
              }
            ],
            "name": "Blocked URLs",
            "type": "URL"
          },
          "schema_version": 0
        }
      ],
      "mode": "managed",
      "name": "url_list",
      "provider": "provider[\"registry.terraform.io/cloudflare/cloudflare\"]",
      "type": "cloudflare_zero_trust_list"
    },
    {
      "instances": [
        {
          "attributes": {
            "account_id": "f037e56e89293a057740de681ac9abbe",
            "id": "empty_list_id",
            "name": "Empty Serial List",
            "type": "SERIAL"
          },
          "schema_version": 0
        }
      ],
      "mode": "managed",
      "name": "empty_list",
      "provider": "provider[\"registry.terraform.io/cloudflare/cloudflare\"]",
      "type": "cloudflare_zero_trust_list"
    },
    {
      "instances": [
        {
          "attributes": {
            "account_id": "f037e56e89293a057740de681ac9abbe",
            "description": "Various IP formats",
            "id": "complex_ips_id",
            "items": [
              {
                "description": "Documentation range",
                "value": "198.51.100.0/24"
              },
              {
                "value": "172.16.0.0/12"
              },
              {
                "value": "192.168.0.0/16"
              },
              {
                "value": "203.0.113.0/24"
              }
            ],
            "name": "Complex IP List",
            "type": "IP"
          },
          "schema_version": 0
        }
      ],
      "mode": "managed",
      "name": "complex_ips",
      "provider": "provider[\"registry.terraform.io/cloudflare/cloudflare\"]",
      "type": "cloudflare_zero_trust_list"
    }
  ],
  "serial": 1,
  "terraform_version": "1.5.0",
  "version": 4
}