{
  "version": 4,
  "terraform_version": "1.5.0",
  "serial": 1,
  "lineage": "test-lineage",
  "outputs": {},
  "resources": [
    {
      "mode": "managed",
      "type": "cloudflare_zero_trust_list",
      "name": "ip_list",
      "provider": "provider[\"registry.terraform.io/cloudflare/cloudflare\"]",
      "instances": [
        {
          "schema_version": 0,
          "attributes": {
            "id": "ip_list_id",
            "account_id": "f037e56e89293a057740de681ac9abbe",
            "name": "IP Allowlist",
            "type": "IP",
            "items": [
              {
                "value": "192.168.1.1"
              },
              {
                "value": "192.168.1.2"
              },
              {
                "value": "10.0.0.0/8"
              }
            ]
          }
        }
      ]
    },
    {
      "mode": "managed",
      "type": "cloudflare_zero_trust_list",
      "name": "domain_list",
      "provider": "provider[\"registry.terraform.io/cloudflare/cloudflare\"]",
      "instances": [
        {
          "schema_version": 0,
          "attributes": {
            "id": "domain_list_id",
            "account_id": "f037e56e89293a057740de681ac9abbe",
            "name": "Allowed Domains",
            "type": "DOMAIN",
            "description": "Company approved domains",
            "items": [
              {
                "value": "example.com",
                "description": "Main company domain"
              },
              {
                "value": "api.example.com",
                "description": "API subdomain"
              },
              {
                "value": "test.example.com",
                "description": "Testing environment"
              }
            ]
          }
        }
      ]
    },
    {
      "mode": "managed",
      "type": "cloudflare_zero_trust_list",
      "name": "email_list",
      "provider": "provider[\"registry.terraform.io/cloudflare/cloudflare\"]",
      "instances": [
        {
          "schema_version": 0,
          "attributes": {
            "id": "email_list_id",
            "account_id": "f037e56e89293a057740de681ac9abbe",
            "name": "VIP Emails",
            "type": "EMAIL",
            "items": [
              {
                "value": "admin@example.com"
              },
              {
                "value": "security@example.com"
              },
              {
                "value": "ceo@example.com",
                "description": "CEO email address"
              },
              {
                "value": "cto@example.com",
                "description": "CTO email address"
              }
            ]
          }
        }
      ]
    },
    {
      "mode": "managed",
      "type": "cloudflare_zero_trust_list",
      "name": "url_list",
      "provider": "provider[\"registry.terraform.io/cloudflare/cloudflare\"]",
      "instances": [
        {
          "schema_version": 0,
          "attributes": {
            "id": "url_list_id",
            "account_id": "f037e56e89293a057740de681ac9abbe",
            "name": "Blocked URLs",
            "type": "URL",
            "items": [
              {
                "value": "https://malicious.example.com/path",
                "description": "Known phishing site"
              },
              {
                "value": "https://spam.example.org/ads",
                "description": "Spam website"
              }
            ]
          }
        }
      ]
    },
    {
      "mode": "managed",
      "type": "cloudflare_zero_trust_list",
      "name": "empty_list",
      "provider": "provider[\"registry.terraform.io/cloudflare/cloudflare\"]",
      "instances": [
        {
          "schema_version": 0,
          "attributes": {
            "id": "empty_list_id",
            "account_id": "f037e56e89293a057740de681ac9abbe",
            "name": "Empty Serial List",
            "type": "SERIAL",
            "items": null
          }
        }
      ]
    },
    {
      "mode": "managed",
      "type": "cloudflare_zero_trust_list",
      "name": "complex_ips",
      "provider": "provider[\"registry.terraform.io/cloudflare/cloudflare\"]",
      "instances": [
        {
          "schema_version": 0,
          "attributes": {
            "id": "complex_ips_id",
            "account_id": "f037e56e89293a057740de681ac9abbe",
            "name": "Complex IP List",
            "type": "IP",
            "description": "Various IP formats",
            "items": [
              {
                "value": "172.16.0.0/12"
              },
              {
                "value": "192.168.0.0/16"
              },
              {
                "value": "203.0.113.0/24"
              },
              {
                "value": "198.51.100.0/24",
                "description": "Documentation range"
              }
            ]
          }
        }
      ]
    }
  ]
}