{
  "lineage": "test-lineage",
  "outputs": {},
  "resources": [
    {
      "instances": [
        {
          "attributes": {
            "account_id": "test-account-id",
            "config": {},
            "id": "otp-provider-id",
            "name": "One-Time PIN",
            "type": "onetimepin"
          },
          "schema_version": 0
        }
      ],
      "mode": "managed",
      "name": "otp",
      "provider": "provider[\"registry.terraform.io/cloudflare/cloudflare\"]",
      "type": "cloudflare_zero_trust_access_identity_provider"
    },
    {
      "instances": [
        {
          "attributes": {
            "account_id": "test-account-id",
            "config": {
              "client_id": "github-client-id",
              "client_secret": "CONCEALED"
            },
            "id": "github-provider-id",
            "name": "GitHub OAuth",
            "type": "github"
          },
          "schema_version": 0
        }
      ],
      "mode": "managed",
      "name": "github",
      "provider": "provider[\"registry.terraform.io/cloudflare/cloudflare\"]",
      "type": "cloudflare_zero_trust_access_identity_provider"
    },
    {
      "instances": [
        {
          "attributes": {
            "account_id": "test-account-id",
            "config": {
              "client_id": "azure-client-id",
              "client_secret": "CONCEALED",
              "conditional_access_enabled": true,
              "directory_id": "azure-directory-uuid",
              "support_groups": true
            },
            "id": "azure-provider-id",
            "name": "Azure AD SSO",
            "scim_config": {
              "enabled": true,
              "identity_update_behavior": "automatic",
              "seat_deprovision": false,
              "secret": "scim-secret-value",
              "user_deprovision": true
            },
            "type": "azureAD"
          },
          "schema_version": 0
        }
      ],
      "mode": "managed",
      "name": "azure",
      "provider": "provider[\"registry.terraform.io/cloudflare/cloudflare\"]",
      "type": "cloudflare_zero_trust_access_identity_provider"
    },
    {
      "instances": [
        {
          "attributes": {
            "account_id": "test-account-id",
            "config": {
              "idp_public_certs": [
                "MIIDpDCCAoygAwIBAgIGAV2ka+55MA0GCSqGSIb3DQEBCwUAMIGSMQswCQYDVQQGEwJVUzETMBEG"
              ],
              "issuer_url": "https://saml.example.com/issuer",
              "redirect_url": "https://example.cloudflareaccess.com/cdn-cgi/access/callback",
              "sign_request": true,
              "sso_target_url": "https://saml.example.com/sso"
            },
            "id": "saml-provider-id",
            "name": "SAML Provider",
            "type": "saml"
          },
          "schema_version": 0
        }
      ],
      "mode": "managed",
      "name": "saml",
      "provider": "provider[\"registry.terraform.io/cloudflare/cloudflare\"]",
      "type": "cloudflare_zero_trust_access_identity_provider"
    },
    {
      "instances": [
        {
          "attributes": {
            "account_id": "test-account-id",
            "config": {
              "auth_url": "https://oidc.example.com/authorize",
              "certs_url": "https://oidc.example.com/.well-known/jwks.json",
              "client_id": "oidc-client-id",
              "client_secret": "CONCEALED",
              "pkce_enabled": true,
              "scopes": [
                "openid",
                "profile",
                "email"
              ],
              "token_url": "https://oidc.example.com/token"
            },
            "id": "oidc-provider-id",
            "name": "Generic OIDC",
            "type": "oidc"
          },
          "schema_version": 0
        }
      ],
      "mode": "managed",
      "name": "oidc",
      "provider": "provider[\"registry.terraform.io/cloudflare/cloudflare\"]",
      "type": "cloudflare_zero_trust_access_identity_provider"
    },
    {
      "instances": [
        {
          "attributes": {
            "account_id": "test-account-id",
            "config": {
              "client_id": "google-prod-client-id",
              "client_secret": "CONCEALED"
            },
            "id": "google-prod-provider-id",
            "name": "Google OAuth Production",
            "type": "google"
          },
          "index_key": "prod",
          "schema_version": 0
        },
        {
          "attributes": {
            "account_id": "test-account-id",
            "config": {
              "client_id": "google-staging-client-id",
              "client_secret": "CONCEALED"
            },
            "id": "google-staging-provider-id",
            "name": "Google OAuth Staging",
            "type": "google"
          },
          "index_key": "staging",
          "schema_version": 0
        },
        {
          "attributes": {
            "account_id": "test-account-id",
            "config": {
              "client_id": "google-dev-client-id",
              "client_secret": "CONCEALED"
            },
            "id": "google-dev-provider-id",
            "name": "Google OAuth Development",
            "type": "google"
          },
          "index_key": "dev",
          "schema_version": 0
        },
        {
          "attributes": {
            "account_id": "test-account-id",
            "config": {
              "client_id": "google-qa-client-id",
              "client_secret": "CONCEALED"
            },
            "id": "google-qa-provider-id",
            "name": "Google OAuth QA",
            "type": "google"
          },
          "index_key": "qa",
          "schema_version": 0
        }
      ],
      "mode": "managed",
      "name": "google_map",
      "provider": "provider[\"registry.terraform.io/cloudflare/cloudflare\"]",
      "type": "cloudflare_zero_trust_access_identity_provider"
    },
    {
      "instances": [
        {
          "attributes": {
            "account_id": "test-account-id",
            "config": {
              "authorization_server_id": "okta-production-auth-server",
              "client_id": "okta-production-client",
              "client_secret": "CONCEALED"
            },
            "id": "okta-production-provider-id",
            "name": "Okta Production",
            "type": "okta"
          },
          "index_key": "production",
          "schema_version": 0
        },
        {
          "attributes": {
            "account_id": "test-account-id",
            "config": {
              "authorization_server_id": "okta-staging-auth-server",
              "client_id": "okta-staging-client",
              "client_secret": "CONCEALED"
            },
            "id": "okta-staging-provider-id",
            "name": "Okta Staging",
            "type": "okta"
          },
          "index_key": "staging",
          "schema_version": 0
        },
        {
          "attributes": {
            "account_id": "test-account-id",
            "config": {
              "authorization_server_id": "okta-development-auth-server",
              "client_id": "okta-development-client",
              "client_secret": "CONCEALED"
            },
            "id": "okta-development-provider-id",
            "name": "Okta Development",
            "type": "okta"
          },
          "index_key": "development",
          "schema_version": 0
        }
      ],
      "mode": "managed",
      "name": "okta_set",
      "provider": "provider[\"registry.terraform.io/cloudflare/cloudflare\"]",
      "type": "cloudflare_zero_trust_access_identity_provider"
    },
    {
      "instances": [
        {
          "attributes": {
            "account_id": "test-account-id",
            "config": {
              "client_id": "ghe-client-0",
              "client_secret": "CONCEALED"
            },
            "id": "ghe-provider-0-id",
            "name": "GitHub Enterprise 1",
            "type": "github"
          },
          "index_key": 0,
          "schema_version": 0
        },
        {
          "attributes": {
            "account_id": "test-account-id",
            "config": {
              "client_id": "ghe-client-1",
              "client_secret": "CONCEALED"
            },
            "id": "ghe-provider-1-id",
            "name": "GitHub Enterprise 2",
            "type": "github"
          },
          "index_key": 1,
          "schema_version": 0
        },
        {
          "attributes": {
            "account_id": "test-account-id",
            "config": {
              "client_id": "ghe-client-2",
              "client_secret": "CONCEALED"
            },
            "id": "ghe-provider-2-id",
            "name": "GitHub Enterprise 3",
            "type": "github"
          },
          "index_key": 2,
          "schema_version": 0
        }
      ],
      "mode": "managed",
      "name": "github_enterprise",
      "provider": "provider[\"registry.terraform.io/cloudflare/cloudflare\"]",
      "type": "cloudflare_zero_trust_access_identity_provider"
    },
    {
      "instances": [
        {
          "attributes": {
            "account_id": "test-account-id",
            "config": {
              "client_id": "conditional-client-id",
              "client_secret": "CONCEALED"
            },
            "id": "conditional-provider-id",
            "name": "Conditional Provider",
            "type": "github"
          },
          "index_key": 0,
          "schema_version": 0
        }
      ],
      "mode": "managed",
      "name": "conditional",
      "provider": "provider[\"registry.terraform.io/cloudflare/cloudflare\"]",
      "type": "cloudflare_zero_trust_access_identity_provider"
    },
    {
      "instances": [
        {
          "attributes": {
            "account_id": "test-account-id",
            "config": {},
            "id": "with-reference-provider-id",
            "name": "Referenced Provider - otp-provider-id",
            "type": "onetimepin"
          },
          "schema_version": 0
        }
      ],
      "mode": "managed",
      "name": "with_reference",
      "provider": "provider[\"registry.terraform.io/cloudflare/cloudflare\"]",
      "type": "cloudflare_zero_trust_access_identity_provider"
    },
    {
      "instances": [
        {
          "attributes": {
            "account_id": "test-account-id",
            "config": {
              "auth_url": "https://auth.example.com/authorize",
              "certs_url": "https://auth.example.com/.well-known/jwks.json",
              "client_id": "client-dGVzdC12YWx1ZQ==",
              "client_secret": "CONCEALED",
              "scopes": [
                "openid",
                "profile",
                "email",
                "groups"
              ],
              "token_url": "https://auth.example.com/token"
            },
            "id": "with-functions-provider-id",
            "name": "test Provider with Functions",
            "type": "oidc"
          },
          "schema_version": 0
        }
      ],
      "mode": "managed",
      "name": "with_functions",
      "provider": "provider[\"registry.terraform.io/cloudflare/cloudflare\"]",
      "type": "cloudflare_zero_trust_access_identity_provider"
    },
    {
      "instances": [
        {
          "attributes": {
            "account_id": "test-account-id",
            "config": {
              "client_id": "lifecycle-client-id",
              "client_secret": "CONCEALED"
            },
            "id": "with-lifecycle-provider-id",
            "name": "Provider with Lifecycle",
            "type": "github"
          },
          "schema_version": 0
        }
      ],
      "mode": "managed",
      "name": "with_lifecycle",
      "provider": "provider[\"registry.terraform.io/cloudflare/cloudflare\"]",
      "type": "cloudflare_zero_trust_access_identity_provider"
    },
    {
      "instances": [
        {
          "attributes": {
            "account_id": "test-account-id",
            "config": {
              "client_id": "azure-full-client-id",
              "client_secret": "CONCEALED",
              "conditional_access_enabled": false,
              "directory_id": "azure-full-directory-uuid",
              "support_groups": false
            },
            "id": "azure-full-provider-id",
            "name": "Azure AD Full Configuration",
            "scim_config": {
              "enabled": true,
              "identity_update_behavior": "manual",
              "seat_deprovision": true,
              "secret": "scim-secret-full-value",
              "user_deprovision": false
            },
            "type": "azureAD"
          },
          "schema_version": 0
        }
      ],
      "mode": "managed",
      "name": "azure_full",
      "provider": "provider[\"registry.terraform.io/cloudflare/cloudflare\"]",
      "type": "cloudflare_zero_trust_access_identity_provider"
    }
  ],
  "serial": 1,
  "terraform_version": "1.5.0",
  "version": 4
}