{
  "version": 4,
  "terraform_version": "1.5.0",
  "serial": 1,
  "lineage": "test-lineage",
  "outputs": {},
  "resources": [
    {
      "mode": "managed",
      "type": "cloudflare_worker_domain",
      "name": "example",
      "provider": "provider[\"registry.terraform.io/cloudflare/cloudflare\"]",
      "instances": [
        {
          "schema_version": 0,
          "attributes": {
            "id": "f037e56e89293a057740de681ac9abbe/subdomain.example.com",
            "account_id": "f037e56e89293a057740de681ac9abbe",
            "hostname": "subdomain.example.com",
            "service": "my-service",
            "zone_id": "0da42c8d2132a9ddaf714f9e7c920711"
          }
        }
      ]
    },
    {
      "mode": "managed",
      "type": "cloudflare_worker_domain",
      "name": "with_environment",
      "provider": "provider[\"registry.terraform.io/cloudflare/cloudflare\"]",
      "instances": [
        {
          "schema_version": 0,
          "attributes": {
            "id": "f037e56e89293a057740de681ac9abbe/app.example.com",
            "account_id": "f037e56e89293a057740de681ac9abbe",
            "hostname": "app.example.com",
            "service": "app-service",
            "zone_id": "0da42c8d2132a9ddaf714f9e7c920711",
            "environment": "production"
          }
        }
      ]
    },
    {
      "mode": "managed",
      "type": "cloudflare_workers_custom_domain",
      "name": "already_correct",
      "provider": "provider[\"registry.terraform.io/cloudflare/cloudflare\"]",
      "instances": [
        {
          "schema_version": 0,
          "attributes": {
            "id": "f037e56e89293a057740de681ac9abbe/correct.example.com",
            "account_id": "f037e56e89293a057740de681ac9abbe",
            "hostname": "correct.example.com",
            "service": "correct-service",
            "zone_id": "0da42c8d2132a9ddaf714f9e7c920711"
          }
        }
      ]
    }
  ]
}
