{
  "lineage": "test-lineage",
  "outputs": {},
  "resources": [
    {
      "instances": [
        {
          "attributes": {
            "editable": true,
            "id": "0da42c8d2132a9ddaf714f9e7c920711",
            "modified_on": null,
            "value": "on",
            "zone_id": "0da42c8d2132a9ddaf714f9e7c920711"
          },
          "schema_version": 0
        }
      ],
      "mode": "managed",
      "name": "smart_only",
      "provider": "provider[\"registry.terraform.io/cloudflare/cloudflare\"]",
      "type": "cloudflare_argo_smart_routing"
    },
    {
      "instances": [
        {
          "attributes": {
            "editable": true,
            "id": "0da42c8d2132a9ddaf714f9e7c920711",
            "modified_on": null,
            "value": "on",
            "zone_id": "0da42c8d2132a9ddaf714f9e7c920711"
          },
          "schema_version": 0
        }
      ],
      "mode": "managed",
      "name": "tiered_only",
      "provider": "provider[\"registry.terraform.io/cloudflare/cloudflare\"]",
      "type": "cloudflare_argo_tiered_caching"
    },
    {
      "instances": [
        {
          "attributes": {
            "editable": true,
            "id": "0da42c8d2132a9ddaf714f9e7c920711",
            "modified_on": null,
            "value": "on",
            "zone_id": "0da42c8d2132a9ddaf714f9e7c920711"
          },
          "schema_version": 0
        }
      ],
      "mode": "managed",
      "name": "both",
      "provider": "provider[\"registry.terraform.io/cloudflare/cloudflare\"]",
      "type": "cloudflare_argo_smart_routing"
    },
    {
      "instances": [
        {
          "attributes": {
            "editable": true,
            "id": "0da42c8d2132a9ddaf714f9e7c920711",
            "modified_on": null,
            "value": "off",
            "zone_id": "0da42c8d2132a9ddaf714f9e7c920711"
          },
          "schema_version": 0
        }
      ],
      "mode": "managed",
      "name": "neither",
      "provider": "provider[\"registry.terraform.io/cloudflare/cloudflare\"]",
      "type": "cloudflare_argo_smart_routing"
    },
    {
      "instances": [
        {
          "attributes": {
            "editable": true,
            "id": "0da42c8d2132a9ddaf714f9e7c920711",
            "modified_on": null,
            "value": "on",
            "zone_id": "0da42c8d2132a9ddaf714f9e7c920711"
          },
          "schema_version": 0
        }
      ],
      "mode": "managed",
      "name": "with_lifecycle",
      "provider": "provider[\"registry.terraform.io/cloudflare/cloudflare\"]",
      "type": "cloudflare_argo_smart_routing"
    },
    {
      "instances": [
        {
          "attributes": {
            "editable": true,
            "id": "0da42c8d2132a9ddaf714f9e7c920711",
            "modified_on": null,
            "value": "on",
            "zone_id": "0da42c8d2132a9ddaf714f9e7c920711"
          },
          "schema_version": 0
        }
      ],
      "mode": "managed",
      "name": "with_vars",
      "provider": "provider[\"registry.terraform.io/cloudflare/cloudflare\"]",
      "type": "cloudflare_argo_smart_routing"
    }
  ],
  "serial": 1,
  "terraform_version": "1.5.0",
  "version": 4
}