{
  "version": 4,
  "terraform_version": "1.5.0",
  "serial": 1,
  "lineage": "test-zone-dnssec-lineage",
  "outputs": {},
  "resources": [
    {
      "instances": [
        {
          "attributes": {
            "algorithm": "13",
            "digest": "ABC123DEF456789ABCDEF",
            "digest_algorithm": "SHA256",
            "digest_type": "2",
            "ds": "12345 13 2 ABC123DEF456789ABCDEF",
            "flags": 257,
            "key_tag": 12345,
            "key_type": "ECDSAP256SHA256",
            "modified_on": "2024-01-15T10:30:00Z",
            "public_key": "mdsswUyr3DPW132mOi8V9xESWE8jTo0dxCjjnopKl+GqJxpVXckHAeF+KkxLbxILfDLUT0rAK9iUzy1L53eKGQ==",
            "status": "active",
            "zone_id": "0da42c8d2132a9ddaf714f9e7c920711"
          },
          "schema_version": 0
        }
      ],
      "mode": "managed",
      "name": "example_active",
      "provider": "provider[\"registry.terraform.io/cloudflare/cloudflare\"]",
      "type": "cloudflare_zone_dnssec"
    },
    {
      "instances": [
        {
          "attributes": {
            "algorithm": "13",
            "digest": "DEF456ABC123789DEFABC",
            "digest_algorithm": "SHA256",
            "digest_type": "2",
            "ds": "54321 13 2 DEF456ABC123789DEFABC",
            "flags": 256,
            "key_tag": 54321,
            "key_type": "ECDSAP256SHA256",
            "modified_on": "2024-01-16T11:45:00Z",
            "public_key": "xyzABCdefGHI123456789jklMNO987654321pqrSTU+vwxYZabcDEFghiJKLmno=",
            "status": "disabled",
            "zone_id": "1ea42c8d2132a9ddaf714f9e7c920722"
          },
          "schema_version": 0
        }
      ],
      "mode": "managed",
      "name": "example_disabled",
      "provider": "provider[\"registry.terraform.io/cloudflare/cloudflare\"]",
      "type": "cloudflare_zone_dnssec"
    },
    {
      "instances": [
        {
          "attributes": {
            "algorithm": "13",
            "digest": "GHI789JKL012MNO345PQR",
            "digest_algorithm": "SHA256",
            "digest_type": "2",
            "ds": "99999 13 2 GHI789JKL012MNO345PQR",
            "flags": 257,
            "key_tag": 99999,
            "key_type": "ECDSAP256SHA256",
            "modified_on": "2024-01-17T09:00:00Z",
            "public_key": "abcDEFghi123456JKLmnoPQRstu789012vwxYZabcDEFghiJKLmnoP=",
            "status": "active",
            "zone_id": "2fa42c8d2132a9ddaf714f9e7c920733"
          },
          "schema_version": 0
        }
      ],
      "mode": "managed",
      "name": "example_minimal",
      "provider": "provider[\"registry.terraform.io/cloudflare/cloudflare\"]",
      "type": "cloudflare_zone_dnssec"
    }
  ]
}
