{
  "version": 4,
  "terraform_version": "1.0.0",
  "serial": 1,
  "lineage": "custom-pages-test-lineage",
  "outputs": {},
  "resources": [
    {
      "mode": "managed",
      "type": "cloudflare_custom_pages",
      "name": "account_500",
      "provider": "provider[\"registry.terraform.io/cloudflare/cloudflare\"]",
      "instances": [
        {
          "schema_version": 1,
          "attributes": {
            "id": "500_errors",
            "account_id": "f037e56e89293a057740de681ac9abbe",
            "type": "500_errors",
            "state": "customized",
            "url": "https://example.workers.dev/500.html"
          }
        }
      ]
    },
    {
      "mode": "managed",
      "type": "cloudflare_custom_pages",
      "name": "zone_basic_challenge",
      "provider": "provider[\"registry.terraform.io/cloudflare/cloudflare\"]",
      "instances": [
        {
          "schema_version": 1,
          "attributes": {
            "id": "basic_challenge",
            "zone_id": "0da42c8d2132a9ddaf714f9e7c920711",
            "type": "basic_challenge",
            "state": "customized",
            "url": "https://example.workers.dev/challenge.html"
          }
        }
      ]
    },
    {
      "mode": "managed",
      "type": "cloudflare_custom_pages",
      "name": "waf_block",
      "provider": "provider[\"registry.terraform.io/cloudflare/cloudflare\"]",
      "instances": [
        {
          "schema_version": 1,
          "attributes": {
            "id": "waf_block",
            "account_id": "f037e56e89293a057740de681ac9abbe",
            "type": "waf_block",
            "state": "customized",
            "url": "https://example.workers.dev/waf.html"
          }
        }
      ]
    }
  ]
}
