{
  "lineage": "test-lineage",
  "outputs": {},
  "resources": [
    {
      "instances": [
        {
          "attributes": {
            "account_id": "abc123",
            "description": "Managed by Terraform",
            "id": "list-ip-123",
            "items": [
              {
                "comment": "First IP",
                "ip": "1.1.1.1"
              },
              {
                "comment": "Second IP",
                "ip": "1.1.1.2"
              },
              {
                "ip": "1.1.1.3"
              }
            ],
            "kind": "ip",
            "name": "tf-migrate-test-ip-list",
            "num_items": 3
          },
          "schema_version": 0
        }
      ],
      "mode": "managed",
      "name": "ip_list",
      "provider": "provider[\"registry.terraform.io/cloudflare/cloudflare\"]",
      "type": "cloudflare_list"
    },
    {
      "instances": [
        {
          "attributes": {
            "account_id": "abc123",
            "description": "ASN blocklist",
            "id": "list-asn-456",
            "items": [
              {
                "asn": 15169,
                "comment": "Google ASN"
              },
              {
                "asn": 13335,
                "comment": "Cloudflare ASN"
              },
              {
                "asn": 20940
              }
            ],
            "kind": "asn",
            "name": "tf-migrate-test-asn-list",
            "num_items": 3
          },
          "schema_version": 0
        }
      ],
      "mode": "managed",
      "name": "asn_list",
      "provider": "provider[\"registry.terraform.io/cloudflare/cloudflare\"]",
      "type": "cloudflare_list"
    },
    {
      "instances": [
        {
          "attributes": {
            "account_id": "abc123",
            "id": "list-hostname-789",
            "items": [
              {
                "comment": "Example hostname",
                "hostname": {
                  "url_hostname": "example.com"
                }
              },
              {
                "hostname": {
                  "url_hostname": "test.example.com"
                }
              },
              {
                "comment": "Subdomain",
                "hostname": {
                  "url_hostname": "api.example.com"
                }
              }
            ],
            "kind": "hostname",
            "name": "tf-migrate-test-hostname-list",
            "num_items": 3
          },
          "schema_version": 0
        }
      ],
      "mode": "managed",
      "name": "hostname_list",
      "provider": "provider[\"registry.terraform.io/cloudflare/cloudflare\"]",
      "type": "cloudflare_list"
    },
    {
      "instances": [
        {
          "attributes": {
            "account_id": "abc123",
            "description": "URL redirects",
            "id": "list-redirect-101",
            "items": [
              {
                "comment": "Main redirect",
                "redirect": {
                  "include_subdomains": true,
                  "preserve_path_suffix": false,
                  "preserve_query_string": true,
                  "source_url": "example.com/old",
                  "status_code": 301,
                  "subpath_matching": false,
                  "target_url": "example.com/new"
                }
              },
              {
                "redirect": {
                  "include_subdomains": false,
                  "source_url": "test.com/",
                  "status_code": 302,
                  "target_url": "newtest.com"
                }
              },
              {
                "comment": "Temporary redirect",
                "redirect": {
                  "include_subdomains": true,
                  "preserve_path_suffix": true,
                  "preserve_query_string": false,
                  "source_url": "old-site.com/",
                  "status_code": 307,
                  "subpath_matching": true,
                  "target_url": "new-site.com"
                }
              }
            ],
            "kind": "redirect",
            "name": "tf-migrate-test-redirect-list",
            "num_items": 3
          },
          "schema_version": 0
        }
      ],
      "mode": "managed",
      "name": "redirect_list",
      "provider": "provider[\"registry.terraform.io/cloudflare/cloudflare\"]",
      "type": "cloudflare_list"
    },
    {
      "instances": [
        {
          "attributes": {
            "account_id": "abc123",
            "description": "Empty list with no items",
            "id": "list-empty-102",
            "kind": "ip",
            "name": "tf-migrate-test-empty",
            "num_items": 0
          },
          "schema_version": 0
        }
      ],
      "mode": "managed",
      "name": "empty_list",
      "provider": "provider[\"registry.terraform.io/cloudflare/cloudflare\"]",
      "type": "cloudflare_list"
    },
    {
      "instances": [
        {
          "attributes": {
            "account_id": "abc123",
            "description": "List with CIDR blocks",
            "id": "list-cidr-103",
            "items": [
              {
                "comment": "Private Class A",
                "ip": "10.0.0.0/8"
              },
              {
                "comment": "Private Class B",
                "ip": "172.16.0.0/12"
              },
              {
                "comment": "Private Class C",
                "ip": "192.168.0.0/16"
              }
            ],
            "kind": "ip",
            "name": "tf-migrate-test-cidr",
            "num_items": 3
          },
          "schema_version": 0
        }
      ],
      "mode": "managed",
      "name": "cidr_list",
      "provider": "provider[\"registry.terraform.io/cloudflare/cloudflare\"]",
      "type": "cloudflare_list"
    },
    {
      "instances": [
        {
          "attributes": {
            "account_id": "abc123",
            "description": "IPv6 addresses",
            "id": "list-ipv6-104",
            "items": [
              {
                "comment": "IPv6 address",
                "ip": "2001:db8::1"
              },
              {
                "ip": "2001:db8:85a3::8a2e:370:7334"
              }
            ],
            "kind": "ip",
            "name": "tf-migrate-test-ipv6",
            "num_items": 2
          },
          "schema_version": 0
        }
      ],
      "mode": "managed",
      "name": "ipv6_list",
      "provider": "provider[\"registry.terraform.io/cloudflare/cloudflare\"]",
      "type": "cloudflare_list"
    },
    {
      "instances": [
        {
          "attributes": {
            "account_id": "abc123",
            "description": "Parent list for reference testing",
            "id": "list-parent-105",
            "items": [
              {
                "comment": "Parent item",
                "ip": "198.51.100.1"
              }
            ],
            "kind": "ip",
            "name": "tf-migrate-test-parent",
            "num_items": 1
          },
          "schema_version": 0
        }
      ],
      "mode": "managed",
      "name": "parent_list",
      "provider": "provider[\"registry.terraform.io/cloudflare/cloudflare\"]",
      "type": "cloudflare_list"
    },
    {
      "instances": [
        {
          "attributes": {
            "account_id": "abc123",
            "description": "List with lifecycle rules",
            "id": "list-lifecycle-106",
            "items": [
              {
                "comment": "Protected IP",
                "ip": "198.51.100.10"
              }
            ],
            "kind": "ip",
            "name": "tf-migrate-test-lifecycle",
            "num_items": 1
          },
          "schema_version": 0
        }
      ],
      "mode": "managed",
      "name": "lifecycle_list",
      "provider": "provider[\"registry.terraform.io/cloudflare/cloudflare\"]",
      "type": "cloudflare_list"
    }
  ],
  "serial": 1,
  "terraform_version": "1.5.0",
  "version": 4
}