{
  "lineage": "test-lineage",
  "outputs": {},
  "resources": [
    {
      "instances": [
        {
          "attributes": {
            "account_id": "abc123",
            "description": "List of IP addresses",
            "id": "list-ip-123",
            "items": [
              {
                "comment": "First IP",
                "ip": "1.1.1.1"
              },
              {
                "comment": "Second IP",
                "ip": "1.1.1.2"
              },
              {
                "ip": "1.1.1.3"
              }
            ],
            "kind": "ip",
            "name": "ip_list",
            "num_items": 3
          },
          "schema_version": 0
        }
      ],
      "mode": "managed",
      "name": "ip_list",
      "provider": "provider[\"registry.terraform.io/cloudflare/cloudflare\"]",
      "type": "cloudflare_list"
    },
    {
      "instances": [
        {
          "attributes": {
            "account_id": "abc123",
            "id": "list-asn-456",
            "items": [
              {
                "asn": 15169,
                "comment": "Google ASN"
              },
              {
                "asn": 13335
              }
            ],
            "kind": "asn",
            "name": "asn_list",
            "num_items": 2
          },
          "schema_version": 0
        }
      ],
      "mode": "managed",
      "name": "asn_list",
      "provider": "provider[\"registry.terraform.io/cloudflare/cloudflare\"]",
      "type": "cloudflare_list"
    },
    {
      "instances": [
        {
          "attributes": {
            "account_id": "abc123",
            "id": "list-hostname-789",
            "items": [
              {
                "comment": "Example hostname",
                "hostname": {
                  "url_hostname": "example.com"
                }
              },
              {
                "hostname": {
                  "url_hostname": "test.example.com"
                }
              }
            ],
            "kind": "hostname",
            "name": "hostname_list",
            "num_items": 2
          },
          "schema_version": 0
        }
      ],
      "mode": "managed",
      "name": "hostname_list",
      "provider": "provider[\"registry.terraform.io/cloudflare/cloudflare\"]",
      "type": "cloudflare_list"
    },
    {
      "instances": [
        {
          "attributes": {
            "account_id": "abc123",
            "id": "list-redirect-101",
            "items": [
              {
                "comment": "Main redirect",
                "redirect": {
                  "include_subdomains": true,
                  "preserve_path_suffix": false,
                  "preserve_query_string": true,
                  "source_url": "example.com/old",
                  "status_code": 301,
                  "subpath_matching": false,
                  "target_url": "example.com/new"
                }
              },
              {
                "redirect": {
                  "include_subdomains": false,
                  "source_url": "test.com",
                  "status_code": null,
                  "target_url": "newtest.com"
                }
              }
            ],
            "kind": "redirect",
            "name": "redirect_list",
            "num_items": 2
          },
          "schema_version": 0
        }
      ],
      "mode": "managed",
      "name": "redirect_list",
      "provider": "provider[\"registry.terraform.io/cloudflare/cloudflare\"]",
      "type": "cloudflare_list"
    },
    {
      "instances": [
        {
          "attributes": {
            "account_id": "abc123",
            "description": "Empty list",
            "id": "list-empty-102",
            "kind": "ip",
            "name": "empty_list",
            "num_items": 0
          },
          "schema_version": 0
        }
      ],
      "mode": "managed",
      "name": "empty_list",
      "provider": "provider[\"registry.terraform.io/cloudflare/cloudflare\"]",
      "type": "cloudflare_list"
    }
  ],
  "serial": 1,
  "terraform_version": "1.5.0",
  "version": 4
}
