{
  "version": 4,
  "terraform_version": "1.5.0",
  "serial": 1,
  "lineage": "test-lineage",
  "resources": [
    {
      "mode": "managed",
      "type": "cloudflare_authenticated_origin_pulls_certificate",
      "name": "zone_cert",
      "provider": "provider[\"registry.terraform.io/cloudflare/cloudflare\"]",
      "instances": [
        {
          "schema_version": 0,
          "attributes": {
            "id": "cert-id-123",
            "zone_id": "0da42c8d2132a9ddaf714f9e7c920711",
            "certificate": "-----BEGIN CERTIFICATE-----\nMIID...\n-----END CERTIFICATE-----",
            "private_key": "-----BEGIN PRIVATE KEY-----\nMIIE...\n-----END PRIVATE KEY-----",
            "type": "per-zone",
            "issuer": "CloudFlare Inc",
            "signature": "SHA256WithRSA",
            "serial_number": "123456789",
            "expires_on": "2025-12-31T23:59:59Z",
            "status": "active",
            "uploaded_on": "2024-01-01T00:00:00Z"
          }
        }
      ]
    }
  ]
}
