{
  "lineage": "test-lineage",
  "outputs": {},
  "resources": [
    {
      "instances": [
        {
          "attributes": {
            "account_id": "d41d8cd98f00b204e9800998ecf8427e",
            "id": "basic_key",
            "key_name": "config_key",
            "namespace_id": "f451d2e8c4a1b3d7e6f9c8a7b6d5e4f3",
            "value": "config_value"
          },
          "schema_version": 0
        }
      ],
      "mode": "managed",
      "name": "basic",
      "provider": "provider[\"registry.terraform.io/cloudflare/cloudflare\"]",
      "type": "cloudflare_workers_kv"
    },
    {
      "instances": [
        {
          "attributes": {
            "account_id": "d41d8cd98f00b204e9800998ecf8427e",
            "id": "special_key",
            "key_name": "api%2Ftoken",
            "namespace_id": "f451d2e8c4a1b3d7e6f9c8a7b6d5e4f3",
            "value": "{\"api_key\": \"test123\", \"endpoint\": \"https://api.example.com\"}"
          },
          "schema_version": 0
        }
      ],
      "mode": "managed",
      "name": "special_chars",
      "provider": "provider[\"registry.terraform.io/cloudflare/cloudflare\"]",
      "type": "cloudflare_workers_kv"
    },
    {
      "instances": [
        {
          "attributes": {
            "account_id": "d41d8cd98f00b204e9800998ecf8427e",
            "id": "placeholder_key",
            "key_name": "placeholder",
            "namespace_id": "f451d2e8c4a1b3d7e6f9c8a7b6d5e4f3",
            "value": ""
          },
          "schema_version": 0
        }
      ],
      "mode": "managed",
      "name": "empty_value",
      "provider": "provider[\"registry.terraform.io/cloudflare/cloudflare\"]",
      "type": "cloudflare_workers_kv"
    }
  ],
  "serial": 1,
  "terraform_version": "1.5.0",
  "version": 4
}