{
  "version": 4,
  "terraform_version": "1.5.0",
  "serial": 1,
  "lineage": "test-logpush-job-lineage",
  "outputs": {},
  "resources": [
    {
      "mode": "managed",
      "type": "cloudflare_logpush_job",
      "name": "minimal",
      "provider": "provider[\"registry.terraform.io/cloudflare/cloudflare\"]",
      "instances": [
        {
          "schema_version": 0,
          "attributes": {
            "id": "1",
            "account_id": "f037e56e89293a057740de681ac9abbe",
            "dataset": "http_requests",
            "destination_conf": "s3://mybucket/logs?region=us-west-2",
            "enabled": true
          }
        }
      ]
    },
    {
      "mode": "managed",
      "type": "cloudflare_logpush_job",
      "name": "with_logpull_options",
      "provider": "provider[\"registry.terraform.io/cloudflare/cloudflare\"]",
      "instances": [
        {
          "schema_version": 0,
          "attributes": {
            "id": "2",
            "account_id": "f037e56e89293a057740de681ac9abbe",
            "dataset": "http_requests",
            "destination_conf": "s3://mybucket/logs?region=us-west-2",
            "enabled": true,
            "logpull_options": "fields=ClientIP,EdgeStartTimestamp&timestamps=unixnano"
          }
        }
      ]
    },
    {
      "mode": "managed",
      "type": "cloudflare_logpush_job",
      "name": "with_output_options",
      "provider": "provider[\"registry.terraform.io/cloudflare/cloudflare\"]",
      "instances": [
        {
          "schema_version": 0,
          "attributes": {
            "id": "3",
            "account_id": "f037e56e89293a057740de681ac9abbe",
            "dataset": "http_requests",
            "destination_conf": "s3://mybucket/logs?region=us-west-2",
            "enabled": true,
            "output_options": [
              {
                "batch_prefix": "{",
                "batch_suffix": "}",
                "field_names": ["ClientIP", "EdgeStartTimestamp"],
                "output_type": "ndjson"
              }
            ]
          }
        }
      ]
    },
    {
      "mode": "managed",
      "type": "cloudflare_logpush_job",
      "name": "with_cve_field",
      "provider": "provider[\"registry.terraform.io/cloudflare/cloudflare\"]",
      "instances": [
        {
          "schema_version": 0,
          "attributes": {
            "id": "4",
            "account_id": "f037e56e89293a057740de681ac9abbe",
            "dataset": "http_requests",
            "destination_conf": "s3://mybucket/logs?region=us-west-2",
            "enabled": true,
            "output_options": [
              {
                "cve20214428": true,
                "output_type": "ndjson"
              }
            ]
          }
        }
      ]
    },
    {
      "mode": "managed",
      "type": "cloudflare_logpush_job",
      "name": "instant_logs",
      "provider": "provider[\"registry.terraform.io/cloudflare/cloudflare\"]",
      "instances": [
        {
          "schema_version": 0,
          "attributes": {
            "id": "5",
            "account_id": "f037e56e89293a057740de681ac9abbe",
            "dataset": "http_requests",
            "destination_conf": "s3://mybucket/logs?region=us-west-2",
            "enabled": true,
            "kind": "instant-logs"
          }
        }
      ]
    },
    {
      "mode": "managed",
      "type": "cloudflare_logpush_job",
      "name": "edge_logs",
      "provider": "provider[\"registry.terraform.io/cloudflare/cloudflare\"]",
      "instances": [
        {
          "schema_version": 0,
          "attributes": {
            "id": "6",
            "account_id": "f037e56e89293a057740de681ac9abbe",
            "dataset": "http_requests",
            "destination_conf": "s3://mybucket/logs?region=us-west-2",
            "enabled": true,
            "kind": "edge"
          }
        }
      ]
    },
    {
      "mode": "managed",
      "type": "cloudflare_logpush_job",
      "name": "full",
      "provider": "provider[\"registry.terraform.io/cloudflare/cloudflare\"]",
      "instances": [
        {
          "schema_version": 0,
          "attributes": {
            "id": "7",
            "account_id": "f037e56e89293a057740de681ac9abbe",
            "dataset": "http_requests",
            "destination_conf": "s3://mybucket/logs?region=us-west-2",
            "enabled": true,
            "kind": "instant-logs",
            "name": "my-logpush-job",
            "frequency": "high",
            "max_upload_bytes": 5000000,
            "max_upload_records": 1000,
            "max_upload_interval_seconds": 30,
            "output_options": [
              {
                "cve20214428": true,
                "batch_prefix": "{",
                "batch_suffix": "}",
                "field_names": ["ClientIP", "EdgeStartTimestamp", "RayID"],
                "output_type": "ndjson",
                "sample_rate": 1.0,
                "timestamp_format": "unixnano"
              }
            ],
            "error_message": "Some error",
            "last_complete": "2024-01-01T00:00:00Z",
            "last_error": "2024-01-01T00:00:00Z"
          }
        }
      ]
    }
  ]
}
