{
  "lineage": "test-lineage-zero-trust-tunnel-comprehensive",
  "outputs": {},
  "resources": [
    {
      "instances": [
        {
          "attributes": {
            "account_id": "f037e56e89293a057740de681ac9abbe",
            "id": "a0000000-0000-0000-0000-000000000001",
            "name": "minimal-tunnel",
            "tunnel_secret": "dGVzdC1zZWNyZXQtdGhhdC1pcy1hdC1sZWFzdC0zMi1ieXRlcy1sb25n"
          },
          "schema_version": 0
        }
      ],
      "mode": "managed",
      "name": "minimal",
      "provider": "provider[\"registry.terraform.io/cloudflare/cloudflare\"]",
      "type": "cloudflare_zero_trust_tunnel_cloudflared"
    },
    {
      "instances": [
        {
          "attributes": {
            "account_id": "f037e56e89293a057740de681ac9abbe",
            "config_src": "local",
            "id": "a0000000-0000-0000-0000-000000000002",
            "name": "local-config-tunnel",
            "tunnel_secret": "YW5vdGhlci1zZWNyZXQtMzItYnl0ZXMtb3ItbG9uZ2VyLWhlcmU="
          },
          "schema_version": 0
        }
      ],
      "mode": "managed",
      "name": "local_config",
      "provider": "provider[\"registry.terraform.io/cloudflare/cloudflare\"]",
      "type": "cloudflare_zero_trust_tunnel_cloudflared"
    },
    {
      "instances": [
        {
          "attributes": {
            "account_id": "f037e56e89293a057740de681ac9abbe",
            "config_src": "cloudflare",
            "id": "a0000000-0000-0000-0000-000000000003",
            "name": "cloudflare-config-tunnel",
            "tunnel_secret": "cmVtb3RlLXR1bm5lbC1zZWNyZXQtMzItYnl0ZXMtbWluaW11bQ=="
          },
          "schema_version": 0
        }
      ],
      "mode": "managed",
      "name": "cloudflare_config",
      "provider": "provider[\"registry.terraform.io/cloudflare/cloudflare\"]",
      "type": "cloudflare_zero_trust_tunnel_cloudflared"
    },
    {
      "instances": [
        {
          "attributes": {
            "account_id": "f037e56e89293a057740de681ac9abbe",
            "config_src": "local",
            "id": "a0000000-0000-0000-0000-000000000004",
            "name": "var-test-prod",
            "tunnel_secret": "Z2VuZXJhdGVkLXNlY3JldC10aGF0LWlzLTMyLWJ5dGVzLWxvbmc="
          },
          "schema_version": 0
        }
      ],
      "mode": "managed",
      "name": "with_vars",
      "provider": "provider[\"registry.terraform.io/cloudflare/cloudflare\"]",
      "type": "cloudflare_zero_trust_tunnel_cloudflared"
    },
    {
      "instances": [
        {
          "attributes": {
            "account_id": "f037e56e89293a057740de681ac9abbe",
            "config_src": "local",
            "id": "a0000000-0000-0000-0000-000000000005",
            "name": "api-tunnel",
            "tunnel_secret": "YXBpLXR1bm5lbC1zZWNyZXQtdGhhdC1pcy0zMi1ieXRlcw=="
          },
          "index_key": "api",
          "schema_version": 0
        },
        {
          "attributes": {
            "account_id": "f037e56e89293a057740de681ac9abbe",
            "config_src": "local",
            "id": "a0000000-0000-0000-0000-000000000006",
            "name": "backend-tunnel",
            "tunnel_secret": "YmFja2VuZC1zZWNyZXQtdGhhdC1pcy0zMi1ieXRlcy1vaw=="
          },
          "index_key": "backend",
          "schema_version": 0
        },
        {
          "attributes": {
            "account_id": "f037e56e89293a057740de681ac9abbe",
            "config_src": "cloudflare",
            "id": "a0000000-0000-0000-0000-000000000007",
            "name": "web-tunnel",
            "tunnel_secret": "d2ViLXR1bm5lbC1zZWNyZXQtdGhhdC1pcy0zMi1ieXRlcw=="
          },
          "index_key": "web",
          "schema_version": 0
        }
      ],
      "mode": "managed",
      "name": "applications",
      "provider": "provider[\"registry.terraform.io/cloudflare/cloudflare\"]",
      "type": "cloudflare_zero_trust_tunnel_cloudflared"
    },
    {
      "instances": [
        {
          "attributes": {
            "account_id": "f037e56e89293a057740de681ac9abbe",
            "config_src": "local",
            "id": "a0000000-0000-0000-0000-000000000008",
            "name": "dev-env-tunnel",
            "tunnel_secret": "ZGV2LWVudmlyb25tZW50LXNlY3JldC0zMi1ieXRlcy1taW4="
          },
          "index_key": "dev",
          "schema_version": 0
        },
        {
          "attributes": {
            "account_id": "f037e56e89293a057740de681ac9abbe",
            "config_src": "cloudflare",
            "id": "a0000000-0000-0000-0000-000000000009",
            "name": "prod-env-tunnel",
            "tunnel_secret": "cHJvZC1lbnZpcm9ubWVudC1zZWNyZXQtMzItYnl0ZXMtb2s="
          },
          "index_key": "prod",
          "schema_version": 0
        },
        {
          "attributes": {
            "account_id": "f037e56e89293a057740de681ac9abbe",
            "config_src": "cloudflare",
            "id": "a0000000-0000-0000-0000-000000000010",
            "name": "staging-env-tunnel",
            "tunnel_secret": "c3RhZ2luZy1lbnZpcm9ubWVudC1zZWNyZXQtMzItYnl0ZQ=="
          },
          "index_key": "staging",
          "schema_version": 0
        }
      ],
      "mode": "managed",
      "name": "environments",
      "provider": "provider[\"registry.terraform.io/cloudflare/cloudflare\"]",
      "type": "cloudflare_zero_trust_tunnel_cloudflared"
    },
    {
      "instances": [
        {
          "attributes": {
            "account_id": "f037e56e89293a057740de681ac9abbe",
            "config_src": "local",
            "id": "a0000000-0000-0000-0000-000000000011",
            "name": "replica-tunnel-1",
            "tunnel_secret": "cmVwbGljYS0wLXNlY3JldC0zMi1ieXRlcy1sb25n"
          },
          "index_key": 0,
          "schema_version": 0
        },
        {
          "attributes": {
            "account_id": "f037e56e89293a057740de681ac9abbe",
            "config_src": "local",
            "id": "a0000000-0000-0000-0000-000000000012",
            "name": "replica-tunnel-2",
            "tunnel_secret": "cmVwbGljYS0xLXNlY3JldC0zMi1ieXRlcy1sb25n"
          },
          "index_key": 1,
          "schema_version": 0
        },
        {
          "attributes": {
            "account_id": "f037e56e89293a057740de681ac9abbe",
            "config_src": "local",
            "id": "a0000000-0000-0000-0000-000000000013",
            "name": "replica-tunnel-3",
            "tunnel_secret": "cmVwbGljYS0yLXNlY3JldC0zMi1ieXRlcy1sb25n"
          },
          "index_key": 2,
          "schema_version": 0
        }
      ],
      "mode": "managed",
      "name": "replicas",
      "provider": "provider[\"registry.terraform.io/cloudflare/cloudflare\"]",
      "type": "cloudflare_zero_trust_tunnel_cloudflared"
    },
    {
      "instances": [
        {
          "attributes": {
            "account_id": "f037e56e89293a057740de681ac9abbe",
            "config_src": "cloudflare",
            "id": "a0000000-0000-0000-0000-000000000014",
            "name": "backup-tunnel",
            "tunnel_secret": "YmFja3VwLXR1bm5lbC1zZWNyZXQtMzItYnl0ZXMtbG9uZw=="
          },
          "index_key": 0,
          "schema_version": 0
        }
      ],
      "mode": "managed",
      "name": "backup",
      "provider": "provider[\"registry.terraform.io/cloudflare/cloudflare\"]",
      "type": "cloudflare_zero_trust_tunnel_cloudflared"
    },
    {
      "instances": [
        {
          "attributes": {
            "account_id": "f037e56e89293a057740de681ac9abbe",
            "config_src": "local",
            "id": "a0000000-0000-0000-0000-000000000015",
            "name": "primary-tunnel",
            "tunnel_secret": "cHJpbWFyeS10dW5uZWwtc2VjcmV0LTMyLWJ5dGVzLWxvbmc="
          },
          "schema_version": 0
        }
      ],
      "mode": "managed",
      "name": "primary",
      "provider": "provider[\"registry.terraform.io/cloudflare/cloudflare\"]",
      "type": "cloudflare_zero_trust_tunnel_cloudflared"
    },
    {
      "instances": [
        {
          "attributes": {
            "account_id": "f037e56e89293a057740de681ac9abbe",
            "config_src": "cloudflare",
            "id": "a0000000-0000-0000-0000-000000000016",
            "name": "primary-tunnel-secondary",
            "tunnel_secret": "c2Vjb25kYXJ5LXR1bm5lbC1zZWNyZXQtMzItYnl0ZXMtb2s="
          },
          "schema_version": 0
        }
      ],
      "mode": "managed",
      "name": "secondary",
      "provider": "provider[\"registry.terraform.io/cloudflare/cloudflare\"]",
      "type": "cloudflare_zero_trust_tunnel_cloudflared"
    },
    {
      "instances": [
        {
          "attributes": {
            "account_id": "f037e56e89293a057740de681ac9abbe",
            "config_src": "local",
            "id": "a0000000-0000-0000-0000-000000000017",
            "name": "protected-tunnel",
            "tunnel_secret": "cHJvdGVjdGVkLXR1bm5lbC1zZWNyZXQtMzItYnl0ZXMtb2s="
          },
          "schema_version": 0
        }
      ],
      "mode": "managed",
      "name": "protected",
      "provider": "provider[\"registry.terraform.io/cloudflare/cloudflare\"]",
      "type": "cloudflare_zero_trust_tunnel_cloudflared"
    },
    {
      "instances": [
        {
          "attributes": {
            "account_id": "f037e56e89293a057740de681ac9abbe",
            "config_src": "local",
            "id": "a0000000-0000-0000-0000-000000000018",
            "name": "conditional-config-tunnel",
            "tunnel_secret": "Y29uZGl0aW9uYWwtc2VjcmV0LTMyLWJ5dGVzLW9yLW1vcmU="
          },
          "schema_version": 0
        }
      ],
      "mode": "managed",
      "name": "conditional_config",
      "provider": "provider[\"registry.terraform.io/cloudflare/cloudflare\"]",
      "type": "cloudflare_zero_trust_tunnel_cloudflared"
    },
    {
      "instances": [
        {
          "attributes": {
            "account_id": "f037e56e89293a057740de681ac9abbe",
            "config_src": "local",
            "id": "a0000000-0000-0000-0000-000000000019",
            "name": "encoded-tunnel",
            "tunnel_secret": "dGhpcy1zZWNyZXQtaXMtYmFzZTY0LWVuY29kZWQtMzJi"
          },
          "schema_version": 0
        }
      ],
      "mode": "managed",
      "name": "encoded",
      "provider": "provider[\"registry.terraform.io/cloudflare/cloudflare\"]",
      "type": "cloudflare_zero_trust_tunnel_cloudflared"
    },
    {
      "instances": [
        {
          "attributes": {
            "account_id": "f037e56e89293a057740de681ac9abbe",
            "config_src": "local",
            "id": "a0000000-0000-0000-0000-000000000020",
            "name": "var-test-interpolated-prod",
            "tunnel_secret": "aW50ZXJwb2xhdGVkLXNlY3JldC0zMi1ieXRlcy1vci1tb3Jl"
          },
          "schema_version": 0
        }
      ],
      "mode": "managed",
      "name": "interpolated",
      "provider": "provider[\"registry.terraform.io/cloudflare/cloudflare\"]",
      "type": "cloudflare_zero_trust_tunnel_cloudflared"
    },
    {
      "instances": [
        {
          "attributes": {
            "account_id": "f037e56e89293a057740de681ac9abbe",
            "config_src": "cloudflare",
            "id": "a0000000-0000-0000-0000-000000000021",
            "name": "prod-complex-tunnel",
            "tunnel_secret": "Y29tcGxleC10dW5uZWwtc2VjcmV0LTMyLWJ5dGVzLWxvbmc="
          },
          "schema_version": 0
        }
      ],
      "mode": "managed",
      "name": "complex_config",
      "provider": "provider[\"registry.terraform.io/cloudflare/cloudflare\"]",
      "type": "cloudflare_zero_trust_tunnel_cloudflared"
    }
  ],
  "serial": 1,
  "terraform_version": "1.5.0",
  "version": 4
}