{
  "version": 4,
  "terraform_version": "1.5.0",
  "serial": 1,
  "lineage": "test-lineage-zero-trust-tunnel-comprehensive",
  "outputs": {},
  "resources": [
    {
      "mode": "managed",
      "type": "cloudflare_tunnel",
      "name": "minimal",
      "provider": "provider[\"registry.terraform.io/cloudflare/cloudflare\"]",
      "instances": [
        {
          "schema_version": 0,
          "attributes": {
            "id": "a0000000-0000-0000-0000-000000000001",
            "account_id": "f037e56e89293a057740de681ac9abbe",
            "name": "cftftest-minimal-tunnel",
            "secret": "dGVzdC1zZWNyZXQtdGhhdC1pcy1hdC1sZWFzdC0zMi1ieXRlcy1sb25n",
            "cname": "a0000000-0000-0000-0000-000000000001.cfargotunnel.com",
            "tunnel_token": "eyJhIjoiZjAzN2U1NmU4OTI5M2EwNTc3NDBkZTY4MWFjOWFiYmUiLCJ0IjoiYTAwMDAwMDAtMDAwMC0wMDAwLTAwMDAtMDAwMDAwMDAwMDAxIiwicyI6IllXNW4ifQ=="
          }
        }
      ]
    },
    {
      "mode": "managed",
      "type": "cloudflare_tunnel",
      "name": "local_config",
      "provider": "provider[\"registry.terraform.io/cloudflare/cloudflare\"]",
      "instances": [
        {
          "schema_version": 0,
          "attributes": {
            "id": "a0000000-0000-0000-0000-000000000002",
            "account_id": "f037e56e89293a057740de681ac9abbe",
            "name": "cftftest-local-config-tunnel",
            "secret": "YW5vdGhlci1zZWNyZXQtMzItYnl0ZXMtb3ItbG9uZ2VyLWhlcmU=",
            "config_src": "local",
            "cname": "a0000000-0000-0000-0000-000000000002.cfargotunnel.com",
            "tunnel_token": "eyJhIjoiZjAzN2U1NmU4OTI5M2EwNTc3NDBkZTY4MWFjOWFiYmUiLCJ0IjoiYTAwMDAwMDAtMDAwMC0wMDAwLTAwMDAtMDAwMDAwMDAwMDAyIiwicyI6IllXNW4ifQ=="
          }
        }
      ]
    },
    {
      "mode": "managed",
      "type": "cloudflare_tunnel",
      "name": "cloudflare_config",
      "provider": "provider[\"registry.terraform.io/cloudflare/cloudflare\"]",
      "instances": [
        {
          "schema_version": 0,
          "attributes": {
            "id": "a0000000-0000-0000-0000-000000000003",
            "account_id": "f037e56e89293a057740de681ac9abbe",
            "name": "cftftest-cloudflare-config-tunnel",
            "secret": "cmVtb3RlLXR1bm5lbC1zZWNyZXQtMzItYnl0ZXMtbWluaW11bQ==",
            "config_src": "cloudflare",
            "cname": "a0000000-0000-0000-0000-000000000003.cfargotunnel.com",
            "tunnel_token": "eyJhIjoiZjAzN2U1NmU4OTI5M2EwNTc3NDBkZTY4MWFjOWFiYmUiLCJ0IjoiYTAwMDAwMDAtMDAwMC0wMDAwLTAwMDAtMDAwMDAwMDAwMDAzIiwicyI6IllXNW4ifQ=="
          }
        }
      ]
    },
    {
      "mode": "managed",
      "type": "cloudflare_tunnel",
      "name": "with_vars",
      "provider": "provider[\"registry.terraform.io/cloudflare/cloudflare\"]",
      "instances": [
        {
          "schema_version": 0,
          "attributes": {
            "id": "a0000000-0000-0000-0000-000000000004",
            "account_id": "f037e56e89293a057740de681ac9abbe",
            "name": "cftftest-var-test-prod",
            "secret": "Z2VuZXJhdGVkLXNlY3JldC10aGF0LWlzLTMyLWJ5dGVzLWxvbmc=",
            "config_src": "local",
            "cname": "a0000000-0000-0000-0000-000000000004.cfargotunnel.com",
            "tunnel_token": "eyJhIjoiZjAzN2U1NmU4OTI5M2EwNTc3NDBkZTY4MWFjOWFiYmUiLCJ0IjoiYTAwMDAwMDAtMDAwMC0wMDAwLTAwMDAtMDAwMDAwMDAwMDA0IiwicyI6IllXNW4ifQ=="
          }
        }
      ]
    },
    {
      "mode": "managed",
      "type": "cloudflare_tunnel",
      "name": "applications",
      "provider": "provider[\"registry.terraform.io/cloudflare/cloudflare\"]",
      "instances": [
        {
          "index_key": "api",
          "schema_version": 0,
          "attributes": {
            "id": "a0000000-0000-0000-0000-000000000005",
            "account_id": "f037e56e89293a057740de681ac9abbe",
            "name": "cftftest-api-tunnel",
            "secret": "YXBpLXR1bm5lbC1zZWNyZXQtdGhhdC1pcy0zMi1ieXRlcw==",
            "config_src": "local",
            "cname": "a0000000-0000-0000-0000-000000000005.cfargotunnel.com",
            "tunnel_token": "eyJhIjoiZjAzN2U1NmU4OTI5M2EwNTc3NDBkZTY4MWFjOWFiYmUiLCJ0IjoiYTAwMDAwMDAtMDAwMC0wMDAwLTAwMDAtMDAwMDAwMDAwMDA1IiwicyI6IllXNW4ifQ=="
          }
        },
        {
          "index_key": "backend",
          "schema_version": 0,
          "attributes": {
            "id": "a0000000-0000-0000-0000-000000000006",
            "account_id": "f037e56e89293a057740de681ac9abbe",
            "name": "cftftest-backend-tunnel",
            "secret": "YmFja2VuZC1zZWNyZXQtdGhhdC1pcy0zMi1ieXRlcy1vaw==",
            "config_src": "local",
            "cname": "a0000000-0000-0000-0000-000000000006.cfargotunnel.com",
            "tunnel_token": "eyJhIjoiZjAzN2U1NmU4OTI5M2EwNTc3NDBkZTY4MWFjOWFiYmUiLCJ0IjoiYTAwMDAwMDAtMDAwMC0wMDAwLTAwMDAtMDAwMDAwMDAwMDA2IiwicyI6IllXNW4ifQ=="
          }
        },
        {
          "index_key": "web",
          "schema_version": 0,
          "attributes": {
            "id": "a0000000-0000-0000-0000-000000000007",
            "account_id": "f037e56e89293a057740de681ac9abbe",
            "name": "cftftest-web-tunnel",
            "secret": "d2ViLXR1bm5lbC1zZWNyZXQtdGhhdC1pcy0zMi1ieXRlcw==",
            "config_src": "cloudflare",
            "cname": "a0000000-0000-0000-0000-000000000007.cfargotunnel.com",
            "tunnel_token": "eyJhIjoiZjAzN2U1NmU4OTI5M2EwNTc3NDBkZTY4MWFjOWFiYmUiLCJ0IjoiYTAwMDAwMDAtMDAwMC0wMDAwLTAwMDAtMDAwMDAwMDAwMDA3IiwicyI6IllXNW4ifQ=="
          }
        }
      ]
    },
    {
      "mode": "managed",
      "type": "cloudflare_tunnel",
      "name": "environments",
      "provider": "provider[\"registry.terraform.io/cloudflare/cloudflare\"]",
      "instances": [
        {
          "index_key": "dev",
          "schema_version": 0,
          "attributes": {
            "id": "a0000000-0000-0000-0000-000000000008",
            "account_id": "f037e56e89293a057740de681ac9abbe",
            "name": "cftftest-dev-env-tunnel",
            "secret": "ZGV2LWVudmlyb25tZW50LXNlY3JldC0zMi1ieXRlcy1taW4=",
            "config_src": "local",
            "cname": "a0000000-0000-0000-0000-000000000008.cfargotunnel.com",
            "tunnel_token": "eyJhIjoiZjAzN2U1NmU4OTI5M2EwNTc3NDBkZTY4MWFjOWFiYmUiLCJ0IjoiYTAwMDAwMDAtMDAwMC0wMDAwLTAwMDAtMDAwMDAwMDAwMDA4IiwicyI6IllXNW4ifQ=="
          }
        },
        {
          "index_key": "prod",
          "schema_version": 0,
          "attributes": {
            "id": "a0000000-0000-0000-0000-000000000009",
            "account_id": "f037e56e89293a057740de681ac9abbe",
            "name": "cftftest-prod-env-tunnel",
            "secret": "cHJvZC1lbnZpcm9ubWVudC1zZWNyZXQtMzItYnl0ZXMtb2s=",
            "config_src": "cloudflare",
            "cname": "a0000000-0000-0000-0000-000000000009.cfargotunnel.com",
            "tunnel_token": "eyJhIjoiZjAzN2U1NmU4OTI5M2EwNTc3NDBkZTY4MWFjOWFiYmUiLCJ0IjoiYTAwMDAwMDAtMDAwMC0wMDAwLTAwMDAtMDAwMDAwMDAwMDA5IiwicyI6IllXNW4ifQ=="
          }
        },
        {
          "index_key": "staging",
          "schema_version": 0,
          "attributes": {
            "id": "a0000000-0000-0000-0000-000000000010",
            "account_id": "f037e56e89293a057740de681ac9abbe",
            "name": "cftftest-staging-env-tunnel",
            "secret": "c3RhZ2luZy1lbnZpcm9ubWVudC1zZWNyZXQtMzItYnl0ZQ==",
            "config_src": "cloudflare",
            "cname": "a0000000-0000-0000-0000-000000000010.cfargotunnel.com",
            "tunnel_token": "eyJhIjoiZjAzN2U1NmU4OTI5M2EwNTc3NDBkZTY4MWFjOWFiYmUiLCJ0IjoiYTAwMDAwMDAtMDAwMC0wMDAwLTAwMDAtMDAwMDAwMDAwMDEwIiwicyI6IllXNW4ifQ=="
          }
        }
      ]
    },
    {
      "mode": "managed",
      "type": "cloudflare_tunnel",
      "name": "replicas",
      "provider": "provider[\"registry.terraform.io/cloudflare/cloudflare\"]",
      "instances": [
        {
          "index_key": 0,
          "schema_version": 0,
          "attributes": {
            "id": "a0000000-0000-0000-0000-000000000011",
            "account_id": "f037e56e89293a057740de681ac9abbe",
            "name": "cftftest-replica-tunnel-1",
            "secret": "cmVwbGljYS0wLXNlY3JldC0zMi1ieXRlcy1sb25n",
            "config_src": "local",
            "cname": "a0000000-0000-0000-0000-000000000011.cfargotunnel.com",
            "tunnel_token": "eyJhIjoiZjAzN2U1NmU4OTI5M2EwNTc3NDBkZTY4MWFjOWFiYmUiLCJ0IjoiYTAwMDAwMDAtMDAwMC0wMDAwLTAwMDAtMDAwMDAwMDAwMDExIiwicyI6IllXNW4ifQ=="
          }
        },
        {
          "index_key": 1,
          "schema_version": 0,
          "attributes": {
            "id": "a0000000-0000-0000-0000-000000000012",
            "account_id": "f037e56e89293a057740de681ac9abbe",
            "name": "cftftest-replica-tunnel-2",
            "secret": "cmVwbGljYS0xLXNlY3JldC0zMi1ieXRlcy1sb25n",
            "config_src": "local",
            "cname": "a0000000-0000-0000-0000-000000000012.cfargotunnel.com",
            "tunnel_token": "eyJhIjoiZjAzN2U1NmU4OTI5M2EwNTc3NDBkZTY4MWFjOWFiYmUiLCJ0IjoiYTAwMDAwMDAtMDAwMC0wMDAwLTAwMDAtMDAwMDAwMDAwMDEyIiwicyI6IllXNW4ifQ=="
          }
        },
        {
          "index_key": 2,
          "schema_version": 0,
          "attributes": {
            "id": "a0000000-0000-0000-0000-000000000013",
            "account_id": "f037e56e89293a057740de681ac9abbe",
            "name": "cftftest-replica-tunnel-3",
            "secret": "cmVwbGljYS0yLXNlY3JldC0zMi1ieXRlcy1sb25n",
            "config_src": "local",
            "cname": "a0000000-0000-0000-0000-000000000013.cfargotunnel.com",
            "tunnel_token": "eyJhIjoiZjAzN2U1NmU4OTI5M2EwNTc3NDBkZTY4MWFjOWFiYmUiLCJ0IjoiYTAwMDAwMDAtMDAwMC0wMDAwLTAwMDAtMDAwMDAwMDAwMDEzIiwicyI6IllXNW4ifQ=="
          }
        }
      ]
    },
    {
      "mode": "managed",
      "type": "cloudflare_tunnel",
      "name": "backup",
      "provider": "provider[\"registry.terraform.io/cloudflare/cloudflare\"]",
      "instances": [
        {
          "index_key": 0,
          "schema_version": 0,
          "attributes": {
            "id": "a0000000-0000-0000-0000-000000000014",
            "account_id": "f037e56e89293a057740de681ac9abbe",
            "name": "cftftest-backup-tunnel",
            "secret": "YmFja3VwLXR1bm5lbC1zZWNyZXQtMzItYnl0ZXMtbG9uZw==",
            "config_src": "cloudflare",
            "cname": "a0000000-0000-0000-0000-000000000014.cfargotunnel.com",
            "tunnel_token": "eyJhIjoiZjAzN2U1NmU4OTI5M2EwNTc3NDBkZTY4MWFjOWFiYmUiLCJ0IjoiYTAwMDAwMDAtMDAwMC0wMDAwLTAwMDAtMDAwMDAwMDAwMDE0IiwicyI6IllXNW4ifQ=="
          }
        }
      ]
    },
    {
      "mode": "managed",
      "type": "cloudflare_tunnel",
      "name": "primary",
      "provider": "provider[\"registry.terraform.io/cloudflare/cloudflare\"]",
      "instances": [
        {
          "schema_version": 0,
          "attributes": {
            "id": "a0000000-0000-0000-0000-000000000015",
            "account_id": "f037e56e89293a057740de681ac9abbe",
            "name": "cftftest-primary-tunnel",
            "secret": "cHJpbWFyeS10dW5uZWwtc2VjcmV0LTMyLWJ5dGVzLWxvbmc=",
            "config_src": "local",
            "cname": "a0000000-0000-0000-0000-000000000015.cfargotunnel.com",
            "tunnel_token": "eyJhIjoiZjAzN2U1NmU4OTI5M2EwNTc3NDBkZTY4MWFjOWFiYmUiLCJ0IjoiYTAwMDAwMDAtMDAwMC0wMDAwLTAwMDAtMDAwMDAwMDAwMDE1IiwicyI6IllXNW4ifQ=="
          }
        }
      ]
    },
    {
      "mode": "managed",
      "type": "cloudflare_tunnel",
      "name": "secondary",
      "provider": "provider[\"registry.terraform.io/cloudflare/cloudflare\"]",
      "instances": [
        {
          "schema_version": 0,
          "attributes": {
            "id": "a0000000-0000-0000-0000-000000000016",
            "account_id": "f037e56e89293a057740de681ac9abbe",
            "name": "cftftest-primary-tunnel-secondary",
            "secret": "c2Vjb25kYXJ5LXR1bm5lbC1zZWNyZXQtMzItYnl0ZXMtb2s=",
            "config_src": "cloudflare",
            "cname": "a0000000-0000-0000-0000-000000000016.cfargotunnel.com",
            "tunnel_token": "eyJhIjoiZjAzN2U1NmU4OTI5M2EwNTc3NDBkZTY4MWFjOWFiYmUiLCJ0IjoiYTAwMDAwMDAtMDAwMC0wMDAwLTAwMDAtMDAwMDAwMDAwMDE2IiwicyI6IllXNW4ifQ=="
          }
        }
      ]
    },
    {
      "mode": "managed",
      "type": "cloudflare_tunnel",
      "name": "protected",
      "provider": "provider[\"registry.terraform.io/cloudflare/cloudflare\"]",
      "instances": [
        {
          "schema_version": 0,
          "attributes": {
            "id": "a0000000-0000-0000-0000-000000000017",
            "account_id": "f037e56e89293a057740de681ac9abbe",
            "name": "cftftest-protected-tunnel",
            "secret": "cHJvdGVjdGVkLXR1bm5lbC1zZWNyZXQtMzItYnl0ZXMtb2s=",
            "config_src": "local",
            "cname": "a0000000-0000-0000-0000-000000000017.cfargotunnel.com",
            "tunnel_token": "eyJhIjoiZjAzN2U1NmU4OTI5M2EwNTc3NDBkZTY4MWFjOWFiYmUiLCJ0IjoiYTAwMDAwMDAtMDAwMC0wMDAwLTAwMDAtMDAwMDAwMDAwMDE3IiwicyI6IllXNW4ifQ=="
          }
        }
      ]
    },
    {
      "mode": "managed",
      "type": "cloudflare_tunnel",
      "name": "conditional_config",
      "provider": "provider[\"registry.terraform.io/cloudflare/cloudflare\"]",
      "instances": [
        {
          "schema_version": 0,
          "attributes": {
            "id": "a0000000-0000-0000-0000-000000000018",
            "account_id": "f037e56e89293a057740de681ac9abbe",
            "name": "cftftest-conditional-config-tunnel",
            "secret": "Y29uZGl0aW9uYWwtc2VjcmV0LTMyLWJ5dGVzLW9yLW1vcmU=",
            "config_src": "local",
            "cname": "a0000000-0000-0000-0000-000000000018.cfargotunnel.com",
            "tunnel_token": "eyJhIjoiZjAzN2U1NmU4OTI5M2EwNTc3NDBkZTY4MWFjOWFiYmUiLCJ0IjoiYTAwMDAwMDAtMDAwMC0wMDAwLTAwMDAtMDAwMDAwMDAwMDE4IiwicyI6IllXNW4ifQ=="
          }
        }
      ]
    },
    {
      "mode": "managed",
      "type": "cloudflare_tunnel",
      "name": "encoded",
      "provider": "provider[\"registry.terraform.io/cloudflare/cloudflare\"]",
      "instances": [
        {
          "schema_version": 0,
          "attributes": {
            "id": "a0000000-0000-0000-0000-000000000019",
            "account_id": "f037e56e89293a057740de681ac9abbe",
            "name": "cftftest-encoded-tunnel",
            "secret": "dGhpcy1zZWNyZXQtaXMtYmFzZTY0LWVuY29kZWQtMzJi",
            "config_src": "local",
            "cname": "a0000000-0000-0000-0000-000000000019.cfargotunnel.com",
            "tunnel_token": "eyJhIjoiZjAzN2U1NmU4OTI5M2EwNTc3NDBkZTY4MWFjOWFiYmUiLCJ0IjoiYTAwMDAwMDAtMDAwMC0wMDAwLTAwMDAtMDAwMDAwMDAwMDE5IiwicyI6IllXNW4ifQ=="
          }
        }
      ]
    },
    {
      "mode": "managed",
      "type": "cloudflare_tunnel",
      "name": "interpolated",
      "provider": "provider[\"registry.terraform.io/cloudflare/cloudflare\"]",
      "instances": [
        {
          "schema_version": 0,
          "attributes": {
            "id": "a0000000-0000-0000-0000-000000000020",
            "account_id": "f037e56e89293a057740de681ac9abbe",
            "name": "cftftest-var-test-interpolated-prod",
            "secret": "aW50ZXJwb2xhdGVkLXNlY3JldC0zMi1ieXRlcy1vci1tb3Jl",
            "config_src": "local",
            "cname": "a0000000-0000-0000-0000-000000000020.cfargotunnel.com",
            "tunnel_token": "eyJhIjoiZjAzN2U1NmU4OTI5M2EwNTc3NDBkZTY4MWFjOWFiYmUiLCJ0IjoiYTAwMDAwMDAtMDAwMC0wMDAwLTAwMDAtMDAwMDAwMDAwMDIwIiwicyI6IllXNW4ifQ=="
          }
        }
      ]
    },
    {
      "mode": "managed",
      "type": "cloudflare_tunnel",
      "name": "complex_config",
      "provider": "provider[\"registry.terraform.io/cloudflare/cloudflare\"]",
      "instances": [
        {
          "schema_version": 0,
          "attributes": {
            "id": "a0000000-0000-0000-0000-000000000021",
            "account_id": "f037e56e89293a057740de681ac9abbe",
            "name": "cftftest-prod-complex-tunnel",
            "secret": "Y29tcGxleC10dW5uZWwtc2VjcmV0LTMyLWJ5dGVzLWxvbmc=",
            "config_src": "cloudflare",
            "cname": "a0000000-0000-0000-0000-000000000021.cfargotunnel.com",
            "tunnel_token": "eyJhIjoiZjAzN2U1NmU4OTI5M2EwNTc3NDBkZTY4MWFjOWFiYmUiLCJ0IjoiYTAwMDAwMDAtMDAwMC0wMDAwLTAwMDAtMDAwMDAwMDAwMDIxIiwicyI6IllXNW4ifQ=="
          }
        }
      ]
    }
  ]
}
