{
  "version": 4,
  "terraform_version": "1.0.0",
  "serial": 1,
  "lineage": "a75366f2-b332-4347-9a6c-239a2f23a319",
  "outputs": {},
  "resources": [
    {
      "mode": "managed",
      "type": "cloudflare_account_member",
      "name": "basic_am",
      "provider": "provider[\"registry.terraform.io/cloudflare/cloudflare\"]",
      "instances": [
        {
          "schema_version": 0,
          "attributes": {
            "account_id": "023e105f4ecef8ad9ca31a8372d0c353",
            "email": "user@example.com",
            "id": "d8ffc3a1-5388-4b03-949f-30a8a344a8a5",
            "roles": [
              "3536bcfad5faccb999b47003c79917fb"
            ],
            "status": null
          }
        }
      ]
    },
    {
      "mode": "managed",
      "type": "cloudflare_account_member",
      "name": "full_am",
      "provider": "provider[\"registry.terraform.io/cloudflare/cloudflare\"]",
      "instances": [
        {
          "schema_version": 0,
          "attributes": {
            "account_id": "023e105f4ecef8ad9ca31a8372d0c353",
            "email": "user@example.com",
            "id": "c9b51e58-7665-465f-b36b-32cde4206a4f",
            "roles": [
              "3536bcfad5faccb999b47003c79917fb",
              "68b329da9893e34099c7d8ad5cb9c940"
            ],
            "status": "accepted"
          }
        }
      ]
    }
  ]
}