{
  "version": 4,
  "terraform_version": "1.5.0",
  "serial": 1,
  "lineage": "test-bot-management-lineage",
  "outputs": {},
  "resources": [
    {
      "mode": "managed",
      "type": "cloudflare_bot_management",
      "name": "test",
      "provider": "provider[\"registry.terraform.io/cloudflare/cloudflare\"]",
      "instances": [
        {
          "schema_version": 0,
          "attributes": {
            "id": "0da42c8d2132a9ddaf714f9e7c920711",
            "zone_id": "0da42c8d2132a9ddaf714f9e7c920711",
            "enable_js": true,
            "sbfm_definitely_automated": "block",
            "sbfm_likely_automated": "managed_challenge",
            "sbfm_verified_bots": "allow",
            "sbfm_static_resource_protection": true,
            "optimize_wordpress": false,
            "suppress_session_score": false,
            "auto_update_model": true,
            "ai_bots_protection": "disabled"
          }
        }
      ]
    }
  ]
}
