{
  "version": 4,
  "terraform_version": "1.5.0",
  "serial": 1,
  "lineage": "test-lineage",
  "outputs": {},
  "resources": [
    {
      "mode": "managed",
      "type": "cloudflare_workers_script",
      "name": "plain_text",
      "provider": "provider[\"registry.terraform.io/cloudflare/cloudflare\"]",
      "instances": [
        {
          "schema_version": 1,
          "attributes": {
            "id": "cftftest-plain-text-worker",
            "account_id": "f037e56e89293a057740de681ac9abbe",
            "script_name": "cftftest-plain-text-worker",
            "content": "addEventListener('fetch', event => { event.respondWith(new Response('Hello World')); });",
            "bindings": [
              {
                "type": "plain_text",
                "name": "MY_VAR",
                "text": "my-value"
              }
            ]
          }
        }
      ]
    },
    {
      "mode": "managed",
      "type": "cloudflare_workers_script",
      "name": "queue",
      "provider": "provider[\"registry.terraform.io/cloudflare/cloudflare\"]",
      "instances": [
        {
          "schema_version": 1,
          "attributes": {
            "id": "cftftest-queue-worker",
            "account_id": "f037e56e89293a057740de681ac9abbe",
            "script_name": "cftftest-queue-worker",
            "content": "addEventListener('fetch', event => { event.respondWith(new Response('Hello World')); });",
            "bindings": [
              {
                "type": "queue",
                "name": "MY_QUEUE",
                "queue_name": "cftftest-queue"
              }
            ]
          }
        }
      ]
    },
    {
      "mode": "managed",
      "type": "cloudflare_workers_script",
      "name": "multiple_bindings",
      "provider": "provider[\"registry.terraform.io/cloudflare/cloudflare\"]",
      "instances": [
        {
          "schema_version": 1,
          "attributes": {
            "id": "cftftest-multiple-bindings-worker",
            "account_id": "f037e56e89293a057740de681ac9abbe",
            "script_name": "cftftest-multiple-bindings-worker",
            "content": "addEventListener('fetch', event => { event.respondWith(new Response('Hello World')); });",
            "bindings": [
              {
                "type": "plain_text",
                "name": "VAR_ONE",
                "text": "value-one"
              },
              {
                "type": "secret_text",
                "name": "SECRET_ONE",
                "text": "secret-value-one"
              },
              {
                "type": "kv_namespace",
                "name": "KV_ONE",
                "namespace_id": "kv-namespace-id-123"
              }
            ]
          }
        }
      ]
    },
    {
      "mode": "managed",
      "type": "cloudflare_workers_script",
      "name": "module_false",
      "provider": "provider[\"registry.terraform.io/cloudflare/cloudflare\"]",
      "instances": [
        {
          "schema_version": 1,
          "attributes": {
            "id": "cftftest-module-false-worker",
            "account_id": "f037e56e89293a057740de681ac9abbe",
            "script_name": "cftftest-module-false-worker",
            "content": "addEventListener('fetch', event => { event.respondWith(new Response('Hello World')); });",
            "body_part": "false"
          }
        }
      ]
    },
    {
      "mode": "managed",
      "type": "cloudflare_workers_script",
      "name": "placement",
      "provider": "provider[\"registry.terraform.io/cloudflare/cloudflare\"]",
      "instances": [
        {
          "schema_version": 1,
          "attributes": {
            "id": "cftftest-placement-worker",
            "account_id": "f037e56e89293a057740de681ac9abbe",
            "script_name": "cftftest-placement-worker",
            "content": "addEventListener('fetch', event => { event.respondWith(new Response('Hello World')); });",
            "placement": {
              "mode": "smart"
            }
          }
        }
      ]
    },
    {
      "mode": "managed",
      "type": "cloudflare_workers_script",
      "name": "tags",
      "provider": "provider[\"registry.terraform.io/cloudflare/cloudflare\"]",
      "instances": [
        {
          "schema_version": 1,
          "attributes": {
            "id": "cftftest-tags-worker",
            "account_id": "f037e56e89293a057740de681ac9abbe",
            "script_name": "cftftest-tags-worker",
            "content": "addEventListener('fetch', event => { event.respondWith(new Response('Hello World')); });",
            "bindings": [
              {
                "type": "plain_text",
                "name": "VAR",
                "text": "value"
              }
            ]
          }
        }
      ]
    },
    {
      "mode": "managed",
      "type": "cloudflare_workers_script",
      "name": "comprehensive",
      "provider": "provider[\"registry.terraform.io/cloudflare/cloudflare\"]",
      "instances": [
        {
          "schema_version": 1,
          "attributes": {
            "id": "cftftest-comprehensive-worker",
            "account_id": "f037e56e89293a057740de681ac9abbe",
            "script_name": "cftftest-comprehensive-worker",
            "content": "addEventListener('fetch', event => { event.respondWith(new Response('Hello World')); });",
            "body_part": "false",
            "bindings": [
              {
                "type": "plain_text",
                "name": "PLAIN_VAR",
                "text": "plain-value"
              },
              {
                "type": "secret_text",
                "name": "SECRET_VAR",
                "text": "secret-value"
              },
              {
                "type": "kv_namespace",
                "name": "KV_NS",
                "namespace_id": "kv-namespace-id-789"
              }
            ],
            "placement": {
              "mode": "smart"
            }
          }
        }
      ]
    },
    {
      "mode": "managed",
      "type": "cloudflare_workers_script",
      "name": "singular_name",
      "provider": "provider[\"registry.terraform.io/cloudflare/cloudflare\"]",
      "instances": [
        {
          "schema_version": 1,
          "attributes": {
            "id": "cftftest-singular-resource",
            "account_id": "f037e56e89293a057740de681ac9abbe",
            "script_name": "cftftest-singular-resource",
            "content": "addEventListener('fetch', event => { event.respondWith(new Response('Hello World')); });",
            "bindings": [
              {
                "type": "plain_text",
                "name": "SINGULAR",
                "text": "true"
              }
            ]
          }
        }
      ]
    }
  ]
}
