{
  "lineage": "test-lineage-virtual-network-comprehensive",
  "outputs": {},
  "resources": [
    {
      "instances": [
        {
          "attributes": {
            "account_id": "f037e56e89293a057740de681ac9abbe",
            "comment": "",
            "id": "v0000000-0000-0000-0000-000000000001",
            "is_default_network": false,
            "name": "test-vnet-minimal"
          },
          "schema_version": 0
        }
      ],
      "mode": "managed",
      "name": "minimal",
      "provider": "provider[\"registry.terraform.io/cloudflare/cloudflare\"]",
      "type": "cloudflare_zero_trust_tunnel_cloudflared_virtual_network"
    },
    {
      "instances": [
        {
          "attributes": {
            "account_id": "f037e56e89293a057740de681ac9abbe",
            "comment": "Integration test",
            "id": "v0000000-0000-0000-0000-000000000002",
            "is_default_network": false,
            "name": "test-vnet-complete"
          },
          "schema_version": 0
        }
      ],
      "mode": "managed",
      "name": "complete",
      "provider": "provider[\"registry.terraform.io/cloudflare/cloudflare\"]",
      "type": "cloudflare_zero_trust_tunnel_cloudflared_virtual_network"
    },
    {
      "instances": [
        {
          "attributes": {
            "account_id": "f037e56e89293a057740de681ac9abbe",
            "comment": "",
            "id": "v0000000-0000-0000-0000-000000000003",
            "is_default_network": true,
            "name": "test-vnet-default"
          },
          "schema_version": 0
        }
      ],
      "mode": "managed",
      "name": "default_net",
      "provider": "provider[\"registry.terraform.io/cloudflare/cloudflare\"]",
      "type": "cloudflare_zero_trust_tunnel_cloudflared_virtual_network"
    },
    {
      "instances": [
        {
          "attributes": {
            "account_id": "f037e56e89293a057740de681ac9abbe",
            "comment": "",
            "id": "v0000000-0000-0000-0000-000000000004",
            "is_default_network": false,
            "name": "test-vnet-empty"
          },
          "schema_version": 0
        }
      ],
      "mode": "managed",
      "name": "empty_opts",
      "provider": "provider[\"registry.terraform.io/cloudflare/cloudflare\"]",
      "type": "cloudflare_zero_trust_tunnel_cloudflared_virtual_network"
    },
    {
      "instances": [
        {
          "attributes": {
            "account_id": "f037e56e89293a057740de681ac9abbe",
            "comment": "Network for dev",
            "id": "v0000000-0000-0000-0000-000000000005",
            "is_default_network": false,
            "name": "test-vnet-dev"
          },
          "index_key": "dev",
          "schema_version": 0
        },
        {
          "attributes": {
            "account_id": "f037e56e89293a057740de681ac9abbe",
            "comment": "Network for prod",
            "id": "v0000000-0000-0000-0000-000000000006",
            "is_default_network": false,
            "name": "test-vnet-prod"
          },
          "index_key": "prod",
          "schema_version": 0
        },
        {
          "attributes": {
            "account_id": "f037e56e89293a057740de681ac9abbe",
            "comment": "Network for staging",
            "id": "v0000000-0000-0000-0000-000000000007",
            "is_default_network": false,
            "name": "test-vnet-staging"
          },
          "index_key": "staging",
          "schema_version": 0
        }
      ],
      "mode": "managed",
      "name": "foreach",
      "provider": "provider[\"registry.terraform.io/cloudflare/cloudflare\"]",
      "type": "cloudflare_zero_trust_tunnel_cloudflared_virtual_network"
    },
    {
      "instances": [
        {
          "attributes": {
            "account_id": "f037e56e89293a057740de681ac9abbe",
            "comment": "",
            "id": "v0000000-0000-0000-0000-000000000008",
            "is_default_network": false,
            "name": "test-vnet-count-0"
          },
          "index_key": 0,
          "schema_version": 0
        },
        {
          "attributes": {
            "account_id": "f037e56e89293a057740de681ac9abbe",
            "comment": "",
            "id": "v0000000-0000-0000-0000-000000000009",
            "is_default_network": false,
            "name": "test-vnet-count-1"
          },
          "index_key": 1,
          "schema_version": 0
        },
        {
          "attributes": {
            "account_id": "f037e56e89293a057740de681ac9abbe",
            "comment": "",
            "id": "v0000000-0000-0000-0000-000000000010",
            "is_default_network": false,
            "name": "test-vnet-count-2"
          },
          "index_key": 2,
          "schema_version": 0
        }
      ],
      "mode": "managed",
      "name": "counted",
      "provider": "provider[\"registry.terraform.io/cloudflare/cloudflare\"]",
      "type": "cloudflare_zero_trust_tunnel_cloudflared_virtual_network"
    },
    {
      "instances": [
        {
          "attributes": {
            "account_id": "f037e56e89293a057740de681ac9abbe",
            "comment": "",
            "id": "v0000000-0000-0000-0000-000000000011",
            "is_default_network": false,
            "name": "test-vnet-lifecycle"
          },
          "schema_version": 0
        }
      ],
      "mode": "managed",
      "name": "lifecycle",
      "provider": "provider[\"registry.terraform.io/cloudflare/cloudflare\"]",
      "type": "cloudflare_zero_trust_tunnel_cloudflared_virtual_network"
    },
    {
      "instances": [
        {
          "attributes": {
            "account_id": "f037e56e89293a057740de681ac9abbe",
            "comment": "",
            "id": "v0000000-0000-0000-0000-000000000012",
            "is_default_network": false,
            "name": "test-vnet-old"
          },
          "schema_version": 0
        }
      ],
      "mode": "managed",
      "name": "old_name",
      "provider": "provider[\"registry.terraform.io/cloudflare/cloudflare\"]",
      "type": "cloudflare_zero_trust_tunnel_cloudflared_virtual_network"
    },
    {
      "instances": [
        {
          "attributes": {
            "account_id": "f037e56e89293a057740de681ac9abbe",
            "comment": "",
            "id": "v0000000-0000-0000-0000-000000000013",
            "is_default_network": false,
            "name": "test-vnet-new"
          },
          "schema_version": 0
        }
      ],
      "mode": "managed",
      "name": "new_name",
      "provider": "provider[\"registry.terraform.io/cloudflare/cloudflare\"]",
      "type": "cloudflare_zero_trust_tunnel_cloudflared_virtual_network"
    }
  ],
  "serial": 1,
  "terraform_version": "1.5.0",
  "version": 4
}