{
  "lineage": "test-regional-hostname-lineage",
  "outputs": {},
  "resources": [
    {
      "instances": [
        {
          "attributes": {
            "id": "abc123",
            "name": "example.com",
            "zone_id": "abc123"
          },
          "schema_version": 0
        }
      ],
      "mode": "data",
      "name": "this",
      "provider": "provider[\"registry.terraform.io/cloudflare/cloudflare\"]",
      "type": "cloudflare_zone"
    },
    {
      "instances": [
        {
          "attributes": {
            "id": "record-rh-minimal",
            "name": "rh-minimal",
            "proxied": true,
            "type": "A",
            "value": "192.0.2.1",
            "zone_id": "abc123"
          },
          "schema_version": 0
        }
      ],
      "mode": "managed",
      "name": "rh_minimal",
      "provider": "provider[\"registry.terraform.io/cloudflare/cloudflare\"]",
      "type": "cloudflare_dns_record"
    },
    {
      "instances": [
        {
          "attributes": {
            "id": "record-rh-timeouts",
            "name": "rh-timeouts",
            "proxied": true,
            "type": "A",
            "value": "192.0.2.2",
            "zone_id": "abc123"
          },
          "schema_version": 0
        }
      ],
      "mode": "managed",
      "name": "rh_timeouts",
      "provider": "provider[\"registry.terraform.io/cloudflare/cloudflare\"]",
      "type": "cloudflare_dns_record"
    },
    {
      "instances": [
        {
          "attributes": {
            "id": "record-rh-create-timeout",
            "name": "rh-create-timeout",
            "proxied": true,
            "type": "A",
            "value": "192.0.2.3",
            "zone_id": "abc123"
          },
          "schema_version": 0
        }
      ],
      "mode": "managed",
      "name": "rh_create_timeout",
      "provider": "provider[\"registry.terraform.io/cloudflare/cloudflare\"]",
      "type": "cloudflare_dns_record"
    },
    {
      "instances": [
        {
          "attributes": {
            "id": "record-rh-no-timeouts",
            "name": "rh-no-timeouts",
            "proxied": true,
            "type": "A",
            "value": "192.0.2.4",
            "zone_id": "abc123"
          },
          "schema_version": 0
        }
      ],
      "mode": "managed",
      "name": "rh_no_timeouts",
      "provider": "provider[\"registry.terraform.io/cloudflare/cloudflare\"]",
      "type": "cloudflare_dns_record"
    },
    {
      "instances": [
        {
          "attributes": {
            "hostname": "rh-minimal.example.com",
            "id": "rh-minimal.example.com",
            "region_key": "us",
            "zone_id": "abc123"
          },
          "schema_version": 0
        }
      ],
      "mode": "managed",
      "name": "minimal",
      "provider": "provider[\"registry.terraform.io/cloudflare/cloudflare\"]",
      "type": "cloudflare_regional_hostname"
    },
    {
      "instances": [
        {
          "attributes": {
            "hostname": "rh-timeouts.example.com",
            "id": "rh-timeouts.example.com",
            "region_key": "eu",
            "zone_id": "abc123"
          },
          "schema_version": 0
        }
      ],
      "mode": "managed",
      "name": "with_timeouts",
      "provider": "provider[\"registry.terraform.io/cloudflare/cloudflare\"]",
      "type": "cloudflare_regional_hostname"
    },
    {
      "instances": [
        {
          "attributes": {
            "hostname": "rh-create-timeout.example.com",
            "id": "rh-create-timeout.example.com",
            "region_key": "ca",
            "zone_id": "abc123"
          },
          "schema_version": 0
        }
      ],
      "mode": "managed",
      "name": "create_timeout",
      "provider": "provider[\"registry.terraform.io/cloudflare/cloudflare\"]",
      "type": "cloudflare_regional_hostname"
    },
    {
      "instances": [
        {
          "attributes": {
            "hostname": "rh-no-timeouts.example.com",
            "id": "rh-no-timeouts.example.com",
            "region_key": "ca",
            "zone_id": "abc123"
          },
          "schema_version": 0
        }
      ],
      "mode": "managed",
      "name": "no_timeouts",
      "provider": "provider[\"registry.terraform.io/cloudflare/cloudflare\"]",
      "type": "cloudflare_regional_hostname"
    }
  ],
  "serial": 1,
  "terraform_version": "1.5.0",
  "version": 4
}