{
  "version": 4,
  "terraform_version": "1.5.0",
  "serial": 1,
  "lineage": "test-regional-hostname-lineage",
  "outputs": {},
  "resources": [
    {
      "mode": "data",
      "type": "cloudflare_zone",
      "name": "this",
      "provider": "provider[\"registry.terraform.io/cloudflare/cloudflare\"]",
      "instances": [
        {
          "schema_version": 0,
          "attributes": {
            "id": "abc123",
            "zone_id": "abc123",
            "name": "example.com"
          }
        }
      ]
    },
    {
      "mode": "managed",
      "type": "cloudflare_dns_record",
      "name": "rh_minimal",
      "provider": "provider[\"registry.terraform.io/cloudflare/cloudflare\"]",
      "instances": [
        {
          "schema_version": 0,
          "attributes": {
            "id": "record-rh-minimal",
            "zone_id": "abc123",
            "name": "rh-minimal",
            "content": "192.0.2.1",
            "type": "A",
            "proxied": true,
            "ttl": 1,
            "created_on": "2024-01-01T00:00:00Z",
            "modified_on": "2024-01-01T00:00:00Z"
          }
        }
      ]
    },
    {
      "mode": "managed",
      "type": "cloudflare_dns_record",
      "name": "rh_timeouts",
      "provider": "provider[\"registry.terraform.io/cloudflare/cloudflare\"]",
      "instances": [
        {
          "schema_version": 0,
          "attributes": {
            "id": "record-rh-timeouts",
            "zone_id": "abc123",
            "name": "rh-timeouts",
            "content": "192.0.2.2",
            "type": "A",
            "proxied": true,
            "ttl": 1,
            "created_on": "2024-01-01T00:00:00Z",
            "modified_on": "2024-01-01T00:00:00Z"
          }
        }
      ]
    },
    {
      "mode": "managed",
      "type": "cloudflare_dns_record",
      "name": "rh_create_timeout",
      "provider": "provider[\"registry.terraform.io/cloudflare/cloudflare\"]",
      "instances": [
        {
          "schema_version": 0,
          "attributes": {
            "id": "record-rh-create-timeout",
            "zone_id": "abc123",
            "name": "rh-create-timeout",
            "content": "192.0.2.3",
            "type": "A",
            "proxied": true,
            "ttl": 1,
            "created_on": "2024-01-01T00:00:00Z",
            "modified_on": "2024-01-01T00:00:00Z"
          }
        }
      ]
    },
    {
      "mode": "managed",
      "type": "cloudflare_dns_record",
      "name": "rh_no_timeouts",
      "provider": "provider[\"registry.terraform.io/cloudflare/cloudflare\"]",
      "instances": [
        {
          "schema_version": 0,
          "attributes": {
            "id": "record-rh-no-timeouts",
            "zone_id": "abc123",
            "name": "rh-no-timeouts",
            "content": "192.0.2.4",
            "type": "A",
            "proxied": true,
            "ttl": 1,
            "created_on": "2024-01-01T00:00:00Z",
            "modified_on": "2024-01-01T00:00:00Z"
          }
        }
      ]
    },
    {
      "mode": "managed",
      "type": "cloudflare_regional_hostname",
      "name": "minimal",
      "provider": "provider[\"registry.terraform.io/cloudflare/cloudflare\"]",
      "instances": [
        {
          "schema_version": 0,
          "attributes": {
            "id": "rh-minimal.example.com",
            "zone_id": "abc123",
            "hostname": "rh-minimal.example.com",
            "region_key": "us"
          }
        }
      ]
    },
    {
      "mode": "managed",
      "type": "cloudflare_regional_hostname",
      "name": "with_timeouts",
      "provider": "provider[\"registry.terraform.io/cloudflare/cloudflare\"]",
      "instances": [
        {
          "schema_version": 0,
          "attributes": {
            "id": "rh-timeouts.example.com",
            "zone_id": "abc123",
            "hostname": "rh-timeouts.example.com",
            "region_key": "eu"
          }
        }
      ]
    },
    {
      "mode": "managed",
      "type": "cloudflare_regional_hostname",
      "name": "create_timeout",
      "provider": "provider[\"registry.terraform.io/cloudflare/cloudflare\"]",
      "instances": [
        {
          "schema_version": 0,
          "attributes": {
            "id": "rh-create-timeout.example.com",
            "zone_id": "abc123",
            "hostname": "rh-create-timeout.example.com",
            "region_key": "ca"
          }
        }
      ]
    },
    {
      "mode": "managed",
      "type": "cloudflare_regional_hostname",
      "name": "no_timeouts",
      "provider": "provider[\"registry.terraform.io/cloudflare/cloudflare\"]",
      "instances": [
        {
          "schema_version": 0,
          "attributes": {
            "id": "rh-no-timeouts.example.com",
            "zone_id": "abc123",
            "hostname": "rh-no-timeouts.example.com",
            "region_key": "ca"
          }
        }
      ]
    }
  ]
}
