{
  "lineage": "test-lineage-regional-hostname",
  "outputs": {},
  "resources": [
    {
      "instances": [
        {
          "attributes": {
            "created_on": "2023-01-15T10:30:00Z",
            "hostname": "regional-basic.example.com",
            "id": "regional-basic.example.com",
            "region_key": "eu",
            "routing": "dns",
            "zone_id": "0da42c8d2132a9ddaf714f9e7c920711"
          },
          "schema_version": 0
        }
      ],
      "mode": "managed",
      "name": "basic",
      "provider": "provider[\"registry.terraform.io/cloudflare/cloudflare\"]",
      "type": "cloudflare_regional_hostname"
    },
    {
      "instances": [
        {
          "attributes": {
            "created_on": "2023-02-20T14:45:00Z",
            "hostname": "regional-timeouts.example.com",
            "id": "regional-timeouts.example.com",
            "region_key": "us",
            "routing": "dns",
            "zone_id": "0da42c8d2132a9ddaf714f9e7c920711"
          },
          "schema_version": 0
        }
      ],
      "mode": "managed",
      "name": "with_timeouts",
      "provider": "provider[\"registry.terraform.io/cloudflare/cloudflare\"]",
      "type": "cloudflare_regional_hostname"
    },
    {
      "instances": [
        {
          "attributes": {
            "created_on": "2023-03-10T08:15:00Z",
            "hostname": "*.regional.example.com",
            "id": "*.regional.example.com",
            "region_key": "ca",
            "routing": "dns",
            "zone_id": "0da42c8d2132a9ddaf714f9e7c920711"
          },
          "schema_version": 0
        }
      ],
      "mode": "managed",
      "name": "wildcard",
      "provider": "provider[\"registry.terraform.io/cloudflare/cloudflare\"]",
      "type": "cloudflare_regional_hostname"
    },
    {
      "instances": [
        {
          "attributes": {
            "created_on": "2023-04-05T12:00:00Z",
            "hostname": "au-regional.example.com",
            "id": "au-regional.example.com",
            "region_key": "au",
            "routing": "dns",
            "zone_id": "0da42c8d2132a9ddaf714f9e7c920711"
          },
          "index_key": "au",
          "schema_version": 0
        },
        {
          "attributes": {
            "created_on": "2023-04-05T12:00:00Z",
            "hostname": "eu-regional.example.com",
            "id": "eu-regional.example.com",
            "region_key": "eu",
            "routing": "dns",
            "zone_id": "0da42c8d2132a9ddaf714f9e7c920711"
          },
          "index_key": "eu",
          "schema_version": 0
        },
        {
          "attributes": {
            "created_on": "2023-04-05T12:00:00Z",
            "hostname": "us-regional.example.com",
            "id": "us-regional.example.com",
            "region_key": "us",
            "routing": "dns",
            "zone_id": "0da42c8d2132a9ddaf714f9e7c920711"
          },
          "index_key": "us",
          "schema_version": 0
        }
      ],
      "mode": "managed",
      "name": "by_region_map",
      "provider": "provider[\"registry.terraform.io/cloudflare/cloudflare\"]",
      "type": "cloudflare_regional_hostname"
    },
    {
      "instances": [
        {
          "attributes": {
            "created_on": "2023-05-12T09:30:00Z",
            "hostname": "api-regional.example.com",
            "id": "api-regional.example.com",
            "region_key": "eu",
            "routing": "dns",
            "zone_id": "0da42c8d2132a9ddaf714f9e7c920711"
          },
          "index_key": "api-regional.example.com",
          "schema_version": 0
        },
        {
          "attributes": {
            "created_on": "2023-05-12T09:30:00Z",
            "hostname": "app-regional.example.com",
            "id": "app-regional.example.com",
            "region_key": "eu",
            "routing": "dns",
            "zone_id": "0da42c8d2132a9ddaf714f9e7c920711"
          },
          "index_key": "app-regional.example.com",
          "schema_version": 0
        },
        {
          "attributes": {
            "created_on": "2023-05-12T09:30:00Z",
            "hostname": "web-regional.example.com",
            "id": "web-regional.example.com",
            "region_key": "eu",
            "routing": "dns",
            "zone_id": "0da42c8d2132a9ddaf714f9e7c920711"
          },
          "index_key": "web-regional.example.com",
          "schema_version": 0
        }
      ],
      "mode": "managed",
      "name": "from_set",
      "provider": "provider[\"registry.terraform.io/cloudflare/cloudflare\"]",
      "type": "cloudflare_regional_hostname"
    },
    {
      "instances": [
        {
          "attributes": {
            "created_on": "2023-06-01T14:00:00Z",
            "hostname": "regional-0.example.com",
            "id": "regional-0.example.com",
            "region_key": "us",
            "routing": "dns",
            "zone_id": "0da42c8d2132a9ddaf714f9e7c920711"
          },
          "index_key": 0,
          "schema_version": 0
        },
        {
          "attributes": {
            "created_on": "2023-06-01T14:00:00Z",
            "hostname": "regional-1.example.com",
            "id": "regional-1.example.com",
            "region_key": "us",
            "routing": "dns",
            "zone_id": "0da42c8d2132a9ddaf714f9e7c920711"
          },
          "index_key": 1,
          "schema_version": 0
        },
        {
          "attributes": {
            "created_on": "2023-06-01T14:00:00Z",
            "hostname": "regional-2.example.com",
            "id": "regional-2.example.com",
            "region_key": "us",
            "routing": "dns",
            "zone_id": "0da42c8d2132a9ddaf714f9e7c920711"
          },
          "index_key": 2,
          "schema_version": 0
        }
      ],
      "mode": "managed",
      "name": "counted",
      "provider": "provider[\"registry.terraform.io/cloudflare/cloudflare\"]",
      "type": "cloudflare_regional_hostname"
    },
    {
      "instances": [
        {
          "attributes": {
            "created_on": "2023-07-15T11:20:00Z",
            "hostname": "conditional-regional.example.com",
            "id": "conditional-regional.example.com",
            "region_key": "in",
            "routing": "dns",
            "zone_id": "0da42c8d2132a9ddaf714f9e7c920711"
          },
          "index_key": 0,
          "schema_version": 0
        }
      ],
      "mode": "managed",
      "name": "conditional",
      "provider": "provider[\"registry.terraform.io/cloudflare/cloudflare\"]",
      "type": "cloudflare_regional_hostname"
    },
    {
      "instances": [
        {
          "attributes": {
            "created_on": "2023-08-22T16:45:00Z",
            "hostname": "uppercase-regional.example.com",
            "id": "uppercase-regional.example.com",
            "region_key": "ca",
            "routing": "dns",
            "zone_id": "0da42c8d2132a9ddaf714f9e7c920711"
          },
          "schema_version": 0
        }
      ],
      "mode": "managed",
      "name": "with_functions",
      "provider": "provider[\"registry.terraform.io/cloudflare/cloudflare\"]",
      "type": "cloudflare_regional_hostname"
    }
  ],
  "serial": 1,
  "terraform_version": "1.5.0",
  "version": 4
}