{
  "lineage": "test-logpush-job-lineage",
  "outputs": {},
  "resources": [
    {
      "instances": [
        {
          "attributes": {
            "account_id": "f037e56e89293a057740de681ac9abbe",
            "dataset": "audit_logs",
            "destination_conf": "https://logpush-receiver.sd.cfplat.com",
            "enabled": true,
            "id": "1"
          },
          "schema_version": 0
        }
      ],
      "mode": "managed",
      "name": "minimal",
      "provider": "provider[\"registry.terraform.io/cloudflare/cloudflare\"]",
      "type": "cloudflare_logpush_job"
    },
    {
      "instances": [
        {
          "attributes": {
            "account_id": "f037e56e89293a057740de681ac9abbe",
            "dataset": "http_requests",
            "destination_conf": "https://logpush-receiver.sd.cfplat.com",
            "enabled": true,
            "id": "2",
            "logpull_options": "fields=ClientIP,EdgeStartTimestamp\u0026timestamps=unixnano"
          },
          "schema_version": 0
        }
      ],
      "mode": "managed",
      "name": "with_logpull_options",
      "provider": "provider[\"registry.terraform.io/cloudflare/cloudflare\"]",
      "type": "cloudflare_logpush_job"
    },
    {
      "instances": [
        {
          "attributes": {
            "account_id": "f037e56e89293a057740de681ac9abbe",
            "dataset": "http_requests",
            "destination_conf": "https://logpush-receiver.sd.cfplat.com",
            "enabled": true,
            "id": "3",
            "output_options": {
              "batch_prefix": "{",
              "batch_suffix": "}",
              "cve_2021_44228": false,
              "field_delimiter": ",",
              "field_names": [
                "ClientIP",
                "EdgeStartTimestamp"
              ],
              "output_type": "ndjson",
              "record_prefix": "{",
              "record_suffix": "}\n",
              "sample_rate": 1,
              "timestamp_format": "unixnano"
            }
          },
          "schema_version": 0
        }
      ],
      "mode": "managed",
      "name": "with_output_options",
      "provider": "provider[\"registry.terraform.io/cloudflare/cloudflare\"]",
      "type": "cloudflare_logpush_job"
    },
    {
      "instances": [
        {
          "attributes": {
            "account_id": "f037e56e89293a057740de681ac9abbe",
            "dataset": "http_requests",
            "destination_conf": "https://logpush-receiver.sd.cfplat.com",
            "enabled": true,
            "id": "4",
            "output_options": {
              "cve_2021_44228": true,
              "field_delimiter": ",",
              "output_type": "ndjson",
              "record_prefix": "{",
              "record_suffix": "}\n",
              "sample_rate": 1,
              "timestamp_format": "unixnano"
            }
          },
          "schema_version": 0
        }
      ],
      "mode": "managed",
      "name": "with_cve_field",
      "provider": "provider[\"registry.terraform.io/cloudflare/cloudflare\"]",
      "type": "cloudflare_logpush_job"
    },
    {
      "instances": [
        {
          "attributes": {
            "dataset": "http_requests",
            "destination_conf": "https://logpush-receiver.sd.cfplat.com",
            "enabled": true,
            "id": "5",
            "kind": "",
            "zone_id": "0da42c8d2132a9ddaf714f9e7c920711"
          },
          "schema_version": 0
        }
      ],
      "mode": "managed",
      "name": "empty_kind",
      "provider": "provider[\"registry.terraform.io/cloudflare/cloudflare\"]",
      "type": "cloudflare_logpush_job"
    },
    {
      "instances": [
        {
          "attributes": {
            "dataset": "http_requests",
            "destination_conf": "https://logpush-receiver.sd.cfplat.com",
            "enabled": true,
            "id": "6",
            "kind": "edge",
            "zone_id": "0da42c8d2132a9ddaf714f9e7c920711"
          },
          "schema_version": 0
        }
      ],
      "mode": "managed",
      "name": "edge_logs",
      "provider": "provider[\"registry.terraform.io/cloudflare/cloudflare\"]",
      "type": "cloudflare_logpush_job"
    },
    {
      "instances": [
        {
          "attributes": {
            "dataset": "http_requests",
            "destination_conf": "https://logpush-receiver.sd.cfplat.com",
            "enabled": true,
            "frequency": "high",
            "id": "7",
            "kind": "edge",
            "max_upload_bytes": 5000000,
            "max_upload_interval_seconds": 30,
            "max_upload_records": 1000,
            "name": "my-logpush-job",
            "output_options": {
              "batch_prefix": "{",
              "batch_suffix": "}",
              "cve_2021_44228": true,
              "field_delimiter": ",",
              "field_names": [
                "ClientIP",
                "EdgeStartTimestamp",
                "RayID"
              ],
              "output_type": "ndjson",
              "record_prefix": "{",
              "record_suffix": "}\n",
              "sample_rate": 1,
              "timestamp_format": "unixnano"
            },
            "zone_id": "0da42c8d2132a9ddaf714f9e7c920711"
          },
          "schema_version": 0
        }
      ],
      "mode": "managed",
      "name": "full",
      "provider": "provider[\"registry.terraform.io/cloudflare/cloudflare\"]",
      "type": "cloudflare_logpush_job"
    }
  ],
  "serial": 1,
  "terraform_version": "1.5.0",
  "version": 4
}