{
  "lineage": "test-certificate-pack-lineage",
  "outputs": {},
  "resources": [
    {
      "instances": [
        {
          "attributes": {
            "certificate_authority": "lets_encrypt",
            "cloudflare_branding": false,
            "hosts": [
              "example.com",
              "*.example.com"
            ],
            "id": "cert-basic-001",
            "type": "advanced",
            "validation_errors": [],
            "validation_method": "txt",
            "validation_records": [],
            "validity_days": 90,
            "zone_id": "0da42c8d2132a9ddaf714f9e7c920711"
          },
          "schema_version": 0
        }
      ],
      "mode": "managed",
      "name": "basic",
      "provider": "provider[\"registry.terraform.io/cloudflare/cloudflare\"]",
      "type": "cloudflare_certificate_pack"
    },
    {
      "instances": [
        {
          "attributes": {
            "certificate_authority": "google",
            "hosts": [
              "test.example.com"
            ],
            "id": "cert-wait-002",
            "type": "advanced",
            "validation_errors": [],
            "validation_method": "http",
            "validation_records": [],
            "validity_days": 90,
            "zone_id": "0da42c8d2132a9ddaf714f9e7c920711"
          },
          "schema_version": 0
        }
      ],
      "mode": "managed",
      "name": "with_wait",
      "provider": "provider[\"registry.terraform.io/cloudflare/cloudflare\"]",
      "type": "cloudflare_certificate_pack"
    },
    {
      "instances": [
        {
          "attributes": {
            "certificate_authority": "ssl_com",
            "cloudflare_branding": true,
            "hosts": [
              "branded.example.com",
              "*.branded.example.com"
            ],
            "id": "cert-branding-003",
            "type": "advanced",
            "validation_errors": [],
            "validation_method": "txt",
            "validation_records": [],
            "validity_days": 30,
            "zone_id": "0da42c8d2132a9ddaf714f9e7c920711"
          },
          "schema_version": 0
        }
      ],
      "mode": "managed",
      "name": "with_branding",
      "provider": "provider[\"registry.terraform.io/cloudflare/cloudflare\"]",
      "type": "cloudflare_certificate_pack"
    },
    {
      "instances": [
        {
          "attributes": {
            "certificate_authority": "lets_encrypt",
            "cloudflare_branding": false,
            "hosts": [
              "lets-encrypt-90d.example.com"
            ],
            "id": "cert-config-le-004",
            "type": "advanced",
            "validation_errors": [],
            "validation_method": "txt",
            "validation_records": [],
            "validity_days": 90,
            "zone_id": "0da42c8d2132a9ddaf714f9e7c920711"
          },
          "index_key": "lets-encrypt-90d",
          "schema_version": 0
        },
        {
          "attributes": {
            "certificate_authority": "google",
            "cloudflare_branding": true,
            "hosts": [
              "google-365d.example.com"
            ],
            "id": "cert-config-google-005",
            "type": "advanced",
            "validation_errors": [],
            "validation_method": "txt",
            "validation_records": [],
            "validity_days": 365,
            "zone_id": "0da42c8d2132a9ddaf714f9e7c920711"
          },
          "index_key": "google-365d",
          "schema_version": 0
        },
        {
          "attributes": {
            "certificate_authority": "ssl_com",
            "cloudflare_branding": false,
            "hosts": [
              "ssl-com-30d.example.com"
            ],
            "id": "cert-config-ssl-006",
            "type": "advanced",
            "validation_errors": [],
            "validation_method": "txt",
            "validation_records": [
              {
                "emails": [],
                "http_body": "",
                "http_url": "",
                "txt_name": "_acme-challenge.ssl_com_30d.example.com",
                "txt_value": "validation-token-123"
              }
            ],
            "validity_days": 30,
            "zone_id": "0da42c8d2132a9ddaf714f9e7c920711"
          },
          "index_key": "ssl-com-30d",
          "schema_version": 0
        }
      ],
      "mode": "managed",
      "name": "by_config",
      "provider": "provider[\"registry.terraform.io/cloudflare/cloudflare\"]",
      "type": "cloudflare_certificate_pack"
    },
    {
      "instances": [
        {
          "attributes": {
            "certificate_authority": "lets_encrypt",
            "hosts": [
              "txt.example.com",
              "*.txt.example.com"
            ],
            "id": "cert-validation-txt-007",
            "type": "advanced",
            "validation_errors": [],
            "validation_method": "txt",
            "validation_records": [],
            "validity_days": 90,
            "zone_id": "0da42c8d2132a9ddaf714f9e7c920711"
          },
          "index_key": "txt",
          "schema_version": 0
        },
        {
          "attributes": {
            "certificate_authority": "lets_encrypt",
            "hosts": [
              "http.example.com"
            ],
            "id": "cert-validation-http-008",
            "type": "advanced",
            "validation_errors": [],
            "validation_method": "http",
            "validation_records": [],
            "validity_days": 90,
            "zone_id": "0da42c8d2132a9ddaf714f9e7c920711"
          },
          "index_key": "http",
          "schema_version": 0
        }
      ],
      "mode": "managed",
      "name": "by_validation",
      "provider": "provider[\"registry.terraform.io/cloudflare/cloudflare\"]",
      "type": "cloudflare_certificate_pack"
    },
    {
      "instances": [
        {
          "attributes": {
            "certificate_authority": "lets_encrypt",
            "hosts": [
              "count-0.example.com"
            ],
            "id": "cert-count-0-010",
            "type": "advanced",
            "validation_errors": [],
            "validation_method": "txt",
            "validation_records": [],
            "validity_days": 90,
            "zone_id": "0da42c8d2132a9ddaf714f9e7c920711"
          },
          "index_key": 0,
          "schema_version": 0
        },
        {
          "attributes": {
            "certificate_authority": "google",
            "hosts": [
              "count-1.example.com"
            ],
            "id": "cert-count-1-011",
            "type": "advanced",
            "validation_errors": [],
            "validation_method": "http",
            "validation_records": [],
            "validity_days": 90,
            "zone_id": "0da42c8d2132a9ddaf714f9e7c920711"
          },
          "index_key": 1,
          "schema_version": 0
        },
        {
          "attributes": {
            "certificate_authority": "ssl_com",
            "hosts": [
              "count-2.example.com"
            ],
            "id": "cert-count-2-012",
            "type": "advanced",
            "validation_errors": [
              {
                "message": "Domain validation failed"
              }
            ],
            "validation_method": "txt",
            "validation_records": [],
            "validity_days": 30,
            "zone_id": "0da42c8d2132a9ddaf714f9e7c920711"
          },
          "index_key": 2,
          "schema_version": 0
        },
        {
          "attributes": {
            "certificate_authority": "google",
            "hosts": [
              "count-3.example.com"
            ],
            "id": "cert-count-3-013",
            "type": "advanced",
            "validation_errors": [],
            "validation_method": "txt",
            "validation_records": [],
            "validity_days": 14,
            "zone_id": "0da42c8d2132a9ddaf714f9e7c920711"
          },
          "index_key": 3,
          "schema_version": 0
        }
      ],
      "mode": "managed",
      "name": "count_based",
      "provider": "provider[\"registry.terraform.io/cloudflare/cloudflare\"]",
      "type": "cloudflare_certificate_pack"
    },
    {
      "instances": [
        {
          "attributes": {
            "certificate_authority": "lets_encrypt",
            "hosts": [
              "conditional.example.com"
            ],
            "id": "cert-conditional-014",
            "type": "advanced",
            "validation_errors": [],
            "validation_method": "txt",
            "validation_records": [],
            "validity_days": 90,
            "zone_id": "0da42c8d2132a9ddaf714f9e7c920711"
          },
          "index_key": 0,
          "schema_version": 0
        }
      ],
      "mode": "managed",
      "name": "conditional",
      "provider": "provider[\"registry.terraform.io/cloudflare/cloudflare\"]",
      "type": "cloudflare_certificate_pack"
    },
    {
      "instances": [
        {
          "attributes": {
            "certificate_authority": "google",
            "cloudflare_branding": false,
            "hosts": [
              "ref.example.com"
            ],
            "id": "cert-reference-015",
            "type": "advanced",
            "validation_errors": [],
            "validation_method": "http",
            "validation_records": [],
            "validity_days": 90,
            "zone_id": "0da42c8d2132a9ddaf714f9e7c920711"
          },
          "schema_version": 0
        }
      ],
      "mode": "managed",
      "name": "with_reference",
      "provider": "provider[\"registry.terraform.io/cloudflare/cloudflare\"]",
      "type": "cloudflare_certificate_pack"
    },
    {
      "instances": [
        {
          "attributes": {
            "certificate_authority": "lets_encrypt",
            "hosts": [
              "lifecycle.example.com"
            ],
            "id": "cert-lifecycle-016",
            "type": "advanced",
            "validation_errors": [],
            "validation_method": "txt",
            "validation_records": [],
            "validity_days": 90,
            "zone_id": "0da42c8d2132a9ddaf714f9e7c920711"
          },
          "schema_version": 0
        }
      ],
      "mode": "managed",
      "name": "with_lifecycle",
      "provider": "provider[\"registry.terraform.io/cloudflare/cloudflare\"]",
      "type": "cloudflare_certificate_pack"
    },
    {
      "instances": [
        {
          "attributes": {
            "certificate_authority": "lets_encrypt",
            "hosts": [
              "cftftest-0.example.com",
              "cftftest-1.example.com"
            ],
            "id": "cert-functions-017",
            "type": "advanced",
            "validation_errors": [],
            "validation_method": "txt",
            "validation_records": [],
            "validity_days": 90,
            "zone_id": "0da42c8d2132a9ddaf714f9e7c920711"
          },
          "schema_version": 0
        }
      ],
      "mode": "managed",
      "name": "with_functions",
      "provider": "provider[\"registry.terraform.io/cloudflare/cloudflare\"]",
      "type": "cloudflare_certificate_pack"
    },
    {
      "instances": [
        {
          "attributes": {
            "certificate_authority": "lets_encrypt",
            "hosts": [
              "filtered-lets-encrypt-90d.example.com"
            ],
            "id": "cert-filtered-le-018",
            "type": "advanced",
            "validation_errors": [],
            "validation_method": "txt",
            "validation_records": [],
            "validity_days": 90,
            "zone_id": "0da42c8d2132a9ddaf714f9e7c920711"
          },
          "index_key": "lets-encrypt-90d",
          "schema_version": 0
        },
        {
          "attributes": {
            "certificate_authority": "google",
            "hosts": [
              "filtered-google-365d.example.com"
            ],
            "id": "cert-filtered-google-019",
            "type": "advanced",
            "validation_errors": [],
            "validation_method": "txt",
            "validation_records": [],
            "validity_days": 365,
            "zone_id": "0da42c8d2132a9ddaf714f9e7c920711"
          },
          "index_key": "google-365d",
          "schema_version": 0
        }
      ],
      "mode": "managed",
      "name": "filtered",
      "provider": "provider[\"registry.terraform.io/cloudflare/cloudflare\"]",
      "type": "cloudflare_certificate_pack"
    },
    {
      "instances": [
        {
          "attributes": {
            "certificate_authority": "lets_encrypt",
            "cloudflare_branding": false,
            "hosts": [
              "coalesce.example.com"
            ],
            "id": "cert-coalesce-020",
            "type": "advanced",
            "validation_errors": [],
            "validation_method": "txt",
            "validation_records": [],
            "validity_days": 90,
            "zone_id": "0da42c8d2132a9ddaf714f9e7c920711"
          },
          "schema_version": 0
        }
      ],
      "mode": "managed",
      "name": "with_coalesce",
      "provider": "provider[\"registry.terraform.io/cloudflare/cloudflare\"]",
      "type": "cloudflare_certificate_pack"
    }
  ],
  "serial": 1,
  "terraform_version": "1.5.0",
  "version": 4
}