{
  "version": 4,
  "terraform_version": "1.5.7",
  "serial": 1,
  "lineage": "test-lineage",
  "outputs": {},
  "resources": [
    {
      "mode": "managed",
      "type": "cloudflare_api_token",
      "name": "basic_token",
      "provider": "provider[\"registry.terraform.io/cloudflare/cloudflare\"]",
      "instances": [
        {
          "schema_version": 0,
          "attributes": {
            "id": "token-id-1",
            "name": "Basic API Token",
            "value": "supersecrettoken1",
            "status": "active",
            "issued_on": "2024-01-01T00:00:00Z",
            "modified_on": "2024-01-01T00:00:00Z",
            "policy": [
              {
                "id": "policy1",
                "effect": "allow",
                "permission_groups": [
                  "c8fed203ed3043cba015a93ad1616f1f",
                  "82e64a83756745bbbb1c9c2701bf816b"
                ],
                "resources": {
                  "com.cloudflare.api.account.*": "*"
                }
              }
            ]
          },
          "sensitive_attributes": [],
          "private": "private-data-1"
        }
      ]
    },
    {
      "mode": "managed",
      "type": "cloudflare_api_token",
      "name": "conditional_token",
      "provider": "provider[\"registry.terraform.io/cloudflare/cloudflare\"]",
      "instances": [
        {
          "schema_version": 0,
          "attributes": {
            "id": "token-id-2",
            "name": "Conditional Token",
            "value": "supersecrettoken2",
            "status": "active",
            "issued_on": "2024-01-01T00:00:00Z",
            "modified_on": "2024-01-01T00:00:00Z",
            "policy": [
              {
                "id": "policy2",
                "effect": "allow",
                "permission_groups": [
                  "c8fed203ed3043cba015a93ad1616f1f"
                ],
                "resources": {
                  "com.cloudflare.api.account.*": "*"
                }
              }
            ],
            "condition": [
              {
                "request_ip": {
                  "in": [
                    "192.168.1.0/24",
                    "10.0.0.0/8"
                  ]
                }
              }
            ]
          },
          "sensitive_attributes": [],
          "private": "private-data-2"
        }
      ]
    },
    {
      "mode": "managed",
      "type": "cloudflare_api_token",
      "name": "multi_policy_token",
      "provider": "provider[\"registry.terraform.io/cloudflare/cloudflare\"]",
      "instances": [
        {
          "schema_version": 0,
          "attributes": {
            "id": "token-id-3",
            "name": "Multi Policy Token",
            "value": "supersecrettoken3",
            "status": "active",
            "issued_on": "2024-01-01T00:00:00Z",
            "modified_on": "2024-01-01T00:00:00Z",
            "policy": [
              {
                "id": "policy3a",
                "effect": "allow",
                "permission_groups": [
                  "c8fed203ed3043cba015a93ad1616f1f"
                ],
                "resources": {
                  "com.cloudflare.api.account.*": "*"
                }
              },
              {
                "id": "policy3b",
                "effect": "deny",
                "permission_groups": [
                  "82e64a83756745bbbb1c9c2701bf816b"
                ],
                "resources": {
                  "com.cloudflare.api.account.billing.*": "*"
                }
              }
            ]
          },
          "sensitive_attributes": [],
          "private": "private-data-3"
        }
      ]
    }
  ]
}