{
  "lineage": "zone-integration-test",
  "outputs": {},
  "resources": [
    {
      "instances": [
        {
          "attributes": {
            "account": {
              "id": "test-account-id"
            },
            "id": "minimal-zone-id",
            "name": "cftftest-minimal.example.com",
            "paused": false,
            "status": "active",
            "type": "full"
          },
          "schema_version": 0
        }
      ],
      "mode": "managed",
      "name": "minimal",
      "provider": "provider[\"registry.terraform.io/cloudflare/cloudflare\"]",
      "type": "cloudflare_zone"
    },
    {
      "instances": [
        {
          "attributes": {
            "account": {
              "id": "test-account-id"
            },
            "id": "maximal-zone-id",
            "name": "cftftest-maximal.example.com",
            "name_servers": [
              "ns1.cloudflare.com",
              "ns2.cloudflare.com"
            ],
            "paused": false,
            "status": "active",
            "type": "full",
            "vanity_name_servers": [
              "ns1.custom.example.com",
              "ns2.custom.example.com"
            ]
          },
          "schema_version": 0
        }
      ],
      "mode": "managed",
      "name": "maximal",
      "provider": "provider[\"registry.terraform.io/cloudflare/cloudflare\"]",
      "type": "cloudflare_zone"
    },
    {
      "instances": [
        {
          "attributes": {
            "account": {
              "id": "test-account-id"
            },
            "id": "paused-zone-id",
            "name": "cftftest-paused.example.com",
            "paused": true,
            "status": "active",
            "type": "full"
          },
          "schema_version": 0
        }
      ],
      "mode": "managed",
      "name": "paused_zone",
      "provider": "provider[\"registry.terraform.io/cloudflare/cloudflare\"]",
      "type": "cloudflare_zone"
    },
    {
      "instances": [
        {
          "attributes": {
            "account": {
              "id": "test-account-id"
            },
            "id": "partial-zone-id",
            "name": "cftftest-partial.example.com",
            "paused": false,
            "status": "pending",
            "type": "partial",
            "verification_key": "verification-key-123"
          },
          "schema_version": 0
        }
      ],
      "mode": "managed",
      "name": "partial_zone",
      "provider": "provider[\"registry.terraform.io/cloudflare/cloudflare\"]",
      "type": "cloudflare_zone"
    },
    {
      "instances": [
        {
          "attributes": {
            "account": {
              "id": "test-account-id"
            },
            "id": "secondary-zone-id",
            "name": "cftftest-secondary.example.com",
            "paused": false,
            "status": "active",
            "type": "secondary"
          },
          "schema_version": 0
        }
      ],
      "mode": "managed",
      "name": "secondary_zone",
      "provider": "provider[\"registry.terraform.io/cloudflare/cloudflare\"]",
      "type": "cloudflare_zone"
    },
    {
      "instances": [
        {
          "attributes": {
            "account": {
              "id": "test-account-id"
            },
            "id": "vanity-ns-zone-id",
            "name": "cftftest-vanity.example.com",
            "paused": false,
            "status": "active",
            "type": "full",
            "vanity_name_servers": [
              "ns1.vanity.example.com",
              "ns2.vanity.example.com",
              "ns3.vanity.example.com"
            ]
          },
          "schema_version": 0
        }
      ],
      "mode": "managed",
      "name": "with_vanity_ns",
      "provider": "provider[\"registry.terraform.io/cloudflare/cloudflare\"]",
      "type": "cloudflare_zone"
    },
    {
      "instances": [
        {
          "attributes": {
            "account": {
              "id": "test-account-id"
            },
            "id": "map-zone-dev-id",
            "name": "cftftest-dev.example.com",
            "paused": true,
            "status": "active",
            "type": "partial"
          },
          "index_key": "dev",
          "schema_version": 0
        },
        {
          "attributes": {
            "account": {
              "id": "test-account-id"
            },
            "id": "map-zone-prod-id",
            "name": "cftftest-prod.example.com",
            "paused": false,
            "status": "active",
            "type": "full"
          },
          "index_key": "prod",
          "schema_version": 0
        },
        {
          "attributes": {
            "account": {
              "id": "test-account-id"
            },
            "id": "map-zone-staging-id",
            "name": "cftftest-staging.example.com",
            "paused": false,
            "status": "active",
            "type": "full"
          },
          "index_key": "staging",
          "schema_version": 0
        }
      ],
      "mode": "managed",
      "name": "map_zones",
      "provider": "provider[\"registry.terraform.io/cloudflare/cloudflare\"]",
      "type": "cloudflare_zone"
    },
    {
      "instances": [
        {
          "attributes": {
            "account": {
              "id": "test-account-id"
            },
            "id": "set-zone-alpha-id",
            "name": "cftftest-alpha.example.com",
            "paused": false,
            "status": "active",
            "type": "full"
          },
          "index_key": "alpha.example.com",
          "schema_version": 0
        },
        {
          "attributes": {
            "account": {
              "id": "test-account-id"
            },
            "id": "set-zone-beta-id",
            "name": "cftftest-beta.example.com",
            "paused": false,
            "status": "active",
            "type": "full"
          },
          "index_key": "beta.example.com",
          "schema_version": 0
        },
        {
          "attributes": {
            "account": {
              "id": "test-account-id"
            },
            "id": "set-zone-delta-id",
            "name": "cftftest-delta.example.com",
            "paused": false,
            "status": "active",
            "type": "full"
          },
          "index_key": "delta.example.com",
          "schema_version": 0
        },
        {
          "attributes": {
            "account": {
              "id": "test-account-id"
            },
            "id": "set-zone-gamma-id",
            "name": "cftftest-gamma.example.com",
            "paused": false,
            "status": "active",
            "type": "full"
          },
          "index_key": "gamma.example.com",
          "schema_version": 0
        }
      ],
      "mode": "managed",
      "name": "set_zones",
      "provider": "provider[\"registry.terraform.io/cloudflare/cloudflare\"]",
      "type": "cloudflare_zone"
    },
    {
      "instances": [
        {
          "attributes": {
            "account": {
              "id": "test-account-id"
            },
            "id": "counted-zone-0-id",
            "name": "cftftest-zone-0.example.com",
            "paused": false,
            "status": "active",
            "type": "full"
          },
          "index_key": 0,
          "schema_version": 0
        },
        {
          "attributes": {
            "account": {
              "id": "test-account-id"
            },
            "id": "counted-zone-1-id",
            "name": "cftftest-zone-1.example.com",
            "paused": true,
            "status": "active",
            "type": "full"
          },
          "index_key": 1,
          "schema_version": 0
        },
        {
          "attributes": {
            "account": {
              "id": "test-account-id"
            },
            "id": "counted-zone-2-id",
            "name": "cftftest-zone-2.example.com",
            "paused": false,
            "status": "active",
            "type": "full"
          },
          "index_key": 2,
          "schema_version": 0
        }
      ],
      "mode": "managed",
      "name": "counted_zones",
      "provider": "provider[\"registry.terraform.io/cloudflare/cloudflare\"]",
      "type": "cloudflare_zone"
    },
    {
      "instances": [
        {
          "attributes": {
            "account": {
              "id": "test-account-id"
            },
            "id": "conditional-enabled-id",
            "name": "cftftest-conditional-enabled.example.com",
            "paused": false,
            "status": "active",
            "type": "full"
          },
          "index_key": 0,
          "schema_version": 0
        }
      ],
      "mode": "managed",
      "name": "conditional_enabled",
      "provider": "provider[\"registry.terraform.io/cloudflare/cloudflare\"]",
      "type": "cloudflare_zone"
    },
    {
      "instances": [
        {
          "attributes": {
            "account": {
              "id": "test-account-id"
            },
            "id": "with-functions-id",
            "name": "cftftest-function-test-example.com",
            "paused": false,
            "status": "active",
            "type": "full"
          },
          "schema_version": 0
        }
      ],
      "mode": "managed",
      "name": "with_functions",
      "provider": "provider[\"registry.terraform.io/cloudflare/cloudflare\"]",
      "type": "cloudflare_zone"
    },
    {
      "instances": [
        {
          "attributes": {
            "account": {
              "id": "test-account-id"
            },
            "id": "with-interpolation-id",
            "name": "cftftest-integration-test-interpolated.example.com",
            "paused": false,
            "status": "active",
            "type": "full"
          },
          "schema_version": 0
        }
      ],
      "mode": "managed",
      "name": "with_interpolation",
      "provider": "provider[\"registry.terraform.io/cloudflare/cloudflare\"]",
      "type": "cloudflare_zone"
    },
    {
      "instances": [
        {
          "attributes": {
            "account": {
              "id": "test-account-id"
            },
            "id": "with-locals-id",
            "name": "cftftest-with-locals.example.com",
            "paused": false,
            "status": "active",
            "type": "full"
          },
          "schema_version": 0
        }
      ],
      "mode": "managed",
      "name": "with_locals",
      "provider": "provider[\"registry.terraform.io/cloudflare/cloudflare\"]",
      "type": "cloudflare_zone"
    },
    {
      "instances": [
        {
          "attributes": {
            "account": {
              "id": "test-account-id"
            },
            "id": "with-lifecycle-id",
            "name": "cftftest-lifecycle-test.example.com",
            "paused": false,
            "status": "active",
            "type": "full"
          },
          "schema_version": 0
        }
      ],
      "mode": "managed",
      "name": "with_lifecycle",
      "provider": "provider[\"registry.terraform.io/cloudflare/cloudflare\"]",
      "type": "cloudflare_zone"
    },
    {
      "instances": [
        {
          "attributes": {
            "account": {
              "id": "test-account-id"
            },
            "id": "with-ignore-changes-id",
            "name": "cftftest-ignore-changes.example.com",
            "paused": false,
            "status": "active",
            "type": "full"
          },
          "schema_version": 0
        }
      ],
      "mode": "managed",
      "name": "with_ignore_changes",
      "provider": "provider[\"registry.terraform.io/cloudflare/cloudflare\"]",
      "type": "cloudflare_zone"
    },
    {
      "instances": [
        {
          "attributes": {
            "account": {
              "id": "test-account-id"
            },
            "id": "with-prevent-destroy-id",
            "name": "cftftest-prevent-destroy.example.com",
            "paused": false,
            "status": "active",
            "type": "full"
          },
          "schema_version": 0
        }
      ],
      "mode": "managed",
      "name": "with_prevent_destroy",
      "provider": "provider[\"registry.terraform.io/cloudflare/cloudflare\"]",
      "type": "cloudflare_zone"
    },
    {
      "instances": [
        {
          "attributes": {
            "account": {
              "id": "test-account-id"
            },
            "id": "unicode-domain-id",
            "name": "cftftest-例え.テスト",
            "paused": false,
            "status": "active",
            "type": "full"
          },
          "schema_version": 0
        }
      ],
      "mode": "managed",
      "name": "unicode_domain",
      "provider": "provider[\"registry.terraform.io/cloudflare/cloudflare\"]",
      "type": "cloudflare_zone"
    },
    {
      "instances": [
        {
          "attributes": {
            "account": {
              "id": "test-account-id"
            },
            "id": "hyphenated-domain-id",
            "name": "cftftest-test-hyphen-domain.example.com",
            "paused": false,
            "status": "active",
            "type": "full"
          },
          "schema_version": 0
        }
      ],
      "mode": "managed",
      "name": "hyphenated_domain",
      "provider": "provider[\"registry.terraform.io/cloudflare/cloudflare\"]",
      "type": "cloudflare_zone"
    },
    {
      "instances": [
        {
          "attributes": {
            "account": {
              "id": "test-account-id"
            },
            "id": "deep-subdomain-id",
            "name": "cftftest-level4.level3.level2.level1.example.com",
            "paused": false,
            "status": "active",
            "type": "full"
          },
          "schema_version": 0
        }
      ],
      "mode": "managed",
      "name": "deep_subdomain",
      "provider": "provider[\"registry.terraform.io/cloudflare/cloudflare\"]",
      "type": "cloudflare_zone"
    },
    {
      "instances": [
        {
          "attributes": {
            "account": {
              "id": "test-account-id"
            },
            "id": "with-removed-attrs-id",
            "name": "cftftest-removed-attrs.example.com",
            "paused": false,
            "status": "active",
            "type": "full"
          },
          "schema_version": 0
        }
      ],
      "mode": "managed",
      "name": "with_removed_attrs",
      "provider": "provider[\"registry.terraform.io/cloudflare/cloudflare\"]",
      "type": "cloudflare_zone"
    },
    {
      "instances": [
        {
          "attributes": {
            "account": {
              "id": "test-account-id"
            },
            "id": "with-pro-plan-id",
            "name": "cftftest-pro-plan.example.com",
            "paused": false,
            "status": "active",
            "type": "full"
          },
          "schema_version": 0
        }
      ],
      "mode": "managed",
      "name": "with_pro_plan",
      "provider": "provider[\"registry.terraform.io/cloudflare/cloudflare\"]",
      "type": "cloudflare_zone"
    },
    {
      "instances": [
        {
          "attributes": {
            "account": {
              "id": "test-account-id"
            },
            "id": "with-business-plan-id",
            "name": "cftftest-business-plan.example.com",
            "paused": false,
            "status": "active",
            "type": "full"
          },
          "schema_version": 0
        }
      ],
      "mode": "managed",
      "name": "with_business_plan",
      "provider": "provider[\"registry.terraform.io/cloudflare/cloudflare\"]",
      "type": "cloudflare_zone"
    }
  ],
  "serial": 1,
  "terraform_version": "1.5.0",
  "version": 4
}