{
  "version": 4,
  "terraform_version": "1.5.0",
  "serial": 1,
  "lineage": "test-lineage",
  "outputs": {},
  "resources": [
    {
      "mode": "managed",
      "type": "cloudflare_zone",
      "name": "test",
      "provider": "provider[\"registry.terraform.io/cloudflare/cloudflare\"]",
      "instances": [
        {
          "schema_version": 0,
          "attributes": {
            "id": "zone-test-id",
            "name": "test.example.com",
            "account": {
              "id": "test123"
            },
            "paused": false,
            "type": "full",
            "status": "active",
            "name_servers": [
              "ns1.cloudflare.com",
              "ns2.cloudflare.com"
            ]
          }
        }
      ]
    }
  ]
}
