{
  "lineage": "test-split-tunnel-lineage",
  "outputs": {},
  "resources": [
    {
      "instances": [
        {
          "attributes": {
            "account_id": "test-account-123",
            "default": true,
            "id": "test-account-123"
          },
          "schema_version": 0
        }
      ],
      "mode": "managed",
      "name": "default",
      "provider": "provider[\"registry.terraform.io/cloudflare/cloudflare\"]",
      "type": "cloudflare_zero_trust_device_profiles"
    },
    {
      "instances": [
        {
          "attributes": {
            "account_id": "test-account-123",
            "id": "test-policy-single-456",
            "match": "identity.groups == \"developers\"",
            "name": "single_tunnel_profile",
            "policy_id": "test-policy-single-456",
            "precedence": 100
          },
          "schema_version": 0
        }
      ],
      "mode": "managed",
      "name": "single_tunnel",
      "provider": "provider[\"registry.terraform.io/cloudflare/cloudflare\"]",
      "type": "cloudflare_zero_trust_device_profiles"
    },
    {
      "instances": [
        {
          "attributes": {
            "account_id": "test-account-123",
            "id": "test-policy-multiple-789",
            "match": "identity.groups == \"admins\"",
            "name": "multiple_tunnels_profile",
            "policy_id": "test-policy-multiple-789",
            "precedence": 200
          },
          "schema_version": 0
        }
      ],
      "mode": "managed",
      "name": "multiple_tunnels",
      "provider": "provider[\"registry.terraform.io/cloudflare/cloudflare\"]",
      "type": "cloudflare_zero_trust_device_profiles"
    },
    {
      "instances": [
        {
          "attributes": {
            "account_id": "test-account-123",
            "id": "split-tunnel-default-exclude-001",
            "mode": "exclude",
            "tunnels": [
              {
                "address": "192.168.0.0/16",
                "description": "Private network"
              },
              {
                "address": "10.0.0.0/8",
                "host": "internal.local"
              }
            ]
          },
          "schema_version": 0
        }
      ],
      "mode": "managed",
      "name": "default_exclude",
      "provider": "provider[\"registry.terraform.io/cloudflare/cloudflare\"]",
      "type": "cloudflare_split_tunnel"
    },
    {
      "instances": [
        {
          "attributes": {
            "account_id": "test-account-123",
            "id": "split-tunnel-default-include-002",
            "mode": "include",
            "tunnels": [
              {
                "address": "203.0.113.0/24",
                "description": "Corporate VPN"
              }
            ]
          },
          "schema_version": 0
        }
      ],
      "mode": "managed",
      "name": "default_include",
      "provider": "provider[\"registry.terraform.io/cloudflare/cloudflare\"]",
      "type": "cloudflare_split_tunnel"
    },
    {
      "instances": [
        {
          "attributes": {
            "account_id": "test-account-123",
            "id": "split-tunnel-single-003",
            "mode": "exclude",
            "policy_id": "test-policy-single-456",
            "tunnels": [
              {
                "address": "172.16.0.0/12",
                "description": "Dev environment"
              }
            ]
          },
          "schema_version": 0
        }
      ],
      "mode": "managed",
      "name": "single",
      "provider": "provider[\"registry.terraform.io/cloudflare/cloudflare\"]",
      "type": "cloudflare_split_tunnel"
    },
    {
      "instances": [
        {
          "attributes": {
            "account_id": "test-account-123",
            "id": "split-tunnel-multi-exclude-004",
            "mode": "exclude",
            "policy_id": "test-policy-multiple-789",
            "tunnels": [
              {
                "address": "172.20.0.0/16",
                "description": "Admin network 1"
              },
              {
                "address": "172.21.0.0/16",
                "host": "admin.internal"
              }
            ]
          },
          "schema_version": 0
        }
      ],
      "mode": "managed",
      "name": "multi_exclude",
      "provider": "provider[\"registry.terraform.io/cloudflare/cloudflare\"]",
      "type": "cloudflare_split_tunnel"
    },
    {
      "instances": [
        {
          "attributes": {
            "account_id": "test-account-123",
            "id": "split-tunnel-multi-include-005",
            "mode": "include",
            "policy_id": "test-policy-multiple-789",
            "tunnels": [
              {
                "address": "10.100.0.0/16",
                "description": "Admin resources",
                "host": "prod.internal"
              }
            ]
          },
          "schema_version": 0
        }
      ],
      "mode": "managed",
      "name": "multi_include",
      "provider": "provider[\"registry.terraform.io/cloudflare/cloudflare\"]",
      "type": "cloudflare_split_tunnel"
    },
    {
      "instances": [
        {
          "attributes": {
            "account_id": "test-account-123",
            "id": "split-tunnel-var-009",
            "mode": "exclude",
            "policy_id": "dynamic-policy-id",
            "tunnels": [
              {
                "address": "192.168.1.0/24",
                "description": "Variable reference"
              }
            ]
          },
          "schema_version": 0
        }
      ],
      "mode": "managed",
      "name": "unparseable_var",
      "provider": "provider[\"registry.terraform.io/cloudflare/cloudflare\"]",
      "type": "cloudflare_split_tunnel"
    },
    {
      "instances": [
        {
          "attributes": {
            "account_id": "test-account-123",
            "id": "split-tunnel-expression-010",
            "mode": "exclude",
            "policy_id": "test-policy-single-456",
            "tunnels": [
              {
                "address": "192.168.2.0/24",
                "description": "Complex expression"
              }
            ]
          },
          "schema_version": 0
        }
      ],
      "mode": "managed",
      "name": "unparseable_expression",
      "provider": "provider[\"registry.terraform.io/cloudflare/cloudflare\"]",
      "type": "cloudflare_split_tunnel"
    },
    {
      "instances": [
        {
          "attributes": {
            "account_id": "test-account-123",
            "id": "split-tunnel-missing-011",
            "mode": "include",
            "policy_id": "nonexistent-policy-id",
            "tunnels": [
              {
                "address": "10.20.0.0/16",
                "description": "References missing profile"
              }
            ]
          },
          "schema_version": 0
        }
      ],
      "mode": "managed",
      "name": "missing_profile",
      "provider": "provider[\"registry.terraform.io/cloudflare/cloudflare\"]",
      "type": "cloudflare_split_tunnel"
    }
  ],
  "serial": 1,
  "terraform_version": "1.5.0",
  "version": 4
}
