{
  "lineage": "test-split-tunnel-lineage",
  "outputs": {},
  "resources": [
    {
      "instances": [
        {
          "attributes": {
            "account_id": "test-account-id-123",
            "default": true,
            "exclude": [
              {
                "address": "192.168.0.0/16",
                "description": "Private network - Class C"
              },
              {
                "address": "10.0.0.0/8",
                "description": "Private network - Class A"
              },
              {
                "address": "172.16.0.0/12",
                "host": "internal.local"
              }
            ],
            "id": "test-account-id-123",
            "include": [
              {
                "address": "203.0.113.0/24",
                "description": "Corporate VPN range"
              },
              {
                "address": "198.51.100.0/24"
              }
            ]
          },
          "schema_version": 0
        }
      ],
      "mode": "managed",
      "name": "default",
      "provider": "provider[\"registry.terraform.io/cloudflare/cloudflare\"]",
      "type": "cloudflare_zero_trust_device_default_profile"
    },
    {
      "instances": [
        {
          "attributes": {
            "account_id": "test-account-id-123",
            "exclude": [
              {
                "address": "172.20.0.0/16",
                "description": "Development environment"
              },
              {
                "address": "172.21.0.0/16",
                "host": "dev.internal.corp"
              }
            ],
            "id": "test-policy-employees-456",
            "include": [
              {
                "address": "10.100.0.0/16",
                "description": "Production resources",
                "host": "prod.internal.corp"
              }
            ],
            "match": "identity.groups == \"employees\"",
            "name": "cftftest_split_tunnel_employees",
            "policy_id": "test-policy-employees-456",
            "precedence": 100
          },
          "schema_version": 0
        }
      ],
      "mode": "managed",
      "name": "employees",
      "provider": "provider[\"registry.terraform.io/cloudflare/cloudflare\"]",
      "type": "cloudflare_zero_trust_device_custom_profile"
    },
    {
      "instances": [
        {
          "attributes": {
            "account_id": "test-account-id-123",
            "id": "test-policy-contractors-789",
            "include": [
              {
                "address": "10.200.0.0/16",
                "description": "Contractor resources only"
              },
              {
                "address": "10.201.0.0/24"
              }
            ],
            "match": "identity.email endsWith \"@contractor.example.com\"",
            "name": "cftftest_split_tunnel_contractors",
            "policy_id": "test-policy-contractors-789",
            "precedence": 200
          },
          "schema_version": 0
        }
      ],
      "mode": "managed",
      "name": "contractors",
      "provider": "provider[\"registry.terraform.io/cloudflare/cloudflare\"]",
      "type": "cloudflare_zero_trust_device_custom_profile"
    }
  ],
  "serial": 1,
  "terraform_version": "1.5.0",
  "version": 4
}