{
  "version": 4,
  "terraform_version": "1.5.0",
  "serial": 1,
  "lineage": "test-r2-bucket-lineage",
  "outputs": {},
  "resources": [
    {
      "mode": "managed",
      "type": "cloudflare_r2_bucket",
      "name": "basic",
      "provider": "provider[\"registry.terraform.io/cloudflare/cloudflare\"]",
      "instances": [
        {
          "schema_version": 0,
          "attributes": {
            "id": "test-bucket",
            "account_id": "f037e56e89293a057740de681ac9abbe",
            "name": "test-bucket",
            "jurisdiction": "default",
            "storage_class": "Standard"
          }
        }
      ]
    },
    {
      "mode": "managed",
      "type": "cloudflare_r2_bucket",
      "name": "with_location_upper",
      "provider": "provider[\"registry.terraform.io/cloudflare/cloudflare\"]",
      "instances": [
        {
          "schema_version": 0,
          "attributes": {
            "id": "bucket-wnam",
            "account_id": "f037e56e89293a057740de681ac9abbe",
            "name": "bucket-wnam",
            "location": "WNAM",
            "jurisdiction": "default",
            "storage_class": "Standard"
          }
        }
      ]
    },
    {
      "mode": "managed",
      "type": "cloudflare_r2_bucket",
      "name": "with_location_lower",
      "provider": "provider[\"registry.terraform.io/cloudflare/cloudflare\"]",
      "instances": [
        {
          "schema_version": 0,
          "attributes": {
            "id": "bucket-eeur",
            "account_id": "f037e56e89293a057740de681ac9abbe",
            "name": "bucket-eeur",
            "location": "eeur",
            "jurisdiction": "default",
            "storage_class": "Standard"
          }
        }
      ]
    },
    {
      "mode": "managed",
      "type": "cloudflare_r2_bucket",
      "name": "with_variable",
      "provider": "provider[\"registry.terraform.io/cloudflare/cloudflare\"]",
      "instances": [
        {
          "schema_version": 0,
          "attributes": {
            "id": "variable-bucket",
            "account_id": "f037e56e89293a057740de681ac9abbe",
            "name": "variable-bucket",
            "jurisdiction": "default",
            "storage_class": "Standard"
          }
        }
      ]
    },
    {
      "mode": "managed",
      "type": "cloudflare_r2_bucket",
      "name": "multi1",
      "provider": "provider[\"registry.terraform.io/cloudflare/cloudflare\"]",
      "instances": [
        {
          "schema_version": 0,
          "attributes": {
            "id": "multi-bucket-1",
            "account_id": "f037e56e89293a057740de681ac9abbe",
            "name": "multi-bucket-1",
            "jurisdiction": "default",
            "storage_class": "Standard"
          }
        }
      ]
    },
    {
      "mode": "managed",
      "type": "cloudflare_r2_bucket",
      "name": "multi2",
      "provider": "provider[\"registry.terraform.io/cloudflare/cloudflare\"]",
      "instances": [
        {
          "schema_version": 0,
          "attributes": {
            "id": "multi-bucket-2",
            "account_id": "f037e56e89293a057740de681ac9abbe",
            "name": "multi-bucket-2",
            "location": "APAC",
            "jurisdiction": "default",
            "storage_class": "Standard"
          }
        }
      ]
    }
  ]
}
