{
  "lineage": "test-r2-bucket-lineage",
  "outputs": {},
  "resources": [
    {
      "instances": [
        {
          "attributes": {
            "account_id": "f037e56e89293a057740de681ac9abbe",
            "id": "cftftest-minimal-bucket",
            "jurisdiction": "default",
            "name": "cftftest-minimal-bucket",
            "storage_class": "Standard"
          },
          "schema_version": 0
        }
      ],
      "mode": "managed",
      "name": "minimal",
      "provider": "provider[\"registry.terraform.io/cloudflare/cloudflare\"]",
      "type": "cloudflare_r2_bucket"
    },
    {
      "instances": [
        {
          "attributes": {
            "account_id": "f037e56e89293a057740de681ac9abbe",
            "id": "cftftest-bucket-wnam",
            "jurisdiction": "default",
            "location": "WNAM",
            "name": "cftftest-bucket-wnam",
            "storage_class": "Standard"
          },
          "schema_version": 0
        }
      ],
      "mode": "managed",
      "name": "location_wnam",
      "provider": "provider[\"registry.terraform.io/cloudflare/cloudflare\"]",
      "type": "cloudflare_r2_bucket"
    },
    {
      "instances": [
        {
          "attributes": {
            "account_id": "f037e56e89293a057740de681ac9abbe",
            "id": "cftftest-bucket-enam",
            "jurisdiction": "default",
            "location": "ENAM",
            "name": "cftftest-bucket-enam",
            "storage_class": "Standard"
          },
          "schema_version": 0
        }
      ],
      "mode": "managed",
      "name": "location_enam",
      "provider": "provider[\"registry.terraform.io/cloudflare/cloudflare\"]",
      "type": "cloudflare_r2_bucket"
    },
    {
      "instances": [
        {
          "attributes": {
            "account_id": "f037e56e89293a057740de681ac9abbe",
            "id": "cftftest-bucket-weur",
            "jurisdiction": "default",
            "location": "WEUR",
            "name": "cftftest-bucket-weur",
            "storage_class": "Standard"
          },
          "schema_version": 0
        }
      ],
      "mode": "managed",
      "name": "location_weur",
      "provider": "provider[\"registry.terraform.io/cloudflare/cloudflare\"]",
      "type": "cloudflare_r2_bucket"
    },
    {
      "instances": [
        {
          "attributes": {
            "account_id": "f037e56e89293a057740de681ac9abbe",
            "id": "cftftest-bucket-eeur",
            "jurisdiction": "default",
            "location": "EEUR",
            "name": "cftftest-bucket-eeur",
            "storage_class": "Standard"
          },
          "schema_version": 0
        }
      ],
      "mode": "managed",
      "name": "location_eeur",
      "provider": "provider[\"registry.terraform.io/cloudflare/cloudflare\"]",
      "type": "cloudflare_r2_bucket"
    },
    {
      "instances": [
        {
          "attributes": {
            "account_id": "f037e56e89293a057740de681ac9abbe",
            "id": "cftftest-bucket-apac",
            "jurisdiction": "default",
            "location": "APAC",
            "name": "cftftest-bucket-apac",
            "storage_class": "Standard"
          },
          "schema_version": 0
        }
      ],
      "mode": "managed",
      "name": "location_apac",
      "provider": "provider[\"registry.terraform.io/cloudflare/cloudflare\"]",
      "type": "cloudflare_r2_bucket"
    },
    {
      "instances": [
        {
          "attributes": {
            "account_id": "f037e56e89293a057740de681ac9abbe",
            "id": "bucket-oc",
            "jurisdiction": "default",
            "location": "OC",
            "name": "bucket-oc",
            "storage_class": "Standard"
          },
          "schema_version": 0
        }
      ],
      "mode": "managed",
      "name": "location_oc",
      "provider": "provider[\"registry.terraform.io/cloudflare/cloudflare\"]",
      "type": "cloudflare_r2_bucket"
    },
    {
      "instances": [
        {
          "attributes": {
            "account_id": "f037e56e89293a057740de681ac9abbe",
            "id": "cftftest-backups-bucket",
            "jurisdiction": "default",
            "location": "WEUR",
            "name": "cftftest-backups-bucket",
            "storage_class": "Standard"
          },
          "index_key": "backups",
          "schema_version": 0
        },
        {
          "attributes": {
            "account_id": "f037e56e89293a057740de681ac9abbe",
            "id": "cftftest-data-bucket",
            "jurisdiction": "default",
            "location": "WNAM",
            "name": "cftftest-data-bucket",
            "storage_class": "Standard"
          },
          "index_key": "data",
          "schema_version": 0
        },
        {
          "attributes": {
            "account_id": "f037e56e89293a057740de681ac9abbe",
            "id": "cftftest-logs-bucket",
            "jurisdiction": "default",
            "location": "ENAM",
            "name": "cftftest-logs-bucket",
            "storage_class": "Standard"
          },
          "index_key": "logs",
          "schema_version": 0
        }
      ],
      "mode": "managed",
      "name": "map_example",
      "provider": "provider[\"registry.terraform.io/cloudflare/cloudflare\"]",
      "type": "cloudflare_r2_bucket"
    },
    {
      "instances": [
        {
          "attributes": {
            "account_id": "f037e56e89293a057740de681ac9abbe",
            "id": "cftftest-set-alpha-bucket",
            "jurisdiction": "default",
            "name": "cftftest-set-alpha-bucket",
            "storage_class": "Standard"
          },
          "index_key": "alpha",
          "schema_version": 0
        },
        {
          "attributes": {
            "account_id": "f037e56e89293a057740de681ac9abbe",
            "id": "cftftest-set-beta-bucket",
            "jurisdiction": "default",
            "name": "cftftest-set-beta-bucket",
            "storage_class": "Standard"
          },
          "index_key": "beta",
          "schema_version": 0
        },
        {
          "attributes": {
            "account_id": "f037e56e89293a057740de681ac9abbe",
            "id": "cftftest-set-delta-bucket",
            "jurisdiction": "default",
            "name": "cftftest-set-delta-bucket",
            "storage_class": "Standard"
          },
          "index_key": "delta",
          "schema_version": 0
        },
        {
          "attributes": {
            "account_id": "f037e56e89293a057740de681ac9abbe",
            "id": "cftftest-set-gamma-bucket",
            "jurisdiction": "default",
            "name": "cftftest-set-gamma-bucket",
            "storage_class": "Standard"
          },
          "index_key": "gamma",
          "schema_version": 0
        }
      ],
      "mode": "managed",
      "name": "set_example",
      "provider": "provider[\"registry.terraform.io/cloudflare/cloudflare\"]",
      "type": "cloudflare_r2_bucket"
    },
    {
      "instances": [
        {
          "attributes": {
            "account_id": "f037e56e89293a057740de681ac9abbe",
            "id": "cftftest-counted-bucket-0",
            "jurisdiction": "default",
            "location": "WNAM",
            "name": "cftftest-counted-bucket-0",
            "storage_class": "Standard"
          },
          "index": 0,
          "schema_version": 0
        },
        {
          "attributes": {
            "account_id": "f037e56e89293a057740de681ac9abbe",
            "id": "cftftest-counted-bucket-1",
            "jurisdiction": "default",
            "location": "EEUR",
            "name": "cftftest-counted-bucket-1",
            "storage_class": "Standard"
          },
          "index": 1,
          "schema_version": 0
        },
        {
          "attributes": {
            "account_id": "f037e56e89293a057740de681ac9abbe",
            "id": "cftftest-counted-bucket-2",
            "jurisdiction": "default",
            "location": "APAC",
            "name": "cftftest-counted-bucket-2",
            "storage_class": "Standard"
          },
          "index": 2,
          "schema_version": 0
        }
      ],
      "mode": "managed",
      "name": "counted",
      "provider": "provider[\"registry.terraform.io/cloudflare/cloudflare\"]",
      "type": "cloudflare_r2_bucket"
    },
    {
      "instances": [
        {
          "attributes": {
            "account_id": "f037e56e89293a057740de681ac9abbe",
            "id": "cftftest-conditional-enabled-bucket",
            "jurisdiction": "default",
            "location": "WNAM",
            "name": "cftftest-conditional-enabled-bucket",
            "storage_class": "Standard"
          },
          "index": 0,
          "schema_version": 0
        }
      ],
      "mode": "managed",
      "name": "conditional_enabled",
      "provider": "provider[\"registry.terraform.io/cloudflare/cloudflare\"]",
      "type": "cloudflare_r2_bucket"
    },
    {
      "instances": [
        {
          "attributes": {
            "account_id": "f037e56e89293a057740de681ac9abbe",
            "id": "cftftest-function-test",
            "jurisdiction": "default",
            "location": "WNAM",
            "name": "cftftest-function-test",
            "storage_class": "Standard"
          },
          "schema_version": 0
        }
      ],
      "mode": "managed",
      "name": "with_functions",
      "provider": "provider[\"registry.terraform.io/cloudflare/cloudflare\"]",
      "type": "cloudflare_r2_bucket"
    },
    {
      "instances": [
        {
          "attributes": {
            "account_id": "f037e56e89293a057740de681ac9abbe",
            "id": "cftftest-interpolated-bucket",
            "jurisdiction": "default",
            "location": "EEUR",
            "name": "cftftest-interpolated-bucket",
            "storage_class": "Standard"
          },
          "schema_version": 0
        }
      ],
      "mode": "managed",
      "name": "with_interpolation",
      "provider": "provider[\"registry.terraform.io/cloudflare/cloudflare\"]",
      "type": "cloudflare_r2_bucket"
    },
    {
      "instances": [
        {
          "attributes": {
            "account_id": "f037e56e89293a057740de681ac9abbe",
            "id": "cftftest-lifecycle-test-bucket",
            "jurisdiction": "default",
            "location": "WNAM",
            "name": "cftftest-lifecycle-test-bucket",
            "storage_class": "Standard"
          },
          "schema_version": 0
        }
      ],
      "mode": "managed",
      "name": "with_lifecycle",
      "provider": "provider[\"registry.terraform.io/cloudflare/cloudflare\"]",
      "type": "cloudflare_r2_bucket"
    },
    {
      "instances": [
        {
          "attributes": {
            "account_id": "f037e56e89293a057740de681ac9abbe",
            "id": "cftftest-prevent-destroy-bucket",
            "jurisdiction": "default",
            "location": "EEUR",
            "name": "cftftest-prevent-destroy-bucket",
            "storage_class": "Standard"
          },
          "schema_version": 0
        }
      ],
      "mode": "managed",
      "name": "with_prevent_destroy",
      "provider": "provider[\"registry.terraform.io/cloudflare/cloudflare\"]",
      "type": "cloudflare_r2_bucket"
    },
    {
      "instances": [
        {
          "attributes": {
            "account_id": "f037e56e89293a057740de681ac9abbe",
            "id": "cftftest-bucket-name-with-all-valid-chars-123-test",
            "jurisdiction": "default",
            "location": "WNAM",
            "name": "cftftest-bucket-name-with-all-valid-chars-123-test",
            "storage_class": "Standard"
          },
          "schema_version": 0
        }
      ],
      "mode": "managed",
      "name": "all_chars",
      "provider": "provider[\"registry.terraform.io/cloudflare/cloudflare\"]",
      "type": "cloudflare_r2_bucket"
    },
    {
      "instances": [
        {
          "attributes": {
            "account_id": "f037e56e89293a057740de681ac9abbe",
            "id": "cftftest-long-bucket-name-to-test-migration-limits-max-len",
            "jurisdiction": "default",
            "name": "cftftest-long-bucket-name-to-test-migration-limits-max-len",
            "storage_class": "Standard"
          },
          "schema_version": 0
        }
      ],
      "mode": "managed",
      "name": "long_name",
      "provider": "provider[\"registry.terraform.io/cloudflare/cloudflare\"]",
      "type": "cloudflare_r2_bucket"
    }
  ],
  "serial": 1,
  "terraform_version": "1.5.0",
  "version": 4
}