{
  "version": 4,
  "terraform_version": "1.5.0",
  "serial": 1,
  "lineage": "test-lineage",
  "outputs": {},
  "resources": [
    {
      "mode": "managed",
      "type": "cloudflare_workers_kv",
      "name": "basic",
      "provider": "provider[\"registry.terraform.io/cloudflare/cloudflare\"]",
      "instances": [
        {
          "schema_version": 0,
          "attributes": {
            "id": "basic_key",
            "account_id": "d41d8cd98f00b204e9800998ecf8427e",
            "namespace_id": "f451d2e8c4a1b3d7e6f9c8a7b6d5e4f3",
            "key": "config_key",
            "value": "config_value"
          }
        }
      ]
    },
    {
      "mode": "managed",
      "type": "cloudflare_workers_kv",
      "name": "special_chars",
      "provider": "provider[\"registry.terraform.io/cloudflare/cloudflare\"]",
      "instances": [
        {
          "schema_version": 0,
          "attributes": {
            "id": "special_key",
            "account_id": "d41d8cd98f00b204e9800998ecf8427e",
            "namespace_id": "f451d2e8c4a1b3d7e6f9c8a7b6d5e4f3",
            "key": "api%2Ftoken",
            "value": "{\"api_key\": \"test123\", \"endpoint\": \"https://api.example.com\"}"
          }
        }
      ]
    },
    {
      "mode": "managed",
      "type": "cloudflare_workers_kv",
      "name": "empty_value",
      "provider": "provider[\"registry.terraform.io/cloudflare/cloudflare\"]",
      "instances": [
        {
          "schema_version": 0,
          "attributes": {
            "id": "placeholder_key",
            "account_id": "d41d8cd98f00b204e9800998ecf8427e",
            "namespace_id": "f451d2e8c4a1b3d7e6f9c8a7b6d5e4f3",
            "key": "placeholder",
            "value": ""
          }
        }
      ]
    }
  ]
}
