{
  "version": 4,
  "terraform_version": "1.15.0",
  "serial": 15,
  "lineage": "2e525f2f-6f5f-a864-283c-e2b07953ecb4",
  "outputs": {},
  "resources": [
    {
      "mode": "managed",
      "type": "cloudflare_zero_trust_device_posture_rule",
      "name": "basic",
      "provider": "provider[\"registry.terraform.io/cloudflare/cloudflare\"]",
      "instances": [
        {
          "schema_version": 0,
          "attributes": {
            "id": "f1d0ab1b-2db2-4283-ab9c-b809faced013",
            "account_id": "f037e56e89293a057740de681ac9abbe",
            "name": "tf-test-posture-basic",
            "type": "os_version",
            "description": "Device posture rule for corporate devices.",
            "schedule": "24h",
            "expiration": "24h",
            "match": [
              {
                "platform": "linux"
              }
            ],
            "input": {
              "version": "1.0.0",
              "operator": "<",
              "os_distro_name": "ubuntu",
              "os_distro_revision": "1.0.0",
              "os_version_extra": "(a)",
              "active_threats": null,
              "certificate_id": null,
              "check_disks": null,
              "check_private_key": null,
              "cn": null,
              "compliance_status": null,
              "connection_id": null,
              "count_operator": null,
              "domain": null,
              "eid_last_seen": null,
              "enabled": null,
              "exists": null,
              "extended_key_usage": null,
              "id": null,
              "infected": null,
              "is_active": null,
              "issue_count": null,
              "last_seen": null,
              "locations": null,
              "network_status": null,
              "operational_state": null,
              "os": null,
              "overall": null,
              "path": null,
              "require_all": null,
              "risk_level": null,
              "score": null,
              "sensor_config": null,
              "sha256": null,
              "state": null,
              "thumbprint": null,
              "total_score": null,
              "version_operator": null
            }
          },
          "sensitive_attributes": [],
          "private": "bnVsbA==",
          "identity_schema_version": 0
        }
      ]
    },
    {
      "mode": "managed",
      "type": "cloudflare_zero_trust_device_posture_rule",
      "name": "disk_encryption",
      "provider": "provider[\"registry.terraform.io/cloudflare/cloudflare\"]",
      "instances": [
        {
          "schema_version": 0,
          "attributes": {
            "id": "10fd8575-3a0e-44c5-a771-73a2815a644c",
            "account_id": "f037e56e89293a057740de681ac9abbe",
            "name": "tf-test-disk",
            "type": "disk_encryption",
            "description": "",
            "schedule": "5m",
            "expiration": "",
            "match": [
              {
                "platform": "windows"
              }
            ],
            "input": {
              "check_disks": [
                "C:",
                "D:"
              ],
              "require_all": true,
              "active_threats": null,
              "certificate_id": null,
              "check_private_key": null,
              "cn": null,
              "compliance_status": null,
              "connection_id": null,
              "count_operator": null,
              "domain": null,
              "eid_last_seen": null,
              "enabled": null,
              "exists": null,
              "extended_key_usage": null,
              "id": null,
              "infected": null,
              "is_active": null,
              "issue_count": null,
              "last_seen": null,
              "locations": null,
              "network_status": null,
              "operational_state": null,
              "operator": null,
              "os": null,
              "os_distro_name": null,
              "os_distro_revision": null,
              "os_version_extra": null,
              "overall": null,
              "path": null,
              "risk_level": null,
              "score": null,
              "sensor_config": null,
              "sha256": null,
              "state": null,
              "thumbprint": null,
              "total_score": null,
              "version": null,
              "version_operator": null
            }
          },
          "sensitive_attributes": [],
          "private": "bnVsbA==",
          "identity_schema_version": 0
        }
      ]
    },
    {
      "mode": "managed",
      "type": "cloudflare_zero_trust_device_posture_rule",
      "name": "firewall",
      "provider": "provider[\"registry.terraform.io/cloudflare/cloudflare\"]",
      "instances": [
        {
          "schema_version": 0,
          "attributes": {
            "id": "82648948-0bcc-49af-8b80-071e0bd69f6d",
            "account_id": "f037e56e89293a057740de681ac9abbe",
            "name": "tf-test-firewall",
            "type": "firewall",
            "description": "",
            "schedule": "5m",
            "expiration": "",
            "match": [
              {
                "platform": "windows"
              }
            ],
            "input": {
              "enabled": true,
              "active_threats": null,
              "certificate_id": null,
              "check_disks": null,
              "check_private_key": null,
              "cn": null,
              "compliance_status": null,
              "connection_id": null,
              "count_operator": null,
              "domain": null,
              "eid_last_seen": null,
              "exists": null,
              "extended_key_usage": null,
              "id": null,
              "infected": null,
              "is_active": null,
              "issue_count": null,
              "last_seen": null,
              "locations": null,
              "network_status": null,
              "operational_state": null,
              "operator": null,
              "os": null,
              "os_distro_name": null,
              "os_distro_revision": null,
              "os_version_extra": null,
              "overall": null,
              "path": null,
              "require_all": null,
              "risk_level": null,
              "score": null,
              "sensor_config": null,
              "sha256": null,
              "state": null,
              "thumbprint": null,
              "total_score": null,
              "version": null,
              "version_operator": null
            }
          },
          "sensitive_attributes": [],
          "private": "bnVsbA==",
          "identity_schema_version": 0
        }
      ]
    },
    {
      "mode": "managed",
      "type": "cloudflare_zero_trust_device_posture_rule",
      "name": "multi_platform",
      "provider": "provider[\"registry.terraform.io/cloudflare/cloudflare\"]",
      "instances": [
        {
          "schema_version": 0,
          "attributes": {
            "id": "91f41a4a-4dcb-4585-92cc-fe59dd78243b",
            "account_id": "f037e56e89293a057740de681ac9abbe",
            "name": "tf-test-multi",
            "type": "firewall",
            "description": "",
            "schedule": "5m",
            "expiration": "",
            "match": [
              {
                "platform": "windows"
              },
              {
                "platform": "mac"
              },
              {
                "platform": "linux"
              }
            ],
            "input": {
              "enabled": true,
              "active_threats": null,
              "certificate_id": null,
              "check_disks": null,
              "check_private_key": null,
              "cn": null,
              "compliance_status": null,
              "connection_id": null,
              "count_operator": null,
              "domain": null,
              "eid_last_seen": null,
              "exists": null,
              "extended_key_usage": null,
              "id": null,
              "infected": null,
              "is_active": null,
              "issue_count": null,
              "last_seen": null,
              "locations": null,
              "network_status": null,
              "operational_state": null,
              "operator": null,
              "os": null,
              "os_distro_name": null,
              "os_distro_revision": null,
              "os_version_extra": null,
              "overall": null,
              "path": null,
              "require_all": null,
              "risk_level": null,
              "score": null,
              "sensor_config": null,
              "sha256": null,
              "state": null,
              "thumbprint": null,
              "total_score": null,
              "version": null,
              "version_operator": null
            }
          },
          "sensitive_attributes": [],
          "private": "bnVsbA==",
          "identity_schema_version": 0
        }
      ]
    },
    {
      "mode": "managed",
      "type": "cloudflare_zero_trust_device_posture_rule",
      "name": "application",
      "provider": "provider[\"registry.terraform.io/cloudflare/cloudflare\"]",
      "instances": [
        {
          "schema_version": 0,
          "attributes": {
            "id": "c3d4e5f6-7890-abcd-ef12-3456789abcde",
            "account_id": "f037e56e89293a057740de681ac9abbe",
            "name": "tf-test-application",
            "type": "application",
            "description": "",
            "schedule": "30m",
            "expiration": "",
            "match": [
              {
                "platform": "linux"
              }
            ],
            "input": {
              "path": "/usr/bin/security-app",
              "sha256": "abc123def456",
              "active_threats": null,
              "certificate_id": null,
              "check_disks": null,
              "check_private_key": null,
              "cn": null,
              "compliance_status": null,
              "connection_id": null,
              "count_operator": null,
              "domain": null,
              "eid_last_seen": null,
              "enabled": null,
              "exists": null,
              "extended_key_usage": null,
              "id": null,
              "infected": null,
              "is_active": null,
              "issue_count": null,
              "last_seen": null,
              "locations": null,
              "network_status": null,
              "operational_state": null,
              "operator": null,
              "os": null,
              "os_distro_name": null,
              "os_distro_revision": null,
              "os_version_extra": null,
              "overall": null,
              "require_all": null,
              "risk_level": null,
              "score": null,
              "sensor_config": null,
              "state": null,
              "thumbprint": null,
              "total_score": null,
              "version": null,
              "version_operator": null
            }
          },
          "sensitive_attributes": [],
          "private": "bnVsbA==",
          "identity_schema_version": 0
        }
      ]
    }
  ],
  "check_results": null
}
