{
  "check_results": null,
  "lineage": "2e525f2f-6f5f-a864-283c-e2b07953ecb4",
  "outputs": {},
  "resources": [
    {
      "instances": [
        {
          "attributes": {
            "account_id": "f037e56e89293a057740de681ac9abbe",
            "description": "Device posture rule for corporate devices.",
            "expiration": "24h",
            "id": "f1d0ab1b-2db2-4283-ab9c-b809faced013",
            "input": {
              "active_threats": null,
              "certificate_id": null,
              "check_disks": null,
              "check_private_key": null,
              "cn": null,
              "compliance_status": null,
              "connection_id": null,
              "count_operator": null,
              "domain": null,
              "eid_last_seen": null,
              "exists": null,
              "extended_key_usage": null,
              "id": null,
              "infected": null,
              "is_active": null,
              "issue_count": null,
              "last_seen": null,
              "locations": null,
              "network_status": null,
              "operational_state": null,
              "operator": "\u003c",
              "os": null,
              "os_distro_name": "ubuntu",
              "os_distro_revision": "1.0.0",
              "os_version_extra": "(a)",
              "overall": null,
              "path": null,
              "require_all": null,
              "risk_level": null,
              "score": null,
              "sensor_config": null,
              "sha256": null,
              "state": null,
              "thumbprint": null,
              "total_score": null,
              "version": "1.0.0",
              "version_operator": null
            },
            "match": [
              {
                "platform": "linux"
              }
            ],
            "name": "tf-test-posture-basic",
            "schedule": "24h",
            "type": "os_version"
          },
          "identity_schema_version": 0,
          "private": "bnVsbA==",
          "schema_version": 0,
          "sensitive_attributes": []
        }
      ],
      "mode": "managed",
      "name": "basic",
      "provider": "provider[\"registry.terraform.io/cloudflare/cloudflare\"]",
      "type": "cloudflare_zero_trust_device_posture_rule"
    },
    {
      "instances": [
        {
          "attributes": {
            "account_id": "f037e56e89293a057740de681ac9abbe",
            "description": "",
            "expiration": "",
            "id": "10fd8575-3a0e-44c5-a771-73a2815a644c",
            "input": {
              "active_threats": null,
              "certificate_id": null,
              "check_disks": [
                "C:",
                "D:"
              ],
              "check_private_key": null,
              "cn": null,
              "compliance_status": null,
              "connection_id": null,
              "count_operator": null,
              "domain": null,
              "eid_last_seen": null,
              "exists": null,
              "extended_key_usage": null,
              "id": null,
              "infected": null,
              "is_active": null,
              "issue_count": null,
              "last_seen": null,
              "locations": null,
              "network_status": null,
              "operational_state": null,
              "operator": null,
              "os": null,
              "os_distro_name": null,
              "os_distro_revision": null,
              "os_version_extra": null,
              "overall": null,
              "path": null,
              "require_all": true,
              "risk_level": null,
              "score": null,
              "sensor_config": null,
              "sha256": null,
              "state": null,
              "thumbprint": null,
              "total_score": null,
              "version": null,
              "version_operator": null
            },
            "match": [
              {
                "platform": "windows"
              }
            ],
            "name": "tf-test-disk",
            "schedule": "5m",
            "type": "disk_encryption"
          },
          "identity_schema_version": 0,
          "private": "bnVsbA==",
          "schema_version": 0,
          "sensitive_attributes": []
        }
      ],
      "mode": "managed",
      "name": "disk_encryption",
      "provider": "provider[\"registry.terraform.io/cloudflare/cloudflare\"]",
      "type": "cloudflare_zero_trust_device_posture_rule"
    },
    {
      "instances": [
        {
          "attributes": {
            "account_id": "f037e56e89293a057740de681ac9abbe",
            "description": "",
            "expiration": "",
            "id": "82648948-0bcc-49af-8b80-071e0bd69f6d",
            "input": {
              "active_threats": null,
              "certificate_id": null,
              "check_disks": null,
              "check_private_key": null,
              "cn": null,
              "compliance_status": null,
              "connection_id": null,
              "count_operator": null,
              "domain": null,
              "eid_last_seen": null,
              "enabled": true,
              "exists": null,
              "extended_key_usage": null,
              "id": null,
              "infected": null,
              "is_active": null,
              "issue_count": null,
              "last_seen": null,
              "locations": null,
              "network_status": null,
              "operational_state": null,
              "operator": null,
              "os": null,
              "os_distro_name": null,
              "os_distro_revision": null,
              "os_version_extra": null,
              "overall": null,
              "path": null,
              "require_all": null,
              "risk_level": null,
              "score": null,
              "sensor_config": null,
              "sha256": null,
              "state": null,
              "thumbprint": null,
              "total_score": null,
              "version": null,
              "version_operator": null
            },
            "match": [
              {
                "platform": "windows"
              }
            ],
            "name": "tf-test-firewall",
            "schedule": "5m",
            "type": "firewall"
          },
          "identity_schema_version": 0,
          "private": "bnVsbA==",
          "schema_version": 0,
          "sensitive_attributes": []
        }
      ],
      "mode": "managed",
      "name": "firewall",
      "provider": "provider[\"registry.terraform.io/cloudflare/cloudflare\"]",
      "type": "cloudflare_zero_trust_device_posture_rule"
    },
    {
      "instances": [
        {
          "attributes": {
            "account_id": "f037e56e89293a057740de681ac9abbe",
            "description": "",
            "expiration": "",
            "id": "91f41a4a-4dcb-4585-92cc-fe59dd78243b",
            "input": {
              "active_threats": null,
              "certificate_id": null,
              "check_disks": null,
              "check_private_key": null,
              "cn": null,
              "compliance_status": null,
              "connection_id": null,
              "count_operator": null,
              "domain": null,
              "eid_last_seen": null,
              "enabled": true,
              "exists": null,
              "extended_key_usage": null,
              "id": null,
              "infected": null,
              "is_active": null,
              "issue_count": null,
              "last_seen": null,
              "locations": null,
              "network_status": null,
              "operational_state": null,
              "operator": null,
              "os": null,
              "os_distro_name": null,
              "os_distro_revision": null,
              "os_version_extra": null,
              "overall": null,
              "path": null,
              "require_all": null,
              "risk_level": null,
              "score": null,
              "sensor_config": null,
              "sha256": null,
              "state": null,
              "thumbprint": null,
              "total_score": null,
              "version": null,
              "version_operator": null
            },
            "match": [
              {
                "platform": "windows"
              },
              {
                "platform": "mac"
              },
              {
                "platform": "linux"
              }
            ],
            "name": "tf-test-multi",
            "schedule": "5m",
            "type": "firewall"
          },
          "identity_schema_version": 0,
          "private": "bnVsbA==",
          "schema_version": 0,
          "sensitive_attributes": []
        }
      ],
      "mode": "managed",
      "name": "multi_platform",
      "provider": "provider[\"registry.terraform.io/cloudflare/cloudflare\"]",
      "type": "cloudflare_zero_trust_device_posture_rule"
    },
    {
      "instances": [
        {
          "attributes": {
            "account_id": "f037e56e89293a057740de681ac9abbe",
            "description": "",
            "expiration": "",
            "id": "c3d4e5f6-7890-abcd-ef12-3456789abcde",
            "input": {
              "active_threats": null,
              "certificate_id": null,
              "check_disks": null,
              "check_private_key": null,
              "cn": null,
              "compliance_status": null,
              "connection_id": null,
              "count_operator": null,
              "domain": null,
              "eid_last_seen": null,
              "exists": null,
              "extended_key_usage": null,
              "id": null,
              "infected": null,
              "is_active": null,
              "issue_count": null,
              "last_seen": null,
              "locations": null,
              "network_status": null,
              "operational_state": null,
              "operator": null,
              "os": null,
              "os_distro_name": null,
              "os_distro_revision": null,
              "os_version_extra": null,
              "overall": null,
              "path": "/usr/bin/security-app",
              "require_all": null,
              "risk_level": null,
              "score": null,
              "sensor_config": null,
              "sha256": "abc123def456",
              "state": null,
              "thumbprint": null,
              "total_score": null,
              "version": null,
              "version_operator": null
            },
            "match": [
              {
                "platform": "linux"
              }
            ],
            "name": "tf-test-application",
            "schedule": "30m",
            "type": "application"
          },
          "identity_schema_version": 0,
          "private": "bnVsbA==",
          "schema_version": 0,
          "sensitive_attributes": []
        }
      ],
      "mode": "managed",
      "name": "application",
      "provider": "provider[\"registry.terraform.io/cloudflare/cloudflare\"]",
      "type": "cloudflare_zero_trust_device_posture_rule"
    },
    {
      "instances": [
        {
          "attributes": {
            "account_id": "f037e56e89293a057740de681ac9abbe",
            "description": null,
            "expiration": null,
            "id": "c09290ea-94b8-4f1c-84f1-277ae9ecf604",
            "input": {
              "active_threats": null,
              "certificate_id": null,
              "check_disks": null,
              "check_private_key": null,
              "cn": null,
              "compliance_status": null,
              "connection_id": null,
              "count_operator": null,
              "domain": null,
              "eid_last_seen": null,
              "exists": null,
              "extended_key_usage": null,
              "id": null,
              "infected": null,
              "is_active": null,
              "issue_count": null,
              "last_seen": null,
              "locations": null,
              "network_status": null,
              "operational_state": null,
              "operator": "\u003e=",
              "os": null,
              "os_distro_name": null,
              "os_distro_revision": null,
              "os_version_extra": null,
              "overall": null,
              "path": null,
              "require_all": null,
              "risk_level": null,
              "score": null,
              "sensor_config": null,
              "sha256": null,
              "state": null,
              "thumbprint": null,
              "total_score": null,
              "version": "20.4.0",
              "version_operator": null
            },
            "match": [
              {
                "platform": "linux"
              }
            ],
            "name": "prod-posture-rule",
            "schedule": "24h",
            "type": "os_version"
          },
          "index_key": "prod",
          "schema_version": 0
        }
      ],
      "mode": "managed",
      "name": "map_example",
      "provider": "provider[\"registry.terraform.io/cloudflare/cloudflare\"]",
      "type": "cloudflare_zero_trust_device_posture_rule"
    },
    {
      "instances": [
        {
          "attributes": {
            "account_id": "f037e56e89293a057740de681ac9abbe",
            "description": null,
            "expiration": null,
            "id": "a1570f0d-58b3-48bf-9c2b-83395788554b",
            "input": {
              "active_threats": null,
              "certificate_id": null,
              "check_disks": null,
              "check_private_key": null,
              "cn": null,
              "compliance_status": null,
              "connection_id": null,
              "count_operator": null,
              "domain": null,
              "eid_last_seen": null,
              "enabled": true,
              "exists": null,
              "extended_key_usage": null,
              "id": null,
              "infected": null,
              "is_active": null,
              "issue_count": null,
              "last_seen": null,
              "locations": null,
              "network_status": null,
              "operational_state": null,
              "operator": "",
              "os": null,
              "os_distro_name": null,
              "os_distro_revision": null,
              "os_version_extra": null,
              "overall": null,
              "path": null,
              "require_all": null,
              "risk_level": null,
              "score": null,
              "sensor_config": null,
              "sha256": null,
              "state": null,
              "thumbprint": null,
              "total_score": null,
              "version": "",
              "version_operator": null
            },
            "match": [
              {
                "platform": "windows"
              }
            ],
            "name": "staging-posture-rule",
            "schedule": "12h",
            "type": "firewall"
          },
          "index_key": "staging",
          "schema_version": 0
        }
      ],
      "mode": "managed",
      "name": "map_example",
      "provider": "provider[\"registry.terraform.io/cloudflare/cloudflare\"]",
      "type": "cloudflare_zero_trust_device_posture_rule"
    },
    {
      "instances": [
        {
          "attributes": {
            "account_id": "f037e56e89293a057740de681ac9abbe",
            "description": null,
            "expiration": null,
            "id": "9c54bb0b-6725-4dce-80b8-9231c1223269",
            "input": {
              "active_threats": null,
              "certificate_id": null,
              "check_disks": null,
              "check_private_key": null,
              "cn": null,
              "compliance_status": null,
              "connection_id": null,
              "count_operator": null,
              "domain": null,
              "eid_last_seen": null,
              "exists": null,
              "extended_key_usage": null,
              "id": null,
              "infected": null,
              "is_active": null,
              "issue_count": null,
              "last_seen": null,
              "locations": null,
              "network_status": null,
              "operational_state": null,
              "operator": "\u003e=",
              "os": null,
              "os_distro_name": null,
              "os_distro_revision": null,
              "os_version_extra": null,
              "overall": null,
              "path": null,
              "require_all": null,
              "risk_level": null,
              "score": null,
              "sensor_config": null,
              "sha256": null,
              "state": null,
              "thumbprint": null,
              "total_score": null,
              "version": "12.0.0",
              "version_operator": null
            },
            "match": [
              {
                "platform": "mac"
              }
            ],
            "name": "dev-posture-rule",
            "schedule": "6h",
            "type": "os_version"
          },
          "index_key": "dev",
          "schema_version": 0
        }
      ],
      "mode": "managed",
      "name": "map_example",
      "provider": "provider[\"registry.terraform.io/cloudflare/cloudflare\"]",
      "type": "cloudflare_zero_trust_device_posture_rule"
    },
    {
      "instances": [
        {
          "attributes": {
            "account_id": "f037e56e89293a057740de681ac9abbe",
            "description": null,
            "expiration": null,
            "id": "6e4db720-298a-4c45-87fa-210cb8f99e71",
            "input": {
              "active_threats": null,
              "certificate_id": null,
              "check_disks": null,
              "check_private_key": null,
              "cn": null,
              "compliance_status": null,
              "connection_id": null,
              "count_operator": null,
              "domain": null,
              "eid_last_seen": null,
              "enabled": true,
              "exists": null,
              "extended_key_usage": null,
              "id": null,
              "infected": null,
              "is_active": null,
              "issue_count": null,
              "last_seen": null,
              "locations": null,
              "network_status": null,
              "operational_state": null,
              "operator": "",
              "os": null,
              "os_distro_name": null,
              "os_distro_revision": null,
              "os_version_extra": null,
              "overall": null,
              "path": null,
              "require_all": null,
              "risk_level": null,
              "score": null,
              "sensor_config": null,
              "sha256": null,
              "state": null,
              "thumbprint": null,
              "total_score": null,
              "version": "",
              "version_operator": null
            },
            "match": [
              {
                "platform": "linux"
              }
            ],
            "name": "qa-posture-rule",
            "schedule": "12h",
            "type": "firewall"
          },
          "index_key": "qa",
          "schema_version": 0
        }
      ],
      "mode": "managed",
      "name": "map_example",
      "provider": "provider[\"registry.terraform.io/cloudflare/cloudflare\"]",
      "type": "cloudflare_zero_trust_device_posture_rule"
    },
    {
      "instances": [
        {
          "attributes": {
            "account_id": "f037e56e89293a057740de681ac9abbe",
            "description": null,
            "expiration": null,
            "id": "c391b7c3-8db9-41fa-a7ce-dc15d7c7779d",
            "input": {
              "active_threats": null,
              "certificate_id": null,
              "check_disks": null,
              "check_private_key": null,
              "cn": null,
              "compliance_status": null,
              "connection_id": null,
              "count_operator": null,
              "domain": null,
              "eid_last_seen": null,
              "exists": null,
              "extended_key_usage": null,
              "id": null,
              "infected": null,
              "is_active": null,
              "issue_count": null,
              "last_seen": null,
              "locations": null,
              "network_status": null,
              "operational_state": null,
              "operator": "\u003e=",
              "os": null,
              "os_distro_name": null,
              "os_distro_revision": null,
              "os_version_extra": null,
              "overall": null,
              "path": null,
              "require_all": null,
              "risk_level": null,
              "score": null,
              "sensor_config": null,
              "sha256": null,
              "state": null,
              "thumbprint": null,
              "total_score": null,
              "version": "11.0.0",
              "version_operator": null
            },
            "match": [
              {
                "platform": "windows"
              }
            ],
            "name": "perf-posture-rule",
            "schedule": "24h",
            "type": "os_version"
          },
          "index_key": "perf",
          "schema_version": 0
        }
      ],
      "mode": "managed",
      "name": "map_example",
      "provider": "provider[\"registry.terraform.io/cloudflare/cloudflare\"]",
      "type": "cloudflare_zero_trust_device_posture_rule"
    },
    {
      "instances": [
        {
          "attributes": {
            "account_id": "f037e56e89293a057740de681ac9abbe",
            "description": null,
            "expiration": null,
            "id": "6711e891-6b36-4021-83ac-18feb8dc10b7",
            "input": {
              "active_threats": null,
              "certificate_id": null,
              "check_disks": null,
              "check_private_key": null,
              "cn": null,
              "compliance_status": null,
              "connection_id": null,
              "count_operator": null,
              "domain": null,
              "eid_last_seen": null,
              "enabled": true,
              "exists": null,
              "extended_key_usage": null,
              "id": null,
              "infected": null,
              "is_active": null,
              "issue_count": null,
              "last_seen": null,
              "locations": null,
              "network_status": null,
              "operational_state": null,
              "operator": null,
              "os": null,
              "os_distro_name": null,
              "os_distro_revision": null,
              "os_version_extra": null,
              "overall": null,
              "path": null,
              "require_all": null,
              "risk_level": null,
              "score": null,
              "sensor_config": null,
              "sha256": null,
              "state": null,
              "thumbprint": null,
              "total_score": null,
              "version": null,
              "version_operator": null
            },
            "match": [
              {
                "platform": "linux"
              }
            ],
            "name": "set-alpha-rule",
            "schedule": "5m",
            "type": "firewall"
          },
          "index_key": "alpha",
          "schema_version": 0
        }
      ],
      "mode": "managed",
      "name": "set_example",
      "provider": "provider[\"registry.terraform.io/cloudflare/cloudflare\"]",
      "type": "cloudflare_zero_trust_device_posture_rule"
    },
    {
      "instances": [
        {
          "attributes": {
            "account_id": "f037e56e89293a057740de681ac9abbe",
            "description": null,
            "expiration": null,
            "id": "fa546ba6-a9dd-4582-b1ec-2c56e38daabd",
            "input": {
              "active_threats": null,
              "certificate_id": null,
              "check_disks": null,
              "check_private_key": null,
              "cn": null,
              "compliance_status": null,
              "connection_id": null,
              "count_operator": null,
              "domain": null,
              "eid_last_seen": null,
              "enabled": true,
              "exists": null,
              "extended_key_usage": null,
              "id": null,
              "infected": null,
              "is_active": null,
              "issue_count": null,
              "last_seen": null,
              "locations": null,
              "network_status": null,
              "operational_state": null,
              "operator": null,
              "os": null,
              "os_distro_name": null,
              "os_distro_revision": null,
              "os_version_extra": null,
              "overall": null,
              "path": null,
              "require_all": null,
              "risk_level": null,
              "score": null,
              "sensor_config": null,
              "sha256": null,
              "state": null,
              "thumbprint": null,
              "total_score": null,
              "version": null,
              "version_operator": null
            },
            "match": [
              {
                "platform": "linux"
              }
            ],
            "name": "set-beta-rule",
            "schedule": "5m",
            "type": "firewall"
          },
          "index_key": "beta",
          "schema_version": 0
        }
      ],
      "mode": "managed",
      "name": "set_example",
      "provider": "provider[\"registry.terraform.io/cloudflare/cloudflare\"]",
      "type": "cloudflare_zero_trust_device_posture_rule"
    },
    {
      "instances": [
        {
          "attributes": {
            "account_id": "f037e56e89293a057740de681ac9abbe",
            "description": null,
            "expiration": null,
            "id": "34b63a00-077e-4cbe-8b46-e00c9e91893f",
            "input": {
              "active_threats": null,
              "certificate_id": null,
              "check_disks": null,
              "check_private_key": null,
              "cn": null,
              "compliance_status": null,
              "connection_id": null,
              "count_operator": null,
              "domain": null,
              "eid_last_seen": null,
              "enabled": true,
              "exists": null,
              "extended_key_usage": null,
              "id": null,
              "infected": null,
              "is_active": null,
              "issue_count": null,
              "last_seen": null,
              "locations": null,
              "network_status": null,
              "operational_state": null,
              "operator": null,
              "os": null,
              "os_distro_name": null,
              "os_distro_revision": null,
              "os_version_extra": null,
              "overall": null,
              "path": null,
              "require_all": null,
              "risk_level": null,
              "score": null,
              "sensor_config": null,
              "sha256": null,
              "state": null,
              "thumbprint": null,
              "total_score": null,
              "version": null,
              "version_operator": null
            },
            "match": [
              {
                "platform": "linux"
              }
            ],
            "name": "set-gamma-rule",
            "schedule": "5m",
            "type": "firewall"
          },
          "index_key": "gamma",
          "schema_version": 0
        }
      ],
      "mode": "managed",
      "name": "set_example",
      "provider": "provider[\"registry.terraform.io/cloudflare/cloudflare\"]",
      "type": "cloudflare_zero_trust_device_posture_rule"
    },
    {
      "instances": [
        {
          "attributes": {
            "account_id": "f037e56e89293a057740de681ac9abbe",
            "description": null,
            "expiration": null,
            "id": "eb384a48-2305-47df-900b-473e851e7519",
            "input": {
              "active_threats": null,
              "certificate_id": null,
              "check_disks": null,
              "check_private_key": null,
              "cn": null,
              "compliance_status": null,
              "connection_id": null,
              "count_operator": null,
              "domain": null,
              "eid_last_seen": null,
              "enabled": true,
              "exists": null,
              "extended_key_usage": null,
              "id": null,
              "infected": null,
              "is_active": null,
              "issue_count": null,
              "last_seen": null,
              "locations": null,
              "network_status": null,
              "operational_state": null,
              "operator": null,
              "os": null,
              "os_distro_name": null,
              "os_distro_revision": null,
              "os_version_extra": null,
              "overall": null,
              "path": null,
              "require_all": null,
              "risk_level": null,
              "score": null,
              "sensor_config": null,
              "sha256": null,
              "state": null,
              "thumbprint": null,
              "total_score": null,
              "version": null,
              "version_operator": null
            },
            "match": [
              {
                "platform": "linux"
              }
            ],
            "name": "set-delta-rule",
            "schedule": "5m",
            "type": "firewall"
          },
          "index_key": "delta",
          "schema_version": 0
        }
      ],
      "mode": "managed",
      "name": "set_example",
      "provider": "provider[\"registry.terraform.io/cloudflare/cloudflare\"]",
      "type": "cloudflare_zero_trust_device_posture_rule"
    },
    {
      "instances": [
        {
          "attributes": {
            "account_id": "f037e56e89293a057740de681ac9abbe",
            "description": "This is posture rule number 0",
            "expiration": null,
            "id": "9b6e9637-95ee-4968-9437-6e22e69eb275",
            "input": {
              "active_threats": null,
              "certificate_id": null,
              "check_disks": null,
              "check_private_key": null,
              "cn": null,
              "compliance_status": null,
              "connection_id": null,
              "count_operator": null,
              "domain": null,
              "eid_last_seen": null,
              "exists": null,
              "extended_key_usage": null,
              "id": null,
              "infected": null,
              "is_active": null,
              "issue_count": null,
              "last_seen": null,
              "locations": null,
              "network_status": null,
              "operational_state": null,
              "operator": "==",
              "os": null,
              "os_distro_name": null,
              "os_distro_revision": null,
              "os_version_extra": null,
              "overall": null,
              "path": null,
              "require_all": null,
              "risk_level": null,
              "score": null,
              "sensor_config": null,
              "sha256": null,
              "state": null,
              "thumbprint": null,
              "total_score": null,
              "version": "1.0.0",
              "version_operator": null
            },
            "match": [
              {
                "platform": "linux"
              }
            ],
            "name": "counted-rule-0",
            "schedule": "24h",
            "type": "os_version"
          },
          "index_key": 0,
          "schema_version": 0
        }
      ],
      "mode": "managed",
      "name": "counted",
      "provider": "provider[\"registry.terraform.io/cloudflare/cloudflare\"]",
      "type": "cloudflare_zero_trust_device_posture_rule"
    },
    {
      "instances": [
        {
          "attributes": {
            "account_id": "f037e56e89293a057740de681ac9abbe",
            "description": "This is posture rule number 1",
            "expiration": null,
            "id": "982829a5-db19-4a42-9118-1585c9e769e0",
            "input": {
              "active_threats": null,
              "certificate_id": null,
              "check_disks": null,
              "check_private_key": null,
              "cn": null,
              "compliance_status": null,
              "connection_id": null,
              "count_operator": null,
              "domain": null,
              "eid_last_seen": null,
              "exists": null,
              "extended_key_usage": null,
              "id": null,
              "infected": null,
              "is_active": null,
              "issue_count": null,
              "last_seen": null,
              "locations": null,
              "network_status": null,
              "operational_state": null,
              "operator": "==",
              "os": null,
              "os_distro_name": null,
              "os_distro_revision": null,
              "os_version_extra": null,
              "overall": null,
              "path": null,
              "require_all": null,
              "risk_level": null,
              "score": null,
              "sensor_config": null,
              "sha256": null,
              "state": null,
              "thumbprint": null,
              "total_score": null,
              "version": "1.1.0",
              "version_operator": null
            },
            "match": [
              {
                "platform": "linux"
              }
            ],
            "name": "counted-rule-1",
            "schedule": "24h",
            "type": "os_version"
          },
          "index_key": 1,
          "schema_version": 0
        }
      ],
      "mode": "managed",
      "name": "counted",
      "provider": "provider[\"registry.terraform.io/cloudflare/cloudflare\"]",
      "type": "cloudflare_zero_trust_device_posture_rule"
    },
    {
      "instances": [
        {
          "attributes": {
            "account_id": "f037e56e89293a057740de681ac9abbe",
            "description": "This is posture rule number 2",
            "expiration": null,
            "id": "23595eb4-40ae-4861-b0b4-31e6b71d41f9",
            "input": {
              "active_threats": null,
              "certificate_id": null,
              "check_disks": null,
              "check_private_key": null,
              "cn": null,
              "compliance_status": null,
              "connection_id": null,
              "count_operator": null,
              "domain": null,
              "eid_last_seen": null,
              "exists": null,
              "extended_key_usage": null,
              "id": null,
              "infected": null,
              "is_active": null,
              "issue_count": null,
              "last_seen": null,
              "locations": null,
              "network_status": null,
              "operational_state": null,
              "operator": "==",
              "os": null,
              "os_distro_name": null,
              "os_distro_revision": null,
              "os_version_extra": null,
              "overall": null,
              "path": null,
              "require_all": null,
              "risk_level": null,
              "score": null,
              "sensor_config": null,
              "sha256": null,
              "state": null,
              "thumbprint": null,
              "total_score": null,
              "version": "1.2.0",
              "version_operator": null
            },
            "match": [
              {
                "platform": "linux"
              }
            ],
            "name": "counted-rule-2",
            "schedule": "24h",
            "type": "os_version"
          },
          "index_key": 2,
          "schema_version": 0
        }
      ],
      "mode": "managed",
      "name": "counted",
      "provider": "provider[\"registry.terraform.io/cloudflare/cloudflare\"]",
      "type": "cloudflare_zero_trust_device_posture_rule"
    },
    {
      "instances": [
        {
          "attributes": {
            "account_id": "f037e56e89293a057740de681ac9abbe",
            "description": "Conditionally enabled firewall rule",
            "expiration": null,
            "id": "bb367382-5f09-4e36-b66e-e3c617fe1a32",
            "input": {
              "active_threats": null,
              "certificate_id": null,
              "check_disks": null,
              "check_private_key": null,
              "cn": null,
              "compliance_status": null,
              "connection_id": null,
              "count_operator": null,
              "domain": null,
              "eid_last_seen": null,
              "enabled": true,
              "exists": null,
              "extended_key_usage": null,
              "id": null,
              "infected": null,
              "is_active": null,
              "issue_count": null,
              "last_seen": null,
              "locations": null,
              "network_status": null,
              "operational_state": null,
              "operator": null,
              "os": null,
              "os_distro_name": null,
              "os_distro_revision": null,
              "os_version_extra": null,
              "overall": null,
              "path": null,
              "require_all": null,
              "risk_level": null,
              "score": null,
              "sensor_config": null,
              "sha256": null,
              "state": null,
              "thumbprint": null,
              "total_score": null,
              "version": null,
              "version_operator": null
            },
            "match": [
              {
                "platform": "windows"
              }
            ],
            "name": "conditional-firewall-enabled",
            "schedule": "12h",
            "type": "firewall"
          },
          "index_key": 0,
          "schema_version": 0
        }
      ],
      "mode": "managed",
      "name": "conditional_enabled",
      "provider": "provider[\"registry.terraform.io/cloudflare/cloudflare\"]",
      "type": "cloudflare_zero_trust_device_posture_rule"
    },
    {
      "instances": [
        {
          "attributes": {
            "account_id": "f037e56e89293a057740de681ac9abbe",
            "description": "Rule for account f037e56e89293a057740de681ac9abbe",
            "expiration": null,
            "id": "e84f7d69-cf1b-4669-923d-209b22919a42",
            "input": {
              "active_threats": null,
              "certificate_id": null,
              "check_disks": null,
              "check_private_key": null,
              "cn": null,
              "compliance_status": null,
              "connection_id": null,
              "count_operator": null,
              "domain": null,
              "eid_last_seen": null,
              "exists": null,
              "extended_key_usage": null,
              "id": null,
              "infected": null,
              "is_active": null,
              "issue_count": null,
              "last_seen": null,
              "locations": null,
              "network_status": null,
              "operational_state": null,
              "operator": "\u003e=",
              "os": null,
              "os_distro_name": null,
              "os_distro_revision": null,
              "os_version_extra": null,
              "overall": null,
              "path": null,
              "require_all": null,
              "risk_level": null,
              "score": null,
              "sensor_config": null,
              "sha256": null,
              "state": null,
              "thumbprint": null,
              "total_score": null,
              "version": "22.4.0",
              "version_operator": null
            },
            "match": [
              {
                "platform": "linux"
              }
            ],
            "name": "test-integration-function-example",
            "schedule": "24h",
            "type": "os_version"
          },
          "schema_version": 0
        }
      ],
      "mode": "managed",
      "name": "with_functions",
      "provider": "provider[\"registry.terraform.io/cloudflare/cloudflare\"]",
      "type": "cloudflare_zero_trust_device_posture_rule"
    },
    {
      "instances": [
        {
          "attributes": {
            "account_id": "f037e56e89293a057740de681ac9abbe",
            "description": "Interpolated rule name",
            "expiration": null,
            "id": "c966fc14-5ca2-42ae-924c-35098522249e",
            "input": {
              "active_threats": null,
              "certificate_id": null,
              "check_disks": null,
              "check_private_key": null,
              "cn": null,
              "compliance_status": null,
              "connection_id": null,
              "count_operator": null,
              "domain": null,
              "eid_last_seen": null,
              "enabled": true,
              "exists": null,
              "extended_key_usage": null,
              "id": null,
              "infected": null,
              "is_active": null,
              "issue_count": null,
              "last_seen": null,
              "locations": null,
              "network_status": null,
              "operational_state": null,
              "operator": null,
              "os": null,
              "os_distro_name": null,
              "os_distro_revision": null,
              "os_version_extra": null,
              "overall": null,
              "path": null,
              "require_all": null,
              "risk_level": null,
              "score": null,
              "sensor_config": null,
              "sha256": null,
              "state": null,
              "thumbprint": null,
              "total_score": null,
              "version": null,
              "version_operator": null
            },
            "match": [
              {
                "platform": "windows"
              }
            ],
            "name": "rule-for-account-f037e56e89293a057740de681ac9abbe",
            "schedule": "5m",
            "type": "firewall"
          },
          "schema_version": 0
        }
      ],
      "mode": "managed",
      "name": "with_interpolation",
      "provider": "provider[\"registry.terraform.io/cloudflare/cloudflare\"]",
      "type": "cloudflare_zero_trust_device_posture_rule"
    },
    {
      "instances": [
        {
          "attributes": {
            "account_id": "f037e56e89293a057740de681ac9abbe",
            "description": "Rule with lifecycle arguments",
            "expiration": null,
            "id": "e558b3ff-588a-41ee-8fd6-46aa704366db",
            "input": {
              "active_threats": null,
              "certificate_id": null,
              "check_disks": null,
              "check_private_key": null,
              "cn": null,
              "compliance_status": null,
              "connection_id": null,
              "count_operator": null,
              "domain": null,
              "eid_last_seen": null,
              "exists": null,
              "extended_key_usage": null,
              "id": null,
              "infected": null,
              "is_active": null,
              "issue_count": null,
              "last_seen": null,
              "locations": null,
              "network_status": null,
              "operational_state": null,
              "operator": "\u003e=",
              "os": null,
              "os_distro_name": null,
              "os_distro_revision": null,
              "os_version_extra": null,
              "overall": null,
              "path": null,
              "require_all": null,
              "risk_level": null,
              "score": null,
              "sensor_config": null,
              "sha256": null,
              "state": null,
              "thumbprint": null,
              "total_score": null,
              "version": "20.4.0",
              "version_operator": null
            },
            "match": [
              {
                "platform": "linux"
              }
            ],
            "name": "lifecycle-test-rule",
            "schedule": "24h",
            "type": "os_version"
          },
          "schema_version": 0
        }
      ],
      "mode": "managed",
      "name": "with_lifecycle",
      "provider": "provider[\"registry.terraform.io/cloudflare/cloudflare\"]",
      "type": "cloudflare_zero_trust_device_posture_rule"
    },
    {
      "instances": [
        {
          "attributes": {
            "account_id": "f037e56e89293a057740de681ac9abbe",
            "description": null,
            "expiration": null,
            "id": "82abe08a-476e-490e-ab46-ef7300cbb53f",
            "input": {
              "active_threats": null,
              "certificate_id": null,
              "check_disks": null,
              "check_private_key": null,
              "cn": null,
              "compliance_status": null,
              "connection_id": null,
              "count_operator": null,
              "domain": null,
              "eid_last_seen": null,
              "enabled": true,
              "exists": null,
              "extended_key_usage": null,
              "id": null,
              "infected": null,
              "is_active": null,
              "issue_count": null,
              "last_seen": null,
              "locations": null,
              "network_status": null,
              "operational_state": null,
              "operator": null,
              "os": null,
              "os_distro_name": null,
              "os_distro_revision": null,
              "os_version_extra": null,
              "overall": null,
              "path": null,
              "require_all": null,
              "risk_level": null,
              "score": null,
              "sensor_config": null,
              "sha256": null,
              "state": null,
              "thumbprint": null,
              "total_score": null,
              "version": null,
              "version_operator": null
            },
            "match": [
              {
                "platform": "windows"
              }
            ],
            "name": "prevent-destroy-rule",
            "schedule": "12h",
            "type": "firewall"
          },
          "schema_version": 0
        }
      ],
      "mode": "managed",
      "name": "with_prevent_destroy",
      "provider": "provider[\"registry.terraform.io/cloudflare/cloudflare\"]",
      "type": "cloudflare_zero_trust_device_posture_rule"
    },
    {
      "instances": [
        {
          "attributes": {
            "account_id": "f037e56e89293a057740de681ac9abbe",
            "description": null,
            "expiration": null,
            "id": "32a729fd-1e5c-45d6-be01-0755eb050b9d",
            "input": {
              "active_threats": null,
              "certificate_id": null,
              "check_disks": null,
              "check_private_key": null,
              "cn": null,
              "compliance_status": null,
              "connection_id": null,
              "count_operator": null,
              "domain": null,
              "eid_last_seen": null,
              "enabled": true,
              "exists": null,
              "extended_key_usage": null,
              "id": null,
              "infected": null,
              "is_active": null,
              "issue_count": null,
              "last_seen": null,
              "locations": null,
              "network_status": null,
              "operational_state": null,
              "operator": null,
              "os": null,
              "os_distro_name": null,
              "os_distro_revision": null,
              "os_version_extra": null,
              "overall": null,
              "path": null,
              "require_all": null,
              "risk_level": null,
              "score": null,
              "sensor_config": null,
              "sha256": null,
              "state": null,
              "thumbprint": null,
              "total_score": null,
              "version": null,
              "version_operator": null
            },
            "match": [
              {
                "platform": "linux"
              }
            ],
            "name": "minimal-rule",
            "schedule": "5m",
            "type": "firewall"
          },
          "schema_version": 0
        }
      ],
      "mode": "managed",
      "name": "minimal",
      "provider": "provider[\"registry.terraform.io/cloudflare/cloudflare\"]",
      "type": "cloudflare_zero_trust_device_posture_rule"
    },
    {
      "instances": [
        {
          "attributes": {
            "account_id": "f037e56e89293a057740de681ac9abbe",
            "description": "All fields populated",
            "expiration": "24h",
            "id": "e17ca2c2-054d-4ad5-a05f-cf950dd462c6",
            "input": {
              "active_threats": null,
              "certificate_id": null,
              "check_disks": null,
              "check_private_key": null,
              "cn": null,
              "compliance_status": null,
              "connection_id": null,
              "count_operator": null,
              "domain": null,
              "eid_last_seen": null,
              "exists": null,
              "extended_key_usage": null,
              "id": null,
              "infected": null,
              "is_active": null,
              "issue_count": null,
              "last_seen": null,
              "locations": null,
              "network_status": null,
              "operational_state": null,
              "operator": "\u003e=",
              "os": null,
              "os_distro_name": "ubuntu",
              "os_distro_revision": "22.4.0",
              "os_version_extra": "(LTS)",
              "overall": null,
              "path": null,
              "require_all": null,
              "risk_level": null,
              "score": null,
              "sensor_config": null,
              "sha256": null,
              "state": null,
              "thumbprint": null,
              "total_score": null,
              "version": "22.4.0",
              "version_operator": null
            },
            "match": [
              {
                "platform": "linux"
              }
            ],
            "name": "maximal-rule",
            "schedule": "24h",
            "type": "os_version"
          },
          "schema_version": 0
        }
      ],
      "mode": "managed",
      "name": "maximal",
      "provider": "provider[\"registry.terraform.io/cloudflare/cloudflare\"]",
      "type": "cloudflare_zero_trust_device_posture_rule"
    },
    {
      "instances": [
        {
          "attributes": {
            "account_id": "f037e56e89293a057740de681ac9abbe",
            "description": null,
            "expiration": null,
            "id": "998f1740-c25f-4f5e-896f-696e342be7f7",
            "input": {
              "active_threats": null,
              "certificate_id": null,
              "check_disks": null,
              "check_private_key": null,
              "cn": null,
              "compliance_status": null,
              "connection_id": null,
              "count_operator": null,
              "domain": null,
              "eid_last_seen": null,
              "enabled": true,
              "exists": null,
              "extended_key_usage": null,
              "id": null,
              "infected": null,
              "is_active": null,
              "issue_count": null,
              "last_seen": null,
              "locations": null,
              "network_status": null,
              "operational_state": null,
              "operator": null,
              "os": null,
              "os_distro_name": null,
              "os_distro_revision": null,
              "os_version_extra": null,
              "overall": null,
              "path": null,
              "require_all": null,
              "risk_level": null,
              "score": null,
              "sensor_config": null,
              "sha256": null,
              "state": null,
              "thumbprint": null,
              "total_score": null,
              "version": null,
              "version_operator": null
            },
            "match": [
              {
                "platform": "windows"
              }
            ],
            "name": "with-nulls",
            "schedule": "5m",
            "type": "firewall"
          },
          "schema_version": 0
        }
      ],
      "mode": "managed",
      "name": "with_nulls",
      "provider": "provider[\"registry.terraform.io/cloudflare/cloudflare\"]",
      "type": "cloudflare_zero_trust_device_posture_rule"
    }
  ],
  "serial": 16,
  "terraform_version": "1.15.0",
  "version": 4
}