{
  "version": 4,
  "terraform_version": "1.15.0",
  "serial": 16,
  "lineage": "2e525f2f-6f5f-a864-283c-e2b07953ecb4",
  "outputs": {},
  "resources": [
    {
      "mode": "managed",
      "type": "cloudflare_device_posture_rule",
      "name": "basic",
      "provider": "provider[\"registry.terraform.io/cloudflare/cloudflare\"]",
      "instances": [
        {
          "schema_version": 0,
          "attributes": {
            "account_id": "f037e56e89293a057740de681ac9abbe",
            "description": "Device posture rule for corporate devices.",
            "expiration": "24h",
            "id": "f1d0ab1b-2db2-4283-ab9c-b809faced013",
            "input": [
              {
                "active_threats": 0,
                "certificate_id": "",
                "check_disks": null,
                "check_private_key": false,
                "cn": "",
                "compliance_status": "",
                "connection_id": "",
                "count_operator": "",
                "domain": "",
                "eid_last_seen": "",
                "enabled": false,
                "exists": false,
                "extended_key_usage": null,
                "id": "",
                "infected": false,
                "is_active": false,
                "issue_count": "",
                "last_seen": "",
                "locations": [],
                "network_status": "",
                "operational_state": "",
                "operator": "<",
                "os": "",
                "os_distro_name": "ubuntu",
                "os_distro_revision": "1.0.0",
                "os_version_extra": "(a)",
                "overall": "",
                "path": "",
                "require_all": false,
                "risk_level": "",
                "running": false,
                "score": 0,
                "sensor_config": "",
                "sha256": "",
                "state": "",
                "thumbprint": "",
                "total_score": 0,
                "version": "1.0.0",
                "version_operator": ""
              }
            ],
            "match": [
              {
                "platform": "linux"
              }
            ],
            "name": "tf-test-posture-basic",
            "schedule": "24h",
            "type": "os_version"
          },
          "sensitive_attributes": [],
          "identity_schema_version": 0,
          "private": "bnVsbA=="
        }
      ]
    },
    {
      "mode": "managed",
      "type": "cloudflare_device_posture_rule",
      "name": "disk_encryption",
      "provider": "provider[\"registry.terraform.io/cloudflare/cloudflare\"]",
      "instances": [
        {
          "schema_version": 0,
          "attributes": {
            "account_id": "f037e56e89293a057740de681ac9abbe",
            "description": "",
            "expiration": "",
            "id": "10fd8575-3a0e-44c5-a771-73a2815a644c",
            "input": [
              {
                "active_threats": 0,
                "certificate_id": "",
                "check_disks": [
                  "C:",
                  "D:"
                ],
                "check_private_key": false,
                "cn": "",
                "compliance_status": "",
                "connection_id": "",
                "count_operator": "",
                "domain": "",
                "eid_last_seen": "",
                "enabled": false,
                "exists": false,
                "extended_key_usage": null,
                "id": "",
                "infected": false,
                "is_active": false,
                "issue_count": "",
                "last_seen": "",
                "locations": [],
                "network_status": "",
                "operational_state": "",
                "operator": "",
                "os": "",
                "os_distro_name": "",
                "os_distro_revision": "",
                "os_version_extra": "",
                "overall": "",
                "path": "",
                "require_all": true,
                "risk_level": "",
                "running": false,
                "score": 0,
                "sensor_config": "",
                "sha256": "",
                "state": "",
                "thumbprint": "",
                "total_score": 0,
                "version": "",
                "version_operator": ""
              }
            ],
            "match": [
              {
                "platform": "windows"
              }
            ],
            "name": "tf-test-disk",
            "schedule": "5m",
            "type": "disk_encryption"
          },
          "sensitive_attributes": [],
          "identity_schema_version": 0,
          "private": "bnVsbA=="
        }
      ]
    },
    {
      "mode": "managed",
      "type": "cloudflare_device_posture_rule",
      "name": "firewall",
      "provider": "provider[\"registry.terraform.io/cloudflare/cloudflare\"]",
      "instances": [
        {
          "schema_version": 0,
          "attributes": {
            "account_id": "f037e56e89293a057740de681ac9abbe",
            "description": "",
            "expiration": "",
            "id": "82648948-0bcc-49af-8b80-071e0bd69f6d",
            "input": [
              {
                "active_threats": 0,
                "certificate_id": "",
                "check_disks": null,
                "check_private_key": false,
                "cn": "",
                "compliance_status": "",
                "connection_id": "",
                "count_operator": "",
                "domain": "",
                "eid_last_seen": "",
                "enabled": true,
                "exists": false,
                "extended_key_usage": null,
                "id": "",
                "infected": false,
                "is_active": false,
                "issue_count": "",
                "last_seen": "",
                "locations": [],
                "network_status": "",
                "operational_state": "",
                "operator": "",
                "os": "",
                "os_distro_name": "",
                "os_distro_revision": "",
                "os_version_extra": "",
                "overall": "",
                "path": "",
                "require_all": false,
                "risk_level": "",
                "running": false,
                "score": 0,
                "sensor_config": "",
                "sha256": "",
                "state": "",
                "thumbprint": "",
                "total_score": 0,
                "version": "",
                "version_operator": ""
              }
            ],
            "match": [
              {
                "platform": "windows"
              }
            ],
            "name": "tf-test-firewall",
            "schedule": "5m",
            "type": "firewall"
          },
          "sensitive_attributes": [],
          "identity_schema_version": 0,
          "private": "bnVsbA=="
        }
      ]
    },
    {
      "mode": "managed",
      "type": "cloudflare_device_posture_rule",
      "name": "multi_platform",
      "provider": "provider[\"registry.terraform.io/cloudflare/cloudflare\"]",
      "instances": [
        {
          "schema_version": 0,
          "attributes": {
            "account_id": "f037e56e89293a057740de681ac9abbe",
            "description": "",
            "expiration": "",
            "id": "91f41a4a-4dcb-4585-92cc-fe59dd78243b",
            "input": [
              {
                "active_threats": 0,
                "certificate_id": "",
                "check_disks": null,
                "check_private_key": false,
                "cn": "",
                "compliance_status": "",
                "connection_id": "",
                "count_operator": "",
                "domain": "",
                "eid_last_seen": "",
                "enabled": true,
                "exists": false,
                "extended_key_usage": null,
                "id": "",
                "infected": false,
                "is_active": false,
                "issue_count": "",
                "last_seen": "",
                "locations": [],
                "network_status": "",
                "operational_state": "",
                "operator": "",
                "os": "",
                "os_distro_name": "",
                "os_distro_revision": "",
                "os_version_extra": "",
                "overall": "",
                "path": "",
                "require_all": false,
                "risk_level": "",
                "running": false,
                "score": 0,
                "sensor_config": "",
                "sha256": "",
                "state": "",
                "thumbprint": "",
                "total_score": 0,
                "version": "",
                "version_operator": ""
              }
            ],
            "match": [
              {
                "platform": "windows"
              },
              {
                "platform": "mac"
              },
              {
                "platform": "linux"
              }
            ],
            "name": "tf-test-multi",
            "schedule": "5m",
            "type": "firewall"
          },
          "sensitive_attributes": [],
          "identity_schema_version": 0,
          "private": "bnVsbA=="
        }
      ]
    },
    {
      "mode": "managed",
      "type": "cloudflare_device_posture_rule",
      "name": "application",
      "provider": "provider[\"registry.terraform.io/cloudflare/cloudflare\"]",
      "instances": [
        {
          "schema_version": 0,
          "attributes": {
            "account_id": "f037e56e89293a057740de681ac9abbe",
            "description": "",
            "expiration": "",
            "id": "c3d4e5f6-7890-abcd-ef12-3456789abcde",
            "input": [
              {
                "active_threats": 0,
                "certificate_id": "",
                "check_disks": null,
                "check_private_key": false,
                "cn": "",
                "compliance_status": "",
                "connection_id": "",
                "count_operator": "",
                "domain": "",
                "eid_last_seen": "",
                "enabled": false,
                "exists": false,
                "extended_key_usage": null,
                "id": "",
                "infected": false,
                "is_active": false,
                "issue_count": "",
                "last_seen": "",
                "locations": [],
                "network_status": "",
                "operational_state": "",
                "operator": "",
                "os": "",
                "os_distro_name": "",
                "os_distro_revision": "",
                "os_version_extra": "",
                "overall": "",
                "path": "/usr/bin/security-app",
                "require_all": false,
                "risk_level": "",
                "running": true,
                "score": 0,
                "sensor_config": "",
                "sha256": "abc123def456",
                "state": "",
                "thumbprint": "",
                "total_score": 0,
                "version": "",
                "version_operator": ""
              }
            ],
            "match": [
              {
                "platform": "linux"
              }
            ],
            "name": "tf-test-application",
            "schedule": "30m",
            "type": "application"
          },
          "sensitive_attributes": [],
          "identity_schema_version": 0,
          "private": "bnVsbA=="
        }
      ]
    },
    {
      "mode": "managed",
      "type": "cloudflare_device_posture_rule",
      "name": "map_example",
      "provider": "provider[\"registry.terraform.io/cloudflare/cloudflare\"]",
      "instances": [
        {
          "schema_version": 0,
          "attributes": {
            "account_id": "f037e56e89293a057740de681ac9abbe",
            "description": null,
            "expiration": null,
            "id": "c09290ea-94b8-4f1c-84f1-277ae9ecf604",
            "input": [
              {
                "active_threats": 0,
                "certificate_id": "",
                "check_disks": null,
                "check_private_key": false,
                "cn": "",
                "compliance_status": "",
                "connection_id": "",
                "count_operator": "",
                "domain": "",
                "eid_last_seen": "",
                "enabled": false,
                "exists": false,
                "extended_key_usage": null,
                "id": "",
                "infected": false,
                "is_active": false,
                "issue_count": "",
                "last_seen": "",
                "locations": [],
                "network_status": "",
                "operational_state": "",
                "operator": ">=",
                "os": "",
                "os_distro_name": "",
                "os_distro_revision": "",
                "os_version_extra": "",
                "overall": "",
                "path": "",
                "require_all": false,
                "risk_level": "",
                "running": false,
                "score": 0,
                "sensor_config": "",
                "sha256": "",
                "state": "",
                "thumbprint": "",
                "total_score": 0,
                "version": "20.4.0",
                "version_operator": ""
              }
            ],
            "match": [
              {
                "platform": "linux"
              }
            ],
            "name": "prod-posture-rule",
            "schedule": "24h",
            "type": "os_version"
          },
          "index_key": "prod"
        }
      ]
    },
    {
      "mode": "managed",
      "type": "cloudflare_device_posture_rule",
      "name": "map_example",
      "provider": "provider[\"registry.terraform.io/cloudflare/cloudflare\"]",
      "instances": [
        {
          "schema_version": 0,
          "attributes": {
            "account_id": "f037e56e89293a057740de681ac9abbe",
            "description": null,
            "expiration": null,
            "id": "a1570f0d-58b3-48bf-9c2b-83395788554b",
            "input": [
              {
                "active_threats": 0,
                "certificate_id": "",
                "check_disks": null,
                "check_private_key": false,
                "cn": "",
                "compliance_status": "",
                "connection_id": "",
                "count_operator": "",
                "domain": "",
                "eid_last_seen": "",
                "enabled": true,
                "exists": false,
                "extended_key_usage": null,
                "id": "",
                "infected": false,
                "is_active": false,
                "issue_count": "",
                "last_seen": "",
                "locations": [],
                "network_status": "",
                "operational_state": "",
                "operator": "",
                "os": "",
                "os_distro_name": "",
                "os_distro_revision": "",
                "os_version_extra": "",
                "overall": "",
                "path": "",
                "require_all": false,
                "risk_level": "",
                "running": false,
                "score": 0,
                "sensor_config": "",
                "sha256": "",
                "state": "",
                "thumbprint": "",
                "total_score": 0,
                "version": "",
                "version_operator": ""
              }
            ],
            "match": [
              {
                "platform": "windows"
              }
            ],
            "name": "staging-posture-rule",
            "schedule": "12h",
            "type": "firewall"
          },
          "index_key": "staging"
        }
      ]
    },
    {
      "mode": "managed",
      "type": "cloudflare_device_posture_rule",
      "name": "map_example",
      "provider": "provider[\"registry.terraform.io/cloudflare/cloudflare\"]",
      "instances": [
        {
          "schema_version": 0,
          "attributes": {
            "account_id": "f037e56e89293a057740de681ac9abbe",
            "description": null,
            "expiration": null,
            "id": "9c54bb0b-6725-4dce-80b8-9231c1223269",
            "input": [
              {
                "active_threats": 0,
                "certificate_id": "",
                "check_disks": null,
                "check_private_key": false,
                "cn": "",
                "compliance_status": "",
                "connection_id": "",
                "count_operator": "",
                "domain": "",
                "eid_last_seen": "",
                "enabled": false,
                "exists": false,
                "extended_key_usage": null,
                "id": "",
                "infected": false,
                "is_active": false,
                "issue_count": "",
                "last_seen": "",
                "locations": [],
                "network_status": "",
                "operational_state": "",
                "operator": ">=",
                "os": "",
                "os_distro_name": "",
                "os_distro_revision": "",
                "os_version_extra": "",
                "overall": "",
                "path": "",
                "require_all": false,
                "risk_level": "",
                "running": false,
                "score": 0,
                "sensor_config": "",
                "sha256": "",
                "state": "",
                "thumbprint": "",
                "total_score": 0,
                "version": "12.0.0",
                "version_operator": ""
              }
            ],
            "match": [
              {
                "platform": "mac"
              }
            ],
            "name": "dev-posture-rule",
            "schedule": "6h",
            "type": "os_version"
          },
          "index_key": "dev"
        }
      ]
    },
    {
      "mode": "managed",
      "type": "cloudflare_device_posture_rule",
      "name": "map_example",
      "provider": "provider[\"registry.terraform.io/cloudflare/cloudflare\"]",
      "instances": [
        {
          "schema_version": 0,
          "attributes": {
            "account_id": "f037e56e89293a057740de681ac9abbe",
            "description": null,
            "expiration": null,
            "id": "6e4db720-298a-4c45-87fa-210cb8f99e71",
            "input": [
              {
                "active_threats": 0,
                "certificate_id": "",
                "check_disks": null,
                "check_private_key": false,
                "cn": "",
                "compliance_status": "",
                "connection_id": "",
                "count_operator": "",
                "domain": "",
                "eid_last_seen": "",
                "enabled": true,
                "exists": false,
                "extended_key_usage": null,
                "id": "",
                "infected": false,
                "is_active": false,
                "issue_count": "",
                "last_seen": "",
                "locations": [],
                "network_status": "",
                "operational_state": "",
                "operator": "",
                "os": "",
                "os_distro_name": "",
                "os_distro_revision": "",
                "os_version_extra": "",
                "overall": "",
                "path": "",
                "require_all": false,
                "risk_level": "",
                "running": false,
                "score": 0,
                "sensor_config": "",
                "sha256": "",
                "state": "",
                "thumbprint": "",
                "total_score": 0,
                "version": "",
                "version_operator": ""
              }
            ],
            "match": [
              {
                "platform": "linux"
              }
            ],
            "name": "qa-posture-rule",
            "schedule": "12h",
            "type": "firewall"
          },
          "index_key": "qa"
        }
      ]
    },
    {
      "mode": "managed",
      "type": "cloudflare_device_posture_rule",
      "name": "map_example",
      "provider": "provider[\"registry.terraform.io/cloudflare/cloudflare\"]",
      "instances": [
        {
          "schema_version": 0,
          "attributes": {
            "account_id": "f037e56e89293a057740de681ac9abbe",
            "description": null,
            "expiration": null,
            "id": "c391b7c3-8db9-41fa-a7ce-dc15d7c7779d",
            "input": [
              {
                "active_threats": 0,
                "certificate_id": "",
                "check_disks": null,
                "check_private_key": false,
                "cn": "",
                "compliance_status": "",
                "connection_id": "",
                "count_operator": "",
                "domain": "",
                "eid_last_seen": "",
                "enabled": false,
                "exists": false,
                "extended_key_usage": null,
                "id": "",
                "infected": false,
                "is_active": false,
                "issue_count": "",
                "last_seen": "",
                "locations": [],
                "network_status": "",
                "operational_state": "",
                "operator": ">=",
                "os": "",
                "os_distro_name": "",
                "os_distro_revision": "",
                "os_version_extra": "",
                "overall": "",
                "path": "",
                "require_all": false,
                "risk_level": "",
                "running": false,
                "score": 0,
                "sensor_config": "",
                "sha256": "",
                "state": "",
                "thumbprint": "",
                "total_score": 0,
                "version": "11.0.0",
                "version_operator": ""
              }
            ],
            "match": [
              {
                "platform": "windows"
              }
            ],
            "name": "perf-posture-rule",
            "schedule": "24h",
            "type": "os_version"
          },
          "index_key": "perf"
        }
      ]
    },
    {
      "mode": "managed",
      "type": "cloudflare_device_posture_rule",
      "name": "set_example",
      "provider": "provider[\"registry.terraform.io/cloudflare/cloudflare\"]",
      "instances": [
        {
          "schema_version": 0,
          "attributes": {
            "account_id": "f037e56e89293a057740de681ac9abbe",
            "description": null,
            "expiration": null,
            "id": "6711e891-6b36-4021-83ac-18feb8dc10b7",
            "input": [
              {
                "active_threats": 0,
                "certificate_id": "",
                "check_disks": null,
                "check_private_key": false,
                "cn": "",
                "compliance_status": "",
                "connection_id": "",
                "count_operator": "",
                "domain": "",
                "eid_last_seen": "",
                "enabled": true,
                "exists": false,
                "extended_key_usage": null,
                "id": "",
                "infected": false,
                "is_active": false,
                "issue_count": "",
                "last_seen": "",
                "locations": [],
                "network_status": "",
                "operational_state": "",
                "operator": "",
                "os": "",
                "os_distro_name": "",
                "os_distro_revision": "",
                "os_version_extra": "",
                "overall": "",
                "path": "",
                "require_all": false,
                "risk_level": "",
                "running": false,
                "score": 0,
                "sensor_config": "",
                "sha256": "",
                "state": "",
                "thumbprint": "",
                "total_score": 0,
                "version": "",
                "version_operator": ""
              }
            ],
            "match": [
              {
                "platform": "linux"
              }
            ],
            "name": "set-alpha-rule",
            "schedule": "5m",
            "type": "firewall"
          },
          "index_key": "alpha"
        }
      ]
    },
    {
      "mode": "managed",
      "type": "cloudflare_device_posture_rule",
      "name": "set_example",
      "provider": "provider[\"registry.terraform.io/cloudflare/cloudflare\"]",
      "instances": [
        {
          "schema_version": 0,
          "attributes": {
            "account_id": "f037e56e89293a057740de681ac9abbe",
            "description": null,
            "expiration": null,
            "id": "fa546ba6-a9dd-4582-b1ec-2c56e38daabd",
            "input": [
              {
                "active_threats": 0,
                "certificate_id": "",
                "check_disks": null,
                "check_private_key": false,
                "cn": "",
                "compliance_status": "",
                "connection_id": "",
                "count_operator": "",
                "domain": "",
                "eid_last_seen": "",
                "enabled": true,
                "exists": false,
                "extended_key_usage": null,
                "id": "",
                "infected": false,
                "is_active": false,
                "issue_count": "",
                "last_seen": "",
                "locations": [],
                "network_status": "",
                "operational_state": "",
                "operator": "",
                "os": "",
                "os_distro_name": "",
                "os_distro_revision": "",
                "os_version_extra": "",
                "overall": "",
                "path": "",
                "require_all": false,
                "risk_level": "",
                "running": false,
                "score": 0,
                "sensor_config": "",
                "sha256": "",
                "state": "",
                "thumbprint": "",
                "total_score": 0,
                "version": "",
                "version_operator": ""
              }
            ],
            "match": [
              {
                "platform": "linux"
              }
            ],
            "name": "set-beta-rule",
            "schedule": "5m",
            "type": "firewall"
          },
          "index_key": "beta"
        }
      ]
    },
    {
      "mode": "managed",
      "type": "cloudflare_device_posture_rule",
      "name": "set_example",
      "provider": "provider[\"registry.terraform.io/cloudflare/cloudflare\"]",
      "instances": [
        {
          "schema_version": 0,
          "attributes": {
            "account_id": "f037e56e89293a057740de681ac9abbe",
            "description": null,
            "expiration": null,
            "id": "34b63a00-077e-4cbe-8b46-e00c9e91893f",
            "input": [
              {
                "active_threats": 0,
                "certificate_id": "",
                "check_disks": null,
                "check_private_key": false,
                "cn": "",
                "compliance_status": "",
                "connection_id": "",
                "count_operator": "",
                "domain": "",
                "eid_last_seen": "",
                "enabled": true,
                "exists": false,
                "extended_key_usage": null,
                "id": "",
                "infected": false,
                "is_active": false,
                "issue_count": "",
                "last_seen": "",
                "locations": [],
                "network_status": "",
                "operational_state": "",
                "operator": "",
                "os": "",
                "os_distro_name": "",
                "os_distro_revision": "",
                "os_version_extra": "",
                "overall": "",
                "path": "",
                "require_all": false,
                "risk_level": "",
                "running": false,
                "score": 0,
                "sensor_config": "",
                "sha256": "",
                "state": "",
                "thumbprint": "",
                "total_score": 0,
                "version": "",
                "version_operator": ""
              }
            ],
            "match": [
              {
                "platform": "linux"
              }
            ],
            "name": "set-gamma-rule",
            "schedule": "5m",
            "type": "firewall"
          },
          "index_key": "gamma"
        }
      ]
    },
    {
      "mode": "managed",
      "type": "cloudflare_device_posture_rule",
      "name": "set_example",
      "provider": "provider[\"registry.terraform.io/cloudflare/cloudflare\"]",
      "instances": [
        {
          "schema_version": 0,
          "attributes": {
            "account_id": "f037e56e89293a057740de681ac9abbe",
            "description": null,
            "expiration": null,
            "id": "eb384a48-2305-47df-900b-473e851e7519",
            "input": [
              {
                "active_threats": 0,
                "certificate_id": "",
                "check_disks": null,
                "check_private_key": false,
                "cn": "",
                "compliance_status": "",
                "connection_id": "",
                "count_operator": "",
                "domain": "",
                "eid_last_seen": "",
                "enabled": true,
                "exists": false,
                "extended_key_usage": null,
                "id": "",
                "infected": false,
                "is_active": false,
                "issue_count": "",
                "last_seen": "",
                "locations": [],
                "network_status": "",
                "operational_state": "",
                "operator": "",
                "os": "",
                "os_distro_name": "",
                "os_distro_revision": "",
                "os_version_extra": "",
                "overall": "",
                "path": "",
                "require_all": false,
                "risk_level": "",
                "running": false,
                "score": 0,
                "sensor_config": "",
                "sha256": "",
                "state": "",
                "thumbprint": "",
                "total_score": 0,
                "version": "",
                "version_operator": ""
              }
            ],
            "match": [
              {
                "platform": "linux"
              }
            ],
            "name": "set-delta-rule",
            "schedule": "5m",
            "type": "firewall"
          },
          "index_key": "delta"
        }
      ]
    },
    {
      "mode": "managed",
      "type": "cloudflare_device_posture_rule",
      "name": "counted",
      "provider": "provider[\"registry.terraform.io/cloudflare/cloudflare\"]",
      "instances": [
        {
          "schema_version": 0,
          "attributes": {
            "account_id": "f037e56e89293a057740de681ac9abbe",
            "description": "This is posture rule number 0",
            "expiration": null,
            "id": "9b6e9637-95ee-4968-9437-6e22e69eb275",
            "input": [
              {
                "active_threats": 0,
                "certificate_id": "",
                "check_disks": null,
                "check_private_key": false,
                "cn": "",
                "compliance_status": "",
                "connection_id": "",
                "count_operator": "",
                "domain": "",
                "eid_last_seen": "",
                "enabled": false,
                "exists": false,
                "extended_key_usage": null,
                "id": "",
                "infected": false,
                "is_active": false,
                "issue_count": "",
                "last_seen": "",
                "locations": [],
                "network_status": "",
                "operational_state": "",
                "operator": "==",
                "os": "",
                "os_distro_name": "",
                "os_distro_revision": "",
                "os_version_extra": "",
                "overall": "",
                "path": "",
                "require_all": false,
                "risk_level": "",
                "running": false,
                "score": 0,
                "sensor_config": "",
                "sha256": "",
                "state": "",
                "thumbprint": "",
                "total_score": 0,
                "version": "1.0.0",
                "version_operator": ""
              }
            ],
            "match": [
              {
                "platform": "linux"
              }
            ],
            "name": "counted-rule-0",
            "schedule": "24h",
            "type": "os_version"
          },
          "index_key": 0
        }
      ]
    },
    {
      "mode": "managed",
      "type": "cloudflare_device_posture_rule",
      "name": "counted",
      "provider": "provider[\"registry.terraform.io/cloudflare/cloudflare\"]",
      "instances": [
        {
          "schema_version": 0,
          "attributes": {
            "account_id": "f037e56e89293a057740de681ac9abbe",
            "description": "This is posture rule number 1",
            "expiration": null,
            "id": "982829a5-db19-4a42-9118-1585c9e769e0",
            "input": [
              {
                "active_threats": 0,
                "certificate_id": "",
                "check_disks": null,
                "check_private_key": false,
                "cn": "",
                "compliance_status": "",
                "connection_id": "",
                "count_operator": "",
                "domain": "",
                "eid_last_seen": "",
                "enabled": false,
                "exists": false,
                "extended_key_usage": null,
                "id": "",
                "infected": false,
                "is_active": false,
                "issue_count": "",
                "last_seen": "",
                "locations": [],
                "network_status": "",
                "operational_state": "",
                "operator": "==",
                "os": "",
                "os_distro_name": "",
                "os_distro_revision": "",
                "os_version_extra": "",
                "overall": "",
                "path": "",
                "require_all": false,
                "risk_level": "",
                "running": false,
                "score": 0,
                "sensor_config": "",
                "sha256": "",
                "state": "",
                "thumbprint": "",
                "total_score": 0,
                "version": "1.1.0",
                "version_operator": ""
              }
            ],
            "match": [
              {
                "platform": "linux"
              }
            ],
            "name": "counted-rule-1",
            "schedule": "24h",
            "type": "os_version"
          },
          "index_key": 1
        }
      ]
    },
    {
      "mode": "managed",
      "type": "cloudflare_device_posture_rule",
      "name": "counted",
      "provider": "provider[\"registry.terraform.io/cloudflare/cloudflare\"]",
      "instances": [
        {
          "schema_version": 0,
          "attributes": {
            "account_id": "f037e56e89293a057740de681ac9abbe",
            "description": "This is posture rule number 2",
            "expiration": null,
            "id": "23595eb4-40ae-4861-b0b4-31e6b71d41f9",
            "input": [
              {
                "active_threats": 0,
                "certificate_id": "",
                "check_disks": null,
                "check_private_key": false,
                "cn": "",
                "compliance_status": "",
                "connection_id": "",
                "count_operator": "",
                "domain": "",
                "eid_last_seen": "",
                "enabled": false,
                "exists": false,
                "extended_key_usage": null,
                "id": "",
                "infected": false,
                "is_active": false,
                "issue_count": "",
                "last_seen": "",
                "locations": [],
                "network_status": "",
                "operational_state": "",
                "operator": "==",
                "os": "",
                "os_distro_name": "",
                "os_distro_revision": "",
                "os_version_extra": "",
                "overall": "",
                "path": "",
                "require_all": false,
                "risk_level": "",
                "running": false,
                "score": 0,
                "sensor_config": "",
                "sha256": "",
                "state": "",
                "thumbprint": "",
                "total_score": 0,
                "version": "1.2.0",
                "version_operator": ""
              }
            ],
            "match": [
              {
                "platform": "linux"
              }
            ],
            "name": "counted-rule-2",
            "schedule": "24h",
            "type": "os_version"
          },
          "index_key": 2
        }
      ]
    },
    {
      "mode": "managed",
      "type": "cloudflare_device_posture_rule",
      "name": "conditional_enabled",
      "provider": "provider[\"registry.terraform.io/cloudflare/cloudflare\"]",
      "instances": [
        {
          "schema_version": 0,
          "attributes": {
            "account_id": "f037e56e89293a057740de681ac9abbe",
            "description": "Conditionally enabled firewall rule",
            "expiration": null,
            "id": "bb367382-5f09-4e36-b66e-e3c617fe1a32",
            "input": [
              {
                "active_threats": 0,
                "certificate_id": "",
                "check_disks": null,
                "check_private_key": false,
                "cn": "",
                "compliance_status": "",
                "connection_id": "",
                "count_operator": "",
                "domain": "",
                "eid_last_seen": "",
                "enabled": true,
                "exists": false,
                "extended_key_usage": null,
                "id": "",
                "infected": false,
                "is_active": false,
                "issue_count": "",
                "last_seen": "",
                "locations": [],
                "network_status": "",
                "operational_state": "",
                "operator": "",
                "os": "",
                "os_distro_name": "",
                "os_distro_revision": "",
                "os_version_extra": "",
                "overall": "",
                "path": "",
                "require_all": false,
                "risk_level": "",
                "running": false,
                "score": 0,
                "sensor_config": "",
                "sha256": "",
                "state": "",
                "thumbprint": "",
                "total_score": 0,
                "version": "",
                "version_operator": ""
              }
            ],
            "match": [
              {
                "platform": "windows"
              }
            ],
            "name": "conditional-firewall-enabled",
            "schedule": "12h",
            "type": "firewall"
          },
          "index_key": 0
        }
      ]
    },
    {
      "mode": "managed",
      "type": "cloudflare_device_posture_rule",
      "name": "with_functions",
      "provider": "provider[\"registry.terraform.io/cloudflare/cloudflare\"]",
      "instances": [
        {
          "schema_version": 0,
          "attributes": {
            "account_id": "f037e56e89293a057740de681ac9abbe",
            "description": "Rule for account f037e56e89293a057740de681ac9abbe",
            "expiration": null,
            "id": "e84f7d69-cf1b-4669-923d-209b22919a42",
            "input": [
              {
                "active_threats": 0,
                "certificate_id": "",
                "check_disks": null,
                "check_private_key": false,
                "cn": "",
                "compliance_status": "",
                "connection_id": "",
                "count_operator": "",
                "domain": "",
                "eid_last_seen": "",
                "enabled": false,
                "exists": false,
                "extended_key_usage": null,
                "id": "",
                "infected": false,
                "is_active": false,
                "issue_count": "",
                "last_seen": "",
                "locations": [],
                "network_status": "",
                "operational_state": "",
                "operator": ">=",
                "os": "",
                "os_distro_name": "",
                "os_distro_revision": "",
                "os_version_extra": "",
                "overall": "",
                "path": "",
                "require_all": false,
                "risk_level": "",
                "running": false,
                "score": 0,
                "sensor_config": "",
                "sha256": "",
                "state": "",
                "thumbprint": "",
                "total_score": 0,
                "version": "22.4.0",
                "version_operator": ""
              }
            ],
            "match": [
              {
                "platform": "linux"
              }
            ],
            "name": "test-integration-function-example",
            "schedule": "24h",
            "type": "os_version"
          }
        }
      ]
    },
    {
      "mode": "managed",
      "type": "cloudflare_device_posture_rule",
      "name": "with_interpolation",
      "provider": "provider[\"registry.terraform.io/cloudflare/cloudflare\"]",
      "instances": [
        {
          "schema_version": 0,
          "attributes": {
            "account_id": "f037e56e89293a057740de681ac9abbe",
            "description": "Interpolated rule name",
            "expiration": null,
            "id": "c966fc14-5ca2-42ae-924c-35098522249e",
            "input": [
              {
                "active_threats": 0,
                "certificate_id": "",
                "check_disks": null,
                "check_private_key": false,
                "cn": "",
                "compliance_status": "",
                "connection_id": "",
                "count_operator": "",
                "domain": "",
                "eid_last_seen": "",
                "enabled": true,
                "exists": false,
                "extended_key_usage": null,
                "id": "",
                "infected": false,
                "is_active": false,
                "issue_count": "",
                "last_seen": "",
                "locations": [],
                "network_status": "",
                "operational_state": "",
                "operator": "",
                "os": "",
                "os_distro_name": "",
                "os_distro_revision": "",
                "os_version_extra": "",
                "overall": "",
                "path": "",
                "require_all": false,
                "risk_level": "",
                "running": false,
                "score": 0,
                "sensor_config": "",
                "sha256": "",
                "state": "",
                "thumbprint": "",
                "total_score": 0,
                "version": "",
                "version_operator": ""
              }
            ],
            "match": [
              {
                "platform": "windows"
              }
            ],
            "name": "rule-for-account-f037e56e89293a057740de681ac9abbe",
            "schedule": "5m",
            "type": "firewall"
          }
        }
      ]
    },
    {
      "mode": "managed",
      "type": "cloudflare_device_posture_rule",
      "name": "with_lifecycle",
      "provider": "provider[\"registry.terraform.io/cloudflare/cloudflare\"]",
      "instances": [
        {
          "schema_version": 0,
          "attributes": {
            "account_id": "f037e56e89293a057740de681ac9abbe",
            "description": "Rule with lifecycle arguments",
            "expiration": null,
            "id": "e558b3ff-588a-41ee-8fd6-46aa704366db",
            "input": [
              {
                "active_threats": 0,
                "certificate_id": "",
                "check_disks": null,
                "check_private_key": false,
                "cn": "",
                "compliance_status": "",
                "connection_id": "",
                "count_operator": "",
                "domain": "",
                "eid_last_seen": "",
                "enabled": false,
                "exists": false,
                "extended_key_usage": null,
                "id": "",
                "infected": false,
                "is_active": false,
                "issue_count": "",
                "last_seen": "",
                "locations": [],
                "network_status": "",
                "operational_state": "",
                "operator": ">=",
                "os": "",
                "os_distro_name": "",
                "os_distro_revision": "",
                "os_version_extra": "",
                "overall": "",
                "path": "",
                "require_all": false,
                "risk_level": "",
                "running": false,
                "score": 0,
                "sensor_config": "",
                "sha256": "",
                "state": "",
                "thumbprint": "",
                "total_score": 0,
                "version": "20.4.0",
                "version_operator": ""
              }
            ],
            "match": [
              {
                "platform": "linux"
              }
            ],
            "name": "lifecycle-test-rule",
            "schedule": "24h",
            "type": "os_version"
          }
        }
      ]
    },
    {
      "mode": "managed",
      "type": "cloudflare_device_posture_rule",
      "name": "with_prevent_destroy",
      "provider": "provider[\"registry.terraform.io/cloudflare/cloudflare\"]",
      "instances": [
        {
          "schema_version": 0,
          "attributes": {
            "account_id": "f037e56e89293a057740de681ac9abbe",
            "description": null,
            "expiration": null,
            "id": "82abe08a-476e-490e-ab46-ef7300cbb53f",
            "input": [
              {
                "active_threats": 0,
                "certificate_id": "",
                "check_disks": null,
                "check_private_key": false,
                "cn": "",
                "compliance_status": "",
                "connection_id": "",
                "count_operator": "",
                "domain": "",
                "eid_last_seen": "",
                "enabled": true,
                "exists": false,
                "extended_key_usage": null,
                "id": "",
                "infected": false,
                "is_active": false,
                "issue_count": "",
                "last_seen": "",
                "locations": [],
                "network_status": "",
                "operational_state": "",
                "operator": "",
                "os": "",
                "os_distro_name": "",
                "os_distro_revision": "",
                "os_version_extra": "",
                "overall": "",
                "path": "",
                "require_all": false,
                "risk_level": "",
                "running": false,
                "score": 0,
                "sensor_config": "",
                "sha256": "",
                "state": "",
                "thumbprint": "",
                "total_score": 0,
                "version": "",
                "version_operator": ""
              }
            ],
            "match": [
              {
                "platform": "windows"
              }
            ],
            "name": "prevent-destroy-rule",
            "schedule": "12h",
            "type": "firewall"
          }
        }
      ]
    },
    {
      "mode": "managed",
      "type": "cloudflare_device_posture_rule",
      "name": "minimal",
      "provider": "provider[\"registry.terraform.io/cloudflare/cloudflare\"]",
      "instances": [
        {
          "schema_version": 0,
          "attributes": {
            "account_id": "f037e56e89293a057740de681ac9abbe",
            "description": null,
            "expiration": null,
            "id": "32a729fd-1e5c-45d6-be01-0755eb050b9d",
            "input": [
              {
                "active_threats": 0,
                "certificate_id": "",
                "check_disks": null,
                "check_private_key": false,
                "cn": "",
                "compliance_status": "",
                "connection_id": "",
                "count_operator": "",
                "domain": "",
                "eid_last_seen": "",
                "enabled": true,
                "exists": false,
                "extended_key_usage": null,
                "id": "",
                "infected": false,
                "is_active": false,
                "issue_count": "",
                "last_seen": "",
                "locations": [],
                "network_status": "",
                "operational_state": "",
                "operator": "",
                "os": "",
                "os_distro_name": "",
                "os_distro_revision": "",
                "os_version_extra": "",
                "overall": "",
                "path": "",
                "require_all": false,
                "risk_level": "",
                "running": false,
                "score": 0,
                "sensor_config": "",
                "sha256": "",
                "state": "",
                "thumbprint": "",
                "total_score": 0,
                "version": "",
                "version_operator": ""
              }
            ],
            "match": [
              {
                "platform": "linux"
              }
            ],
            "name": "minimal-rule",
            "schedule": null,
            "type": "firewall"
          }
        }
      ]
    },
    {
      "mode": "managed",
      "type": "cloudflare_device_posture_rule",
      "name": "maximal",
      "provider": "provider[\"registry.terraform.io/cloudflare/cloudflare\"]",
      "instances": [
        {
          "schema_version": 0,
          "attributes": {
            "account_id": "f037e56e89293a057740de681ac9abbe",
            "description": "All fields populated",
            "expiration": "24h",
            "id": "e17ca2c2-054d-4ad5-a05f-cf950dd462c6",
            "input": [
              {
                "active_threats": 0,
                "certificate_id": "",
                "check_disks": null,
                "check_private_key": false,
                "cn": "",
                "compliance_status": "",
                "connection_id": "",
                "count_operator": "",
                "domain": "",
                "eid_last_seen": "",
                "enabled": false,
                "exists": false,
                "extended_key_usage": null,
                "id": "",
                "infected": false,
                "is_active": false,
                "issue_count": "",
                "last_seen": "",
                "locations": [],
                "network_status": "",
                "operational_state": "",
                "operator": ">=",
                "os": "",
                "os_distro_name": "ubuntu",
                "os_distro_revision": "22.4.0",
                "os_version_extra": "(LTS)",
                "overall": "",
                "path": "",
                "require_all": false,
                "risk_level": "",
                "running": false,
                "score": 0,
                "sensor_config": "",
                "sha256": "",
                "state": "",
                "thumbprint": "",
                "total_score": 0,
                "version": "22.4.0",
                "version_operator": ""
              }
            ],
            "match": [
              {
                "platform": "linux"
              }
            ],
            "name": "maximal-rule",
            "schedule": "24h",
            "type": "os_version"
          }
        }
      ]
    },
    {
      "mode": "managed",
      "type": "cloudflare_device_posture_rule",
      "name": "with_nulls",
      "provider": "provider[\"registry.terraform.io/cloudflare/cloudflare\"]",
      "instances": [
        {
          "schema_version": 0,
          "attributes": {
            "account_id": "f037e56e89293a057740de681ac9abbe",
            "description": null,
            "expiration": null,
            "id": "998f1740-c25f-4f5e-896f-696e342be7f7",
            "input": [
              {
                "active_threats": 0,
                "certificate_id": "",
                "check_disks": null,
                "check_private_key": false,
                "cn": "",
                "compliance_status": "",
                "connection_id": "",
                "count_operator": "",
                "domain": "",
                "eid_last_seen": "",
                "enabled": true,
                "exists": false,
                "extended_key_usage": null,
                "id": "",
                "infected": false,
                "is_active": false,
                "issue_count": "",
                "last_seen": "",
                "locations": [],
                "network_status": "",
                "operational_state": "",
                "operator": "",
                "os": "",
                "os_distro_name": "",
                "os_distro_revision": "",
                "os_version_extra": "",
                "overall": "",
                "path": "",
                "require_all": false,
                "risk_level": "",
                "running": false,
                "score": 0,
                "sensor_config": "",
                "sha256": "",
                "state": "",
                "thumbprint": "",
                "total_score": 0,
                "version": "",
                "version_operator": ""
              }
            ],
            "match": [
              {
                "platform": "windows"
              }
            ],
            "name": "with-nulls",
            "schedule": null,
            "type": "firewall"
          }
        }
      ]
    }
  ],
  "check_results": null
}