{
  "version": 4,
  "terraform_version": "1.15.0",
  "serial": 15,
  "lineage": "2e525f2f-6f5f-a864-283c-e2b07953ecb4",
  "outputs": {},
  "resources": [
    {
      "mode": "managed",
      "type": "cloudflare_device_posture_rule",
      "name": "basic",
      "provider": "provider[\"registry.terraform.io/cloudflare/cloudflare\"]",
      "instances": [
        {
          "schema_version": 0,
          "attributes": {
            "account_id": "f037e56e89293a057740de681ac9abbe",
            "description": "Device posture rule for corporate devices.",
            "expiration": "24h",
            "id": "f1d0ab1b-2db2-4283-ab9c-b809faced013",
            "input": [
              {
                "active_threats": 0,
                "certificate_id": "",
                "check_disks": null,
                "check_private_key": false,
                "cn": "",
                "compliance_status": "",
                "connection_id": "",
                "count_operator": "",
                "domain": "",
                "eid_last_seen": "",
                "enabled": false,
                "exists": false,
                "extended_key_usage": null,
                "id": "",
                "infected": false,
                "is_active": false,
                "issue_count": "",
                "last_seen": "",
                "locations": [],
                "network_status": "",
                "operational_state": "",
                "operator": "<",
                "os": "",
                "os_distro_name": "ubuntu",
                "os_distro_revision": "1.0.0",
                "os_version_extra": "(a)",
                "overall": "",
                "path": "",
                "require_all": false,
                "risk_level": "",
                "running": false,
                "score": 0,
                "sensor_config": "",
                "sha256": "",
                "state": "",
                "thumbprint": "",
                "total_score": 0,
                "version": "1.0.0",
                "version_operator": ""
              }
            ],
            "match": [
              {
                "platform": "linux"
              }
            ],
            "name": "tf-test-posture-basic",
            "schedule": "24h",
            "type": "os_version"
          },
          "sensitive_attributes": [],
          "identity_schema_version": 0,
          "private": "bnVsbA=="
        }
      ]
    },
    {
      "mode": "managed",
      "type": "cloudflare_device_posture_rule",
      "name": "disk_encryption",
      "provider": "provider[\"registry.terraform.io/cloudflare/cloudflare\"]",
      "instances": [
        {
          "schema_version": 0,
          "attributes": {
            "account_id": "f037e56e89293a057740de681ac9abbe",
            "description": "",
            "expiration": "",
            "id": "10fd8575-3a0e-44c5-a771-73a2815a644c",
            "input": [
              {
                "active_threats": 0,
                "certificate_id": "",
                "check_disks": [
                  "C:",
                  "D:"
                ],
                "check_private_key": false,
                "cn": "",
                "compliance_status": "",
                "connection_id": "",
                "count_operator": "",
                "domain": "",
                "eid_last_seen": "",
                "enabled": false,
                "exists": false,
                "extended_key_usage": null,
                "id": "",
                "infected": false,
                "is_active": false,
                "issue_count": "",
                "last_seen": "",
                "locations": [],
                "network_status": "",
                "operational_state": "",
                "operator": "",
                "os": "",
                "os_distro_name": "",
                "os_distro_revision": "",
                "os_version_extra": "",
                "overall": "",
                "path": "",
                "require_all": true,
                "risk_level": "",
                "running": false,
                "score": 0,
                "sensor_config": "",
                "sha256": "",
                "state": "",
                "thumbprint": "",
                "total_score": 0,
                "version": "",
                "version_operator": ""
              }
            ],
            "match": [
              {
                "platform": "windows"
              }
            ],
            "name": "tf-test-disk",
            "schedule": "5m",
            "type": "disk_encryption"
          },
          "sensitive_attributes": [],
          "identity_schema_version": 0,
          "private": "bnVsbA=="
        }
      ]
    },
    {
      "mode": "managed",
      "type": "cloudflare_device_posture_rule",
      "name": "firewall",
      "provider": "provider[\"registry.terraform.io/cloudflare/cloudflare\"]",
      "instances": [
        {
          "schema_version": 0,
          "attributes": {
            "account_id": "f037e56e89293a057740de681ac9abbe",
            "description": "",
            "expiration": "",
            "id": "82648948-0bcc-49af-8b80-071e0bd69f6d",
            "input": [
              {
                "active_threats": 0,
                "certificate_id": "",
                "check_disks": null,
                "check_private_key": false,
                "cn": "",
                "compliance_status": "",
                "connection_id": "",
                "count_operator": "",
                "domain": "",
                "eid_last_seen": "",
                "enabled": true,
                "exists": false,
                "extended_key_usage": null,
                "id": "",
                "infected": false,
                "is_active": false,
                "issue_count": "",
                "last_seen": "",
                "locations": [],
                "network_status": "",
                "operational_state": "",
                "operator": "",
                "os": "",
                "os_distro_name": "",
                "os_distro_revision": "",
                "os_version_extra": "",
                "overall": "",
                "path": "",
                "require_all": false,
                "risk_level": "",
                "running": false,
                "score": 0,
                "sensor_config": "",
                "sha256": "",
                "state": "",
                "thumbprint": "",
                "total_score": 0,
                "version": "",
                "version_operator": ""
              }
            ],
            "match": [
              {
                "platform": "windows"
              }
            ],
            "name": "tf-test-firewall",
            "schedule": "5m",
            "type": "firewall"
          },
          "sensitive_attributes": [],
          "identity_schema_version": 0,
          "private": "bnVsbA=="
        }
      ]
    },
    {
      "mode": "managed",
      "type": "cloudflare_device_posture_rule",
      "name": "multi_platform",
      "provider": "provider[\"registry.terraform.io/cloudflare/cloudflare\"]",
      "instances": [
        {
          "schema_version": 0,
          "attributes": {
            "account_id": "f037e56e89293a057740de681ac9abbe",
            "description": "",
            "expiration": "",
            "id": "91f41a4a-4dcb-4585-92cc-fe59dd78243b",
            "input": [
              {
                "active_threats": 0,
                "certificate_id": "",
                "check_disks": null,
                "check_private_key": false,
                "cn": "",
                "compliance_status": "",
                "connection_id": "",
                "count_operator": "",
                "domain": "",
                "eid_last_seen": "",
                "enabled": true,
                "exists": false,
                "extended_key_usage": null,
                "id": "",
                "infected": false,
                "is_active": false,
                "issue_count": "",
                "last_seen": "",
                "locations": [],
                "network_status": "",
                "operational_state": "",
                "operator": "",
                "os": "",
                "os_distro_name": "",
                "os_distro_revision": "",
                "os_version_extra": "",
                "overall": "",
                "path": "",
                "require_all": false,
                "risk_level": "",
                "running": false,
                "score": 0,
                "sensor_config": "",
                "sha256": "",
                "state": "",
                "thumbprint": "",
                "total_score": 0,
                "version": "",
                "version_operator": ""
              }
            ],
            "match": [
              {
                "platform": "windows"
              },
              {
                "platform": "mac"
              },
              {
                "platform": "linux"
              }
            ],
            "name": "tf-test-multi",
            "schedule": "5m",
            "type": "firewall"
          },
          "sensitive_attributes": [],
          "identity_schema_version": 0,
          "private": "bnVsbA=="
        }
      ]
    },
    {
      "mode": "managed",
      "type": "cloudflare_device_posture_rule",
      "name": "application",
      "provider": "provider[\"registry.terraform.io/cloudflare/cloudflare\"]",
      "instances": [
        {
          "schema_version": 0,
          "attributes": {
            "account_id": "f037e56e89293a057740de681ac9abbe",
            "description": "",
            "expiration": "",
            "id": "c3d4e5f6-7890-abcd-ef12-3456789abcde",
            "input": [
              {
                "active_threats": 0,
                "certificate_id": "",
                "check_disks": null,
                "check_private_key": false,
                "cn": "",
                "compliance_status": "",
                "connection_id": "",
                "count_operator": "",
                "domain": "",
                "eid_last_seen": "",
                "enabled": false,
                "exists": false,
                "extended_key_usage": null,
                "id": "",
                "infected": false,
                "is_active": false,
                "issue_count": "",
                "last_seen": "",
                "locations": [],
                "network_status": "",
                "operational_state": "",
                "operator": "",
                "os": "",
                "os_distro_name": "",
                "os_distro_revision": "",
                "os_version_extra": "",
                "overall": "",
                "path": "/usr/bin/security-app",
                "require_all": false,
                "risk_level": "",
                "running": true,
                "score": 0,
                "sensor_config": "",
                "sha256": "abc123def456",
                "state": "",
                "thumbprint": "",
                "total_score": 0,
                "version": "",
                "version_operator": ""
              }
            ],
            "match": [
              {
                "platform": "linux"
              }
            ],
            "name": "tf-test-application",
            "schedule": "30m",
            "type": "application"
          },
          "sensitive_attributes": [],
          "identity_schema_version": 0,
          "private": "bnVsbA=="
        }
      ]
    }
  ],
  "check_results": null
}
