{
  "version": 4,
  "terraform_version": "1.5.0",
  "serial": 1,
  "lineage": "test-gateway-cert-lineage",
  "outputs": {},
  "resources": [
    {
      "mode": "managed",
      "type": "cloudflare_zero_trust_gateway_certificate",
      "name": "gateway_managed_full",
      "provider": "provider[\"registry.terraform.io/cloudflare/cloudflare\"]",
      "instances": [
        {
          "schema_version": 0,
          "attributes": {
            "id": "cert-uuid-001",
            "account_id": "f037e56e89293a057740de681ac9abbe",
            "validity_period_days": 1826.0,
            "activate": true,
            "in_use": false,
            "binding_status": "pending_deployment",
            "uploaded_on": "2024-01-15T10:00:00Z",
            "created_at": "2024-01-15T10:00:00Z",
            "expires_on": "2029-01-15T10:00:00Z"
          }
        }
      ]
    },
    {
      "mode": "managed",
      "type": "cloudflare_zero_trust_gateway_certificate",
      "name": "custom_cert",
      "provider": "provider[\"registry.terraform.io/cloudflare/cloudflare\"]",
      "instances": [
        {
          "schema_version": 0,
          "attributes": {
            "id": "existing-cert-uuid-123",
            "account_id": "f037e56e89293a057740de681ac9abbe",
            "activate": false,
            "in_use": false,
            "binding_status": "available",
            "uploaded_on": "2023-12-01T09:00:00Z",
            "created_at": "2023-12-01T09:00:00Z",
            "expires_on": "2028-12-01T09:00:00Z"
          }
        }
      ]
    },
    {
      "mode": "managed",
      "type": "cloudflare_zero_trust_gateway_certificate",
      "name": "minimal",
      "provider": "provider[\"registry.terraform.io/cloudflare/cloudflare\"]",
      "instances": [
        {
          "schema_version": 0,
          "attributes": {
            "id": "cert-uuid-003",
            "account_id": "f037e56e89293a057740de681ac9abbe",
            "validity_period_days": 1826.0,
            "activate": false,
            "in_use": false,
            "binding_status": "inactive"
          }
        }
      ]
    },
    {
      "mode": "managed",
      "type": "cloudflare_zero_trust_gateway_certificate",
      "name": "long_validity",
      "provider": "provider[\"registry.terraform.io/cloudflare/cloudflare\"]",
      "instances": [
        {
          "schema_version": 0,
          "attributes": {
            "id": "cert-uuid-004",
            "account_id": "f037e56e89293a057740de681ac9abbe",
            "validity_period_days": 7300.0,
            "activate": true,
            "in_use": true,
            "binding_status": "available",
            "uploaded_on": "2024-02-01T12:00:00Z",
            "created_at": "2024-02-01T12:00:00Z",
            "expires_on": "2044-02-01T12:00:00Z"
          }
        }
      ]
    },
    {
      "mode": "managed",
      "type": "cloudflare_zero_trust_gateway_certificate",
      "name": "short_validity",
      "provider": "provider[\"registry.terraform.io/cloudflare/cloudflare\"]",
      "instances": [
        {
          "schema_version": 0,
          "attributes": {
            "id": "cert-uuid-005",
            "account_id": "f037e56e89293a057740de681ac9abbe",
            "validity_period_days": 365.0,
            "activate": false,
            "in_use": false,
            "binding_status": "pending_deployment"
          }
        }
      ]
    }
  ]
}
