{
  "version": 4,
  "terraform_version": "1.5.0",
  "serial": 1,
  "lineage": "test-lineage",
  "outputs": {},
  "resources": [
    {
      "mode": "managed",
      "type": "cloudflare_list",
      "name": "ip_list",
      "provider": "provider[\"registry.terraform.io/cloudflare/cloudflare\"]",
      "instances": [
        {
          "schema_version": 0,
          "attributes": {
            "account_id": "abc123",
            "id": "list-ip-123",
            "kind": "ip",
            "name": "cftftest-ip-list",
            "description": "Managed by Terraform",
            "item": [
              {
                "comment": "First IP",
                "value": [{"ip": "1.1.1.1", "asn": null, "hostname": [], "redirect": []}]
              },
              {
                "comment": "Second IP",
                "value": [{"ip": "1.1.1.2", "asn": null, "hostname": [], "redirect": []}]
              },
              {
                "comment": "",
                "value": [{"ip": "1.1.1.3", "asn": null, "hostname": [], "redirect": []}]
              }
            ],
            "num_items": 3
          }
        }
      ]
    },
    {
      "mode": "managed",
      "type": "cloudflare_list",
      "name": "asn_list",
      "provider": "provider[\"registry.terraform.io/cloudflare/cloudflare\"]",
      "instances": [
        {
          "schema_version": 0,
          "attributes": {
            "account_id": "abc123",
            "id": "list-asn-456",
            "kind": "asn",
            "name": "cftftest-asn-list",
            "description": "ASN blocklist",
            "item": [
              {
                "comment": "Google ASN",
                "value": [{"ip": null, "asn": 15169, "hostname": [], "redirect": []}]
              },
              {
                "comment": "Cloudflare ASN",
                "value": [{"ip": null, "asn": 13335, "hostname": [], "redirect": []}]
              },
              {
                "comment": "",
                "value": [{"ip": null, "asn": 20940, "hostname": [], "redirect": []}]
              }
            ],
            "num_items": 3
          }
        }
      ]
    },
    {
      "mode": "managed",
      "type": "cloudflare_list",
      "name": "hostname_list",
      "provider": "provider[\"registry.terraform.io/cloudflare/cloudflare\"]",
      "instances": [
        {
          "schema_version": 0,
          "attributes": {
            "account_id": "abc123",
            "id": "list-hostname-789",
            "kind": "hostname",
            "name": "cftftest-hostname-list",
            "item": [
              {
                "comment": "Example hostname",
                "value": [{"ip": null, "asn": null, "hostname": [{"url_hostname": "example.com"}], "redirect": []}]
              },
              {
                "comment": "",
                "value": [{"ip": null, "asn": null, "hostname": [{"url_hostname": "test.example.com"}], "redirect": []}]
              },
              {
                "comment": "Subdomain",
                "value": [{"ip": null, "asn": null, "hostname": [{"url_hostname": "api.example.com"}], "redirect": []}]
              }
            ],
            "num_items": 3
          }
        }
      ]
    },
    {
      "mode": "managed",
      "type": "cloudflare_list",
      "name": "redirect_list",
      "provider": "provider[\"registry.terraform.io/cloudflare/cloudflare\"]",
      "instances": [
        {
          "schema_version": 0,
          "attributes": {
            "account_id": "abc123",
            "id": "list-redirect-101",
            "kind": "redirect",
            "name": "cftftest-redirect-list",
            "description": "URL redirects",
            "item": [
              {
                "comment": "Main redirect",
                "value": [{
                  "ip": null,
                  "asn": null,
                  "hostname": [],
                  "redirect": [{
                    "source_url": "example.com/old",
                    "target_url": "example.com/new",
                    "include_subdomains": "enabled",
                    "subpath_matching": "disabled",
                    "preserve_query_string": "enabled",
                    "preserve_path_suffix": "disabled",
                    "status_code": 301
                  }]
                }]
              },
              {
                "comment": "",
                "value": [{
                  "ip": null,
                  "asn": null,
                  "hostname": [],
                  "redirect": [{
                    "source_url": "test.com",
                    "target_url": "newtest.com",
                    "include_subdomains": "disabled",
                    "status_code": 302
                  }]
                }]
              },
              {
                "comment": "Temporary redirect",
                "value": [{
                  "ip": null,
                  "asn": null,
                  "hostname": [],
                  "redirect": [{
                    "source_url": "old-site.com",
                    "target_url": "new-site.com",
                    "include_subdomains": "enabled",
                    "subpath_matching": "enabled",
                    "preserve_query_string": "disabled",
                    "preserve_path_suffix": "enabled",
                    "status_code": 307
                  }]
                }]
              }
            ],
            "num_items": 3
          }
        }
      ]
    },
    {
      "mode": "managed",
      "type": "cloudflare_list",
      "name": "empty_list",
      "provider": "provider[\"registry.terraform.io/cloudflare/cloudflare\"]",
      "instances": [
        {
          "schema_version": 0,
          "attributes": {
            "account_id": "abc123",
            "id": "list-empty-102",
            "kind": "ip",
            "name": "cftftest-empty",
            "description": "Empty list with no items",
            "item": [],
            "num_items": 0
          }
        }
      ]
    },
    {
      "mode": "managed",
      "type": "cloudflare_list",
      "name": "cidr_list",
      "provider": "provider[\"registry.terraform.io/cloudflare/cloudflare\"]",
      "instances": [
        {
          "schema_version": 0,
          "attributes": {
            "account_id": "abc123",
            "id": "list-cidr-103",
            "kind": "ip",
            "name": "cftftest-cidr",
            "description": "List with CIDR blocks",
            "item": [
              {
                "comment": "Private Class A",
                "value": [{"ip": "10.0.0.0/8", "asn": null, "hostname": [], "redirect": []}]
              },
              {
                "comment": "Private Class B",
                "value": [{"ip": "172.16.0.0/12", "asn": null, "hostname": [], "redirect": []}]
              },
              {
                "comment": "Private Class C",
                "value": [{"ip": "192.168.0.0/16", "asn": null, "hostname": [], "redirect": []}]
              }
            ],
            "num_items": 3
          }
        }
      ]
    },
    {
      "mode": "managed",
      "type": "cloudflare_list",
      "name": "ipv6_list",
      "provider": "provider[\"registry.terraform.io/cloudflare/cloudflare\"]",
      "instances": [
        {
          "schema_version": 0,
          "attributes": {
            "account_id": "abc123",
            "id": "list-ipv6-104",
            "kind": "ip",
            "name": "cftftest-ipv6",
            "description": "IPv6 addresses",
            "item": [
              {
                "comment": "IPv6 address",
                "value": [{"ip": "2001:db8::1", "asn": null, "hostname": [], "redirect": []}]
              },
              {
                "comment": "",
                "value": [{"ip": "2001:db8:85a3::8a2e:370:7334", "asn": null, "hostname": [], "redirect": []}]
              }
            ],
            "num_items": 2
          }
        }
      ]
    },
    {
      "mode": "managed",
      "type": "cloudflare_list",
      "name": "parent_list",
      "provider": "provider[\"registry.terraform.io/cloudflare/cloudflare\"]",
      "instances": [
        {
          "schema_version": 0,
          "attributes": {
            "account_id": "abc123",
            "id": "list-parent-105",
            "kind": "ip",
            "name": "cftftest-parent",
            "description": "Parent list for reference testing",
            "item": [
              {
                "comment": "Parent item",
                "value": [{"ip": "198.51.100.1", "asn": null, "hostname": [], "redirect": []}]
              }
            ],
            "num_items": 1
          }
        }
      ]
    },
    {
      "mode": "managed",
      "type": "cloudflare_list",
      "name": "lifecycle_list",
      "provider": "provider[\"registry.terraform.io/cloudflare/cloudflare\"]",
      "instances": [
        {
          "schema_version": 0,
          "attributes": {
            "account_id": "abc123",
            "id": "list-lifecycle-106",
            "kind": "ip",
            "name": "cftftest-lifecycle",
            "description": "List with lifecycle rules",
            "item": [
              {
                "comment": "Protected IP",
                "value": [{"ip": "198.51.100.10", "asn": null, "hostname": [], "redirect": []}]
              }
            ],
            "num_items": 1
          }
        }
      ]
    }
  ]
}
