{
  "version": 4,
  "terraform_version": "1.5.0",
  "serial": 1,
  "lineage": "test-lineage",
  "outputs": {},
  "resources": [
    {
      "mode": "managed",
      "type": "cloudflare_list",
      "name": "ip_list",
      "provider": "provider[\"registry.terraform.io/cloudflare/cloudflare\"]",
      "instances": [
        {
          "schema_version": 0,
          "attributes": {
            "account_id": "abc123",
            "id": "list-ip-123",
            "kind": "ip",
            "name": "ip_list",
            "description": "List of IP addresses",
            "item": [
              {
                "comment": "First IP",
                "value": [{
                  "ip": "1.1.1.1",
                  "asn": null,
                  "hostname": [],
                  "redirect": []
                }]
              },
              {
                "comment": "Second IP",
                "value": [{
                  "ip": "1.1.1.2",
                  "asn": null,
                  "hostname": [],
                  "redirect": []
                }]
              },
              {
                "comment": "",
                "value": [{
                  "ip": "1.1.1.3",
                  "asn": null,
                  "hostname": [],
                  "redirect": []
                }]
              }
            ],
            "num_items": 3
          }
        }
      ]
    },
    {
      "mode": "managed",
      "type": "cloudflare_list",
      "name": "asn_list",
      "provider": "provider[\"registry.terraform.io/cloudflare/cloudflare\"]",
      "instances": [
        {
          "schema_version": 0,
          "attributes": {
            "account_id": "abc123",
            "id": "list-asn-456",
            "kind": "asn",
            "name": "asn_list",
            "item": [
              {
                "comment": "Google ASN",
                "value": [{
                  "ip": null,
                  "asn": 15169,
                  "hostname": [],
                  "redirect": []
                }]
              },
              {
                "comment": "",
                "value": [{
                  "ip": null,
                  "asn": 13335,
                  "hostname": [],
                  "redirect": []
                }]
              }
            ],
            "num_items": 2
          }
        }
      ]
    },
    {
      "mode": "managed",
      "type": "cloudflare_list",
      "name": "hostname_list",
      "provider": "provider[\"registry.terraform.io/cloudflare/cloudflare\"]",
      "instances": [
        {
          "schema_version": 0,
          "attributes": {
            "account_id": "abc123",
            "id": "list-hostname-789",
            "kind": "hostname",
            "name": "hostname_list",
            "item": [
              {
                "comment": "Example hostname",
                "value": [{
                  "ip": null,
                  "asn": null,
                  "hostname": [{"url_hostname": "example.com"}],
                  "redirect": []
                }]
              },
              {
                "comment": "",
                "value": [{
                  "ip": null,
                  "asn": null,
                  "hostname": [{"url_hostname": "test.example.com"}],
                  "redirect": []
                }]
              }
            ],
            "num_items": 2
          }
        }
      ]
    },
    {
      "mode": "managed",
      "type": "cloudflare_list",
      "name": "redirect_list",
      "provider": "provider[\"registry.terraform.io/cloudflare/cloudflare\"]",
      "instances": [
        {
          "schema_version": 0,
          "attributes": {
            "account_id": "abc123",
            "id": "list-redirect-101",
            "kind": "redirect",
            "name": "redirect_list",
            "item": [
              {
                "comment": "Main redirect",
                "value": [{
                  "ip": null,
                  "asn": null,
                  "hostname": [],
                  "redirect": [{
                    "source_url": "example.com/old",
                    "target_url": "example.com/new",
                    "include_subdomains": "enabled",
                    "subpath_matching": "disabled",
                    "preserve_query_string": "enabled",
                    "preserve_path_suffix": "disabled",
                    "status_code": 301
                  }]
                }]
              },
              {
                "comment": "",
                "value": [{
                  "ip": null,
                  "asn": null,
                  "hostname": [],
                  "redirect": [{
                    "source_url": "test.com",
                    "target_url": "newtest.com",
                    "include_subdomains": "disabled",
                    "subpath_matching": null,
                    "preserve_query_string": null,
                    "preserve_path_suffix": null,
                    "status_code": null
                  }]
                }]
              }
            ],
            "num_items": 2
          }
        }
      ]
    },
    {
      "mode": "managed",
      "type": "cloudflare_list",
      "name": "empty_list",
      "provider": "provider[\"registry.terraform.io/cloudflare/cloudflare\"]",
      "instances": [
        {
          "schema_version": 0,
          "attributes": {
            "account_id": "abc123",
            "id": "list-empty-102",
            "kind": "ip",
            "name": "empty_list",
            "description": "Empty list",
            "item": [],
            "num_items": 0
          }
        }
      ]
    }
  ]
}
