{
  "version": 4,
  "terraform_version": "1.0.0",
  "serial": 1,
  "lineage": "test",
  "outputs": {},
  "resources": [
    {
      "mode": "managed",
      "type": "cloudflare_load_balancer_monitor",
      "name": "test",
      "provider": "provider[\"registry.terraform.io/cloudflare/cloudflare\"]",
      "instances": [
        {
          "schema_version": 0,
          "attributes": {
            "id": "abc123def456",
            "account_id": "f037e56e89293a057740de681ac9abbe",
            "type": "https",
            "description": "Test HTTPS monitor",
            "method": "GET",
            "path": "/health",
            "interval": 30.0,
            "retries": 3.0,
            "timeout": 10.0,
            "expected_codes": "2xx",
            "expected_body": "healthy",
            "allow_insecure": true,
            "header": {
              "Host": ["api.example.com"],
              "Authorization": ["Bearer token123"]
            },
            "created_on": "2023-01-01T00:00:00Z",
            "modified_on": "2023-01-01T00:00:00Z"
          }
        }
      ]
    },
    {
      "mode": "managed",
      "type": "cloudflare_load_balancer_monitor",
      "name": "minimal",
      "provider": "provider[\"registry.terraform.io/cloudflare/cloudflare\"]",
      "instances": [
        {
          "schema_version": 0,
          "attributes": {
            "id": "minimal123",
            "account_id": "f037e56e89293a057740de681ac9abbe",
            "type": "http",
            "interval": 60.0,
            "retries": 2.0,
            "timeout": 5.0,
            "created_on": "2023-01-01T00:00:00Z",
            "modified_on": "2023-01-01T00:00:00Z"
          }
        }
      ]
    }
  ]
}
