{
  "lineage": "test-zero-trust-gateway-settings-lineage",
  "outputs": {},
  "resources": [
    {
      "instances": [
        {
          "attributes": {
            "account_id": "f037e56e89293a057740de681ac9abbe",
            "id": "f037e56e89293a057740de681ac9abbe"
          },
          "schema_version": 0
        }
      ],
      "mode": "managed",
      "name": "minimal",
      "provider": "provider[\"registry.terraform.io/cloudflare/cloudflare\"]",
      "type": "cloudflare_teams_account"
    },
    {
      "instances": [
        {
          "attributes": {
            "account_id": "f037e56e89293a057740de681ac9abbe",
            "activity_log_enabled": true,
            "antivirus": [
              {
                "enabled_download_phase": true,
                "enabled_upload_phase": true,
                "fail_closed": true,
                "notification_settings": [
                  {
                    "enabled": true,
                    "message": "File scanning in progress - test",
                    "support_url": "https://support.example.com/test"
                  }
                ]
              }
            ],
            "block_page": [
              {
                "background_color": "#FF0000",
                "enabled": true,
                "footer_text": "Contact IT: support@test.com",
                "header_text": "Access Blocked - test",
                "logo_path": "https://example.com/test/logo.png",
                "mailto_address": "security@test.com",
                "mailto_subject": "Access Request - test",
                "name": "Custom Block Page - test"
              }
            ],
            "body_scanning": [
              {
                "inspection_mode": "deep"
              }
            ],
            "certificate": [
              {
                "id": "cert-test-123"
              }
            ],
            "extended_email_matching": [
              {
                "enabled": true
              }
            ],
            "fips": [
              {
                "tls": true
              }
            ],
            "id": "f037e56e89293a057740de681ac9abbe",
            "non_identity_browser_isolation_enabled": true,
            "protocol_detection_enabled": true,
            "tls_decrypt_enabled": true,
            "url_browser_isolation_enabled": true
          },
          "schema_version": 0
        }
      ],
      "mode": "managed",
      "name": "maximal",
      "provider": "provider[\"registry.terraform.io/cloudflare/cloudflare\"]",
      "type": "cloudflare_teams_account"
    },
    {
      "instances": [
        {
          "attributes": {
            "account_id": "f037e56e89293a057740de681ac9abbe",
            "activity_log_enabled": true,
            "id": "f037e56e89293a057740de681ac9abbe",
            "protocol_detection_enabled": false,
            "tls_decrypt_enabled": true
          },
          "schema_version": 0
        }
      ],
      "mode": "managed",
      "name": "only_booleans",
      "provider": "provider[\"registry.terraform.io/cloudflare/cloudflare\"]",
      "type": "cloudflare_teams_account"
    },
    {
      "instances": [
        {
          "attributes": {
            "account_id": "f037e56e89293a057740de681ac9abbe",
            "id": "f037e56e89293a057740de681ac9abbe",
            "non_identity_browser_isolation_enabled": true,
            "url_browser_isolation_enabled": true
          },
          "schema_version": 0
        }
      ],
      "mode": "managed",
      "name": "only_browser_isolation",
      "provider": "provider[\"registry.terraform.io/cloudflare/cloudflare\"]",
      "type": "cloudflare_teams_account"
    },
    {
      "instances": [
        {
          "attributes": {
            "account_id": "f037e56e89293a057740de681ac9abbe",
            "block_page": [
              {
                "enabled": true,
                "footer_text": "Contact IT",
                "name": "Simple Block Page"
              }
            ],
            "id": "f037e56e89293a057740de681ac9abbe"
          },
          "schema_version": 0
        }
      ],
      "mode": "managed",
      "name": "only_block_page",
      "provider": "provider[\"registry.terraform.io/cloudflare/cloudflare\"]",
      "type": "cloudflare_teams_account"
    },
    {
      "instances": [
        {
          "attributes": {
            "account_id": "f037e56e89293a057740de681ac9abbe",
            "antivirus": [
              {
                "enabled_download_phase": true,
                "enabled_upload_phase": false,
                "fail_closed": false,
                "notification_settings": [
                  {
                    "enabled": true,
                    "message": "Scanning for threats",
                    "support_url": "https://support.example.com"
                  }
                ]
              }
            ],
            "id": "f037e56e89293a057740de681ac9abbe"
          },
          "schema_version": 0
        }
      ],
      "mode": "managed",
      "name": "only_antivirus",
      "provider": "provider[\"registry.terraform.io/cloudflare/cloudflare\"]",
      "type": "cloudflare_teams_account"
    },
    {
      "instances": [
        {
          "attributes": {
            "account_id": "f037e56e89293a057740de681ac9abbe",
            "block_page": [
              {
                "enabled": true,
                "footer_text": "Multiple blocks configured",
                "name": "Multi Block Test"
              }
            ],
            "body_scanning": [
              {
                "inspection_mode": "shallow"
              }
            ],
            "fips": [
              {
                "tls": true
              }
            ],
            "id": "f037e56e89293a057740de681ac9abbe"
          },
          "schema_version": 0
        }
      ],
      "mode": "managed",
      "name": "multiple_blocks",
      "provider": "provider[\"registry.terraform.io/cloudflare/cloudflare\"]",
      "type": "cloudflare_teams_account"
    },
    {
      "instances": [
        {
          "attributes": {
            "account_id": "f037e56e89293a057740de681ac9abbe",
            "activity_log_enabled": true,
            "id": "f037e56e89293a057740de681ac9abbe",
            "logging": [
              {
                "redact_pii": true,
                "settings_by_rule_type": [
                  {
                    "dns": [
                      {
                        "log_all": true,
                        "log_blocks": false
                      }
                    ],
                    "http": [
                      {
                        "log_all": true,
                        "log_blocks": true
                      }
                    ],
                    "l4": [
                      {
                        "log_all": false,
                        "log_blocks": true
                      }
                    ]
                  }
                ]
              }
            ]
          },
          "schema_version": 0
        }
      ],
      "mode": "managed",
      "name": "with_logging",
      "provider": "provider[\"registry.terraform.io/cloudflare/cloudflare\"]",
      "type": "cloudflare_teams_account"
    },
    {
      "instances": [
        {
          "attributes": {
            "account_id": "f037e56e89293a057740de681ac9abbe",
            "id": "f037e56e89293a057740de681ac9abbe",
            "proxy": [
              {
                "disable_for_time": 300,
                "root_ca": true,
                "tcp": true,
                "udp": true,
                "virtual_ip": false
              }
            ]
          },
          "schema_version": 0
        }
      ],
      "mode": "managed",
      "name": "with_proxy",
      "provider": "provider[\"registry.terraform.io/cloudflare/cloudflare\"]",
      "type": "cloudflare_teams_account"
    },
    {
      "instances": [
        {
          "attributes": {
            "account_id": "f037e56e89293a057740de681ac9abbe",
            "activity_log_enabled": true,
            "block_page": [
              {
                "enabled": true,
                "name": "Deprecated Test"
              }
            ],
            "id": "f037e56e89293a057740de681ac9abbe",
            "logging": [
              {
                "redact_pii": false,
                "settings_by_rule_type": [
                  {
                    "dns": [
                      {
                        "log_all": true,
                        "log_blocks": false
                      }
                    ],
                    "http": [
                      {
                        "log_all": true,
                        "log_blocks": false
                      }
                    ],
                    "l4": [
                      {
                        "log_all": true,
                        "log_blocks": false
                      }
                    ]
                  }
                ]
              }
            ],
            "proxy": [
              {
                "disable_for_time": 600,
                "root_ca": true,
                "tcp": false,
                "udp": false,
                "virtual_ip": true
              }
            ],
            "tls_decrypt_enabled": false
          },
          "schema_version": 0
        }
      ],
      "mode": "managed",
      "name": "with_both_deprecated",
      "provider": "provider[\"registry.terraform.io/cloudflare/cloudflare\"]",
      "type": "cloudflare_teams_account"
    },
    {
      "instances": [
        {
          "attributes": {
            "account_id": "f037e56e89293a057740de681ac9abbe",
            "activity_log_enabled": true,
            "block_page": [
              {
                "enabled": true,
                "footer_text": "Using v5 resource name",
                "name": "V5 Name Test"
              }
            ],
            "fips": [
              {
                "tls": true
              }
            ],
            "id": "f037e56e89293a057740de681ac9abbe",
            "non_identity_browser_isolation_enabled": false,
            "tls_decrypt_enabled": false,
            "url_browser_isolation_enabled": true
          },
          "schema_version": 0
        }
      ],
      "mode": "managed",
      "name": "v5_name_in_v4",
      "provider": "provider[\"registry.terraform.io/cloudflare/cloudflare\"]",
      "type": "cloudflare_zero_trust_gateway_settings"
    },
    {
      "instances": [
        {
          "attributes": {
            "account_id": "aaaaaaaa89293a057740de681ac9aaa1",
            "activity_log_enabled": true,
            "block_page": [
              {
                "enabled": true,
                "footer_text": "Account: account_a",
                "name": "Block Page for account_a"
              }
            ],
            "id": "aaaaaaaa89293a057740de681ac9aaa1",
            "protocol_detection_enabled": false,
            "tls_decrypt_enabled": true
          },
          "index_key": "account_a",
          "schema_version": 0
        },
        {
          "attributes": {
            "account_id": "bbbbbbbb89293a057740de681ac9bbb2",
            "activity_log_enabled": false,
            "block_page": [
              {
                "enabled": true,
                "footer_text": "Account: account_b",
                "name": "Block Page for account_b"
              }
            ],
            "id": "bbbbbbbb89293a057740de681ac9bbb2",
            "protocol_detection_enabled": false,
            "tls_decrypt_enabled": false
          },
          "index_key": "account_b",
          "schema_version": 0
        },
        {
          "attributes": {
            "account_id": "cccccccc89293a057740de681ac9ccc3",
            "activity_log_enabled": false,
            "block_page": [
              {
                "enabled": true,
                "footer_text": "Account: account_c",
                "name": "Block Page for account_c"
              }
            ],
            "id": "cccccccc89293a057740de681ac9ccc3",
            "protocol_detection_enabled": false,
            "tls_decrypt_enabled": true
          },
          "index_key": "account_c",
          "schema_version": 0
        }
      ],
      "mode": "managed",
      "name": "account_configs",
      "provider": "provider[\"registry.terraform.io/cloudflare/cloudflare\"]",
      "type": "cloudflare_teams_account"
    },
    {
      "instances": [
        {
          "attributes": {
            "account_id": "devf037e56e89293a057740de681ac9abbe",
            "activity_log_enabled": false,
            "body_scanning": [
              {
                "inspection_mode": "shallow"
              }
            ],
            "id": "devf037e56e89293a057740de681ac9abbe",
            "protocol_detection_enabled": false,
            "tls_decrypt_enabled": true
          },
          "index_key": "dev",
          "schema_version": 0
        },
        {
          "attributes": {
            "account_id": "stagingf037e56e89293a057740de681ac9abbe",
            "activity_log_enabled": false,
            "body_scanning": [
              {
                "inspection_mode": "shallow"
              }
            ],
            "id": "stagingf037e56e89293a057740de681ac9abbe",
            "protocol_detection_enabled": false,
            "tls_decrypt_enabled": true
          },
          "index_key": "staging",
          "schema_version": 0
        },
        {
          "attributes": {
            "account_id": "prodf037e56e89293a057740de681ac9abbe",
            "activity_log_enabled": true,
            "body_scanning": [
              {
                "inspection_mode": "deep"
              }
            ],
            "id": "prodf037e56e89293a057740de681ac9abbe",
            "protocol_detection_enabled": true,
            "tls_decrypt_enabled": true
          },
          "index_key": "prod",
          "schema_version": 0
        }
      ],
      "mode": "managed",
      "name": "environment_configs",
      "provider": "provider[\"registry.terraform.io/cloudflare/cloudflare\"]",
      "type": "cloudflare_teams_account"
    },
    {
      "instances": [
        {
          "attributes": {
            "account_id": "tier0f037e56e89293a057740de681ac9abbe",
            "activity_log_enabled": false,
            "block_page": [
              {
                "enabled": true,
                "footer_text": "Tier 0 configuration",
                "name": "Tier 0 Block Page"
              }
            ],
            "fips": [
              {
                "tls": false
              }
            ],
            "id": "tier0f037e56e89293a057740de681ac9abbe",
            "tls_decrypt_enabled": true
          },
          "index_key": 0,
          "schema_version": 0
        },
        {
          "attributes": {
            "account_id": "tier1f037e56e89293a057740de681ac9abbe",
            "activity_log_enabled": true,
            "block_page": [
              {
                "enabled": true,
                "footer_text": "Tier 1 configuration",
                "name": "Tier 1 Block Page"
              }
            ],
            "fips": [
              {
                "tls": false
              }
            ],
            "id": "tier1f037e56e89293a057740de681ac9abbe",
            "tls_decrypt_enabled": true
          },
          "index_key": 1,
          "schema_version": 0
        },
        {
          "attributes": {
            "account_id": "tier2f037e56e89293a057740de681ac9abbe",
            "activity_log_enabled": true,
            "block_page": [
              {
                "enabled": true,
                "footer_text": "Tier 2 configuration",
                "name": "Tier 2 Block Page"
              }
            ],
            "fips": [
              {
                "tls": true
              }
            ],
            "id": "tier2f037e56e89293a057740de681ac9abbe",
            "tls_decrypt_enabled": true
          },
          "index_key": 2,
          "schema_version": 0
        }
      ],
      "mode": "managed",
      "name": "tiered_accounts",
      "provider": "provider[\"registry.terraform.io/cloudflare/cloudflare\"]",
      "type": "cloudflare_teams_account"
    },
    {
      "instances": [
        {
          "attributes": {
            "account_id": "conditional1f037e56e89293a057740de681ac9abbe",
            "activity_log_enabled": true,
            "block_page": [
              {
                "enabled": true,
                "footer_text": "Browser isolation enabled",
                "name": "Conditional - Enabled"
              }
            ],
            "id": "conditional1f037e56e89293a057740de681ac9abbe",
            "non_identity_browser_isolation_enabled": true,
            "url_browser_isolation_enabled": true
          },
          "index_key": 0,
          "schema_version": 0
        }
      ],
      "mode": "managed",
      "name": "conditional_enabled",
      "provider": "provider[\"registry.terraform.io/cloudflare/cloudflare\"]",
      "type": "cloudflare_teams_account"
    },
    {
      "instances": [
        {
          "attributes": {
            "account_id": "join-f037e56e89293a057740de681ac9abbe",
            "block_page": [
              {
                "enabled": true,
                "footer_text": "Created with join",
                "name": "cftftest-test - Joined - Block"
              }
            ],
            "id": "join-f037e56e89293a057740de681ac9abbe"
          },
          "schema_version": 0
        }
      ],
      "mode": "managed",
      "name": "with_join",
      "provider": "provider[\"registry.terraform.io/cloudflare/cloudflare\"]",
      "type": "cloudflare_teams_account"
    },
    {
      "instances": [
        {
          "attributes": {
            "account_id": "f037e56e89293a057740de681ac9abbe",
            "activity_log_enabled": true,
            "block_page": [
              {
                "enabled": true,
                "footer_text": "Account ID: f037e56e89293a057740de681ac9abbe",
                "header_text": "Settings: cftftest-test",
                "name": "Block for test account"
              }
            ],
            "id": "f037e56e89293a057740de681ac9abbe",
            "tls_decrypt_enabled": true
          },
          "schema_version": 0
        }
      ],
      "mode": "managed",
      "name": "with_interpolation",
      "provider": "provider[\"registry.terraform.io/cloudflare/cloudflare\"]",
      "type": "cloudflare_teams_account"
    },
    {
      "instances": [
        {
          "attributes": {
            "account_id": "f037e56e89293a057740de681ac9abbe",
            "activity_log_enabled": true,
            "antivirus": [
              {
                "enabled_download_phase": true,
                "enabled_upload_phase": true,
                "fail_closed": false,
                "notification_settings": [
                  {
                    "enabled": true,
                    "message": "Full scanning enabled",
                    "support_url": "https://support.example.com"
                  }
                ]
              }
            ],
            "id": "f037e56e89293a057740de681ac9abbe",
            "protocol_detection_enabled": true,
            "tls_decrypt_enabled": true
          },
          "schema_version": 0
        }
      ],
      "mode": "managed",
      "name": "with_ternary",
      "provider": "provider[\"registry.terraform.io/cloudflare/cloudflare\"]",
      "type": "cloudflare_teams_account"
    },
    {
      "instances": [
        {
          "attributes": {
            "account_id": "f037e56e89293a057740de681ac9abbe",
            "activity_log_enabled": true,
            "block_page": [
              {
                "enabled": true,
                "footer_text": "Lifecycle protected",
                "name": "Protected Block Page"
              }
            ],
            "id": "f037e56e89293a057740de681ac9abbe",
            "tls_decrypt_enabled": true
          },
          "schema_version": 0
        }
      ],
      "mode": "managed",
      "name": "with_lifecycle_create",
      "provider": "provider[\"registry.terraform.io/cloudflare/cloudflare\"]",
      "type": "cloudflare_teams_account"
    },
    {
      "instances": [
        {
          "attributes": {
            "account_id": "f037e56e89293a057740de681ac9abbe",
            "activity_log_enabled": true,
            "fips": [
              {
                "tls": true
              }
            ],
            "id": "f037e56e89293a057740de681ac9abbe",
            "protocol_detection_enabled": false,
            "tls_decrypt_enabled": true
          },
          "schema_version": 0
        }
      ],
      "mode": "managed",
      "name": "with_lifecycle_ignore",
      "provider": "provider[\"registry.terraform.io/cloudflare/cloudflare\"]",
      "type": "cloudflare_teams_account"
    },
    {
      "instances": [
        {
          "attributes": {
            "account_id": "f037e56e89293a057740de681ac9abbe",
            "activity_log_enabled": true,
            "block_page": [
              {
                "enabled": true,
                "footer_text": "Do not destroy",
                "name": "Critical Block Page"
              }
            ],
            "id": "f037e56e89293a057740de681ac9abbe"
          },
          "schema_version": 0
        }
      ],
      "mode": "managed",
      "name": "with_lifecycle_prevent",
      "provider": "provider[\"registry.terraform.io/cloudflare/cloudflare\"]",
      "type": "cloudflare_teams_account"
    },
    {
      "instances": [
        {
          "attributes": {
            "account_id": "f037e56e89293a057740de681ac9abbe",
            "certificate": [
              {
                "id": "cert-combo-123"
              }
            ],
            "extended_email_matching": [
              {
                "enabled": true
              }
            ],
            "id": "f037e56e89293a057740de681ac9abbe"
          },
          "schema_version": 0
        }
      ],
      "mode": "managed",
      "name": "email_and_cert",
      "provider": "provider[\"registry.terraform.io/cloudflare/cloudflare\"]",
      "type": "cloudflare_teams_account"
    },
    {
      "instances": [
        {
          "attributes": {
            "account_id": "f037e56e89293a057740de681ac9abbe",
            "antivirus": [
              {
                "enabled_download_phase": true,
                "enabled_upload_phase": true,
                "fail_closed": true,
                "notification_settings": [
                  {
                    "enabled": true,
                    "message": "Comprehensive scanning",
                    "support_url": "https://support.example.com/scanning"
                  }
                ]
              }
            ],
            "body_scanning": [
              {
                "inspection_mode": "deep"
              }
            ],
            "fips": [
              {
                "tls": true
              }
            ],
            "id": "f037e56e89293a057740de681ac9abbe"
          },
          "schema_version": 0
        }
      ],
      "mode": "managed",
      "name": "all_scanning",
      "provider": "provider[\"registry.terraform.io/cloudflare/cloudflare\"]",
      "type": "cloudflare_teams_account"
    }
  ],
  "serial": 1,
  "terraform_version": "1.5.0",
  "version": 4
}