{
  "version": 4,
  "terraform_version": "1.0.0",
  "serial": 1,
  "lineage": "test-load-balancer-pool-e2e-lineage",
  "outputs": {
    "e2e_basic_pool_id": {
      "value": "e2e-pool-basic-id",
      "type": "string"
    },
    "e2e_multi_pool_id": {
      "value": "e2e-pool-multi-id",
      "type": "string"
    },
    "e2e_shedding_pool_id": {
      "value": "e2e-pool-shedding-id",
      "type": "string"
    },
    "e2e_dynamic_headers_pool_id": {
      "value": "e2e-pool-dynamic-headers-id",
      "type": "string"
    },
    "e2e_dynamic_simple_pool_id": {
      "value": "e2e-pool-dynamic-simple-id",
      "type": "string"
    },
    "e2e_static_headers_pool_id": {
      "value": "e2e-pool-static-headers-id",
      "type": "string"
    }
  },
  "resources": [
    {
      "mode": "managed",
      "type": "cloudflare_load_balancer_pool",
      "name": "e2e_basic",
      "provider": "provider[\"registry.terraform.io/cloudflare/cloudflare\"]",
      "instances": [
        {
          "schema_version": 0,
          "attributes": {
            "id": "e2e-pool-basic-id",
            "account_id": "394f312589f47dc33bc80a5a5f12f35f",
            "name": "cftftest-e2e-basic-pool",
            "origins": [
              {
                "name": "origin-1",
                "address": "192.0.2.1",
                "enabled": true,
                "weight": 1.0,
                "header": []
              }
            ],
            "enabled": true,
            "minimum_origins": 1,
            "monitor": null,
            "notification_email": null,
            "check_regions": [],
            "created_on": "2025-12-29T00:00:00Z",
            "modified_on": "2025-12-29T00:00:00Z"
          }
        }
      ]
    },
    {
      "mode": "managed",
      "type": "cloudflare_load_balancer_pool",
      "name": "e2e_multi",
      "provider": "provider[\"registry.terraform.io/cloudflare/cloudflare\"]",
      "instances": [
        {
          "schema_version": 0,
          "attributes": {
            "id": "e2e-pool-multi-id",
            "account_id": "394f312589f47dc33bc80a5a5f12f35f",
            "name": "cftftest-e2e-multi-pool",
            "origins": [
              {
                "name": "origin-1",
                "address": "192.0.2.10",
                "enabled": true,
                "weight": 1.0,
                "header": []
              },
              {
                "name": "origin-2",
                "address": "192.0.2.11",
                "enabled": true,
                "weight": 1.0,
                "header": []
              }
            ],
            "enabled": true,
            "minimum_origins": 1,
            "monitor": null,
            "notification_email": null,
            "check_regions": [],
            "created_on": "2025-12-29T00:00:00Z",
            "modified_on": "2025-12-29T00:00:00Z"
          }
        }
      ]
    },
    {
      "mode": "managed",
      "type": "cloudflare_load_balancer_pool",
      "name": "e2e_shedding",
      "provider": "provider[\"registry.terraform.io/cloudflare/cloudflare\"]",
      "instances": [
        {
          "schema_version": 0,
          "attributes": {
            "id": "e2e-pool-shedding-id",
            "account_id": "394f312589f47dc33bc80a5a5f12f35f",
            "name": "cftftest-e2e-shedding-pool",
            "origins": [
              {
                "name": "origin-1",
                "address": "192.0.2.20",
                "enabled": true,
                "weight": 1.0,
                "header": []
              }
            ],
            "load_shedding": [
              {
                "default_percent": 55,
                "default_policy": "random",
                "session_percent": 30,
                "session_policy": "hash"
              }
            ],
            "enabled": true,
            "minimum_origins": 1,
            "monitor": null,
            "notification_email": null,
            "check_regions": [],
            "created_on": "2025-12-29T00:00:00Z",
            "modified_on": "2025-12-29T00:00:00Z"
          }
        }
      ]
    },
    {
      "mode": "managed",
      "type": "cloudflare_load_balancer_pool",
      "name": "e2e_dynamic_with_headers",
      "provider": "provider[\"registry.terraform.io/cloudflare/cloudflare\"]",
      "instances": [
        {
          "schema_version": 0,
          "attributes": {
            "id": "e2e-pool-dynamic-headers-id",
            "account_id": "394f312589f47dc33bc80a5a5f12f35f",
            "name": "cftftest-e2e-dynamic-headers-pool",
            "description": "Pool with dynamic origins and headers",
            "origins": [
              {
                "name": "backend-1",
                "address": "192.0.2.100",
                "enabled": true,
                "weight": 1.0,
                "header": [
                  {
                    "header": "Host",
                    "values": ["api1.example.com"]
                  }
                ]
              },
              {
                "name": "backend-2",
                "address": "192.0.2.101",
                "enabled": true,
                "weight": 1.0,
                "header": [
                  {
                    "header": "Host",
                    "values": ["api2.example.com"]
                  }
                ]
              },
              {
                "name": "backend-3",
                "address": "192.0.2.102",
                "enabled": true,
                "weight": 0.5,
                "header": [
                  {
                    "header": "Host",
                    "values": ["api3.example.com"]
                  }
                ]
              }
            ],
            "origin_steering": [
              {
                "policy": "random"
              }
            ],
            "enabled": true,
            "minimum_origins": 1,
            "monitor": null,
            "notification_email": null,
            "check_regions": [],
            "created_on": "2025-12-29T00:00:00Z",
            "modified_on": "2025-12-29T00:00:00Z"
          }
        }
      ]
    },
    {
      "mode": "managed",
      "type": "cloudflare_load_balancer_pool",
      "name": "e2e_dynamic_simple",
      "provider": "provider[\"registry.terraform.io/cloudflare/cloudflare\"]",
      "instances": [
        {
          "schema_version": 0,
          "attributes": {
            "id": "e2e-pool-dynamic-simple-id",
            "account_id": "394f312589f47dc33bc80a5a5f12f35f",
            "name": "cftftest-e2e-dynamic-simple-pool",
            "origins": [
              {
                "name": "backend-1",
                "address": "192.0.2.100",
                "enabled": true,
                "weight": 1.0,
                "header": []
              },
              {
                "name": "backend-2",
                "address": "192.0.2.101",
                "enabled": true,
                "weight": 1.0,
                "header": []
              },
              {
                "name": "backend-3",
                "address": "192.0.2.102",
                "enabled": true,
                "weight": 1.0,
                "header": []
              }
            ],
            "enabled": true,
            "minimum_origins": 1,
            "monitor": null,
            "notification_email": null,
            "check_regions": [],
            "created_on": "2025-12-29T00:00:00Z",
            "modified_on": "2025-12-29T00:00:00Z"
          }
        }
      ]
    },
    {
      "mode": "managed",
      "type": "cloudflare_load_balancer_pool",
      "name": "e2e_static_with_headers",
      "provider": "provider[\"registry.terraform.io/cloudflare/cloudflare\"]",
      "instances": [
        {
          "schema_version": 0,
          "attributes": {
            "id": "e2e-pool-static-headers-id",
            "account_id": "394f312589f47dc33bc80a5a5f12f35f",
            "name": "cftftest-e2e-static-headers-pool",
            "origins": [
              {
                "name": "static-origin-1",
                "address": "192.0.2.200",
                "enabled": true,
                "weight": 1.0,
                "header": [
                  {
                    "header": "Host",
                    "values": ["static1.example.com"]
                  }
                ]
              },
              {
                "name": "static-origin-2",
                "address": "192.0.2.201",
                "enabled": false,
                "weight": 1.0,
                "header": [
                  {
                    "header": "Host",
                    "values": ["static2.example.com", "static2-alt.example.com"]
                  }
                ]
              }
            ],
            "load_shedding": [
              {
                "default_percent": 75,
                "default_policy": "random",
                "session_percent": 50,
                "session_policy": "hash"
              }
            ],
            "enabled": true,
            "minimum_origins": 1,
            "monitor": null,
            "notification_email": null,
            "check_regions": [],
            "created_on": "2025-12-29T00:00:00Z",
            "modified_on": "2025-12-29T00:00:00Z"
          }
        }
      ]
    }
  ]
}
