{
  "version": 4,
  "terraform_version": "1.5.7",
  "serial": 1,
  "lineage": "test-dlp-lineage",
  "outputs": {},
  "resources": [
    {
      "mode": "managed",
      "type": "cloudflare_dlp_profile",
      "name": "credit_cards_basic",
      "provider": "provider[\"registry.terraform.io/cloudflare/cloudflare\"]",
      "instances": [
        {
          "attributes": {
            "id": "credit-cards-basic-id",
            "account_id": "test-account-id",
            "name": "cftftest-tfmigrate-e2e-test-dlp-credit-cards-basic",
            "description": "Basic profile for detecting credit card numbers",
            "type": "custom",
            "allowed_match_count": 5,
            "entry": [
              {
                "id": "visa-card-pattern",
                "name": "Visa Card",
                "enabled": true,
                "pattern": [
                  {
                    "regex": "4[0-9]{12}(?:[0-9]{3})?",
                    "validation": "luhn"
                  }
                ]
              },
              {
                "id": "mastercard-pattern",
                "name": "Mastercard",
                "enabled": true,
                "pattern": [
                  {
                    "regex": "5[1-5][0-9]{14}",
                    "validation": "luhn"
                  }
                ]
              }
            ]
          }
        }
      ]
    },
    {
      "mode": "managed",
      "type": "cloudflare_dlp_profile",
      "name": "ssn_detection",
      "provider": "provider[\"registry.terraform.io/cloudflare/cloudflare\"]",
      "instances": [
        {
          "attributes": {
            "id": "ssn-detection-id",
            "account_id": "test-account-id",
            "name": "cftftest-tfmigrate-e2e-test-dlp-ssn-detection",
            "type": "custom",
            "allowed_match_count": 3,
            "entry": [
              {
                "id": null,
                "name": "SSN Pattern",
                "enabled": true,
                "pattern": [
                  {
                    "regex": "[0-9]{3}-[0-9]{2}-[0-9]{4}",
                    "validation": null
                  }
                ]
              }
            ]
          }
        }
      ]
    },
    {
      "mode": "managed",
      "type": "cloudflare_dlp_profile",
      "name": "minimal",
      "provider": "provider[\"registry.terraform.io/cloudflare/cloudflare\"]",
      "instances": [
        {
          "attributes": {
            "id": "minimal-id",
            "account_id": "test-account-id",
            "name": "cftftest-tfmigrate-e2e-test-dlp-minimal",
            "description": "Minimal configuration for test-account-id",
            "type": "custom",
            "allowed_match_count": 1,
            "entry": [
              {
                "id": null,
                "name": "Simple Pattern",
                "enabled": true,
                "pattern": [
                  {
                    "regex": "test[0-9]{1,10}",
                    "validation": null
                  }
                ]
              }
            ]
          }
        }
      ]
    },
    {
      "mode": "managed",
      "type": "cloudflare_dlp_profile",
      "name": "card_profiles_map",
      "provider": "provider[\"registry.terraform.io/cloudflare/cloudflare\"]",
      "instances": [
        {
          "index_key": "amex",
          "attributes": {
            "id": "card-amex-id",
            "account_id": "test-account-id",
            "name": "cftftest-tfmigrate-e2e-test-dlp-card-amex",
            "description": "Dedicated profile for amex cards",
            "type": "custom",
            "allowed_match_count": 10,
            "entry": [
              {
                "id": "amex-entry",
                "name": "Amex Pattern",
                "enabled": false,
                "pattern": [
                  {
                    "regex": "3[47][0-9]{13}",
                    "validation": "luhn"
                  }
                ]
              }
            ]
          }
        },
        {
          "index_key": "discover",
          "attributes": {
            "id": "card-discover-id",
            "account_id": "test-account-id",
            "name": "cftftest-tfmigrate-e2e-test-dlp-card-discover",
            "description": "Dedicated profile for discover cards",
            "type": "custom",
            "allowed_match_count": 10,
            "entry": [
              {
                "id": "discover-entry",
                "name": "Discover Pattern",
                "enabled": true,
                "pattern": [
                  {
                    "regex": "6(?:011|5[0-9]{2})[0-9]{12}",
                    "validation": "luhn"
                  }
                ]
              }
            ]
          }
        },
        {
          "index_key": "mastercard",
          "attributes": {
            "id": "card-mastercard-id",
            "account_id": "test-account-id",
            "name": "cftftest-tfmigrate-e2e-test-dlp-card-mastercard",
            "description": "Dedicated profile for mastercard cards",
            "type": "custom",
            "allowed_match_count": 10,
            "entry": [
              {
                "id": "mastercard-entry",
                "name": "Mastercard Pattern",
                "enabled": true,
                "pattern": [
                  {
                    "regex": "5[1-5][0-9]{14}",
                    "validation": "luhn"
                  }
                ]
              }
            ]
          }
        },
        {
          "index_key": "visa",
          "attributes": {
            "id": "card-visa-id",
            "account_id": "test-account-id",
            "name": "cftftest-tfmigrate-e2e-test-dlp-card-visa",
            "description": "Dedicated profile for visa cards",
            "type": "custom",
            "allowed_match_count": 10,
            "entry": [
              {
                "id": "visa-entry",
                "name": "Visa Pattern",
                "enabled": true,
                "pattern": [
                  {
                    "regex": "4[0-9]{12}(?:[0-9]{3})?",
                    "validation": "luhn"
                  }
                ]
              }
            ]
          }
        }
      ]
    },
    {
      "mode": "managed",
      "type": "cloudflare_dlp_profile",
      "name": "pii_profiles_set",
      "provider": "provider[\"registry.terraform.io/cloudflare/cloudflare\"]",
      "instances": [
        {
          "index_key": "drivers_license",
          "attributes": {
            "id": "pii-drivers-license-id",
            "account_id": "test-account-id",
            "name": "cftftest-tfmigrate-e2e-test-dlp-pii-drivers_license",
            "type": "custom",
            "allowed_match_count": 2,
            "entry": [
              {
                "id": null,
                "name": "Drivers License Pattern",
                "enabled": true,
                "pattern": [
                  {
                    "regex": "[A-Z0-9]{8,15}",
                    "validation": null
                  }
                ]
              }
            ]
          }
        },
        {
          "index_key": "passport",
          "attributes": {
            "id": "pii-passport-id",
            "account_id": "test-account-id",
            "name": "cftftest-tfmigrate-e2e-test-dlp-pii-passport",
            "type": "custom",
            "allowed_match_count": 2,
            "entry": [
              {
                "id": null,
                "name": "Passport Pattern",
                "enabled": true,
                "pattern": [
                  {
                    "regex": "[A-Z0-9]{8,15}",
                    "validation": null
                  }
                ]
              }
            ]
          }
        },
        {
          "index_key": "ssn",
          "attributes": {
            "id": "pii-ssn-id",
            "account_id": "test-account-id",
            "name": "cftftest-tfmigrate-e2e-test-dlp-pii-ssn",
            "type": "custom",
            "allowed_match_count": 2,
            "entry": [
              {
                "id": null,
                "name": "Ssn Pattern",
                "enabled": true,
                "pattern": [
                  {
                    "regex": "[A-Z0-9]{8,15}",
                    "validation": null
                  }
                ]
              }
            ]
          }
        },
        {
          "index_key": "tax_id",
          "attributes": {
            "id": "pii-tax-id-id",
            "account_id": "test-account-id",
            "name": "cftftest-tfmigrate-e2e-test-dlp-pii-tax_id",
            "type": "custom",
            "allowed_match_count": 2,
            "entry": [
              {
                "id": null,
                "name": "Tax Id Pattern",
                "enabled": true,
                "pattern": [
                  {
                    "regex": "[A-Z0-9]{8,15}",
                    "validation": null
                  }
                ]
              }
            ]
          }
        }
      ]
    },
    {
      "mode": "managed",
      "type": "cloudflare_dlp_profile",
      "name": "counted_profiles",
      "provider": "provider[\"registry.terraform.io/cloudflare/cloudflare\"]",
      "instances": [
        {
          "index_key": 0,
          "attributes": {
            "id": "counted-0-id",
            "account_id": "test-account-id",
            "name": "cftftest-tfmigrate-e2e-test-dlp-counted-0",
            "description": "This is profile number 0",
            "type": "custom",
            "allowed_match_count": 1,
            "entry": [
              {
                "id": "entry-0",
                "name": "Pattern 0",
                "enabled": true,
                "pattern": [
                  {
                    "regex": "pattern-0-[0-9]{1,4}",
                    "validation": null
                  }
                ]
              }
            ]
          }
        },
        {
          "index_key": 1,
          "attributes": {
            "id": "counted-1-id",
            "account_id": "test-account-id",
            "name": "cftftest-tfmigrate-e2e-test-dlp-counted-1",
            "description": "This is profile number 1",
            "type": "custom",
            "allowed_match_count": 2,
            "entry": [
              {
                "id": "entry-1",
                "name": "Pattern 1",
                "enabled": false,
                "pattern": [
                  {
                    "regex": "pattern-1-[0-9]{1,4}",
                    "validation": null
                  }
                ]
              }
            ]
          }
        },
        {
          "index_key": 2,
          "attributes": {
            "id": "counted-2-id",
            "account_id": "test-account-id",
            "name": "cftftest-tfmigrate-e2e-test-dlp-counted-2",
            "description": "This is profile number 2",
            "type": "custom",
            "allowed_match_count": 3,
            "entry": [
              {
                "id": "entry-2",
                "name": "Pattern 2",
                "enabled": true,
                "pattern": [
                  {
                    "regex": "pattern-2-[0-9]{1,4}",
                    "validation": null
                  }
                ]
              }
            ]
          }
        }
      ]
    },
    {
      "mode": "managed",
      "type": "cloudflare_dlp_profile",
      "name": "conditional_credit",
      "provider": "provider[\"registry.terraform.io/cloudflare/cloudflare\"]",
      "instances": [
        {
          "index_key": 0,
          "attributes": {
            "id": "conditional-credit-id",
            "account_id": "test-account-id",
            "name": "cftftest-tfmigrate-e2e-test-dlp-conditional-credit",
            "description": "Created conditionally based on variable",
            "type": "custom",
            "allowed_match_count": 15,
            "entry": [
              {
                "id": "all-cards",
                "name": "All Credit Cards",
                "enabled": true,
                "pattern": [
                  {
                    "regex": "(?:4[0-9]{12}(?:[0-9]{3})?|5[1-5][0-9]{14}|3[47][0-9]{13})",
                    "validation": "luhn"
                  }
                ]
              }
            ]
          }
        }
      ]
    },
    {
      "mode": "managed",
      "type": "cloudflare_dlp_profile",
      "name": "dynamic_entries",
      "provider": "provider[\"registry.terraform.io/cloudflare/cloudflare\"]",
      "instances": [
        {
          "attributes": {
            "id": "dynamic-entries-id",
            "account_id": "test-account-id",
            "name": "cftftest-tfmigrate-e2e-test-dlp-dynamic-entries",
            "description": "Profile with dynamically generated entries",
            "type": "custom",
            "allowed_match_count": 30,
            "entry": [
              {
                "id": "api_key",
                "name": "Api Key",
                "enabled": true,
                "pattern": [
                  {
                    "regex": "api_key[\\s:=][a-zA-Z0-9]{20,30}",
                    "validation": null
                  }
                ]
              },
              {
                "id": "password",
                "name": "Password",
                "enabled": false,
                "pattern": [
                  {
                    "regex": "password[\\s:=][a-zA-Z0-9]{8,16}",
                    "validation": null
                  }
                ]
              },
              {
                "id": "token",
                "name": "Token",
                "enabled": true,
                "pattern": [
                  {
                    "regex": "token[\\s:=][a-zA-Z0-9._-]{20,30}",
                    "validation": null
                  }
                ]
              }
            ]
          }
        }
      ]
    },
    {
      "mode": "managed",
      "type": "cloudflare_dlp_profile",
      "name": "with_nulls",
      "provider": "provider[\"registry.terraform.io/cloudflare/cloudflare\"]",
      "instances": [
        {
          "attributes": {
            "id": "with-nulls-id",
            "account_id": "test-account-id",
            "name": "cftftest-tfmigrate-e2e-test-dlp-with-nulls",
            "description": null,
            "type": "custom",
            "allowed_match_count": 4,
            "entry": [
              {
                "id": null,
                "name": "Entry with null ID",
                "enabled": true,
                "pattern": [
                  {
                    "regex": "NULL[0-9]{1,4}",
                    "validation": null
                  }
                ]
              }
            ]
          }
        }
      ]
    },
    {
      "mode": "managed",
      "type": "cloudflare_dlp_profile",
      "name": "prevent_destroy",
      "provider": "provider[\"registry.terraform.io/cloudflare/cloudflare\"]",
      "instances": [
        {
          "attributes": {
            "id": "prevent-destroy-id",
            "account_id": "test-account-id",
            "name": "cftftest-tfmigrate-e2e-test-dlp-protected",
            "description": "This profile should not be destroyed",
            "type": "custom",
            "allowed_match_count": 50,
            "entry": [
              {
                "id": "protected-entry",
                "name": "Protected Pattern",
                "enabled": true,
                "pattern": [
                  {
                    "regex": "PROTECTED[0-9]{1,4}",
                    "validation": null
                  }
                ]
              }
            ]
          }
        }
      ]
    }
  ]
}
