{
  "lineage": "test-dlp-lineage",
  "outputs": {},
  "resources": [
    {
      "instances": [
        {
          "attributes": {
            "account_id": "test-account-id",
            "allowed_match_count": 5,
            "description": "Basic profile for detecting credit card numbers",
            "entries": [
              {
                "enabled": true,
                "name": "Visa Card",
                "pattern": {
                  "regex": "4[0-9]{12}(?:[0-9]{3})?",
                  "validation": "luhn"
                }
              },
              {
                "enabled": true,
                "name": "Mastercard",
                "pattern": {
                  "regex": "5[1-5][0-9]{14}",
                  "validation": "luhn"
                }
              }
            ],
            "id": "credit-cards-basic-id",
            "name": "cftftest-tfmigrate-e2e-test-dlp-credit-cards-basic"
          },
          "schema_version": 0
        }
      ],
      "mode": "managed",
      "name": "credit_cards_basic",
      "provider": "provider[\"registry.terraform.io/cloudflare/cloudflare\"]",
      "type": "cloudflare_zero_trust_dlp_custom_profile"
    },
    {
      "instances": [
        {
          "attributes": {
            "account_id": "test-account-id",
            "allowed_match_count": 3,
            "entries": [
              {
                "enabled": true,
                "name": "SSN Pattern",
                "pattern": {
                  "regex": "[0-9]{3}-[0-9]{2}-[0-9]{4}"
                }
              }
            ],
            "id": "ssn-detection-id",
            "name": "cftftest-tfmigrate-e2e-test-dlp-ssn-detection"
          },
          "schema_version": 0
        }
      ],
      "mode": "managed",
      "name": "ssn_detection",
      "provider": "provider[\"registry.terraform.io/cloudflare/cloudflare\"]",
      "type": "cloudflare_zero_trust_dlp_custom_profile"
    },
    {
      "instances": [
        {
          "attributes": {
            "account_id": "test-account-id",
            "allowed_match_count": 1,
            "description": "Minimal configuration for test-account-id",
            "entries": [
              {
                "enabled": true,
                "name": "Simple Pattern",
                "pattern": {
                  "regex": "test[0-9]{1,10}"
                }
              }
            ],
            "id": "minimal-id",
            "name": "cftftest-tfmigrate-e2e-test-dlp-minimal"
          },
          "schema_version": 0
        }
      ],
      "mode": "managed",
      "name": "minimal",
      "provider": "provider[\"registry.terraform.io/cloudflare/cloudflare\"]",
      "type": "cloudflare_zero_trust_dlp_custom_profile"
    },
    {
      "instances": [
        {
          "attributes": {
            "account_id": "test-account-id",
            "allowed_match_count": 10,
            "description": "Dedicated profile for amex cards",
            "entries": [
              {
                "enabled": false,
                "name": "Amex Pattern",
                "pattern": {
                  "regex": "3[47][0-9]{13}",
                  "validation": "luhn"
                }
              }
            ],
            "id": "card-amex-id",
            "name": "cftftest-tfmigrate-e2e-test-dlp-card-amex"
          },
          "index_key": "amex",
          "schema_version": 0
        },
        {
          "attributes": {
            "account_id": "test-account-id",
            "allowed_match_count": 10,
            "description": "Dedicated profile for discover cards",
            "entries": [
              {
                "enabled": true,
                "name": "Discover Pattern",
                "pattern": {
                  "regex": "6(?:011|5[0-9]{2})[0-9]{12}",
                  "validation": "luhn"
                }
              }
            ],
            "id": "card-discover-id",
            "name": "cftftest-tfmigrate-e2e-test-dlp-card-discover"
          },
          "index_key": "discover",
          "schema_version": 0
        },
        {
          "attributes": {
            "account_id": "test-account-id",
            "allowed_match_count": 10,
            "description": "Dedicated profile for mastercard cards",
            "entries": [
              {
                "enabled": true,
                "name": "Mastercard Pattern",
                "pattern": {
                  "regex": "5[1-5][0-9]{14}",
                  "validation": "luhn"
                }
              }
            ],
            "id": "card-mastercard-id",
            "name": "cftftest-tfmigrate-e2e-test-dlp-card-mastercard"
          },
          "index_key": "mastercard",
          "schema_version": 0
        },
        {
          "attributes": {
            "account_id": "test-account-id",
            "allowed_match_count": 10,
            "description": "Dedicated profile for visa cards",
            "entries": [
              {
                "enabled": true,
                "name": "Visa Pattern",
                "pattern": {
                  "regex": "4[0-9]{12}(?:[0-9]{3})?",
                  "validation": "luhn"
                }
              }
            ],
            "id": "card-visa-id",
            "name": "cftftest-tfmigrate-e2e-test-dlp-card-visa"
          },
          "index_key": "visa",
          "schema_version": 0
        }
      ],
      "mode": "managed",
      "name": "card_profiles_map",
      "provider": "provider[\"registry.terraform.io/cloudflare/cloudflare\"]",
      "type": "cloudflare_zero_trust_dlp_custom_profile"
    },
    {
      "instances": [
        {
          "attributes": {
            "account_id": "test-account-id",
            "allowed_match_count": 2,
            "entries": [
              {
                "enabled": true,
                "name": "Drivers License Pattern",
                "pattern": {
                  "regex": "[A-Z0-9]{8,15}"
                }
              }
            ],
            "id": "pii-drivers-license-id",
            "name": "cftftest-tfmigrate-e2e-test-dlp-pii-drivers_license"
          },
          "index_key": "drivers_license",
          "schema_version": 0
        },
        {
          "attributes": {
            "account_id": "test-account-id",
            "allowed_match_count": 2,
            "entries": [
              {
                "enabled": true,
                "name": "Passport Pattern",
                "pattern": {
                  "regex": "[A-Z0-9]{8,15}"
                }
              }
            ],
            "id": "pii-passport-id",
            "name": "cftftest-tfmigrate-e2e-test-dlp-pii-passport"
          },
          "index_key": "passport",
          "schema_version": 0
        },
        {
          "attributes": {
            "account_id": "test-account-id",
            "allowed_match_count": 2,
            "entries": [
              {
                "enabled": true,
                "name": "Ssn Pattern",
                "pattern": {
                  "regex": "[A-Z0-9]{8,15}"
                }
              }
            ],
            "id": "pii-ssn-id",
            "name": "cftftest-tfmigrate-e2e-test-dlp-pii-ssn"
          },
          "index_key": "ssn",
          "schema_version": 0
        },
        {
          "attributes": {
            "account_id": "test-account-id",
            "allowed_match_count": 2,
            "entries": [
              {
                "enabled": true,
                "name": "Tax Id Pattern",
                "pattern": {
                  "regex": "[A-Z0-9]{8,15}"
                }
              }
            ],
            "id": "pii-tax-id-id",
            "name": "cftftest-tfmigrate-e2e-test-dlp-pii-tax_id"
          },
          "index_key": "tax_id",
          "schema_version": 0
        }
      ],
      "mode": "managed",
      "name": "pii_profiles_set",
      "provider": "provider[\"registry.terraform.io/cloudflare/cloudflare\"]",
      "type": "cloudflare_zero_trust_dlp_custom_profile"
    },
    {
      "instances": [
        {
          "attributes": {
            "account_id": "test-account-id",
            "allowed_match_count": 1,
            "description": "This is profile number 0",
            "entries": [
              {
                "enabled": true,
                "name": "Pattern 0",
                "pattern": {
                  "regex": "pattern-0-[0-9]{1,4}"
                }
              }
            ],
            "id": "counted-0-id",
            "name": "cftftest-tfmigrate-e2e-test-dlp-counted-0"
          },
          "index_key": 0,
          "schema_version": 0
        },
        {
          "attributes": {
            "account_id": "test-account-id",
            "allowed_match_count": 2,
            "description": "This is profile number 1",
            "entries": [
              {
                "enabled": false,
                "name": "Pattern 1",
                "pattern": {
                  "regex": "pattern-1-[0-9]{1,4}"
                }
              }
            ],
            "id": "counted-1-id",
            "name": "cftftest-tfmigrate-e2e-test-dlp-counted-1"
          },
          "index_key": 1,
          "schema_version": 0
        },
        {
          "attributes": {
            "account_id": "test-account-id",
            "allowed_match_count": 3,
            "description": "This is profile number 2",
            "entries": [
              {
                "enabled": true,
                "name": "Pattern 2",
                "pattern": {
                  "regex": "pattern-2-[0-9]{1,4}"
                }
              }
            ],
            "id": "counted-2-id",
            "name": "cftftest-tfmigrate-e2e-test-dlp-counted-2"
          },
          "index_key": 2,
          "schema_version": 0
        }
      ],
      "mode": "managed",
      "name": "counted_profiles",
      "provider": "provider[\"registry.terraform.io/cloudflare/cloudflare\"]",
      "type": "cloudflare_zero_trust_dlp_custom_profile"
    },
    {
      "instances": [
        {
          "attributes": {
            "account_id": "test-account-id",
            "allowed_match_count": 15,
            "description": "Created conditionally based on variable",
            "entries": [
              {
                "enabled": true,
                "name": "All Credit Cards",
                "pattern": {
                  "regex": "(?:4[0-9]{12}(?:[0-9]{3})?|5[1-5][0-9]{14}|3[47][0-9]{13})",
                  "validation": "luhn"
                }
              }
            ],
            "id": "conditional-credit-id",
            "name": "cftftest-tfmigrate-e2e-test-dlp-conditional-credit"
          },
          "index_key": 0,
          "schema_version": 0
        }
      ],
      "mode": "managed",
      "name": "conditional_credit",
      "provider": "provider[\"registry.terraform.io/cloudflare/cloudflare\"]",
      "type": "cloudflare_zero_trust_dlp_custom_profile"
    },
    {
      "instances": [
        {
          "attributes": {
            "account_id": "test-account-id",
            "allowed_match_count": 30,
            "description": "Profile with dynamically generated entries",
            "entries": [
              {
                "enabled": true,
                "name": "Api Key",
                "pattern": {
                  "regex": "api_key[\\s:=][a-zA-Z0-9]{20,30}"
                }
              },
              {
                "enabled": false,
                "name": "Password",
                "pattern": {
                  "regex": "password[\\s:=][a-zA-Z0-9]{8,16}"
                }
              },
              {
                "enabled": true,
                "name": "Token",
                "pattern": {
                  "regex": "token[\\s:=][a-zA-Z0-9._-]{20,30}"
                }
              }
            ],
            "id": "dynamic-entries-id",
            "name": "cftftest-tfmigrate-e2e-test-dlp-dynamic-entries"
          },
          "schema_version": 0
        }
      ],
      "mode": "managed",
      "name": "dynamic_entries",
      "provider": "provider[\"registry.terraform.io/cloudflare/cloudflare\"]",
      "type": "cloudflare_zero_trust_dlp_custom_profile"
    },
    {
      "instances": [
        {
          "attributes": {
            "account_id": "test-account-id",
            "allowed_match_count": 4,
            "description": null,
            "entries": [
              {
                "enabled": true,
                "name": "Entry with null ID",
                "pattern": {
                  "regex": "NULL[0-9]{1,4}"
                }
              }
            ],
            "id": "with-nulls-id",
            "name": "cftftest-tfmigrate-e2e-test-dlp-with-nulls"
          },
          "schema_version": 0
        }
      ],
      "mode": "managed",
      "name": "with_nulls",
      "provider": "provider[\"registry.terraform.io/cloudflare/cloudflare\"]",
      "type": "cloudflare_zero_trust_dlp_custom_profile"
    },
    {
      "instances": [
        {
          "attributes": {
            "account_id": "test-account-id",
            "allowed_match_count": 50,
            "description": "This profile should not be destroyed",
            "entries": [
              {
                "enabled": true,
                "name": "Protected Pattern",
                "pattern": {
                  "regex": "PROTECTED[0-9]{1,4}"
                }
              }
            ],
            "id": "prevent-destroy-id",
            "name": "cftftest-tfmigrate-e2e-test-dlp-protected"
          },
          "schema_version": 0
        }
      ],
      "mode": "managed",
      "name": "prevent_destroy",
      "provider": "provider[\"registry.terraform.io/cloudflare/cloudflare\"]",
      "type": "cloudflare_zero_trust_dlp_custom_profile"
    }
  ],
  "serial": 1,
  "terraform_version": "1.5.7",
  "version": 4
}