{
  "lineage": "test-tunnel-route-comprehensive-lineage",
  "outputs": {},
  "resources": [
    {
      "instances": [
        {
          "attributes": {
            "account_id": "f037e56e89293a057740de681ac9abbe",
            "id": "a0000000-0000-0000-0000-000000000001",
            "name": "minimal-tunnel",
            "tunnel_secret": "dGVzdC1zZWNyZXQtdGhhdC1pcy1hdC1sZWFzdC0zMi1ieXRlcy1sb25n"
          },
          "schema_version": 0
        }
      ],
      "mode": "managed",
      "name": "minimal",
      "provider": "provider[\"registry.terraform.io/cloudflare/cloudflare\"]",
      "type": "cloudflare_zero_trust_tunnel_cloudflared"
    },
    {
      "instances": [
        {
          "attributes": {
            "account_id": "f037e56e89293a057740de681ac9abbe",
            "config_src": "local",
            "id": "a0000000-0000-0000-0000-000000000002",
            "name": "local-config-tunnel",
            "tunnel_secret": "YW5vdGhlci1zZWNyZXQtMzItYnl0ZXMtb3ItbG9uZ2VyLWhlcmU="
          },
          "schema_version": 0
        }
      ],
      "mode": "managed",
      "name": "local_config",
      "provider": "provider[\"registry.terraform.io/cloudflare/cloudflare\"]",
      "type": "cloudflare_zero_trust_tunnel_cloudflared"
    },
    {
      "instances": [
        {
          "attributes": {
            "account_id": "f037e56e89293a057740de681ac9abbe",
            "config_src": "cloudflare",
            "id": "a0000000-0000-0000-0000-000000000003",
            "name": "cloudflare-config-tunnel",
            "tunnel_secret": "cmVtb3RlLXR1bm5lbC1zZWNyZXQtMzItYnl0ZXMtbWluaW11bQ=="
          },
          "schema_version": 0
        }
      ],
      "mode": "managed",
      "name": "cloudflare_config",
      "provider": "provider[\"registry.terraform.io/cloudflare/cloudflare\"]",
      "type": "cloudflare_zero_trust_tunnel_cloudflared"
    },
    {
      "instances": [
        {
          "attributes": {
            "account_id": "f037e56e89293a057740de681ac9abbe",
            "config_src": "local",
            "id": "a0000000-0000-0000-0000-000000000004",
            "name": "cftftest-route-cftftest-var-test-prod",
            "tunnel_secret": "Z2VuZXJhdGVkLXNlY3JldC10aGF0LWlzLTMyLWJ5dGVzLWxvbmc="
          },
          "schema_version": 0
        }
      ],
      "mode": "managed",
      "name": "with_vars",
      "provider": "provider[\"registry.terraform.io/cloudflare/cloudflare\"]",
      "type": "cloudflare_zero_trust_tunnel_cloudflared"
    },
    {
      "instances": [
        {
          "attributes": {
            "account_id": "f037e56e89293a057740de681ac9abbe",
            "config_src": "local",
            "id": "a0000000-0000-0000-0000-000000000005",
            "name": "api-tunnel",
            "tunnel_secret": "YXBpLXR1bm5lbC1zZWNyZXQtdGhhdC1pcy0zMi1ieXRlcw=="
          },
          "index_key": "api",
          "schema_version": 0
        },
        {
          "attributes": {
            "account_id": "f037e56e89293a057740de681ac9abbe",
            "config_src": "local",
            "id": "a0000000-0000-0000-0000-000000000006",
            "name": "backend-tunnel",
            "tunnel_secret": "YmFja2VuZC1zZWNyZXQtdGhhdC1pcy0zMi1ieXRlcy1vaw=="
          },
          "index_key": "backend",
          "schema_version": 0
        },
        {
          "attributes": {
            "account_id": "f037e56e89293a057740de681ac9abbe",
            "config_src": "cloudflare",
            "id": "a0000000-0000-0000-0000-000000000007",
            "name": "web-tunnel",
            "tunnel_secret": "d2ViLXR1bm5lbC1zZWNyZXQtdGhhdC1pcy0zMi1ieXRlcw=="
          },
          "index_key": "web",
          "schema_version": 0
        }
      ],
      "mode": "managed",
      "name": "applications",
      "provider": "provider[\"registry.terraform.io/cloudflare/cloudflare\"]",
      "type": "cloudflare_zero_trust_tunnel_cloudflared"
    },
    {
      "instances": [
        {
          "attributes": {
            "account_id": "f037e56e89293a057740de681ac9abbe",
            "config_src": "local",
            "id": "a0000000-0000-0000-0000-000000000008",
            "name": "dev-env-tunnel",
            "tunnel_secret": "ZGV2LWVudmlyb25tZW50LXNlY3JldC0zMi1ieXRlcy1taW4="
          },
          "index_key": "dev",
          "schema_version": 0
        },
        {
          "attributes": {
            "account_id": "f037e56e89293a057740de681ac9abbe",
            "config_src": "cloudflare",
            "id": "a0000000-0000-0000-0000-000000000009",
            "name": "prod-env-tunnel",
            "tunnel_secret": "cHJvZC1lbnZpcm9ubWVudC1zZWNyZXQtMzItYnl0ZXMtb2s="
          },
          "index_key": "prod",
          "schema_version": 0
        },
        {
          "attributes": {
            "account_id": "f037e56e89293a057740de681ac9abbe",
            "config_src": "cloudflare",
            "id": "a0000000-0000-0000-0000-000000000010",
            "name": "staging-env-tunnel",
            "tunnel_secret": "c3RhZ2luZy1lbnZpcm9ubWVudC1zZWNyZXQtMzItYnl0ZQ=="
          },
          "index_key": "staging",
          "schema_version": 0
        }
      ],
      "mode": "managed",
      "name": "environments",
      "provider": "provider[\"registry.terraform.io/cloudflare/cloudflare\"]",
      "type": "cloudflare_zero_trust_tunnel_cloudflared"
    },
    {
      "instances": [
        {
          "attributes": {
            "account_id": "f037e56e89293a057740de681ac9abbe",
            "config_src": "local",
            "id": "a0000000-0000-0000-0000-000000000011",
            "name": "replica-tunnel-1",
            "tunnel_secret": "cmVwbGljYS0wLXNlY3JldC0zMi1ieXRlcy1sb25n"
          },
          "index_key": 0,
          "schema_version": 0
        },
        {
          "attributes": {
            "account_id": "f037e56e89293a057740de681ac9abbe",
            "config_src": "local",
            "id": "a0000000-0000-0000-0000-000000000012",
            "name": "replica-tunnel-2",
            "tunnel_secret": "cmVwbGljYS0xLXNlY3JldC0zMi1ieXRlcy1sb25n"
          },
          "index_key": 1,
          "schema_version": 0
        },
        {
          "attributes": {
            "account_id": "f037e56e89293a057740de681ac9abbe",
            "config_src": "local",
            "id": "a0000000-0000-0000-0000-000000000013",
            "name": "replica-tunnel-3",
            "tunnel_secret": "cmVwbGljYS0yLXNlY3JldC0zMi1ieXRlcy1sb25n"
          },
          "index_key": 2,
          "schema_version": 0
        }
      ],
      "mode": "managed",
      "name": "replicas",
      "provider": "provider[\"registry.terraform.io/cloudflare/cloudflare\"]",
      "type": "cloudflare_zero_trust_tunnel_cloudflared"
    },
    {
      "instances": [
        {
          "attributes": {
            "account_id": "f037e56e89293a057740de681ac9abbe",
            "config_src": "cloudflare",
            "id": "a0000000-0000-0000-0000-000000000014",
            "name": "backup-tunnel",
            "tunnel_secret": "YmFja3VwLXR1bm5lbC1zZWNyZXQtMzItYnl0ZXMtbG9uZw=="
          },
          "index_key": 0,
          "schema_version": 0
        }
      ],
      "mode": "managed",
      "name": "backup",
      "provider": "provider[\"registry.terraform.io/cloudflare/cloudflare\"]",
      "type": "cloudflare_zero_trust_tunnel_cloudflared"
    },
    {
      "instances": [
        {
          "attributes": {
            "account_id": "f037e56e89293a057740de681ac9abbe",
            "config_src": "local",
            "id": "a0000000-0000-0000-0000-000000000015",
            "name": "primary-tunnel",
            "tunnel_secret": "cHJpbWFyeS10dW5uZWwtc2VjcmV0LTMyLWJ5dGVzLWxvbmc="
          },
          "schema_version": 0
        }
      ],
      "mode": "managed",
      "name": "primary",
      "provider": "provider[\"registry.terraform.io/cloudflare/cloudflare\"]",
      "type": "cloudflare_zero_trust_tunnel_cloudflared"
    },
    {
      "instances": [
        {
          "attributes": {
            "account_id": "f037e56e89293a057740de681ac9abbe",
            "config_src": "cloudflare",
            "id": "a0000000-0000-0000-0000-000000000016",
            "name": "primary-tunnel-secondary",
            "tunnel_secret": "c2Vjb25kYXJ5LXR1bm5lbC1zZWNyZXQtMzItYnl0ZXMtb2s="
          },
          "schema_version": 0
        }
      ],
      "mode": "managed",
      "name": "secondary",
      "provider": "provider[\"registry.terraform.io/cloudflare/cloudflare\"]",
      "type": "cloudflare_zero_trust_tunnel_cloudflared"
    },
    {
      "instances": [
        {
          "attributes": {
            "account_id": "f037e56e89293a057740de681ac9abbe",
            "config_src": "local",
            "id": "a0000000-0000-0000-0000-000000000017",
            "name": "protected-tunnel",
            "tunnel_secret": "cHJvdGVjdGVkLXR1bm5lbC1zZWNyZXQtMzItYnl0ZXMtb2s="
          },
          "schema_version": 0
        }
      ],
      "mode": "managed",
      "name": "protected",
      "provider": "provider[\"registry.terraform.io/cloudflare/cloudflare\"]",
      "type": "cloudflare_zero_trust_tunnel_cloudflared"
    },
    {
      "instances": [
        {
          "attributes": {
            "account_id": "f037e56e89293a057740de681ac9abbe",
            "config_src": "local",
            "id": "a0000000-0000-0000-0000-000000000018",
            "name": "conditional-config-tunnel",
            "tunnel_secret": "Y29uZGl0aW9uYWwtc2VjcmV0LTMyLWJ5dGVzLW9yLW1vcmU="
          },
          "schema_version": 0
        }
      ],
      "mode": "managed",
      "name": "conditional_config",
      "provider": "provider[\"registry.terraform.io/cloudflare/cloudflare\"]",
      "type": "cloudflare_zero_trust_tunnel_cloudflared"
    },
    {
      "instances": [
        {
          "attributes": {
            "account_id": "f037e56e89293a057740de681ac9abbe",
            "config_src": "local",
            "id": "a0000000-0000-0000-0000-000000000019",
            "name": "encoded-tunnel",
            "tunnel_secret": "dGhpcy1zZWNyZXQtaXMtYmFzZTY0LWVuY29kZWQtMzJi"
          },
          "schema_version": 0
        }
      ],
      "mode": "managed",
      "name": "encoded",
      "provider": "provider[\"registry.terraform.io/cloudflare/cloudflare\"]",
      "type": "cloudflare_zero_trust_tunnel_cloudflared"
    },
    {
      "instances": [
        {
          "attributes": {
            "account_id": "f037e56e89293a057740de681ac9abbe",
            "config_src": "local",
            "id": "a0000000-0000-0000-0000-000000000020",
            "name": "var-test-interpolated-prod",
            "tunnel_secret": "aW50ZXJwb2xhdGVkLXNlY3JldC0zMi1ieXRlcy1vci1tb3Jl"
          },
          "schema_version": 0
        }
      ],
      "mode": "managed",
      "name": "interpolated",
      "provider": "provider[\"registry.terraform.io/cloudflare/cloudflare\"]",
      "type": "cloudflare_zero_trust_tunnel_cloudflared"
    },
    {
      "instances": [
        {
          "attributes": {
            "account_id": "f037e56e89293a057740de681ac9abbe",
            "config_src": "cloudflare",
            "id": "a0000000-0000-0000-0000-000000000021",
            "name": "prod-complex-tunnel",
            "tunnel_secret": "Y29tcGxleC10dW5uZWwtc2VjcmV0LTMyLWJ5dGVzLWxvbmc="
          },
          "schema_version": 0
        }
      ],
      "mode": "managed",
      "name": "complex_config",
      "provider": "provider[\"registry.terraform.io/cloudflare/cloudflare\"]",
      "type": "cloudflare_zero_trust_tunnel_cloudflared"
    },
    {
      "instances": [
        {
          "attributes": {
            "account_id": "f037e56e89293a057740de681ac9abbe",
            "id": "minimal-route-id",
            "network": "10.0.0.0/16",
            "tunnel_id": "a0000000-0000-0000-0000-000000000001"
          },
          "schema_version": 0
        }
      ],
      "mode": "managed",
      "name": "minimal",
      "provider": "provider[\"registry.terraform.io/cloudflare/cloudflare\"]",
      "type": "cloudflare_zero_trust_tunnel_cloudflared_route"
    },
    {
      "instances": [
        {
          "attributes": {
            "account_id": "f037e56e89293a057740de681ac9abbe",
            "comment": "Production tunnel route for internal services",
            "id": "full-route-id",
            "network": "172.16.0.0/12",
            "tunnel_id": "a0000000-0000-0000-0000-000000000002",
            "virtual_network_id": "7f5a1a01-3e68-4e79-9f52-fe5a62b5e0f5"
          },
          "schema_version": 0
        }
      ],
      "mode": "managed",
      "name": "full",
      "provider": "provider[\"registry.terraform.io/cloudflare/cloudflare\"]",
      "type": "cloudflare_zero_trust_tunnel_cloudflared_route"
    },
    {
      "instances": [
        {
          "attributes": {
            "account_id": "f037e56e89293a057740de681ac9abbe",
            "comment": "IPv6 tunnel route",
            "id": "ipv6-route-id",
            "network": "2001:db8::/32",
            "tunnel_id": "a0000000-0000-0000-0000-000000000003"
          },
          "schema_version": 0
        }
      ],
      "mode": "managed",
      "name": "ipv6",
      "provider": "provider[\"registry.terraform.io/cloudflare/cloudflare\"]",
      "type": "cloudflare_zero_trust_tunnel_cloudflared_route"
    },
    {
      "instances": [
        {
          "attributes": {
            "account_id": "f037e56e89293a057740de681ac9abbe",
            "comment": "",
            "id": "empty-comment-id",
            "network": "192.168.0.0/16",
            "tunnel_id": "a0000000-0000-0000-0000-000000000004"
          },
          "schema_version": 0
        }
      ],
      "mode": "managed",
      "name": "empty_comment",
      "provider": "provider[\"registry.terraform.io/cloudflare/cloudflare\"]",
      "type": "cloudflare_zero_trust_tunnel_cloudflared_route"
    },
    {
      "instances": [
        {
          "attributes": {
            "account_id": "f037e56e89293a057740de681ac9abbe",
            "comment": "Route with special chars: !@#$%^\u0026*() and unicode: éçà",
            "id": "special-chars-id",
            "network": "10.1.0.0/16",
            "tunnel_id": "a0000000-0000-0000-0000-000000000015",
            "virtual_network_id": "8a5b2b02-4f79-5e8a-af63-fb6a73c6f1a6"
          },
          "schema_version": 0
        }
      ],
      "mode": "managed",
      "name": "special_chars",
      "provider": "provider[\"registry.terraform.io/cloudflare/cloudflare\"]",
      "type": "cloudflare_zero_trust_tunnel_cloudflared_route"
    },
    {
      "instances": [
        {
          "attributes": {
            "account_id": "f037e56e89293a057740de681ac9abbe",
            "comment": "development: Development environment",
            "id": "env-dev-route-id",
            "network": "10.20.0.0/16",
            "tunnel_id": "a0000000-0000-0000-0000-000000000007"
          },
          "index_key": "development",
          "schema_version": 0
        },
        {
          "attributes": {
            "account_id": "f037e56e89293a057740de681ac9abbe",
            "comment": "staging: Staging environment",
            "id": "env-staging-route-id",
            "network": "10.10.0.0/16",
            "tunnel_id": "a0000000-0000-0000-0000-000000000005"
          },
          "index_key": "staging",
          "schema_version": 0
        }
      ],
      "mode": "managed",
      "name": "environment_routes",
      "provider": "provider[\"registry.terraform.io/cloudflare/cloudflare\"]",
      "type": "cloudflare_zero_trust_tunnel_cloudflared_route"
    },
    {
      "instances": [
        {
          "attributes": {
            "account_id": "f037e56e89293a057740de681ac9abbe",
            "comment": "Additional network 1",
            "id": "additional-1-id",
            "network": "10.30.0.0/16",
            "tunnel_id": "a0000000-0000-0000-0000-000000000008",
            "virtual_network_id": "9b6c3c03-5g80-6f9b-bg74-gc7b84d7g2b7"
          },
          "index_key": "10.30.0.0/16",
          "schema_version": 0
        },
        {
          "attributes": {
            "account_id": "f037e56e89293a057740de681ac9abbe",
            "comment": "Additional network 2",
            "id": "additional-2-id",
            "network": "10.40.0.0/16",
            "tunnel_id": "a0000000-0000-0000-0000-000000000010",
            "virtual_network_id": "0c7d4d04-6h91-7g0c-ch85-hd8c95e8h3c8"
          },
          "index_key": "10.40.0.0/16",
          "schema_version": 0
        }
      ],
      "mode": "managed",
      "name": "additional_routes",
      "provider": "provider[\"registry.terraform.io/cloudflare/cloudflare\"]",
      "type": "cloudflare_zero_trust_tunnel_cloudflared_route"
    },
    {
      "instances": [
        {
          "attributes": {
            "account_id": "f037e56e89293a057740de681ac9abbe",
            "comment": "Subnet 1 route",
            "id": "subnet-0-id",
            "network": "10.50.0.0/24",
            "tunnel_id": "a0000000-0000-0000-0000-000000000011"
          },
          "index_key": 0,
          "schema_version": 0
        },
        {
          "attributes": {
            "account_id": "f037e56e89293a057740de681ac9abbe",
            "comment": "Subnet 2 route",
            "id": "subnet-1-id",
            "network": "10.51.0.0/24",
            "tunnel_id": "a0000000-0000-0000-0000-000000000012"
          },
          "index_key": 1,
          "schema_version": 0
        },
        {
          "attributes": {
            "account_id": "f037e56e89293a057740de681ac9abbe",
            "comment": "Subnet 3 route",
            "id": "subnet-2-id",
            "network": "10.52.0.0/24",
            "tunnel_id": "a0000000-0000-0000-0000-000000000013"
          },
          "index_key": 2,
          "schema_version": 0
        }
      ],
      "mode": "managed",
      "name": "subnet_routes",
      "provider": "provider[\"registry.terraform.io/cloudflare/cloudflare\"]",
      "type": "cloudflare_zero_trust_tunnel_cloudflared_route"
    },
    {
      "instances": [
        {
          "attributes": {
            "account_id": "f037e56e89293a057740de681ac9abbe",
            "comment": "Backup route for 10.200.0.0/16",
            "id": "backup-200-id",
            "network": "10.200.0.0/16",
            "tunnel_id": "a0000000-0000-0000-0000-000000000014"
          },
          "index_key": "10.200.0.0/16",
          "schema_version": 0
        },
        {
          "attributes": {
            "account_id": "f037e56e89293a057740de681ac9abbe",
            "comment": "Backup route for 10.201.0.0/16",
            "id": "backup-201-id",
            "network": "10.201.0.0/16",
            "tunnel_id": "a0000000-0000-0000-0000-000000000014"
          },
          "index_key": "10.201.0.0/16",
          "schema_version": 0
        }
      ],
      "mode": "managed",
      "name": "backup_routes",
      "provider": "provider[\"registry.terraform.io/cloudflare/cloudflare\"]",
      "type": "cloudflare_zero_trust_tunnel_cloudflared_route"
    },
    {
      "instances": [
        {
          "attributes": {
            "account_id": "f037e56e89293a057740de681ac9abbe",
            "comment": "Private range 172.16.0.0/12",
            "id": "private-ranges-id",
            "network": "172.31.0.0/16",
            "tunnel_id": "a0000000-0000-0000-0000-000000000016"
          },
          "schema_version": 0
        }
      ],
      "mode": "managed",
      "name": "private_ranges",
      "provider": "provider[\"registry.terraform.io/cloudflare/cloudflare\"]",
      "type": "cloudflare_zero_trust_tunnel_cloudflared_route"
    },
    {
      "instances": [
        {
          "attributes": {
            "account_id": "f037e56e89293a057740de681ac9abbe",
            "comment": "Small subnet /28",
            "id": "small-subnet-id",
            "network": "192.168.1.0/28",
            "tunnel_id": "a0000000-0000-0000-0000-000000000017"
          },
          "schema_version": 0
        }
      ],
      "mode": "managed",
      "name": "small_subnet",
      "provider": "provider[\"registry.terraform.io/cloudflare/cloudflare\"]",
      "type": "cloudflare_zero_trust_tunnel_cloudflared_route"
    },
    {
      "instances": [
        {
          "attributes": {
            "account_id": "f037e56e89293a057740de681ac9abbe",
            "comment": "IPv6 private network",
            "id": "ipv6-vnet-id",
            "network": "fd00::/8",
            "tunnel_id": "a0000000-0000-0000-0000-000000000018",
            "virtual_network_id": "1d8e5e05-7i02-8h1d-di96-ie9d06f9i4d9"
          },
          "schema_version": 0
        }
      ],
      "mode": "managed",
      "name": "ipv6_with_vnet",
      "provider": "provider[\"registry.terraform.io/cloudflare/cloudflare\"]",
      "type": "cloudflare_zero_trust_tunnel_cloudflared_route"
    },
    {
      "instances": [
        {
          "attributes": {
            "account_id": "f037e56e89293a057740de681ac9abbe",
            "comment": "Multi-language: English, Español, 中文, Русский, العربية",
            "id": "unicode-id",
            "network": "10.250.0.0/16",
            "tunnel_id": "a0000000-0000-0000-0000-000000000019"
          },
          "schema_version": 0
        }
      ],
      "mode": "managed",
      "name": "unicode_comment",
      "provider": "provider[\"registry.terraform.io/cloudflare/cloudflare\"]",
      "type": "cloudflare_zero_trust_tunnel_cloudflared_route"
    },
    {
      "instances": [
        {
          "attributes": {
            "account_id": "f037e56e89293a057740de681ac9abbe",
            "comment": "This is a very long comment to test the maximum length handling. It contains detailed information about the tunnel route including its purpose, maintenance schedule, contact information, and various technical details that might be relevant for operations teams managing this infrastructure.",
            "id": "long-comment-id",
            "network": "10.255.0.0/16",
            "tunnel_id": "a0000000-0000-0000-0000-000000000020",
            "virtual_network_id": "2e9f6f06-8j13-9i2e-ej07-jf0e17g0j5e0"
          },
          "schema_version": 0
        }
      ],
      "mode": "managed",
      "name": "long_comment",
      "provider": "provider[\"registry.terraform.io/cloudflare/cloudflare\"]",
      "type": "cloudflare_zero_trust_tunnel_cloudflared_route"
    },
    {
      "instances": [
        {
          "attributes": {
            "account_id": "f037e56e89293a057740de681ac9abbe",
            "comment": "Computed from locals",
            "id": "computed-values-id",
            "network": "10.60.0.0/16",
            "tunnel_id": "a0000000-0000-0000-0000-000000000021"
          },
          "schema_version": 0
        }
      ],
      "mode": "managed",
      "name": "computed_values",
      "provider": "provider[\"registry.terraform.io/cloudflare/cloudflare\"]",
      "type": "cloudflare_zero_trust_tunnel_cloudflared_route"
    },
    {
      "instances": [
        {
          "attributes": {
            "account_id": "f037e56e89293a057740de681ac9abbe",
            "comment": "Route for tunnel: minimal-tunnel",
            "id": "cross-reference-id",
            "network": "10.245.0.0/16",
            "tunnel_id": "a0000000-0000-0000-0000-000000000001"
          },
          "schema_version": 0
        }
      ],
      "mode": "managed",
      "name": "cross_reference",
      "provider": "provider[\"registry.terraform.io/cloudflare/cloudflare\"]",
      "type": "cloudflare_zero_trust_tunnel_cloudflared_route"
    }
  ],
  "serial": 1,
  "terraform_version": "1.5.0",
  "version": 4
}