{
  "version": 4,
  "terraform_version": "1.5.0",
  "serial": 1,
  "lineage": "test-lineage-api-shield-operation",
  "resources": [
    {
      "mode": "managed",
      "type": "cloudflare_api_shield_operation",
      "name": "get_users",
      "provider": "provider[\"registry.terraform.io/cloudflare/cloudflare\"]",
      "instances": [
        {
          "schema_version": 0,
          "attributes": {
            "id": "f174e90a-fafe-4643-bbbc-4a0ed4fc8415",
            "operation_id": "f174e90a-fafe-4643-bbbc-4a0ed4fc8415",
            "zone_id": "023e105f4ecef8ad9ca31a8372d0c353",
            "method": "GET",
            "host": "api.example.com",
            "endpoint": "/api/users"
          }
        }
      ]
    },
    {
      "mode": "managed",
      "type": "cloudflare_api_shield_operation",
      "name": "create_user",
      "provider": "provider[\"registry.terraform.io/cloudflare/cloudflare\"]",
      "instances": [
        {
          "schema_version": 0,
          "attributes": {
            "id": "a1b2c3d4-e5f6-7890-abcd-ef1234567890",
            "operation_id": "a1b2c3d4-e5f6-7890-abcd-ef1234567890",
            "zone_id": "023e105f4ecef8ad9ca31a8372d0c353",
            "method": "POST",
            "host": "api.example.com",
            "endpoint": "/api/users"
          }
        }
      ]
    },
    {
      "mode": "managed",
      "type": "cloudflare_api_shield_operation",
      "name": "get_user_by_id",
      "provider": "provider[\"registry.terraform.io/cloudflare/cloudflare\"]",
      "instances": [
        {
          "schema_version": 0,
          "attributes": {
            "id": "b2c3d4e5-f6a7-8901-bcde-f12345678901",
            "operation_id": "b2c3d4e5-f6a7-8901-bcde-f12345678901",
            "zone_id": "023e105f4ecef8ad9ca31a8372d0c353",
            "method": "GET",
            "host": "api.example.com",
            "endpoint": "/api/users/{var1}"
          }
        }
      ]
    },
    {
      "mode": "managed",
      "type": "cloudflare_api_shield_operation",
      "name": "update_user",
      "provider": "provider[\"registry.terraform.io/cloudflare/cloudflare\"]",
      "instances": [
        {
          "schema_version": 0,
          "attributes": {
            "id": "c3d4e5f6-a7b8-9012-cdef-123456789012",
            "operation_id": "c3d4e5f6-a7b8-9012-cdef-123456789012",
            "zone_id": "023e105f4ecef8ad9ca31a8372d0c353",
            "method": "PUT",
            "host": "api.example.com",
            "endpoint": "/api/users/{var1}"
          }
        }
      ]
    },
    {
      "mode": "managed",
      "type": "cloudflare_api_shield_operation",
      "name": "delete_user",
      "provider": "provider[\"registry.terraform.io/cloudflare/cloudflare\"]",
      "instances": [
        {
          "schema_version": 0,
          "attributes": {
            "id": "d4e5f6a7-b8c9-0123-def1-234567890123",
            "operation_id": "d4e5f6a7-b8c9-0123-def1-234567890123",
            "zone_id": "023e105f4ecef8ad9ca31a8372d0c353",
            "method": "DELETE",
            "host": "api.example.com",
            "endpoint": "/api/users/{var1}"
          }
        }
      ]
    },
    {
      "mode": "managed",
      "type": "cloudflare_api_shield_operation",
      "name": "update_user_post",
      "provider": "provider[\"registry.terraform.io/cloudflare/cloudflare\"]",
      "instances": [
        {
          "schema_version": 0,
          "attributes": {
            "id": "e5f6a7b8-c9d0-1234-ef12-345678901234",
            "operation_id": "e5f6a7b8-c9d0-1234-ef12-345678901234",
            "zone_id": "023e105f4ecef8ad9ca31a8372d0c353",
            "method": "PATCH",
            "host": "api.example.com",
            "endpoint": "/api/users/{var1}/posts/{var2}"
          }
        }
      ]
    },
    {
      "mode": "managed",
      "type": "cloudflare_api_shield_operation",
      "name": "get_user_comment",
      "provider": "provider[\"registry.terraform.io/cloudflare/cloudflare\"]",
      "instances": [
        {
          "schema_version": 0,
          "attributes": {
            "id": "f6a7b8c9-d0e1-2345-f123-456789012345",
            "operation_id": "f6a7b8c9-d0e1-2345-f123-456789012345",
            "zone_id": "023e105f4ecef8ad9ca31a8372d0c353",
            "method": "GET",
            "host": "api.example.com",
            "endpoint": "/api/users/{var1}/posts/{var2}/comments/{var3}"
          }
        }
      ]
    },
    {
      "mode": "managed",
      "type": "cloudflare_api_shield_operation",
      "name": "v2_create_resource",
      "provider": "provider[\"registry.terraform.io/cloudflare/cloudflare\"]",
      "instances": [
        {
          "schema_version": 0,
          "attributes": {
            "id": "a7b8c9d0-e1f2-3456-1234-567890123456",
            "operation_id": "a7b8c9d0-e1f2-3456-1234-567890123456",
            "zone_id": "023e105f4ecef8ad9ca31a8372d0c353",
            "method": "POST",
            "host": "v2.api.example.com",
            "endpoint": "/api/resources"
          }
        }
      ]
    },
    {
      "mode": "managed",
      "type": "cloudflare_api_shield_operation",
      "name": "staging_get_health",
      "provider": "provider[\"registry.terraform.io/cloudflare/cloudflare\"]",
      "instances": [
        {
          "schema_version": 0,
          "attributes": {
            "id": "b8c9d0e1-f2a3-4567-2345-678901234567",
            "operation_id": "b8c9d0e1-f2a3-4567-2345-678901234567",
            "zone_id": "456e789f0123a4b5c6d7e8f9a0b1c2d3",
            "method": "GET",
            "host": "api.staging.example.com",
            "endpoint": "/health"
          }
        }
      ]
    },
    {
      "mode": "managed",
      "type": "cloudflare_api_shield_operation",
      "name": "options_users",
      "provider": "provider[\"registry.terraform.io/cloudflare/cloudflare\"]",
      "instances": [
        {
          "schema_version": 0,
          "attributes": {
            "id": "c9d0e1f2-a3b4-5678-3456-789012345678",
            "operation_id": "c9d0e1f2-a3b4-5678-3456-789012345678",
            "zone_id": "023e105f4ecef8ad9ca31a8372d0c353",
            "method": "OPTIONS",
            "host": "api.example.com",
            "endpoint": "/api/users"
          }
        }
      ]
    },
    {
      "mode": "managed",
      "type": "cloudflare_api_shield_operation",
      "name": "head_users",
      "provider": "provider[\"registry.terraform.io/cloudflare/cloudflare\"]",
      "instances": [
        {
          "schema_version": 0,
          "attributes": {
            "id": "d0e1f2a3-b4c5-6789-4567-890123456789",
            "operation_id": "d0e1f2a3-b4c5-6789-4567-890123456789",
            "zone_id": "023e105f4ecef8ad9ca31a8372d0c353",
            "method": "HEAD",
            "host": "api.example.com",
            "endpoint": "/api/users"
          }
        }
      ]
    },
    {
      "mode": "managed",
      "type": "cloudflare_api_shield_operation",
      "name": "v1_create_order",
      "provider": "provider[\"registry.terraform.io/cloudflare/cloudflare\"]",
      "instances": [
        {
          "schema_version": 0,
          "attributes": {
            "id": "e1f2a3b4-c5d6-7890-5678-901234567890",
            "operation_id": "e1f2a3b4-c5d6-7890-5678-901234567890",
            "zone_id": "023e105f4ecef8ad9ca31a8372d0c353",
            "method": "POST",
            "host": "api.example.com",
            "endpoint": "/api/v1/orders"
          }
        }
      ]
    },
    {
      "mode": "managed",
      "type": "cloudflare_api_shield_operation",
      "name": "get_account_settings",
      "provider": "provider[\"registry.terraform.io/cloudflare/cloudflare\"]",
      "instances": [
        {
          "schema_version": 0,
          "attributes": {
            "id": "f2a3b4c5-d6e7-8901-6789-012345678901",
            "operation_id": "f2a3b4c5-d6e7-8901-6789-012345678901",
            "zone_id": "023e105f4ecef8ad9ca31a8372d0c353",
            "method": "GET",
            "host": "api.example.com",
            "endpoint": "/api/v1/accounts/{var1}/settings"
          }
        }
      ]
    },
    {
      "mode": "managed",
      "type": "cloudflare_api_shield_operation",
      "name": "search_users",
      "provider": "provider[\"registry.terraform.io/cloudflare/cloudflare\"]",
      "instances": [
        {
          "schema_version": 0,
          "attributes": {
            "id": "a3b4c5d6-e7f8-9012-7890-123456789012",
            "operation_id": "a3b4c5d6-e7f8-9012-7890-123456789012",
            "zone_id": "023e105f4ecef8ad9ca31a8372d0c353",
            "method": "GET",
            "host": "api.example.com",
            "endpoint": "/api/users/search"
          }
        }
      ]
    },
    {
      "mode": "managed",
      "type": "cloudflare_api_shield_operation",
      "name": "delete_user_session",
      "provider": "provider[\"registry.terraform.io/cloudflare/cloudflare\"]",
      "instances": [
        {
          "schema_version": 0,
          "attributes": {
            "id": "b4c5d6e7-f8a9-0123-8901-234567890123",
            "operation_id": "b4c5d6e7-f8a9-0123-8901-234567890123",
            "zone_id": "023e105f4ecef8ad9ca31a8372d0c353",
            "method": "DELETE",
            "host": "api.example.com",
            "endpoint": "/api/users/{var1}/sessions/{var2}"
          }
        }
      ]
    }
  ]
}
