{
  "lineage": "test-lineage",
  "outputs": {},
  "resources": [
    {
      "instances": [
        {
          "attributes": {
            "id": "token-id-1",
            "issued_on": "2024-01-01T00:00:00Z",
            "last_used_on": null,
            "modified_on": "2024-01-01T00:00:00Z",
            "name": "Basic API Token",
            "policies": [
              {
                "effect": "allow",
                "id": "policy1",
                "permission_groups": [
                  {
                    "id": "c8fed203ed3043cba015a93ad1616f1f"
                  },
                  {
                    "id": "82e64a83756745bbbb1c9c2701bf816b"
                  }
                ],
                "resources": "{\"com.cloudflare.api.account.*\":\"*\"}"
              }
            ],
            "status": "active",
            "value": "supersecrettoken1"
          },
          "private": "private-data-1",
          "schema_version": 1,
          "sensitive_attributes": []
        }
      ],
      "mode": "managed",
      "name": "basic_token",
      "provider": "provider[\"registry.terraform.io/cloudflare/cloudflare\"]",
      "type": "cloudflare_api_token"
    },
    {
      "instances": [
        {
          "attributes": {
            "condition": {
              "request_ip": {
                "in": [
                  "192.168.1.0/24",
                  "10.0.0.0/8"
                ]
              }
            },
            "id": "token-id-2",
            "issued_on": "2024-01-01T00:00:00Z",
            "last_used_on": null,
            "modified_on": "2024-01-01T00:00:00Z",
            "name": "Conditional Token",
            "policies": [
              {
                "effect": "allow",
                "id": "policy2",
                "permission_groups": [
                  {
                    "id": "c8fed203ed3043cba015a93ad1616f1f"
                  }
                ],
                "resources": "{\"com.cloudflare.api.account.*\":\"*\"}"
              }
            ],
            "status": "active",
            "value": "supersecrettoken2"
          },
          "private": "private-data-2",
          "schema_version": 1,
          "sensitive_attributes": []
        }
      ],
      "mode": "managed",
      "name": "conditional_token",
      "provider": "provider[\"registry.terraform.io/cloudflare/cloudflare\"]",
      "type": "cloudflare_api_token"
    },
    {
      "instances": [
        {
          "attributes": {
            "id": "token-id-3",
            "issued_on": "2024-01-01T00:00:00Z",
            "last_used_on": null,
            "modified_on": "2024-01-01T00:00:00Z",
            "name": "Multi Policy Token",
            "policies": [
              {
                "effect": "allow",
                "id": "policy3a",
                "permission_groups": [
                  {
                    "id": "c8fed203ed3043cba015a93ad1616f1f"
                  }
                ],
                "resources": "{\"com.cloudflare.api.account.*\":\"*\"}"
              },
              {
                "effect": "deny",
                "id": "policy3b",
                "permission_groups": [
                  {
                    "id": "82e64a83756745bbbb1c9c2701bf816b"
                  }
                ],
                "resources": "{\"com.cloudflare.api.account.billing.*\":\"*\"}"
              }
            ],
            "status": "active",
            "value": "supersecrettoken3"
          },
          "private": "private-data-3",
          "schema_version": 1,
          "sensitive_attributes": []
        }
      ],
      "mode": "managed",
      "name": "multi_policy_token",
      "provider": "provider[\"registry.terraform.io/cloudflare/cloudflare\"]",
      "type": "cloudflare_api_token"
    },
    {
      "instances": [
        {
          "attributes": {
            "id": "token-id-4",
            "issued_on": "2024-01-01T00:00:00Z",
            "last_used_on": null,
            "modified_on": "2024-01-01T00:00:00Z",
            "name": "Complex Resources Token",
            "policies": [
              {
                "effect": "allow",
                "id": "policy4",
                "permission_groups": [
                  {
                    "id": "c8fed203ed3043cba015a93ad1616f1f"
                  }
                ],
                "resources": "{\"com.cloudflare.api.account.*\":\"*\",\"com.cloudflare.api.account.zone.*\":\"*\"}"
              }
            ],
            "status": "active",
            "value": "supersecrettoken4"
          },
          "private": "private-data-4",
          "schema_version": 1,
          "sensitive_attributes": []
        }
      ],
      "mode": "managed",
      "name": "complex_resources_token",
      "provider": "provider[\"registry.terraform.io/cloudflare/cloudflare\"]",
      "type": "cloudflare_api_token"
    },
    {
      "instances": [
        {
          "attributes": {
            "id": "token-id-5",
            "issued_on": "2024-01-01T00:00:00Z",
            "last_used_on": null,
            "modified_on": "2024-01-01T00:00:00Z",
            "name": "No Effect Token",
            "policies": [
              {
                "effect": "allow",
                "id": "policy5",
                "permission_groups": [
                  {
                    "id": "c8fed203ed3043cba015a93ad1616f1f"
                  }
                ],
                "resources": "{\"com.cloudflare.api.account.*\":\"*\"}"
              }
            ],
            "status": "active",
            "value": "supersecrettoken5"
          },
          "private": "private-data-5",
          "schema_version": 1,
          "sensitive_attributes": []
        }
      ],
      "mode": "managed",
      "name": "no_effect_token",
      "provider": "provider[\"registry.terraform.io/cloudflare/cloudflare\"]",
      "type": "cloudflare_api_token"
    },
    {
      "instances": [
        {
          "attributes": {
            "id": "token-id-6",
            "issued_on": "2024-01-01T00:00:00Z",
            "last_used_on": null,
            "modified_on": "2024-01-01T00:00:00Z",
            "name": "Empty Condition Token",
            "policies": [
              {
                "effect": "allow",
                "id": "policy6",
                "permission_groups": [
                  {
                    "id": "c8fed203ed3043cba015a93ad1616f1f"
                  }
                ],
                "resources": "{\"com.cloudflare.api.account.*\":\"*\"}"
              }
            ],
            "status": "active",
            "value": "supersecrettoken6"
          },
          "private": "private-data-6",
          "schema_version": 1,
          "sensitive_attributes": []
        }
      ],
      "mode": "managed",
      "name": "empty_condition_token",
      "provider": "provider[\"registry.terraform.io/cloudflare/cloudflare\"]",
      "type": "cloudflare_api_token"
    }
  ],
  "serial": 1,
  "terraform_version": "1.5.7",
  "version": 4
}
