{
  "version": 4,
  "terraform_version": "1.0.0",
  "serial": 1,
  "lineage": "a75366f2-b332-4347-9a6c-239a2f23a319",
  "outputs": {},
  "resources": [
    {
      "mode": "managed",
      "type": "cloudflare_notification_policy_webhooks",
      "name": "basic_webhook",
      "provider": "provider[\"registry.terraform.io/cloudflare/cloudflare\"]",
      "instances": [
        {
          "schema_version": 0,
          "attributes": {
            "id": "f174e90a-fafe-4643-bbbc-4a0ed4fc8415",
            "account_id": "f037e56e89293a057740de681ac9abbe",
            "name": "basic-webhook",
            "url": "https://example.com/webhook",
            "secret": null,
            "type": "generic",
            "created_at": "2023-01-01T12:00:00Z",
            "last_success": null,
            "last_failure": null
          }
        }
      ]
    },
    {
      "mode": "managed",
      "type": "cloudflare_notification_policy_webhooks",
      "name": "full_webhook",
      "provider": "provider[\"registry.terraform.io/cloudflare/cloudflare\"]",
      "instances": [
        {
          "schema_version": 0,
          "attributes": {
            "id": "a284b91d-5fa5-4532-abcd-3b1ed5fc9527",
            "account_id": "f037e56e89293a057740de681ac9abbe",
            "name": "production-webhook",
            "url": "https://alerts.example.com/notify",
            "secret": "webhook-secret-token-12345",
            "type": "generic",
            "created_at": "2023-01-01T12:00:00Z",
            "last_success": "2023-01-15T14:30:00Z",
            "last_failure": null
          }
        }
      ]
    },
    {
      "mode": "managed",
      "type": "cloudflare_notification_policy_webhooks",
      "name": "primary",
      "provider": "provider[\"registry.terraform.io/cloudflare/cloudflare\"]",
      "instances": [
        {
          "schema_version": 0,
          "attributes": {
            "id": "c8e5d92e-6fb6-5643-bcde-4c2fe6ga0638",
            "account_id": "f037e56e89293a057740de681ac9abbe",
            "name": "primary-webhook",
            "url": "https://primary.example.com/webhook",
            "secret": null,
            "type": "generic",
            "created_at": "2023-01-01T12:00:00Z",
            "last_success": null,
            "last_failure": null
          }
        }
      ]
    },
    {
      "mode": "managed",
      "type": "cloudflare_notification_policy_webhooks",
      "name": "backup",
      "provider": "provider[\"registry.terraform.io/cloudflare/cloudflare\"]",
      "instances": [
        {
          "schema_version": 0,
          "attributes": {
            "id": "d9f6ea3f-7gc7-6754-cdef-5d3gf7hb1749",
            "account_id": "f037e56e89293a057740de681ac9abbe",
            "name": "backup-webhook",
            "url": "https://backup.example.com/webhook",
            "secret": "backup-secret",
            "type": "generic",
            "created_at": "2023-01-01T12:00:00Z",
            "last_success": null,
            "last_failure": null
          }
        }
      ]
    }
  ]
}
