{
  "version": 4,
  "terraform_version": "1.5.0",
  "serial": 1,
  "lineage": "test-lineage-page-rule",
  "outputs": {},
  "resources": [
    {
      "mode": "managed",
      "type": "cloudflare_page_rule",
      "name": "minimal",
      "provider": "provider[\"registry.terraform.io/cloudflare/cloudflare\"]",
      "instances": [
        {
          "schema_version": 1,
          "attributes": {
            "id": "minimal-rule-id",
            "zone_id": "14e48053f1836c10cb86ba178633826a",
            "target": "cf-tf-test.com/minimal",
            "priority": 1,
            "status": "active",
            "actions": [
              {
                "cache_level": "bypass"
              }
            ]
          }
        }
      ]
    },
    {
      "mode": "managed",
      "type": "cloudflare_page_rule",
      "name": "with_cache_ttl",
      "provider": "provider[\"registry.terraform.io/cloudflare/cloudflare\"]",
      "instances": [
        {
          "schema_version": 1,
          "attributes": {
            "id": "cache-ttl-rule-id",
            "zone_id": "14e48053f1836c10cb86ba178633826a",
            "target": "cf-tf-test.com/cached/*",
            "priority": 2,
            "status": "active",
            "actions": [
              {
                "cache_level": "cache_everything",
                "cache_ttl_by_status": [
                  {"codes": "200", "ttl": 3600},
                  {"codes": "404", "ttl": 300}
                ]
              }
            ]
          }
        }
      ]
    },
    {
      "mode": "managed",
      "type": "cloudflare_page_rule",
      "name": "with_forwarding",
      "provider": "provider[\"registry.terraform.io/cloudflare/cloudflare\"]",
      "instances": [
        {
          "schema_version": 1,
          "attributes": {
            "id": "forwarding-rule-id",
            "zone_id": "14e48053f1836c10cb86ba178633826a",
            "target": "cf-tf-test.com/old/*",
            "priority": 3,
            "status": "active",
            "actions": [
              {
                "forwarding_url": [
                  {
                    "url": "https://cf-tf-test.com/new/$1",
                    "status_code": 301
                  }
                ]
              }
            ]
          }
        }
      ]
    },
    {
      "mode": "managed",
      "type": "cloudflare_page_rule",
      "name": "with_cache_key_fields",
      "provider": "provider[\"registry.terraform.io/cloudflare/cloudflare\"]",
      "instances": [
        {
          "schema_version": 1,
          "attributes": {
            "id": "cache-key-fields-rule-id",
            "zone_id": "14e48053f1836c10cb86ba178633826a",
            "target": "cf-tf-test.com/api/*",
            "priority": 4,
            "status": "active",
            "actions": [
              {
                "cache_level": "cache_everything",
                "cache_key_fields": [
                  {
                    "cookie": [{"check_presence": ["sessionid"]}],
                    "host": [{"resolved": true}],
                    "query_string": [{"exclude": ["utm_*"]}],
                    "user": [{"device_type": true, "geo": false}]
                  }
                ]
              }
            ]
          }
        }
      ]
    },
    {
      "mode": "managed",
      "type": "cloudflare_page_rule",
      "name": "with_deprecated_fields",
      "provider": "provider[\"registry.terraform.io/cloudflare/cloudflare\"]",
      "instances": [
        {
          "schema_version": 1,
          "attributes": {
            "id": "deprecated-rule-id",
            "zone_id": "14e48053f1836c10cb86ba178633826a",
            "target": "cf-tf-test.com/legacy/*",
            "priority": 5,
            "status": "active",
            "actions": [
              {
                "cache_level": "bypass",
                "minify": [{"css": "on", "html": "off", "js": "on"}],
                "disable_railgun": false
              }
            ]
          }
        }
      ]
    }
  ]
}
