{
  "lineage": "test-load-balancer-lineage",
  "outputs": {},
  "resources": [
    {
      "instances": [
        {
          "attributes": {
            "id": "lb-basic-id",
            "zone_id": "0da42c8d2132a9ddaf714f9e7c920711",
            "name": "cftftest-basic-lb.cf-tf-test.com",
            "default_pools": ["pool-primary-id"],
            "fallback_pool": "pool-fallback-id",
            "enabled": true,
            "proxied": true,
            "ttl": null,
            "description": null,
            "steering_policy": "off",
            "session_affinity": "none",
            "session_affinity_ttl": null,
            "session_affinity_attributes": null,
            "region_pools": null,
            "pop_pools": null,
            "country_pools": null,
            "rules": [],
            "created_on": "2023-01-01T00:00:00Z",
            "modified_on": "2023-01-01T00:00:00Z"
          },
          "schema_version": 0
        }
      ],
      "mode": "managed",
      "name": "basic",
      "provider": "provider[\"registry.terraform.io/cloudflare/cloudflare\"]",
      "type": "cloudflare_load_balancer"
    },
    {
      "instances": [
        {
          "attributes": {
            "id": "lb-ttl-id",
            "zone_id": "0da42c8d2132a9ddaf714f9e7c920711",
            "name": "cftftest-ttl-lb.cf-tf-test.com",
            "default_pools": ["pool-primary-id"],
            "fallback_pool": "pool-fallback-id",
            "enabled": true,
            "proxied": true,
            "ttl": 30,
            "description": "Load balancer with custom TTL",
            "steering_policy": "off",
            "session_affinity": "none",
            "session_affinity_ttl": null,
            "session_affinity_attributes": null,
            "region_pools": null,
            "pop_pools": null,
            "country_pools": null,
            "rules": [],
            "created_on": "2023-01-01T00:00:00Z",
            "modified_on": "2023-01-01T00:00:00Z"
          },
          "schema_version": 0
        }
      ],
      "mode": "managed",
      "name": "with_ttl",
      "provider": "provider[\"registry.terraform.io/cloudflare/cloudflare\"]",
      "type": "cloudflare_load_balancer"
    },
    {
      "instances": [
        {
          "attributes": {
            "id": "lb-steering-id",
            "zone_id": "0da42c8d2132a9ddaf714f9e7c920711",
            "name": "cftftest-steering-lb.cf-tf-test.com",
            "default_pools": ["pool-primary-id"],
            "fallback_pool": "pool-fallback-id",
            "enabled": true,
            "proxied": true,
            "ttl": null,
            "description": null,
            "steering_policy": "geo",
            "session_affinity": "none",
            "session_affinity_ttl": null,
            "session_affinity_attributes": null,
            "region_pools": null,
            "pop_pools": null,
            "country_pools": null,
            "rules": [],
            "created_on": "2023-01-01T00:00:00Z",
            "modified_on": "2023-01-01T00:00:00Z"
          },
          "schema_version": 0
        }
      ],
      "mode": "managed",
      "name": "with_steering",
      "provider": "provider[\"registry.terraform.io/cloudflare/cloudflare\"]",
      "type": "cloudflare_load_balancer"
    },
    {
      "instances": [
        {
          "attributes": {
            "id": "lb-affinity-id",
            "zone_id": "0da42c8d2132a9ddaf714f9e7c920711",
            "name": "cftftest-affinity-lb.cf-tf-test.com",
            "default_pools": ["pool-primary-id"],
            "fallback_pool": "pool-fallback-id",
            "enabled": true,
            "proxied": true,
            "ttl": null,
            "description": null,
            "steering_policy": "off",
            "session_affinity": "cookie",
            "session_affinity_ttl": 3600,
            "session_affinity_attributes": {
              "samesite": "Lax",
              "secure": "Always"
            },
            "region_pools": null,
            "pop_pools": null,
            "country_pools": null,
            "rules": [],
            "created_on": "2023-01-01T00:00:00Z",
            "modified_on": "2023-01-01T00:00:00Z"
          },
          "schema_version": 0
        }
      ],
      "mode": "managed",
      "name": "with_session_affinity",
      "provider": "provider[\"registry.terraform.io/cloudflare/cloudflare\"]",
      "type": "cloudflare_load_balancer"
    },
    {
      "instances": [
        {
          "attributes": {
            "id": "lb-multi-pool-id",
            "zone_id": "0da42c8d2132a9ddaf714f9e7c920711",
            "name": "cftftest-multi-pool-lb.cf-tf-test.com",
            "default_pools": ["pool-primary-id", "pool-secondary-id"],
            "fallback_pool": "pool-fallback-id",
            "enabled": true,
            "proxied": true,
            "ttl": null,
            "description": null,
            "steering_policy": "off",
            "session_affinity": "none",
            "session_affinity_ttl": null,
            "session_affinity_attributes": null,
            "region_pools": null,
            "pop_pools": null,
            "country_pools": null,
            "rules": [],
            "created_on": "2023-01-01T00:00:00Z",
            "modified_on": "2023-01-01T00:00:00Z"
          },
          "schema_version": 0
        }
      ],
      "mode": "managed",
      "name": "multi_pool",
      "provider": "provider[\"registry.terraform.io/cloudflare/cloudflare\"]",
      "type": "cloudflare_load_balancer"
    },
    {
      "instances": [
        {
          "attributes": {
            "id": "lb-adaptive-id",
            "zone_id": "0da42c8d2132a9ddaf714f9e7c920711",
            "name": "cftftest-adaptive-lb.cf-tf-test.com",
            "default_pools": ["pool-primary-id"],
            "fallback_pool": "pool-fallback-id",
            "enabled": true,
            "proxied": true,
            "ttl": null,
            "description": null,
            "steering_policy": "off",
            "session_affinity": "none",
            "session_affinity_ttl": null,
            "session_affinity_attributes": null,
            "adaptive_routing": {"failover_across_pools": false},
            "location_strategy": null,
            "random_steering": null,
            "region_pools": null,
            "pop_pools": null,
            "country_pools": null,
            "rules": [],
            "created_on": "2023-01-01T00:00:00Z",
            "modified_on": "2023-01-01T00:00:00Z"
          },
          "schema_version": 0
        }
      ],
      "mode": "managed",
      "name": "with_adaptive_routing",
      "provider": "provider[\"registry.terraform.io/cloudflare/cloudflare\"]",
      "type": "cloudflare_load_balancer"
    },
    {
      "instances": [
        {
          "attributes": {
            "id": "lb-location-id",
            "zone_id": "0da42c8d2132a9ddaf714f9e7c920711",
            "name": "cftftest-location-lb.cf-tf-test.com",
            "default_pools": ["pool-primary-id"],
            "fallback_pool": "pool-fallback-id",
            "enabled": true,
            "proxied": true,
            "ttl": null,
            "description": null,
            "steering_policy": "off",
            "session_affinity": "none",
            "session_affinity_ttl": null,
            "session_affinity_attributes": null,
            "adaptive_routing": null,
            "location_strategy": {"prefer_ecs": "proximity", "mode": "pop"},
            "random_steering": null,
            "region_pools": null,
            "pop_pools": null,
            "country_pools": null,
            "rules": [],
            "created_on": "2023-01-01T00:00:00Z",
            "modified_on": "2023-01-01T00:00:00Z"
          },
          "schema_version": 0
        }
      ],
      "mode": "managed",
      "name": "with_location_strategy",
      "provider": "provider[\"registry.terraform.io/cloudflare/cloudflare\"]",
      "type": "cloudflare_load_balancer"
    },
    {
      "instances": [
        {
          "attributes": {
            "id": "lb-random-id",
            "zone_id": "0da42c8d2132a9ddaf714f9e7c920711",
            "name": "cftftest-random-lb.cf-tf-test.com",
            "default_pools": ["pool-primary-id"],
            "fallback_pool": "pool-fallback-id",
            "enabled": true,
            "proxied": true,
            "ttl": null,
            "description": null,
            "steering_policy": "random",
            "session_affinity": "none",
            "session_affinity_ttl": null,
            "session_affinity_attributes": null,
            "adaptive_routing": null,
            "location_strategy": null,
            "random_steering": {"default_weight": 0.5, "pool_weights": {"pool-id-1": 0.7}},
            "region_pools": null,
            "pop_pools": null,
            "country_pools": null,
            "rules": [],
            "created_on": "2023-01-01T00:00:00Z",
            "modified_on": "2023-01-01T00:00:00Z"
          },
          "schema_version": 0
        }
      ],
      "mode": "managed",
      "name": "with_random_steering",
      "provider": "provider[\"registry.terraform.io/cloudflare/cloudflare\"]",
      "type": "cloudflare_load_balancer"
    },
    {
      "instances": [
        {
          "attributes": {
            "id": "lb-all-attrs-id",
            "zone_id": "0da42c8d2132a9ddaf714f9e7c920711",
            "name": "cftftest-all-attrs-lb.cf-tf-test.com",
            "default_pools": ["pool-primary-id"],
            "fallback_pool": "pool-fallback-id",
            "enabled": true,
            "proxied": true,
            "ttl": null,
            "description": null,
            "steering_policy": "random",
            "session_affinity": "cookie",
            "session_affinity_ttl": 3600,
            "session_affinity_attributes": {"samesite": "Lax", "secure": "Always"},
            "adaptive_routing": {"failover_across_pools": false},
            "location_strategy": {"prefer_ecs": "proximity", "mode": "pop"},
            "random_steering": {"default_weight": 0.5},
            "region_pools": null,
            "pop_pools": null,
            "country_pools": null,
            "rules": [],
            "created_on": "2023-01-01T00:00:00Z",
            "modified_on": "2023-01-01T00:00:00Z"
          },
          "schema_version": 0
        }
      ],
      "mode": "managed",
      "name": "with_all_single_object_attrs",
      "provider": "provider[\"registry.terraform.io/cloudflare/cloudflare\"]",
      "type": "cloudflare_load_balancer"
    }
  ],
  "serial": 1,
  "terraform_version": "1.0.0",
  "version": 4
}
