{
  "lineage": "test-turnstile-widget-lineage",
  "outputs": {},
  "resources": [
    {
      "instances": [
        {
          "attributes": {
            "account_id": "f037e56e89293a057740de681ac9abbe",
            "domains": [
              "minimal.cf-tf-test.com"
            ],
            "id": "widget-id-001",
            "mode": "managed",
            "name": "cftftest-minimal",
            "secret": "secret-key-001",
            "sitekey": "widget-id-001"
          },
          "schema_version": 0
        }
      ],
      "mode": "managed",
      "name": "minimal",
      "provider": "provider[\"registry.terraform.io/cloudflare/cloudflare\"]",
      "type": "cloudflare_turnstile_widget"
    },
    {
      "instances": [
        {
          "attributes": {
            "account_id": "f037e56e89293a057740de681ac9abbe",
            "bot_fight_mode": true,
            "domains": [
              "max2.cf-tf-test.com",
              "maximal.cf-tf-test.com"
            ],
            "id": "widget-id-002",
            "mode": "invisible",
            "name": "cftftest-maximal",
            "offlabel": true,
            "region": "world",
            "secret": "secret-key-002",
            "sitekey": "widget-id-002"
          },
          "schema_version": 0
        }
      ],
      "mode": "managed",
      "name": "maximal",
      "provider": "provider[\"registry.terraform.io/cloudflare/cloudflare\"]",
      "type": "cloudflare_turnstile_widget"
    },
    {
      "instances": [
        {
          "attributes": {
            "account_id": "f037e56e89293a057740de681ac9abbe",
            "bot_fight_mode": false,
            "domains": [
              "defaults.cf-tf-test.com"
            ],
            "id": "widget-id-003",
            "mode": "non-interactive",
            "name": "cftftest-defaults",
            "offlabel": false,
            "region": "world",
            "secret": "secret-key-003",
            "sitekey": "widget-id-003"
          },
          "schema_version": 0
        }
      ],
      "mode": "managed",
      "name": "with_defaults",
      "provider": "provider[\"registry.terraform.io/cloudflare/cloudflare\"]",
      "type": "cloudflare_turnstile_widget"
    },
    {
      "instances": [
        {
          "attributes": {
            "account_id": "f037e56e89293a057740de681ac9abbe",
            "domains": [
              "dev.cf-tf-test.com"
            ],
            "id": "widget-id-004",
            "mode": "non-interactive",
            "name": "cftftest-map-dev",
            "secret": "secret-key-004",
            "sitekey": "widget-id-004"
          },
          "index_key": "dev",
          "schema_version": 0
        }
      ],
      "mode": "managed",
      "name": "foreach_map",
      "provider": "provider[\"registry.terraform.io/cloudflare/cloudflare\"]",
      "type": "cloudflare_turnstile_widget"
    },
    {
      "instances": [
        {
          "attributes": {
            "account_id": "f037e56e89293a057740de681ac9abbe",
            "domains": [
              "prod.cf-tf-test.com"
            ],
            "id": "widget-id-005",
            "mode": "managed",
            "name": "cftftest-map-prod",
            "secret": "secret-key-005",
            "sitekey": "widget-id-005"
          },
          "index_key": "prod",
          "schema_version": 0
        }
      ],
      "mode": "managed",
      "name": "foreach_map",
      "provider": "provider[\"registry.terraform.io/cloudflare/cloudflare\"]",
      "type": "cloudflare_turnstile_widget"
    },
    {
      "instances": [
        {
          "attributes": {
            "account_id": "f037e56e89293a057740de681ac9abbe",
            "domains": [
              "staging.cf-tf-test.com"
            ],
            "id": "widget-id-006",
            "mode": "invisible",
            "name": "cftftest-map-staging",
            "secret": "secret-key-006",
            "sitekey": "widget-id-006"
          },
          "index_key": "staging",
          "schema_version": 0
        }
      ],
      "mode": "managed",
      "name": "foreach_map",
      "provider": "provider[\"registry.terraform.io/cloudflare/cloudflare\"]",
      "type": "cloudflare_turnstile_widget"
    },
    {
      "instances": [
        {
          "attributes": {
            "account_id": "f037e56e89293a057740de681ac9abbe",
            "domains": [
              "alpha.cf-tf-test.com"
            ],
            "id": "widget-id-007",
            "mode": "managed",
            "name": "cftftest-set-alpha",
            "secret": "secret-key-007",
            "sitekey": "widget-id-007"
          },
          "index_key": "alpha",
          "schema_version": 0
        }
      ],
      "mode": "managed",
      "name": "foreach_set",
      "provider": "provider[\"registry.terraform.io/cloudflare/cloudflare\"]",
      "type": "cloudflare_turnstile_widget"
    },
    {
      "instances": [
        {
          "attributes": {
            "account_id": "f037e56e89293a057740de681ac9abbe",
            "domains": [
              "beta.cf-tf-test.com"
            ],
            "id": "widget-id-008",
            "mode": "managed",
            "name": "cftftest-set-beta",
            "secret": "secret-key-008",
            "sitekey": "widget-id-008"
          },
          "index_key": "beta",
          "schema_version": 0
        }
      ],
      "mode": "managed",
      "name": "foreach_set",
      "provider": "provider[\"registry.terraform.io/cloudflare/cloudflare\"]",
      "type": "cloudflare_turnstile_widget"
    },
    {
      "instances": [
        {
          "attributes": {
            "account_id": "f037e56e89293a057740de681ac9abbe",
            "domains": [
              "delta.cf-tf-test.com"
            ],
            "id": "widget-id-009",
            "mode": "managed",
            "name": "cftftest-set-delta",
            "secret": "secret-key-009",
            "sitekey": "widget-id-009"
          },
          "index_key": "delta",
          "schema_version": 0
        }
      ],
      "mode": "managed",
      "name": "foreach_set",
      "provider": "provider[\"registry.terraform.io/cloudflare/cloudflare\"]",
      "type": "cloudflare_turnstile_widget"
    },
    {
      "instances": [
        {
          "attributes": {
            "account_id": "f037e56e89293a057740de681ac9abbe",
            "domains": [
              "gamma.cf-tf-test.com"
            ],
            "id": "widget-id-010",
            "mode": "managed",
            "name": "cftftest-set-gamma",
            "secret": "secret-key-010",
            "sitekey": "widget-id-010"
          },
          "index_key": "gamma",
          "schema_version": 0
        }
      ],
      "mode": "managed",
      "name": "foreach_set",
      "provider": "provider[\"registry.terraform.io/cloudflare/cloudflare\"]",
      "type": "cloudflare_turnstile_widget"
    },
    {
      "instances": [
        {
          "attributes": {
            "account_id": "f037e56e89293a057740de681ac9abbe",
            "domains": [
              "count0.cf-tf-test.com"
            ],
            "id": "widget-id-011",
            "mode": "managed",
            "name": "cftftest-count-0",
            "secret": "secret-key-011",
            "sitekey": "widget-id-011"
          },
          "index_key": 0,
          "schema_version": 0
        }
      ],
      "mode": "managed",
      "name": "counted",
      "provider": "provider[\"registry.terraform.io/cloudflare/cloudflare\"]",
      "type": "cloudflare_turnstile_widget"
    },
    {
      "instances": [
        {
          "attributes": {
            "account_id": "f037e56e89293a057740de681ac9abbe",
            "domains": [
              "count1.cf-tf-test.com"
            ],
            "id": "widget-id-012",
            "mode": "invisible",
            "name": "cftftest-count-1",
            "secret": "secret-key-012",
            "sitekey": "widget-id-012"
          },
          "index_key": 1,
          "schema_version": 0
        }
      ],
      "mode": "managed",
      "name": "counted",
      "provider": "provider[\"registry.terraform.io/cloudflare/cloudflare\"]",
      "type": "cloudflare_turnstile_widget"
    },
    {
      "instances": [
        {
          "attributes": {
            "account_id": "f037e56e89293a057740de681ac9abbe",
            "domains": [
              "count2.cf-tf-test.com"
            ],
            "id": "widget-id-013",
            "mode": "non-interactive",
            "name": "cftftest-count-2",
            "secret": "secret-key-013",
            "sitekey": "widget-id-013"
          },
          "index_key": 2,
          "schema_version": 0
        }
      ],
      "mode": "managed",
      "name": "counted",
      "provider": "provider[\"registry.terraform.io/cloudflare/cloudflare\"]",
      "type": "cloudflare_turnstile_widget"
    },
    {
      "instances": [
        {
          "attributes": {
            "account_id": "f037e56e89293a057740de681ac9abbe",
            "domains": [
              "enabled.cf-tf-test.com"
            ],
            "id": "widget-id-014",
            "mode": "managed",
            "name": "cftftest-conditional-enabled",
            "secret": "secret-key-014",
            "sitekey": "widget-id-014"
          },
          "index_key": 0,
          "schema_version": 0
        }
      ],
      "mode": "managed",
      "name": "conditional_enabled",
      "provider": "provider[\"registry.terraform.io/cloudflare/cloudflare\"]",
      "type": "cloudflare_turnstile_widget"
    },
    {
      "instances": [
        {
          "attributes": {
            "account_id": "f037e56e89293a057740de681ac9abbe",
            "domains": [
              "join.cf-tf-test.com"
            ],
            "id": "widget-id-016",
            "mode": "managed",
            "name": "cftftest-join-test",
            "secret": "secret-key-016",
            "sitekey": "widget-id-016"
          },
          "schema_version": 0
        }
      ],
      "mode": "managed",
      "name": "with_join",
      "provider": "provider[\"registry.terraform.io/cloudflare/cloudflare\"]",
      "type": "cloudflare_turnstile_widget"
    },
    {
      "instances": [
        {
          "attributes": {
            "account_id": "f037e56e89293a057740de681ac9abbe",
            "domains": [
              "interp.cf-tf-test.com"
            ],
            "id": "widget-id-017",
            "mode": "invisible",
            "name": "cftftest-interp",
            "secret": "secret-key-017",
            "sitekey": "widget-id-017"
          },
          "schema_version": 0
        }
      ],
      "mode": "managed",
      "name": "with_interpolation",
      "provider": "provider[\"registry.terraform.io/cloudflare/cloudflare\"]",
      "type": "cloudflare_turnstile_widget"
    },
    {
      "instances": [
        {
          "attributes": {
            "account_id": "f037e56e89293a057740de681ac9abbe",
            "domains": [
              "lifecycle-cbd.cf-tf-test.com"
            ],
            "id": "widget-id-018",
            "mode": "managed",
            "name": "cftftest-lifecycle-cbd",
            "secret": "secret-key-018",
            "sitekey": "widget-id-018"
          },
          "schema_version": 0
        }
      ],
      "mode": "managed",
      "name": "with_lifecycle_cbd",
      "provider": "provider[\"registry.terraform.io/cloudflare/cloudflare\"]",
      "type": "cloudflare_turnstile_widget"
    },
    {
      "instances": [
        {
          "attributes": {
            "account_id": "f037e56e89293a057740de681ac9abbe",
            "domains": [
              "lifecycle-ignore.cf-tf-test.com"
            ],
            "id": "widget-id-019",
            "mode": "invisible",
            "name": "cftftest-lifecycle-ignore",
            "secret": "secret-key-019",
            "sitekey": "widget-id-019"
          },
          "schema_version": 0
        }
      ],
      "mode": "managed",
      "name": "with_lifecycle_ignore",
      "provider": "provider[\"registry.terraform.io/cloudflare/cloudflare\"]",
      "type": "cloudflare_turnstile_widget"
    },
    {
      "instances": [
        {
          "attributes": {
            "account_id": "f037e56e89293a057740de681ac9abbe",
            "domains": [
              "lifecycle-prevent.cf-tf-test.com"
            ],
            "id": "widget-id-020",
            "mode": "non-interactive",
            "name": "cftftest-lifecycle-prevent",
            "secret": "secret-key-020",
            "sitekey": "widget-id-020"
          },
          "schema_version": 0
        }
      ],
      "mode": "managed",
      "name": "with_lifecycle_prevent",
      "provider": "provider[\"registry.terraform.io/cloudflare/cloudflare\"]",
      "type": "cloudflare_turnstile_widget"
    },
    {
      "instances": [
        {
          "attributes": {
            "account_id": "f037e56e89293a057740de681ac9abbe",
            "domains": [
              "multi1.cf-tf-test.com",
              "multi2.cf-tf-test.com"
            ],
            "id": "widget-id-021",
            "mode": "managed",
            "name": "cftftest-multi-2",
            "secret": "secret-key-021",
            "sitekey": "widget-id-021"
          },
          "schema_version": 0
        }
      ],
      "mode": "managed",
      "name": "multi_domain_2",
      "provider": "provider[\"registry.terraform.io/cloudflare/cloudflare\"]",
      "type": "cloudflare_turnstile_widget"
    },
    {
      "instances": [
        {
          "attributes": {
            "account_id": "f037e56e89293a057740de681ac9abbe",
            "domains": [
              "md1.cf-tf-test.com",
              "md2.cf-tf-test.com",
              "md3.cf-tf-test.com",
              "md4.cf-tf-test.com",
              "md5.cf-tf-test.com"
            ],
            "id": "widget-id-022",
            "mode": "invisible",
            "name": "cftftest-multi-5",
            "secret": "secret-key-022",
            "sitekey": "widget-id-022"
          },
          "schema_version": 0
        }
      ],
      "mode": "managed",
      "name": "multi_domain_5",
      "provider": "provider[\"registry.terraform.io/cloudflare/cloudflare\"]",
      "type": "cloudflare_turnstile_widget"
    },
    {
      "instances": [
        {
          "attributes": {
            "account_id": "f037e56e89293a057740de681ac9abbe",
            "domains": [
              "prod.cf-tf-test.com"
            ],
            "id": "widget-id-023",
            "mode": "managed",
            "name": "cftftest-var-domains",
            "secret": "secret-key-023",
            "sitekey": "widget-id-023"
          },
          "schema_version": 0
        }
      ],
      "mode": "managed",
      "name": "with_var_domains",
      "provider": "provider[\"registry.terraform.io/cloudflare/cloudflare\"]",
      "type": "cloudflare_turnstile_widget"
    },
    {
      "instances": [
        {
          "attributes": {
            "account_id": "f037e56e89293a057740de681ac9abbe",
            "domains": [
              "managed.cf-tf-test.com"
            ],
            "id": "widget-id-024",
            "mode": "managed",
            "name": "cftftest-mode-managed",
            "secret": "secret-key-024",
            "sitekey": "widget-id-024"
          },
          "schema_version": 0
        }
      ],
      "mode": "managed",
      "name": "mode_managed",
      "provider": "provider[\"registry.terraform.io/cloudflare/cloudflare\"]",
      "type": "cloudflare_turnstile_widget"
    },
    {
      "instances": [
        {
          "attributes": {
            "account_id": "f037e56e89293a057740de681ac9abbe",
            "domains": [
              "invisible.cf-tf-test.com"
            ],
            "id": "widget-id-025",
            "mode": "invisible",
            "name": "cftftest-mode-invisible",
            "secret": "secret-key-025",
            "sitekey": "widget-id-025"
          },
          "schema_version": 0
        }
      ],
      "mode": "managed",
      "name": "mode_invisible",
      "provider": "provider[\"registry.terraform.io/cloudflare/cloudflare\"]",
      "type": "cloudflare_turnstile_widget"
    },
    {
      "instances": [
        {
          "attributes": {
            "account_id": "f037e56e89293a057740de681ac9abbe",
            "domains": [
              "noninteractive.cf-tf-test.com"
            ],
            "id": "widget-id-026",
            "mode": "non-interactive",
            "name": "cftftest-mode-noninteractive",
            "secret": "secret-key-026",
            "sitekey": "widget-id-026"
          },
          "schema_version": 0
        }
      ],
      "mode": "managed",
      "name": "mode_noninteractive",
      "provider": "provider[\"registry.terraform.io/cloudflare/cloudflare\"]",
      "type": "cloudflare_turnstile_widget"
    }
  ],
  "serial": 1,
  "terraform_version": "1.5.0",
  "version": 4
}