{
  "lineage": "test-lineage",
  "outputs": {},
  "resources": [
    {
      "instances": [
        {
          "attributes": {
            "account_id": "f037e56e89293a057740de681ac9abbe",
            "build_config": {
              "build_caching": null,
              "build_command": null,
              "destination_dir": null,
              "root_dir": null,
              "web_analytics_tag": null,
              "web_analytics_token": null
            },
            "canonical_deployment": null,
            "created_on": "2024-01-01T00:00:00Z",
            "framework": "",
            "framework_version": "",
            "id": "minimal-project-id",
            "latest_deployment": null,
            "name": "cftftest-minimal-project",
            "production_branch": "main",
            "source": null,
            "subdomain": "minimal-project.pages.dev",
            "uses_functions": null
          },
          "schema_version": 0
        }
      ],
      "mode": "managed",
      "name": "minimal",
      "provider": "provider[\"registry.terraform.io/cloudflare/cloudflare\"]",
      "type": "cloudflare_pages_project"
    },
    {
      "instances": [
        {
          "attributes": {
            "account_id": "f037e56e89293a057740de681ac9abbe",
            "build_config": {
              "build_caching": null,
              "build_command": "npm run build",
              "destination_dir": "public",
              "root_dir": "/",
              "web_analytics_tag": "abc123",
              "web_analytics_token": "token123"
            },
            "canonical_deployment": null,
            "created_on": "2024-01-01T00:00:00Z",
            "framework": "",
            "framework_version": "",
            "id": "project-with-build-id",
            "latest_deployment": null,
            "name": "cftftest-project-with-build",
            "production_branch": "main",
            "source": null,
            "subdomain": "project-with-build.pages.dev",
            "uses_functions": null
          },
          "schema_version": 0
        }
      ],
      "mode": "managed",
      "name": "with_build_config",
      "provider": "provider[\"registry.terraform.io/cloudflare/cloudflare\"]",
      "type": "cloudflare_pages_project"
    },
    {
      "instances": [
        {
          "attributes": {
            "account_id": "f037e56e89293a057740de681ac9abbe",
            "build_config": {
              "build_caching": null,
              "build_command": null,
              "destination_dir": null,
              "root_dir": null,
              "web_analytics_tag": null,
              "web_analytics_token": null
            },
            "canonical_deployment": null,
            "created_on": "2024-01-01T00:00:00Z",
            "framework": "",
            "framework_version": "",
            "id": "project-with-source-id",
            "latest_deployment": null,
            "name": "cftftest-project-with-source",
            "production_branch": "main",
            "source": {
              "config": {
                "deployments_enabled": true,
                "owner": "cloudflare",
                "pr_comments_enabled": true,
                "preview_branch_excludes": [
                  "temp"
                ],
                "preview_branch_includes": [
                  "dev",
                  "staging"
                ],
                "preview_deployment_setting": "custom",
                "production_branch": "main",
                "production_deployments_enabled": true,
                "repo_name": "test-repo"
              },
              "type": "github"
            },
            "subdomain": "project-with-source.pages.dev",
            "uses_functions": null
          },
          "schema_version": 0
        }
      ],
      "mode": "managed",
      "name": "with_source",
      "provider": "provider[\"registry.terraform.io/cloudflare/cloudflare\"]",
      "type": "cloudflare_pages_project"
    },
    {
      "instances": [
        {
          "attributes": {
            "account_id": "f037e56e89293a057740de681ac9abbe",
            "build_config": {
              "build_caching": null,
              "build_command": null,
              "destination_dir": null,
              "root_dir": null,
              "web_analytics_tag": null,
              "web_analytics_token": null
            },
            "canonical_deployment": null,
            "created_on": "2024-01-01T00:00:00Z",
            "deployment_configs": {
              "preview": {
                "ai_bindings": null,
                "always_use_latest_compatibility_date": false,
                "analytics_engine_datasets": null,
                "browsers": null,
                "build_image_major_version": 3,
                "compatibility_date": "2024-01-01",
                "compatibility_flags": [
                  "nodejs_compat"
                ],
                "d1_databases": {
                  "MY_DB": {
                    "id": "d1-database-preview-id"
                  }
                },
                "durable_object_namespaces": {
                  "MY_DO": {
                    "namespace_id": "do-namespace-preview-id"
                  }
                },
                "env_vars": {
                  "API_KEY": {
                    "type": "secret_text",
                    "value": "preview-secret-key"
                  },
                  "API_URL": {
                    "type": "plain_text",
                    "value": "https://preview-api.example.com"
                  },
                  "DB_PASSWORD": {
                    "type": "secret_text",
                    "value": "preview-db-pass"
                  },
                  "NODE_ENV": {
                    "type": "plain_text",
                    "value": "preview"
                  }
                },
                "fail_open": false,
                "hyperdrive_bindings": null,
                "kv_namespaces": {
                  "MY_KV": {
                    "namespace_id": "kv-namespace-preview-id"
                  }
                },
                "limits": null,
                "mtls_certificates": null,
                "placement": {
                  "mode": "smart"
                },
                "queue_producers": null,
                "r2_buckets": {
                  "MY_BUCKET": {
                    "name": "preview-bucket-name"
                  }
                },
                "services": {
                  "ANOTHER_SERVICE": {
                    "environment": "preview",
                    "service": "another-worker"
                  },
                  "MY_SERVICE": {
                    "environment": "production",
                    "service": "my-worker"
                  }
                },
                "usage_model": "bundled",
                "vectorize_bindings": null,
                "wrangler_config_hash": null
              },
              "production": {
                "ai_bindings": null,
                "always_use_latest_compatibility_date": false,
                "analytics_engine_datasets": null,
                "browsers": null,
                "build_image_major_version": 3,
                "compatibility_date": "2024-01-01",
                "compatibility_flags": [
                  "nodejs_compat",
                  "streams_enable_constructors"
                ],
                "d1_databases": null,
                "durable_object_namespaces": null,
                "env_vars": {
                  "API_KEY": {
                    "type": "secret_text",
                    "value": "prod-secret-key"
                  },
                  "NODE_ENV": {
                    "type": "plain_text",
                    "value": "production"
                  }
                },
                "fail_open": false,
                "hyperdrive_bindings": null,
                "kv_namespaces": null,
                "limits": null,
                "mtls_certificates": null,
                "placement": {
                  "mode": "smart"
                },
                "queue_producers": null,
                "r2_buckets": null,
                "services": null,
                "usage_model": "bundled",
                "vectorize_bindings": null,
                "wrangler_config_hash": null
              }
            },
            "framework": "",
            "framework_version": "",
            "id": "project-with-deployments-id",
            "latest_deployment": null,
            "name": "cftftest-project-with-deployments",
            "production_branch": "main",
            "source": null,
            "subdomain": "project-with-deployments.pages.dev",
            "uses_functions": null
          },
          "schema_version": 0
        }
      ],
      "mode": "managed",
      "name": "with_deployment_configs",
      "provider": "provider[\"registry.terraform.io/cloudflare/cloudflare\"]",
      "type": "cloudflare_pages_project"
    },
    {
      "instances": [
        {
          "attributes": {
            "account_id": "f037e56e89293a057740de681ac9abbe",
            "build_config": {
              "build_caching": null,
              "build_command": "npm run build",
              "destination_dir": "dist",
              "root_dir": "/app",
              "web_analytics_tag": null,
              "web_analytics_token": null
            },
            "canonical_deployment": null,
            "created_on": "2024-01-01T00:00:00Z",
            "deployment_configs": {
              "preview": {
                "ai_bindings": null,
                "always_use_latest_compatibility_date": false,
                "analytics_engine_datasets": null,
                "browsers": null,
                "build_image_major_version": 3,
                "compatibility_date": "2024-01-01",
                "compatibility_flags": [],
                "d1_databases": null,
                "durable_object_namespaces": null,
                "env_vars": null,
                "fail_open": false,
                "hyperdrive_bindings": null,
                "kv_namespaces": null,
                "limits": null,
                "mtls_certificates": null,
                "placement": {
                  "mode": "smart"
                },
                "queue_producers": null,
                "r2_buckets": null,
                "services": null,
                "usage_model": "bundled",
                "vectorize_bindings": null,
                "wrangler_config_hash": null
              },
              "production": {
                "ai_bindings": null,
                "always_use_latest_compatibility_date": false,
                "analytics_engine_datasets": null,
                "browsers": null,
                "build_image_major_version": 3,
                "compatibility_date": "2024-01-01",
                "compatibility_flags": [],
                "d1_databases": null,
                "durable_object_namespaces": null,
                "env_vars": null,
                "fail_open": false,
                "hyperdrive_bindings": null,
                "kv_namespaces": null,
                "limits": null,
                "mtls_certificates": null,
                "placement": {
                  "mode": "smart"
                },
                "queue_producers": null,
                "r2_buckets": null,
                "services": null,
                "usage_model": "bundled",
                "vectorize_bindings": null,
                "wrangler_config_hash": null
              }
            },
            "framework": "",
            "framework_version": "",
            "id": "full-project-id",
            "latest_deployment": null,
            "name": "cftftest-full-project",
            "production_branch": "main",
            "source": {
              "config": {
                "owner": "my-org",
                "pr_comments_enabled": true,
                "production_branch": "main",
                "production_deployments_enabled": true,
                "repo_name": "my-app"
              },
              "type": "github"
            },
            "subdomain": "full-project.pages.dev",
            "uses_functions": null
          },
          "schema_version": 0
        }
      ],
      "mode": "managed",
      "name": "full",
      "provider": "provider[\"registry.terraform.io/cloudflare/cloudflare\"]",
      "type": "cloudflare_pages_project"
    },
    {
      "instances": [
        {
          "attributes": {
            "account_id": "f037e56e89293a057740de681ac9abbe",
            "build_config": {
              "build_caching": null,
              "build_command": null,
              "destination_dir": null,
              "root_dir": null,
              "web_analytics_tag": null,
              "web_analytics_token": null
            },
            "canonical_deployment": null,
            "created_on": "2024-01-01T00:00:00Z",
            "deployment_configs": {
              "production": {
                "ai_bindings": null,
                "always_use_latest_compatibility_date": false,
                "analytics_engine_datasets": null,
                "browsers": null,
                "build_image_major_version": 3,
                "compatibility_date": "2024-01-15",
                "compatibility_flags": [],
                "d1_databases": null,
                "durable_object_namespaces": null,
                "env_vars": null,
                "fail_open": false,
                "hyperdrive_bindings": null,
                "kv_namespaces": null,
                "limits": null,
                "mtls_certificates": null,
                "placement": {
                  "mode": "smart"
                },
                "queue_producers": null,
                "r2_buckets": null,
                "services": null,
                "usage_model": "bundled",
                "vectorize_bindings": null,
                "wrangler_config_hash": null
              }
            },
            "framework": "",
            "framework_version": "",
            "id": "deployment-only-id",
            "latest_deployment": null,
            "name": "cftftest-deployment-only",
            "production_branch": "main",
            "source": null,
            "subdomain": "deployment-only.pages.dev",
            "uses_functions": null
          },
          "schema_version": 0
        }
      ],
      "mode": "managed",
      "name": "deployment_only",
      "provider": "provider[\"registry.terraform.io/cloudflare/cloudflare\"]",
      "type": "cloudflare_pages_project"
    }
  ],
  "serial": 1,
  "terraform_version": "1.5.0",
  "version": 4
}