{
  "lineage": "test-lineage-notification-policy",
  "outputs": {},
  "resources": [
    {
      "instances": [
        {
          "attributes": {
            "account_id": "f037e56e89293a057740de681ac9abbe",
            "alert_type": "universal_ssl_event_type",
            "created": "2024-01-01T00:00:00Z",
            "enabled": true,
            "filters": {
              "zones": [
                "zone123"
              ]
            },
            "id": "policy-basic-filters-001",
            "mechanisms": {
              "email": [
                {
                  "id": "test-email-integration-1"
                }
              ]
            },
            "modified": "2024-01-01T00:00:00Z",
            "name": "cftftest-basic-filters"
          },
          "schema_version": 0
        }
      ],
      "mode": "managed",
      "name": "basic_with_filters",
      "provider": "provider[\"registry.terraform.io/cloudflare/cloudflare\"]",
      "type": "cloudflare_notification_policy"
    },
    {
      "instances": [
        {
          "attributes": {
            "account_id": "f037e56e89293a057740de681ac9abbe",
            "alert_type": "health_check_status_notification_event",
            "created": "2024-01-01T00:00:00Z",
            "enabled": false,
            "id": "policy-multi-integration-002",
            "mechanisms": {
              "email": [
                {
                  "id": "test-email-integration-2"
                }
              ],
              "pagerduty": [
                {
                  "id": "test-pagerduty-integration-1"
                }
              ],
              "webhooks": [
                {
                  "id": "test-webhook-integration-1"
                }
              ]
            },
            "modified": "2024-01-01T00:00:00Z",
            "name": "cftftest-multi-integration"
          },
          "schema_version": 0
        }
      ],
      "mode": "managed",
      "name": "multi_integration",
      "provider": "provider[\"registry.terraform.io/cloudflare/cloudflare\"]",
      "type": "cloudflare_notification_policy"
    },
    {
      "instances": [
        {
          "attributes": {
            "account_id": "f037e56e89293a057740de681ac9abbe",
            "alert_type": "load_balancing_health_check_status_notification_event",
            "created": "2024-01-01T00:00:00Z",
            "enabled": true,
            "filters": {
              "health_check_id": [
                "test-hc-1"
              ],
              "pool_id": [
                "test-pool-1"
              ],
              "services": [
                "load_balancer"
              ],
              "status": [
                "Healthy",
                "Unhealthy"
              ],
              "zones": [
                "zone123"
              ]
            },
            "id": "policy-complex-filters-003",
            "mechanisms": {
              "email": [
                {
                  "id": "test-email-integration-3"
                }
              ]
            },
            "modified": "2024-01-01T00:00:00Z",
            "name": "cftftest-complex-filters"
          },
          "schema_version": 0
        }
      ],
      "mode": "managed",
      "name": "complex_filters",
      "provider": "provider[\"registry.terraform.io/cloudflare/cloudflare\"]",
      "type": "cloudflare_notification_policy"
    }
  ],
  "serial": 1,
  "terraform_version": "1.5.0",
  "version": 4
}