{
  "version": 4,
  "terraform_version": "1.5.0",
  "serial": 1,
  "lineage": "test-lineage",
  "resources": [
    {
      "mode": "managed",
      "type": "cloudflare_mtls_certificate",
      "name": "basic_ca",
      "provider": "provider[\"registry.terraform.io/cloudflare/cloudflare\"]",
      "instances": [
        {
          "schema_version": 0,
          "attributes": {
            "account_id": "f037e56e89293a057740de681ac9abbe",
            "ca": true,
            "certificates": "-----BEGIN CERTIFICATE-----\\nMIIBkTCB...",
            "name": "cftftest-basic-ca",
            "private_key": null,
            "issuer": "CN=Test CA",
            "signature": "SHA256withRSA",
            "serial_number": "00:aa:bb:cc:dd",
            "uploaded_on": "2024-01-01T00:00:00Z",
            "expires_on": "2025-01-01T00:00:00Z"
          }
        }
      ]
    },
    {
      "mode": "managed",
      "type": "cloudflare_mtls_certificate",
      "name": "minimal_ca",
      "provider": "provider[\"registry.terraform.io/cloudflare/cloudflare\"]",
      "instances": [
        {
          "schema_version": 0,
          "attributes": {
            "account_id": "f037e56e89293a057740de681ac9abbe",
            "ca": true,
            "certificates": "-----BEGIN CERTIFICATE-----\\nMIIBkTCB...",
            "issuer": "CN=Test CA",
            "signature": "SHA256withRSA",
            "serial_number": "00:aa:bb:cc:ee",
            "uploaded_on": "2024-01-01T00:00:00Z",
            "expires_on": "2025-01-01T00:00:00Z"
          }
        }
      ]
    },
    {
      "mode": "managed",
      "type": "cloudflare_mtls_certificate",
      "name": "basic_leaf",
      "provider": "provider[\"registry.terraform.io/cloudflare/cloudflare\"]",
      "instances": [
        {
          "schema_version": 0,
          "attributes": {
            "account_id": "f037e56e89293a057740de681ac9abbe",
            "ca": false,
            "certificates": "-----BEGIN CERTIFICATE-----\\nMIICdgIBADA...",
            "private_key": "-----BEGIN PRIVATE KEY-----\\nMIICdgIBADA...",
            "name": "cftftest-basic-leaf",
            "issuer": "CN=Test CA",
            "signature": "SHA256withRSA",
            "serial_number": "00:11:22:33:44",
            "uploaded_on": "2024-01-01T00:00:00Z",
            "expires_on": "2025-01-01T00:00:00Z"
          }
        }
      ]
    }
  ]
}
