{
  "version": 4,
  "terraform_version": "1.5.7",
  "serial": 1,
  "lineage": "test-lineage",
  "outputs": {},
  "resources": [
    {
      "mode": "managed",
      "type": "cloudflare_dlp_profile",
      "name": "credit_cards",
      "provider": "provider[\"registry.terraform.io/cloudflare/cloudflare\"]",
      "instances": [
        {
          "attributes": {
            "id": "d5f7c5a3-b2e4-4c8a-9d1f-e6b7a8c9d0f1",
            "account_id": "f037e56e89293a057740de681ac9abbe",
            "name": "Credit Card Detection",
            "description": "Custom profile for detecting credit card numbers",
            "type": "custom",
            "allowed_match_count": 5,
            "created_at": "2024-01-15T10:30:00Z",
            "updated_at": "2024-01-15T10:30:00Z",
            "entry": [
              {
                "id": "visa-card-pattern",
                "name": "Visa Card",
                "enabled": true,
                "pattern": [
                  {
                    "regex": "4[0-9]{12}(?:[0-9]{3})?",
                    "validation": "luhn"
                  }
                ]
              },
              {
                "id": "mastercard-pattern",
                "name": "Mastercard",
                "enabled": true,
                "pattern": [
                  {
                    "regex": "5[1-5][0-9]{14}",
                    "validation": "luhn"
                  }
                ]
              },
              {
                "id": "amex-pattern",
                "name": "American Express",
                "enabled": false,
                "pattern": [
                  {
                    "regex": "3[47][0-9]{13}",
                    "validation": "luhn"
                  }
                ]
              }
            ]
          }
        }
      ]
    },
    {
      "mode": "managed",
      "type": "cloudflare_dlp_profile",
      "name": "ssn_detection",
      "provider": "provider[\"registry.terraform.io/cloudflare/cloudflare\"]",
      "instances": [
        {
          "attributes": {
            "id": "a1b2c3d4-e5f6-7890-abcd-ef1234567890",
            "account_id": "f037e56e89293a057740de681ac9abbe",
            "name": "SSN Detection",
            "type": "custom",
            "allowed_match_count": 3,
            "created_at": "2024-01-15T10:35:00Z",
            "updated_at": "2024-01-15T10:35:00Z",
            "entry": [
              {
                "name": "SSN Pattern",
                "enabled": true,
                "pattern": [
                  {
                    "regex": "[0-9]{3}-[0-9]{2}-[0-9]{4}"
                  }
                ]
              }
            ]
          }
        }
      ]
    },
    {
      "mode": "managed",
      "type": "cloudflare_dlp_profile",
      "name": "minimal",
      "provider": "provider[\"registry.terraform.io/cloudflare/cloudflare\"]",
      "instances": [
        {
          "attributes": {
            "id": "9f8e7d6c-5b4a-3c2d-1e0f-9a8b7c6d5e4f",
            "account_id": "f037e56e89293a057740de681ac9abbe",
            "name": "Minimal Profile",
            "type": "custom",
            "allowed_match_count": 1,
            "created_at": "2024-01-15T10:40:00Z",
            "updated_at": "2024-01-15T10:40:00Z",
            "entry": [
              {
                "name": "Simple Pattern",
                "enabled": true,
                "pattern": [
                  {
                    "regex": "test[0-9]+"
                  }
                ]
              }
            ]
          }
        }
      ]
    }
  ]
}