{
  "lineage": "test-lineage",
  "outputs": {},
  "resources": [
    {
      "instances": [
        {
          "attributes": {
            "created_on": "2023-01-01T00:00:00Z",
            "dns": {
              "name": "basic.example.com",
              "type": "CNAME"
            },
            "id": "app-basic-id",
            "modified_on": "2023-01-01T00:00:00Z",
            "origin_direct": [
              "203.0.113.1"
            ],
            "protocol": "tcp/443",
            "zone_id": "example.com"
          },
          "schema_version": 0
        }
      ],
      "mode": "managed",
      "name": "basic",
      "provider": "provider[\"registry.terraform.io/cloudflare/cloudflare\"]",
      "type": "cloudflare_spectrum_application"
    },
    {
      "instances": [
        {
          "attributes": {
            "created_on": "2023-01-01T00:00:00Z",
            "dns": {
              "name": "db.example.com",
              "type": "CNAME"
            },
            "id": "app-origin-dns-id",
            "modified_on": "2023-01-01T00:00:00Z",
            "origin_dns": {
              "name": "origin.example.com"
            },
            "protocol": "tcp/3306",
            "zone_id": "example.com"
          },
          "schema_version": 0
        }
      ],
      "mode": "managed",
      "name": "origin_dns_test",
      "provider": "provider[\"registry.terraform.io/cloudflare/cloudflare\"]",
      "type": "cloudflare_spectrum_application"
    },
    {
      "instances": [
        {
          "attributes": {
            "created_on": "2023-01-01T00:00:00Z",
            "dns": {
              "name": "app.example.com",
              "type": "CNAME"
            },
            "edge_ips": {
              "connectivity": "all",
              "type": "dynamic"
            },
            "id": "app-edge-ips-id",
            "modified_on": "2023-01-01T00:00:00Z",
            "origin_direct": [
              "203.0.113.3"
            ],
            "protocol": "tcp/8080",
            "zone_id": "example.com"
          },
          "schema_version": 0
        }
      ],
      "mode": "managed",
      "name": "edge_ips_test",
      "provider": "provider[\"registry.terraform.io/cloudflare/cloudflare\"]",
      "type": "cloudflare_spectrum_application"
    },
    {
      "instances": [
        {
          "attributes": {
            "created_on": "2023-01-01T00:00:00Z",
            "dns": {
              "name": "dbrange.example.com",
              "type": "ADDRESS"
            },
            "id": "app-port-range-id",
            "modified_on": "2023-01-01T00:00:00Z",
            "origin_direct": [
              "203.0.113.4"
            ],
            "origin_port": "3306-3310",
            "protocol": "tcp/3306-3310",
            "zone_id": "example.com"
          },
          "schema_version": 0
        }
      ],
      "mode": "managed",
      "name": "port_range",
      "provider": "provider[\"registry.terraform.io/cloudflare/cloudflare\"]",
      "type": "cloudflare_spectrum_application"
    },
    {
      "instances": [
        {
          "attributes": {
            "created_on": "2023-01-01T00:00:00Z",
            "dns": {
              "name": "secure.example.com",
              "type": "CNAME"
            },
            "id": "app-port-direct-id",
            "modified_on": "2023-01-01T00:00:00Z",
            "origin_direct": [
              "203.0.113.5"
            ],
            "origin_port": 8443,
            "protocol": "tcp/443",
            "zone_id": "example.com"
          },
          "schema_version": 0
        }
      ],
      "mode": "managed",
      "name": "port_direct",
      "provider": "provider[\"registry.terraform.io/cloudflare/cloudflare\"]",
      "type": "cloudflare_spectrum_application"
    },
    {
      "instances": [
        {
          "attributes": {
            "argo_smart_routing": true,
            "created_on": "2023-01-01T00:00:00Z",
            "dns": {
              "name": "complex.example.com",
              "type": "CNAME"
            },
            "edge_ips": {
              "connectivity": "ipv4",
              "type": "dynamic"
            },
            "id": "app-complex-id",
            "ip_firewall": true,
            "modified_on": "2023-01-01T00:00:00Z",
            "origin_dns": {
              "name": "backend.complex.example.com"
            },
            "protocol": "tcp/443",
            "proxy_protocol": "v1",
            "tls": "flexible",
            "traffic_type": "direct",
            "zone_id": "example.com"
          },
          "schema_version": 0
        }
      ],
      "mode": "managed",
      "name": "complex",
      "provider": "provider[\"registry.terraform.io/cloudflare/cloudflare\"]",
      "type": "cloudflare_spectrum_application"
    }
  ],
  "serial": 1,
  "terraform_version": "1.5.0",
  "version": 4
}