{
  "lineage": "test-zero-trust-access-group-lineage",
  "outputs": {},
  "resources": [
    {
      "instances": [
        {
          "attributes": {
            "account_id": "test-account-123",
            "id": "simple-email-id",
            "name": "Simple Email Group",
            "include": [
              {
                "email": ["user1@example.com"]
              }
            ]
          },
          "schema_version": 0
        }
      ],
      "mode": "managed",
      "name": "simple_email",
      "provider": "provider[\"registry.terraform.io/cloudflare/cloudflare\"]",
      "type": "cloudflare_access_group"
    },
    {
      "instances": [
        {
          "attributes": {
            "account_id": "test-account-123",
            "id": "multiple-selectors-id",
            "name": "Multiple Selectors Group",
            "include": [
              {
                "email": ["admin@example.com", "manager@example.com"],
                "ip": ["192.168.1.0/24", "10.0.0.0/8"]
              }
            ]
          },
          "schema_version": 0
        }
      ],
      "mode": "managed",
      "name": "multiple_selectors",
      "provider": "provider[\"registry.terraform.io/cloudflare/cloudflare\"]",
      "type": "cloudflare_access_group"
    },
    {
      "instances": [
        {
          "attributes": {
            "account_id": "test-account-123",
            "id": "team1-id",
            "name": "Engineering Team",
            "include": [
              {
                "email_domain": ["example.com"]
              }
            ]
          },
          "index_key": "team1",
          "schema_version": 0
        },
        {
          "attributes": {
            "account_id": "test-account-123",
            "id": "team2-id",
            "name": "Product Team",
            "include": [
              {
                "email_domain": ["example.com"]
              }
            ]
          },
          "index_key": "team2",
          "schema_version": 0
        },
        {
          "attributes": {
            "account_id": "test-account-123",
            "id": "team3-id",
            "name": "Design Team",
            "include": [
              {
                "email_domain": ["example.com"]
              }
            ]
          },
          "index_key": "team3",
          "schema_version": 0
        }
      ],
      "mode": "managed",
      "name": "foreach_map",
      "provider": "provider[\"registry.terraform.io/cloudflare/cloudflare\"]",
      "type": "cloudflare_access_group"
    },
    {
      "instances": [
        {
          "attributes": {
            "account_id": "test-account-123",
            "id": "count-0-id",
            "name": "Count Group 0",
            "include": [
              {
                "ip": ["10.0.0.0/16"]
              }
            ]
          },
          "index_key": 0,
          "schema_version": 0
        },
        {
          "attributes": {
            "account_id": "test-account-123",
            "id": "count-1-id",
            "name": "Count Group 1",
            "include": [
              {
                "ip": ["10.1.0.0/16"]
              }
            ]
          },
          "index_key": 1,
          "schema_version": 0
        },
        {
          "attributes": {
            "account_id": "test-account-123",
            "id": "count-2-id",
            "name": "Count Group 2",
            "include": [
              {
                "ip": ["10.2.0.0/16"]
              }
            ]
          },
          "index_key": 2,
          "schema_version": 0
        }
      ],
      "mode": "managed",
      "name": "count_based",
      "provider": "provider[\"registry.terraform.io/cloudflare/cloudflare\"]",
      "type": "cloudflare_access_group"
    },
    {
      "instances": [
        {
          "attributes": {
            "account_id": "test-account-123",
            "id": "booleans-id",
            "name": "Boolean Selectors Group",
            "include": [
              {
                "everyone": true
              }
            ],
            "exclude": [
              {
                "certificate": true
              }
            ]
          },
          "schema_version": 0
        }
      ],
      "mode": "managed",
      "name": "booleans",
      "provider": "provider[\"registry.terraform.io/cloudflare/cloudflare\"]",
      "type": "cloudflare_access_group"
    },
    {
      "instances": [
        {
          "attributes": {
            "account_id": "test-account-123",
            "id": "all-rules-id",
            "name": "All Rules Group",
            "include": [
              {
                "email": ["user@example.com"]
              }
            ],
            "exclude": [
              {
                "ip": ["192.168.0.0/16"]
              }
            ],
            "require": [
              {
                "email_domain": ["example.com"]
              }
            ]
          },
          "schema_version": 0
        }
      ],
      "mode": "managed",
      "name": "all_rules",
      "provider": "provider[\"registry.terraform.io/cloudflare/cloudflare\"]",
      "type": "cloudflare_access_group"
    },
    {
      "instances": [
        {
          "attributes": {
            "account_id": "test-account-123",
            "id": "complex-id",
            "name": "Complex Group",
            "include": [
              {
                "email": ["admin@example.com", "manager@example.com"],
                "email_domain": ["example.com"],
                "ip": ["10.0.0.0/8"]
              }
            ],
            "exclude": [
              {
                "ip": ["10.0.1.0/24"],
                "geo": ["CN", "RU"]
              }
            ]
          },
          "schema_version": 0
        }
      ],
      "mode": "managed",
      "name": "complex",
      "provider": "provider[\"registry.terraform.io/cloudflare/cloudflare\"]",
      "type": "cloudflare_access_group"
    }
  ],
  "serial": 1,
  "terraform_version": "1.5.0",
  "version": 4
}
