{
  "lineage": "test-zero-trust-access-group-lineage",
  "outputs": {},
  "resources": [
    {
      "instances": [
        {
          "attributes": {
            "account_id": "test-account-123",
            "id": "simple-email-id",
            "include": [
              {
                "email": {
                  "email": "user1@example.com"
                }
              }
            ],
            "name": "Simple Email Group"
          },
          "schema_version": 0
        }
      ],
      "mode": "managed",
      "name": "simple_email",
      "provider": "provider[\"registry.terraform.io/cloudflare/cloudflare\"]",
      "type": "cloudflare_zero_trust_access_group"
    },
    {
      "instances": [
        {
          "attributes": {
            "account_id": "test-account-123",
            "id": "multiple-selectors-id",
            "include": [
              {
                "email": {
                  "email": "admin@example.com"
                }
              },
              {
                "email": {
                  "email": "manager@example.com"
                }
              },
              {
                "ip": {
                  "ip": "192.168.1.0/24"
                }
              },
              {
                "ip": {
                  "ip": "10.0.0.0/8"
                }
              }
            ],
            "name": "Multiple Selectors Group"
          },
          "schema_version": 0
        }
      ],
      "mode": "managed",
      "name": "multiple_selectors",
      "provider": "provider[\"registry.terraform.io/cloudflare/cloudflare\"]",
      "type": "cloudflare_zero_trust_access_group"
    },
    {
      "instances": [
        {
          "attributes": {
            "account_id": "test-account-123",
            "id": "team1-id",
            "include": [
              {
                "email_domain": {
                  "domain": "example.com"
                }
              }
            ],
            "name": "Engineering Team"
          },
          "index_key": "team1",
          "schema_version": 0
        },
        {
          "attributes": {
            "account_id": "test-account-123",
            "id": "team2-id",
            "include": [
              {
                "email_domain": {
                  "domain": "example.com"
                }
              }
            ],
            "name": "Product Team"
          },
          "index_key": "team2",
          "schema_version": 0
        },
        {
          "attributes": {
            "account_id": "test-account-123",
            "id": "team3-id",
            "include": [
              {
                "email_domain": {
                  "domain": "example.com"
                }
              }
            ],
            "name": "Design Team"
          },
          "index_key": "team3",
          "schema_version": 0
        }
      ],
      "mode": "managed",
      "name": "foreach_map",
      "provider": "provider[\"registry.terraform.io/cloudflare/cloudflare\"]",
      "type": "cloudflare_zero_trust_access_group"
    },
    {
      "instances": [
        {
          "attributes": {
            "account_id": "test-account-123",
            "id": "count-0-id",
            "include": [
              {
                "ip": {
                  "ip": "10.0.0.0/16"
                }
              }
            ],
            "name": "Count Group 0"
          },
          "index_key": 0,
          "schema_version": 0
        },
        {
          "attributes": {
            "account_id": "test-account-123",
            "id": "count-1-id",
            "include": [
              {
                "ip": {
                  "ip": "10.1.0.0/16"
                }
              }
            ],
            "name": "Count Group 1"
          },
          "index_key": 1,
          "schema_version": 0
        },
        {
          "attributes": {
            "account_id": "test-account-123",
            "id": "count-2-id",
            "include": [
              {
                "ip": {
                  "ip": "10.2.0.0/16"
                }
              }
            ],
            "name": "Count Group 2"
          },
          "index_key": 2,
          "schema_version": 0
        }
      ],
      "mode": "managed",
      "name": "count_based",
      "provider": "provider[\"registry.terraform.io/cloudflare/cloudflare\"]",
      "type": "cloudflare_zero_trust_access_group"
    },
    {
      "instances": [
        {
          "attributes": {
            "account_id": "test-account-123",
            "exclude": [
              {
                "certificate": {}
              }
            ],
            "id": "booleans-id",
            "include": [
              {
                "everyone": {}
              }
            ],
            "name": "Boolean Selectors Group"
          },
          "schema_version": 0
        }
      ],
      "mode": "managed",
      "name": "booleans",
      "provider": "provider[\"registry.terraform.io/cloudflare/cloudflare\"]",
      "type": "cloudflare_zero_trust_access_group"
    },
    {
      "instances": [
        {
          "attributes": {
            "account_id": "test-account-123",
            "exclude": [
              {
                "ip": {
                  "ip": "192.168.0.0/16"
                }
              }
            ],
            "id": "all-rules-id",
            "include": [
              {
                "email": {
                  "email": "user@example.com"
                }
              }
            ],
            "name": "All Rules Group",
            "require": [
              {
                "email_domain": {
                  "domain": "example.com"
                }
              }
            ]
          },
          "schema_version": 0
        }
      ],
      "mode": "managed",
      "name": "all_rules",
      "provider": "provider[\"registry.terraform.io/cloudflare/cloudflare\"]",
      "type": "cloudflare_zero_trust_access_group"
    },
    {
      "instances": [
        {
          "attributes": {
            "account_id": "test-account-123",
            "exclude": [
              {
                "ip": {
                  "ip": "10.0.1.0/24"
                }
              },
              {
                "geo": {
                  "country_code": "CN"
                }
              },
              {
                "geo": {
                  "country_code": "RU"
                }
              }
            ],
            "id": "complex-id",
            "include": [
              {
                "email": {
                  "email": "admin@example.com"
                }
              },
              {
                "email": {
                  "email": "manager@example.com"
                }
              },
              {
                "ip": {
                  "ip": "10.0.0.0/8"
                }
              },
              {
                "email_domain": {
                  "domain": "example.com"
                }
              }
            ],
            "name": "Complex Group"
          },
          "schema_version": 0
        }
      ],
      "mode": "managed",
      "name": "complex",
      "provider": "provider[\"registry.terraform.io/cloudflare/cloudflare\"]",
      "type": "cloudflare_zero_trust_access_group"
    }
  ],
  "serial": 1,
  "terraform_version": "1.5.0",
  "version": 4
}