{
  "lineage": "a75366f2-b332-4347-9a6c-239a2f23a319",
  "outputs": {},
  "resources": [
    {
      "instances": [
        {
          "attributes": {
            "account_id": "f037e56e89293a057740de681ac9abbe",
            "created_at": "2023-01-01T12:00:00Z",
            "id": "f174e90a-fafe-4643-bbbc-4a0ed4fc8415",
            "last_failure": null,
            "last_success": null,
            "name": "basic-webhook",
            "secret": null,
            "type": "generic",
            "url": "https://www.cloudflare.com/cdn-cgi/trace/basic"
          },
          "schema_version": 0
        }
      ],
      "mode": "managed",
      "name": "basic_webhook",
      "provider": "provider[\"registry.terraform.io/cloudflare/cloudflare\"]",
      "type": "cloudflare_notification_policy_webhooks"
    },
    {
      "instances": [
        {
          "attributes": {
            "account_id": "f037e56e89293a057740de681ac9abbe",
            "created_at": "2023-01-01T12:00:00Z",
            "id": "a284b91d-5fa5-4532-abcd-3b1ed5fc9527",
            "last_failure": null,
            "last_success": "2023-01-15T14:30:00Z",
            "name": "production-webhook",
            "secret": "webhook-secret-token-12345",
            "type": "generic",
            "url": "https://www.cloudflare.com/cdn-cgi/trace/full"
          },
          "schema_version": 0
        }
      ],
      "mode": "managed",
      "name": "full_webhook",
      "provider": "provider[\"registry.terraform.io/cloudflare/cloudflare\"]",
      "type": "cloudflare_notification_policy_webhooks"
    },
    {
      "instances": [
        {
          "attributes": {
            "account_id": "f037e56e89293a057740de681ac9abbe",
            "created_at": "2023-01-02T10:00:00Z",
            "id": "map-alerts-webhook-id",
            "last_failure": null,
            "last_success": "2023-01-20T08:00:00Z",
            "name": "alerts-webhook",
            "secret": "alerts-secret-123",
            "type": "generic",
            "url": "https://www.cloudflare.com/cdn-cgi/trace/alerts"
          },
          "index_key": "alerts",
          "schema_version": 0
        },
        {
          "attributes": {
            "account_id": "f037e56e89293a057740de681ac9abbe",
            "created_at": "2023-01-02T10:00:00Z",
            "id": "map-monitoring-webhook-id",
            "last_failure": "2023-01-18T12:00:00Z",
            "last_success": null,
            "name": "monitoring-webhook",
            "secret": "monitoring-secret-456",
            "type": "generic",
            "url": "https://www.cloudflare.com/cdn-cgi/trace/monitoring"
          },
          "index_key": "monitoring",
          "schema_version": 0
        },
        {
          "attributes": {
            "account_id": "f037e56e89293a057740de681ac9abbe",
            "created_at": "2023-01-02T10:00:00Z",
            "id": "map-security-webhook-id",
            "last_failure": null,
            "last_success": "2023-01-21T09:30:00Z",
            "name": "security-webhook",
            "secret": "security-secret-789",
            "type": "generic",
            "url": "https://www.cloudflare.com/cdn-cgi/trace/security"
          },
          "index_key": "security",
          "schema_version": 0
        }
      ],
      "mode": "managed",
      "name": "map_example",
      "provider": "provider[\"registry.terraform.io/cloudflare/cloudflare\"]",
      "type": "cloudflare_notification_policy_webhooks"
    },
    {
      "instances": [
        {
          "attributes": {
            "account_id": "f037e56e89293a057740de681ac9abbe",
            "created_at": "2023-01-03T11:00:00Z",
            "id": "set-alpha-webhook-id",
            "last_failure": null,
            "last_success": null,
            "name": "set-alpha",
            "secret": null,
            "type": "generic",
            "url": "https://www.cloudflare.com/cdn-cgi/trace/set-alpha"
          },
          "index_key": "alpha",
          "schema_version": 0
        },
        {
          "attributes": {
            "account_id": "f037e56e89293a057740de681ac9abbe",
            "created_at": "2023-01-03T11:00:00Z",
            "id": "set-beta-webhook-id",
            "last_failure": null,
            "last_success": null,
            "name": "set-beta",
            "secret": null,
            "type": "generic",
            "url": "https://www.cloudflare.com/cdn-cgi/trace/set-beta"
          },
          "index_key": "beta",
          "schema_version": 0
        },
        {
          "attributes": {
            "account_id": "f037e56e89293a057740de681ac9abbe",
            "created_at": "2023-01-03T11:00:00Z",
            "id": "set-delta-webhook-id",
            "last_failure": null,
            "last_success": null,
            "name": "set-delta",
            "secret": null,
            "type": "generic",
            "url": "https://www.cloudflare.com/cdn-cgi/trace/set-delta"
          },
          "index_key": "delta",
          "schema_version": 0
        },
        {
          "attributes": {
            "account_id": "f037e56e89293a057740de681ac9abbe",
            "created_at": "2023-01-03T11:00:00Z",
            "id": "set-gamma-webhook-id",
            "last_failure": null,
            "last_success": null,
            "name": "set-gamma",
            "secret": null,
            "type": "generic",
            "url": "https://www.cloudflare.com/cdn-cgi/trace/set-gamma"
          },
          "index_key": "gamma",
          "schema_version": 0
        }
      ],
      "mode": "managed",
      "name": "set_example",
      "provider": "provider[\"registry.terraform.io/cloudflare/cloudflare\"]",
      "type": "cloudflare_notification_policy_webhooks"
    },
    {
      "instances": [
        {
          "attributes": {
            "account_id": "f037e56e89293a057740de681ac9abbe",
            "created_at": "2023-01-04T12:00:00Z",
            "id": "counted-0-webhook-id",
            "last_failure": null,
            "last_success": null,
            "name": "webhook-0",
            "secret": null,
            "type": "generic",
            "url": "https://www.cloudflare.com/cdn-cgi/trace/counted-0"
          },
          "index_key": 0,
          "schema_version": 0
        },
        {
          "attributes": {
            "account_id": "f037e56e89293a057740de681ac9abbe",
            "created_at": "2023-01-04T12:00:00Z",
            "id": "counted-1-webhook-id",
            "last_failure": null,
            "last_success": null,
            "name": "webhook-1",
            "secret": null,
            "type": "generic",
            "url": "https://www.cloudflare.com/cdn-cgi/trace/counted-1"
          },
          "index_key": 1,
          "schema_version": 0
        },
        {
          "attributes": {
            "account_id": "f037e56e89293a057740de681ac9abbe",
            "created_at": "2023-01-04T12:00:00Z",
            "id": "counted-2-webhook-id",
            "last_failure": null,
            "last_success": null,
            "name": "webhook-2",
            "secret": null,
            "type": "generic",
            "url": "https://www.cloudflare.com/cdn-cgi/trace/counted-2"
          },
          "index_key": 2,
          "schema_version": 0
        }
      ],
      "mode": "managed",
      "name": "counted",
      "provider": "provider[\"registry.terraform.io/cloudflare/cloudflare\"]",
      "type": "cloudflare_notification_policy_webhooks"
    },
    {
      "instances": [
        {
          "attributes": {
            "account_id": "f037e56e89293a057740de681ac9abbe",
            "created_at": "2023-01-05T13:00:00Z",
            "id": "conditional-enabled-webhook-id",
            "last_failure": null,
            "last_success": null,
            "name": "conditional-enabled",
            "secret": null,
            "type": "generic",
            "url": "https://www.cloudflare.com/cdn-cgi/trace/conditional-enabled"
          },
          "index_key": 0,
          "schema_version": 0
        }
      ],
      "mode": "managed",
      "name": "conditional_enabled",
      "provider": "provider[\"registry.terraform.io/cloudflare/cloudflare\"]",
      "type": "cloudflare_notification_policy_webhooks"
    },
    {
      "instances": [
        {
          "attributes": {
            "account_id": "f037e56e89293a057740de681ac9abbe",
            "created_at": "2023-01-06T14:00:00Z",
            "id": "functions-webhook-id",
            "last_failure": null,
            "last_success": null,
            "name": "test-integration-function-example",
            "secret": "function-test-secret",
            "type": "generic",
            "url": "https://www.cloudflare.com/cdn-cgi/trace/function-test"
          },
          "schema_version": 0
        }
      ],
      "mode": "managed",
      "name": "with_functions",
      "provider": "provider[\"registry.terraform.io/cloudflare/cloudflare\"]",
      "type": "cloudflare_notification_policy_webhooks"
    },
    {
      "instances": [
        {
          "attributes": {
            "account_id": "f037e56e89293a057740de681ac9abbe",
            "created_at": "2023-01-07T15:00:00Z",
            "id": "lifecycle-webhook-id",
            "last_failure": null,
            "last_success": null,
            "name": "lifecycle-test",
            "secret": null,
            "type": "generic",
            "url": "https://www.cloudflare.com/cdn-cgi/trace/lifecycle"
          },
          "schema_version": 0
        }
      ],
      "mode": "managed",
      "name": "with_lifecycle",
      "provider": "provider[\"registry.terraform.io/cloudflare/cloudflare\"]",
      "type": "cloudflare_notification_policy_webhooks"
    },
    {
      "instances": [
        {
          "attributes": {
            "account_id": "f037e56e89293a057740de681ac9abbe",
            "created_at": "2023-01-07T15:30:00Z",
            "id": "prevent-destroy-webhook-id",
            "last_failure": null,
            "last_success": null,
            "name": "prevent-destroy-test",
            "secret": null,
            "type": "generic",
            "url": "https://www.cloudflare.com/cdn-cgi/trace/prevent-destroy"
          },
          "schema_version": 0
        }
      ],
      "mode": "managed",
      "name": "with_prevent_destroy",
      "provider": "provider[\"registry.terraform.io/cloudflare/cloudflare\"]",
      "type": "cloudflare_notification_policy_webhooks"
    },
    {
      "instances": [
        {
          "attributes": {
            "account_id": "f037e56e89293a057740de681ac9abbe",
            "created_at": "2023-01-08T16:00:00Z",
            "id": "minimal-webhook-id",
            "last_failure": null,
            "last_success": null,
            "name": "minimal",
            "secret": null,
            "type": "generic",
            "url": "https://www.cloudflare.com/cdn-cgi/trace/minimal"
          },
          "schema_version": 0
        }
      ],
      "mode": "managed",
      "name": "minimal",
      "provider": "provider[\"registry.terraform.io/cloudflare/cloudflare\"]",
      "type": "cloudflare_notification_policy_webhooks"
    },
    {
      "instances": [
        {
          "attributes": {
            "account_id": "f037e56e89293a057740de681ac9abbe",
            "created_at": "2023-01-09T17:00:00Z",
            "id": "maximal-webhook-id",
            "last_failure": "2023-01-22T14:00:00Z",
            "last_success": "2023-01-25T10:00:00Z",
            "name": "maximal-webhook-with-all-fields",
            "secret": "maximal-secret-token-with-special-chars-!@#$",
            "type": "generic",
            "url": "https://www.cloudflare.com/cdn-cgi/trace/maximal?param=value\u0026test=123"
          },
          "schema_version": 0
        }
      ],
      "mode": "managed",
      "name": "maximal",
      "provider": "provider[\"registry.terraform.io/cloudflare/cloudflare\"]",
      "type": "cloudflare_notification_policy_webhooks"
    },
    {
      "instances": [
        {
          "attributes": {
            "account_id": "f037e56e89293a057740de681ac9abbe",
            "created_at": "2023-01-10T18:00:00Z",
            "id": "special-chars-webhook-id",
            "last_failure": null,
            "last_success": null,
            "name": "special-chars-test",
            "secret": null,
            "type": "generic",
            "url": "https://www.cloudflare.com/cdn-cgi/trace/path?query=value\u0026param=test"
          },
          "schema_version": 0
        }
      ],
      "mode": "managed",
      "name": "special_chars",
      "provider": "provider[\"registry.terraform.io/cloudflare/cloudflare\"]",
      "type": "cloudflare_notification_policy_webhooks"
    }
  ],
  "serial": 1,
  "terraform_version": "1.0.0",
  "version": 4
}