{
  "lineage": "test-zero-trust-dex-test-lineage",
  "outputs": {},
  "resources": [
    {
      "instances": [
        {
          "attributes": {
            "account_id": "f037e56e89293a057740de681ac9abbe",
            "data": {
              "host": "https://example.com",
              "kind": "http",
              "method": "GET"
            },
            "description": "Test HTTP connectivity to example.com",
            "enabled": true,
            "id": "http-basic-test-id",
            "interval": "0h30m0s",
            "name": "Basic HTTP Test",
            "test_id": "http-basic-test-id"
          },
          "schema_version": 0
        }
      ],
      "mode": "managed",
      "name": "http_basic",
      "provider": "provider[\"registry.terraform.io/cloudflare/cloudflare\"]",
      "type": "cloudflare_zero_trust_dex_test"
    },
    {
      "instances": [
        {
          "attributes": {
            "account_id": "f037e56e89293a057740de681ac9abbe",
            "data": {
              "host": "8.8.8.8",
              "kind": "traceroute"
            },
            "description": "Test network path to Google DNS",
            "enabled": true,
            "id": "traceroute-test-id",
            "interval": "1h0m0s",
            "name": "Traceroute to DNS",
            "test_id": "traceroute-test-id"
          },
          "schema_version": 0
        }
      ],
      "mode": "managed",
      "name": "traceroute",
      "provider": "provider[\"registry.terraform.io/cloudflare/cloudflare\"]",
      "type": "cloudflare_zero_trust_dex_test"
    },
    {
      "instances": [
        {
          "attributes": {
            "account_id": "f037e56e89293a057740de681ac9abbe",
            "data": {
              "host": "https://internal.example.com",
              "kind": "http",
              "method": "GET"
            },
            "description": "Currently disabled for maintenance",
            "enabled": false,
            "id": "disabled-test-id",
            "interval": "0h15m0s",
            "name": "Disabled Test",
            "test_id": "disabled-test-id"
          },
          "schema_version": 0
        }
      ],
      "mode": "managed",
      "name": "disabled",
      "provider": "provider[\"registry.terraform.io/cloudflare/cloudflare\"]",
      "type": "cloudflare_zero_trust_dex_test"
    },
    {
      "instances": [
        {
          "attributes": {
            "account_id": "f037e56e89293a057740de681ac9abbe",
            "data": {
              "host": "https://api.example.com/health",
              "kind": "http",
              "method": "GET"
            },
            "description": "High-frequency monitoring",
            "enabled": true,
            "id": "http-frequent-test-id",
            "interval": "0h5m0s",
            "name": "Frequent HTTP Test",
            "test_id": "http-frequent-test-id"
          },
          "schema_version": 0
        }
      ],
      "mode": "managed",
      "name": "http_frequent",
      "provider": "provider[\"registry.terraform.io/cloudflare/cloudflare\"]",
      "type": "cloudflare_zero_trust_dex_test"
    },
    {
      "instances": [
        {
          "attributes": {
            "account_id": "f037e56e89293a057740de681ac9abbe",
            "data": {
              "host": "cloudflare.com",
              "kind": "traceroute"
            },
            "description": "Test path to cloudflare.com",
            "enabled": true,
            "id": "traceroute-hostname-test-id",
            "interval": "2h0m0s",
            "name": "Traceroute to Hostname",
            "test_id": "traceroute-hostname-test-id"
          },
          "schema_version": 0
        }
      ],
      "mode": "managed",
      "name": "traceroute_hostname",
      "provider": "provider[\"registry.terraform.io/cloudflare/cloudflare\"]",
      "type": "cloudflare_zero_trust_dex_test"
    },
    {
      "instances": [
        {
          "attributes": {
            "account_id": "f037e56e89293a057740de681ac9abbe",
            "data": {
              "host": "https://api.prod.example.com",
              "kind": "http",
              "method": "GET"
            },
            "description": "Production API monitoring",
            "enabled": true,
            "id": "api-test-production-id",
            "interval": "0h5m0s",
            "name": "API Test - production-api",
            "test_id": "api-test-production-id"
          },
          "index_key": "production-api",
          "schema_version": 0
        },
        {
          "attributes": {
            "account_id": "f037e56e89293a057740de681ac9abbe",
            "data": {
              "host": "https://api.staging.example.com",
              "kind": "http",
              "method": "GET"
            },
            "description": "Staging API monitoring",
            "enabled": true,
            "id": "api-test-staging-id",
            "interval": "0h15m0s",
            "name": "API Test - staging-api",
            "test_id": "api-test-staging-id"
          },
          "index_key": "staging-api",
          "schema_version": 0
        },
        {
          "attributes": {
            "account_id": "f037e56e89293a057740de681ac9abbe",
            "data": {
              "host": "https://api.dev.example.com",
              "kind": "http",
              "method": "GET"
            },
            "description": "Dev API monitoring",
            "enabled": true,
            "id": "api-test-dev-id",
            "interval": "0h30m0s",
            "name": "API Test - dev-api",
            "test_id": "api-test-dev-id"
          },
          "index_key": "dev-api",
          "schema_version": 0
        }
      ],
      "mode": "managed",
      "name": "api_tests",
      "provider": "provider[\"registry.terraform.io/cloudflare/cloudflare\"]",
      "type": "cloudflare_zero_trust_dex_test"
    },
    {
      "instances": [
        {
          "attributes": {
            "account_id": "f037e56e89293a057740de681ac9abbe",
            "data": {
              "host": "1.1.1.1",
              "kind": "traceroute"
            },
            "description": "Test connectivity to 1.1.1.1",
            "enabled": true,
            "id": "dns-test-1111-id",
            "interval": "1h0m0s",
            "name": "DNS Test - 1.1.1.1",
            "test_id": "dns-test-1111-id"
          },
          "index_key": "1.1.1.1",
          "schema_version": 0
        },
        {
          "attributes": {
            "account_id": "f037e56e89293a057740de681ac9abbe",
            "data": {
              "host": "8.8.4.4",
              "kind": "traceroute"
            },
            "description": "Test connectivity to 8.8.4.4",
            "enabled": true,
            "id": "dns-test-8844-id",
            "interval": "1h0m0s",
            "name": "DNS Test - 8.8.4.4",
            "test_id": "dns-test-8844-id"
          },
          "index_key": "8.8.4.4",
          "schema_version": 0
        },
        {
          "attributes": {
            "account_id": "f037e56e89293a057740de681ac9abbe",
            "data": {
              "host": "8.8.8.8",
              "kind": "traceroute"
            },
            "description": "Test connectivity to 8.8.8.8",
            "enabled": true,
            "id": "dns-test-8888-id",
            "interval": "1h0m0s",
            "name": "DNS Test - 8.8.8.8",
            "test_id": "dns-test-8888-id"
          },
          "index_key": "8.8.8.8",
          "schema_version": 0
        }
      ],
      "mode": "managed",
      "name": "dns_tests",
      "provider": "provider[\"registry.terraform.io/cloudflare/cloudflare\"]",
      "type": "cloudflare_zero_trust_dex_test"
    },
    {
      "instances": [
        {
          "attributes": {
            "account_id": "f037e56e89293a057740de681ac9abbe",
            "data": {
              "host": "https://region1.example.com",
              "kind": "http",
              "method": "GET"
            },
            "description": "Test endpoint in region 1",
            "enabled": true,
            "id": "regional-test-0-id",
            "interval": "0h30m0s",
            "name": "Regional Test 1",
            "test_id": "regional-test-0-id"
          },
          "index_key": 0,
          "schema_version": 0
        },
        {
          "attributes": {
            "account_id": "f037e56e89293a057740de681ac9abbe",
            "data": {
              "host": "https://region2.example.com",
              "kind": "http",
              "method": "GET"
            },
            "description": "Test endpoint in region 2",
            "enabled": true,
            "id": "regional-test-1-id",
            "interval": "0h30m0s",
            "name": "Regional Test 2",
            "test_id": "regional-test-1-id"
          },
          "index_key": 1,
          "schema_version": 0
        },
        {
          "attributes": {
            "account_id": "f037e56e89293a057740de681ac9abbe",
            "data": {
              "host": "https://region3.example.com",
              "kind": "http",
              "method": "GET"
            },
            "description": "Test endpoint in region 3",
            "enabled": true,
            "id": "regional-test-2-id",
            "interval": "0h30m0s",
            "name": "Regional Test 3",
            "test_id": "regional-test-2-id"
          },
          "index_key": 2,
          "schema_version": 0
        }
      ],
      "mode": "managed",
      "name": "regional_tests",
      "provider": "provider[\"registry.terraform.io/cloudflare/cloudflare\"]",
      "type": "cloudflare_zero_trust_dex_test"
    },
    {
      "instances": [
        {
          "attributes": {
            "account_id": "f037e56e89293a057740de681ac9abbe",
            "data": {
              "host": "https://backup.example.com/status",
              "kind": "http",
              "method": "GET"
            },
            "description": "Test backup system availability",
            "enabled": true,
            "id": "backup-test-id",
            "interval": "4h0m0s",
            "name": "Backup System Test",
            "test_id": "backup-test-id"
          },
          "index_key": 0,
          "schema_version": 0
        }
      ],
      "mode": "managed",
      "name": "backup_test",
      "provider": "provider[\"registry.terraform.io/cloudflare/cloudflare\"]",
      "type": "cloudflare_zero_trust_dex_test"
    },
    {
      "instances": [
        {
          "attributes": {
            "account_id": "f037e56e89293a057740de681ac9abbe",
            "data": {
              "host": "https://metrics.example.com",
              "kind": "http",
              "method": "GET"
            },
            "description": "Test with dynamic configuration values",
            "enabled": true,
            "id": "dynamic-config-test-id",
            "interval": "0h30m0s",
            "name": "Dynamic Configuration Test",
            "test_id": "dynamic-config-test-id"
          },
          "schema_version": 0
        }
      ],
      "mode": "managed",
      "name": "dynamic_config",
      "provider": "provider[\"registry.terraform.io/cloudflare/cloudflare\"]",
      "type": "cloudflare_zero_trust_dex_test"
    },
    {
      "instances": [
        {
          "attributes": {
            "account_id": "f037e56e89293a057740de681ac9abbe",
            "data": {
              "host": "https://secure.example.com",
              "kind": "http",
              "method": "GET"
            },
            "description": "Verify HTTPS connectivity",
            "enabled": true,
            "id": "https-test-id",
            "interval": "0h10m0s",
            "name": "HTTPS Connectivity Test",
            "test_id": "https-test-id"
          },
          "schema_version": 0
        }
      ],
      "mode": "managed",
      "name": "https_test",
      "provider": "provider[\"registry.terraform.io/cloudflare/cloudflare\"]",
      "type": "cloudflare_zero_trust_dex_test"
    },
    {
      "instances": [
        {
          "attributes": {
            "account_id": "f037e56e89293a057740de681ac9abbe",
            "data": {
              "host": "https://internal.corp.example.com/healthcheck",
              "kind": "http",
              "method": "GET"
            },
            "description": "Test internal resource availability",
            "enabled": true,
            "id": "internal-test-id",
            "interval": "0h5m0s",
            "name": "Internal Network Test",
            "test_id": "internal-test-id"
          },
          "schema_version": 0
        }
      ],
      "mode": "managed",
      "name": "internal",
      "provider": "provider[\"registry.terraform.io/cloudflare/cloudflare\"]",
      "type": "cloudflare_zero_trust_dex_test"
    },
    {
      "instances": [
        {
          "attributes": {
            "account_id": "f037e56e89293a057740de681ac9abbe",
            "data": {
              "host": "https://example.com/detailed",
              "kind": "http",
              "method": "GET"
            },
            "description": "This is a comprehensive DEX test with a very detailed description\nthat spans multiple lines and contains important information about\nwhat this test does, why it exists, and how it should be monitored.",
            "enabled": true,
            "id": "long-description-test-id",
            "interval": "1h0m0s",
            "name": "Test with Long Description",
            "test_id": "long-description-test-id"
          },
          "schema_version": 0
        }
      ],
      "mode": "managed",
      "name": "long_description",
      "provider": "provider[\"registry.terraform.io/cloudflare/cloudflare\"]",
      "type": "cloudflare_zero_trust_dex_test"
    },
    {
      "instances": [
        {
          "attributes": {
            "account_id": "f037e56e89293a057740de681ac9abbe",
            "data": {
              "host": "2001:4860:4860::8888",
              "kind": "traceroute"
            },
            "description": "Test IPv6 connectivity",
            "enabled": true,
            "id": "ipv6-traceroute-test-id",
            "interval": "2h0m0s",
            "name": "IPv6 Traceroute Test",
            "test_id": "ipv6-traceroute-test-id"
          },
          "schema_version": 0
        }
      ],
      "mode": "managed",
      "name": "ipv6_traceroute",
      "provider": "provider[\"registry.terraform.io/cloudflare/cloudflare\"]",
      "type": "cloudflare_zero_trust_dex_test"
    },
    {
      "instances": [
        {
          "attributes": {
            "account_id": "f037e56e89293a057740de681ac9abbe",
            "data": {
              "host": "https://api.example.com/v1/status",
              "kind": "http",
              "method": "GET"
            },
            "description": "Test specific API endpoint",
            "enabled": true,
            "id": "api-with-path-test-id",
            "interval": "0h10m0s",
            "name": "API Endpoint Test",
            "test_id": "api-with-path-test-id"
          },
          "schema_version": 0
        }
      ],
      "mode": "managed",
      "name": "api_with_path",
      "provider": "provider[\"registry.terraform.io/cloudflare/cloudflare\"]",
      "type": "cloudflare_zero_trust_dex_test"
    }
  ],
  "serial": 1,
  "terraform_version": "1.9.0",
  "version": 4
}