{
  "version": 4,
  "terraform_version": "1.5.0",
  "serial": 1,
  "lineage": "test-zero-trust-access-applications-lineage",
  "outputs": {},
  "resources": [
    {
      "mode": "managed",
      "type": "cloudflare_access_application",
      "name": "minimal",
      "provider": "provider[\"registry.terraform.io/cloudflare/cloudflare\"]",
      "instances": [
        {
          "schema_version": 0,
          "attributes": {
            "id": "minimal-app-id",
            "account_id": "test-account-id",
            "name": "cftftest Minimal App",
            "domain": "minimal.cort.terraform.cfapi.net",
            "type": "self_hosted",
            "aud": "minimal-aud-token"
          }
        }
      ]
    },
    {
      "mode": "managed",
      "type": "cloudflare_access_application",
      "name": "minimal_self_hosted",
      "provider": "provider[\"registry.terraform.io/cloudflare/cloudflare\"]",
      "instances": [
        {
          "schema_version": 0,
          "attributes": {
            "id": "minimal-self-hosted-id",
            "account_id": "test-account-id",
            "name": "cftftest Self Hosted",
            "domain": "self-hosted.cort.terraform.cfapi.net",
            "type": "self_hosted",
            "aud": "self-hosted-aud"
          }
        }
      ]
    },
    {
      "mode": "managed",
      "type": "cloudflare_access_application",
      "name": "maximal_self_hosted",
      "provider": "provider[\"registry.terraform.io/cloudflare/cloudflare\"]",
      "instances": [
        {
          "schema_version": 0,
          "attributes": {
            "id": "maximal-app-id",
            "account_id": "test-account-id",
            "name": "cftftest Maximal Self Hosted",
            "domain": "maximal.cort.terraform.cfapi.net",
            "type": "self_hosted",
            "session_duration": "24h",
            "auto_redirect_to_identity": false,
            "enable_binding_cookie": true,
            "http_only_cookie_attribute": true,
            "same_site_cookie_attribute": "strict",
            "custom_deny_url": "https://deny.cort.terraform.cfapi.net",
            "custom_deny_message": "Access denied - contact admin",
            "custom_non_identity_deny_url": "https://login.cort.terraform.cfapi.net",
            "logo_url": "https://logo.cort.terraform.cfapi.net/logo.png",
            "skip_interstitial": true,
            "app_launcher_visible": true,
            "service_auth_401_redirect": true,
            "allowed_idps": [
              "idp-1",
              "idp-2"
            ],
            "policies": [
              "policy-1",
              "policy-2",
              "policy-3"
            ],
            "aud": "maximal-aud",
            "cors_headers": [
              {
                "allowed_methods": [
                  "GET",
                  "POST",
                  "PUT",
                  "DELETE"
                ],
                "allowed_origins": [
                  "https://app.cort.terraform.cfapi.net"
                ],
                "allowed_headers": [
                  "Content-Type",
                  "Authorization"
                ],
                "exposed_headers": [
                  "X-Request-ID"
                ],
                "allow_credentials": true,
                "max_age": 3600,
                "allow_all_methods": false,
                "allow_all_origins": false,
                "allow_all_headers": false
              }
            ]
          }
        }
      ]
    },
    {
      "mode": "managed",
      "type": "cloudflare_access_application",
      "name": "saas_saml",
      "provider": "provider[\"registry.terraform.io/cloudflare/cloudflare\"]",
      "instances": [
        {
          "schema_version": 0,
          "attributes": {
            "id": "saas-saml-id",
            "account_id": "test-account-id",
            "name": "cftftest SAML SAAS",
            "type": "saas",
            "policies": [
              "default-policy-id"
            ],
            "aud": "saas-saml-aud",
            "saas_app": [
              {
                "consumer_service_url": "https://saml.cort.terraform.cfapi.net/sso/saml",
                "sp_entity_id": "saml-app-cftftest",
                "name_id_format": "email",
                "idp_entity_id": "https://idp.cloudflare.com/entity-id",
                "public_key": "generated-public-key",
                "sso_endpoint": "https://sso.cloudflare.com/saml",
                "custom_attribute": [
                  {
                    "name": "email",
                    "source": {
                      "name": "user_email"
                    }
                  },
                  {
                    "name": "department",
                    "friendly_name": "Department",
                    "source": {
                      "name": "department"
                    }
                  }
                ]
              }
            ]
          }
        }
      ]
    },
    {
      "mode": "managed",
      "type": "cloudflare_access_application",
      "name": "saas_oidc",
      "provider": "provider[\"registry.terraform.io/cloudflare/cloudflare\"]",
      "instances": [
        {
          "schema_version": 0,
          "attributes": {
            "id": "saas-oidc-id",
            "account_id": "test-account-id",
            "name": "cftftest OIDC SAAS",
            "type": "saas",
            "policies": [
              "oidc-policy"
            ],
            "aud": "saas-oidc-aud",
            "saas_app": [
              {
                "auth_type": "oidc",
                "app_launcher_url": "https://oidc.cort.terraform.cfapi.net/launch",
                "grant_types": [
                  "authorization_code"
                ],
                "scopes": [
                  "openid",
                  "email",
                  "profile"
                ],
                "redirect_uris": [
                  "https://oidc.cort.terraform.cfapi.net/callback"
                ],
                "client_id": "generated-client-id",
                "client_secret": "generated-client-secret",
                "custom_claim": [
                  {
                    "name": "groups",
                    "scope": "groups",
                    "source": {
                      "name": "user_groups"
                    }
                  }
                ],
                "refresh_token_options": [
                  {
                    "lifetime": "2160h"
                  }
                ],
                "hybrid_and_implicit_options": [
                  {
                    "return_access_token_from_authorization_endpoint": true,
                    "return_id_token_from_authorization_endpoint": true
                  }
                ]
              }
            ]
          }
        }
      ]
    },
    {
      "mode": "managed",
      "type": "cloudflare_access_application",
      "name": "warp_single",
      "provider": "provider[\"registry.terraform.io/cloudflare/cloudflare\"]",
      "instances": [
        {
          "schema_version": 0,
          "attributes": {
            "id": "warp-single-id",
            "account_id": "test-account-id",
            "name": "cftftest WARP Single",
            "type": "warp",
            "policies": [
              "policy-1",
              "policy-2",
              "policy-3"
            ],
            "aud": "warp-single-aud",
            "destinations": [
              {
                "uri": "tcp://internal.cort.terraform.cfapi.net:443"
              }
            ]
          }
        }
      ]
    },
    {
      "mode": "managed",
      "type": "cloudflare_access_application",
      "name": "warp_multi",
      "provider": "provider[\"registry.terraform.io/cloudflare/cloudflare\"]",
      "instances": [
        {
          "schema_version": 0,
          "attributes": {
            "id": "warp-multi-id",
            "account_id": "test-account-id",
            "name": "cftftest WARP Multi",
            "type": "warp",
            "policies": [
              "warp-policy"
            ],
            "aud": "warp-multi-aud",
            "destinations": [
              {
                "uri": "https://app1.internal",
                "type": "public"
              },
              {
                "uri": "tcp://10.0.0.0/24:22",
                "type": "private"
              },
              {
                "uri": "udp://192.168.1.0/24:53",
                "type": "private"
              }
            ]
          }
        }
      ]
    },
    {
      "mode": "managed",
      "type": "cloudflare_access_application",
      "name": "warp_expressions",
      "provider": "provider[\"registry.terraform.io/cloudflare/cloudflare\"]",
      "instances": [
        {
          "schema_version": 0,
          "attributes": {
            "id": "warp-expressions-id",
            "account_id": "test-account-id",
            "name": "cftftest WARP Expressions",
            "type": "warp",
            "policies": [
              "expr-policy"
            ],
            "aud": "warp-expressions-aud",
            "destinations": [
              {
                "uri": "tcp://test-account-id.internal:443"
              }
            ]
          }
        }
      ]
    },
    {
      "mode": "managed",
      "type": "cloudflare_access_application",
      "name": "ssh_basic",
      "provider": "provider[\"registry.terraform.io/cloudflare/cloudflare\"]",
      "instances": [
        {
          "schema_version": 0,
          "attributes": {
            "id": "ssh-basic-id",
            "account_id": "test-account-id",
            "name": "cftftest SSH Basic",
            "type": "ssh",
            "policies": [
              "ssh-policy"
            ],
            "aud": "ssh-basic-aud",
            "target_criteria": [
              {
                "port": 22,
                "protocol": "ssh",
                "target_attributes": [
                  {
                    "name": "hostname",
                    "values": [
                      "server1",
                      "server2"
                    ]
                  },
                  {
                    "name": "environment",
                    "values": [
                      "production"
                    ]
                  }
                ]
              }
            ]
          }
        }
      ]
    },
    {
      "mode": "managed",
      "type": "cloudflare_access_application",
      "name": "ssh_multi_criteria",
      "provider": "provider[\"registry.terraform.io/cloudflare/cloudflare\"]",
      "instances": [
        {
          "schema_version": 0,
          "attributes": {
            "id": "ssh-multi-id",
            "account_id": "test-account-id",
            "name": "cftftest SSH Multi",
            "type": "ssh",
            "policies": [
              "default-policy-id"
            ],
            "aud": "ssh-multi-aud",
            "target_criteria": [
              {
                "port": 22,
                "protocol": "ssh",
                "target_attributes": [
                  {
                    "name": "tier",
                    "values": [
                      "web"
                    ]
                  }
                ]
              },
              {
                "port": 2222,
                "protocol": "ssh",
                "target_attributes": [
                  {
                    "name": "tier",
                    "values": [
                      "database"
                    ]
                  }
                ]
              }
            ]
          }
        }
      ]
    },
    {
      "mode": "managed",
      "type": "cloudflare_access_application",
      "name": "with_landing_page",
      "provider": "provider[\"registry.terraform.io/cloudflare/cloudflare\"]",
      "instances": [
        {
          "schema_version": 0,
          "attributes": {
            "id": "landing-page-id",
            "account_id": "test-account-id",
            "name": "cftftest Landing Page",
            "domain": "landing.cort.terraform.cfapi.net",
            "policies": [
              "landing-policy"
            ],
            "aud": "landing-page-aud",
            "landing_page_design": [
              {
                "title": "Welcome to cftftest",
                "message": "Please sign in to continue",
                "logo_url": "https://logo.cort.terraform.cfapi.net/logo.png",
                "header_bg_color": "#0051C3",
                "body_bg_color": "#FFFFFF",
                "footer_links": [
                  {
                    "name": "Help Center",
                    "url": "https://help.cort.terraform.cfapi.net"
                  },
                  {
                    "name": "Privacy Policy",
                    "url": "https://privacy.cort.terraform.cfapi.net"
                  }
                ]
              }
            ],
            "type": "self_hosted"
          }
        }
      ]
    },
    {
      "mode": "managed",
      "type": "cloudflare_access_application",
      "name": "minimal_landing",
      "provider": "provider[\"registry.terraform.io/cloudflare/cloudflare\"]",
      "instances": [
        {
          "schema_version": 0,
          "attributes": {
            "id": "minimal-landing-id",
            "account_id": "test-account-id",
            "name": "cftftest Minimal Landing",
            "domain": "minimal-landing.cort.terraform.cfapi.net",
            "aud": "minimal-landing-aud",
            "landing_page_design": [
              {
                "message": "Sign in required"
              }
            ],
            "type": "self_hosted"
          }
        }
      ]
    },
    {
      "mode": "managed",
      "type": "cloudflare_access_application",
      "name": "with_scim",
      "provider": "provider[\"registry.terraform.io/cloudflare/cloudflare\"]",
      "instances": [
        {
          "schema_version": 0,
          "attributes": {
            "id": "scim-id",
            "account_id": "test-account-id",
            "name": "cftftest SCIM",
            "domain": "scim.cort.terraform.cfapi.net",
            "policies": [
              "scim-policy"
            ],
            "aud": "scim-aud",
            "scim_config": [
              {
                "enabled": true,
                "remote_uri": "https://scim.cort.terraform.cfapi.net/v2",
                "idp_uid": "email",
                "deactivate_on_delete": true,
                "authentication": [
                  {
                    "scheme": "httpbasic",
                    "user": "scim_user",
                    "password": "scim_password"
                  }
                ],
                "mappings": [
                  {
                    "schema": "urn:ietf:params:scim:schemas:core:2.0:User",
                    "enabled": true,
                    "operations": [
                      {
                        "create": true,
                        "update": true,
                        "delete": true
                      }
                    ]
                  }
                ]
              }
            ],
            "type": "self_hosted"
          }
        }
      ]
    },
    {
      "mode": "managed",
      "type": "cloudflare_access_application",
      "name": "with_custom_pages",
      "provider": "provider[\"registry.terraform.io/cloudflare/cloudflare\"]",
      "instances": [
        {
          "schema_version": 0,
          "attributes": {
            "id": "custom-pages-id",
            "account_id": "test-account-id",
            "name": "cftftest Custom Pages",
            "domain": "custom-pages.cort.terraform.cfapi.net",
            "policies": [
              "pages-policy"
            ],
            "custom_pages": [
              "custom-forbidden-id",
              "custom-identity-denied-id"
            ],
            "aud": "custom-pages-aud",
            "type": "self_hosted"
          }
        }
      ]
    },
    {
      "mode": "managed",
      "type": "cloudflare_access_application",
      "name": "with_self_hosted_domains",
      "provider": "provider[\"registry.terraform.io/cloudflare/cloudflare\"]",
      "instances": [
        {
          "schema_version": 0,
          "attributes": {
            "id": "self-hosted-domains-id",
            "account_id": "test-account-id",
            "name": "cftftest Self Hosted Domains",
            "type": "self_hosted",
            "self_hosted_domains": [
              "legacy1.cort.terraform.cfapi.net",
              "legacy2.cort.terraform.cfapi.net"
            ],
            "policies": [
              "legacy-policy"
            ],
            "aud": "self-hosted-domains-aud"
          }
        }
      ]
    },
    {
      "mode": "managed",
      "type": "cloudflare_access_application",
      "name": "with_domain_type",
      "provider": "provider[\"registry.terraform.io/cloudflare/cloudflare\"]",
      "instances": [
        {
          "schema_version": 0,
          "attributes": {
            "id": "domain-type-id",
            "account_id": "test-account-id",
            "name": "cftftest Domain Type",
            "domain": "domain-type.cort.terraform.cfapi.net",
            "domain_type": "full",
            "policies": [
              "domain-policy"
            ],
            "aud": "domain-type-aud",
            "type": "self_hosted"
          }
        }
      ]
    },
    {
      "mode": "managed",
      "type": "cloudflare_access_application",
      "name": "with_count",
      "provider": "provider[\"registry.terraform.io/cloudflare/cloudflare\"]",
      "instances": [
        {
          "index_key": 0,
          "schema_version": 0,
          "attributes": {
            "id": "count-0-id",
            "account_id": "test-account-id",
            "name": "cftftest Count 0",
            "domain": "count-0.cort.terraform.cfapi.net",
            "policies": [
              "count-policy-0"
            ],
            "aud": "count-0-aud",
            "type": "self_hosted"
          }
        },
        {
          "index_key": 1,
          "schema_version": 0,
          "attributes": {
            "id": "count-1-id",
            "account_id": "test-account-id",
            "name": "cftftest Count 1",
            "domain": "count-1.cort.terraform.cfapi.net",
            "policies": [
              "count-policy-1"
            ],
            "aud": "count-1-aud"
          }
        },
        {
          "index_key": 2,
          "schema_version": 0,
          "attributes": {
            "id": "count-2-id",
            "account_id": "test-account-id",
            "name": "cftftest Count 2",
            "domain": "count-2.cort.terraform.cfapi.net",
            "policies": [
              "count-policy-2"
            ],
            "aud": "count-2-aud"
          }
        }
      ]
    },
    {
      "mode": "managed",
      "type": "cloudflare_access_application",
      "name": "with_for_each",
      "provider": "provider[\"registry.terraform.io/cloudflare/cloudflare\"]",
      "instances": [
        {
          "index_key": "dev",
          "schema_version": 0,
          "attributes": {
            "id": "for-each-dev-id",
            "account_id": "test-account-id",
            "name": "cftftest dev",
            "domain": "dev.cort.terraform.cfapi.net",
            "session_duration": "24h",
            "policies": [
              "dev-policy"
            ],
            "aud": "for-each-dev-aud",
            "type": "self_hosted"
          }
        },
        {
          "index_key": "prod",
          "schema_version": 0,
          "attributes": {
            "id": "for-each-prod-id",
            "account_id": "test-account-id",
            "name": "cftftest prod",
            "domain": "prod.cort.terraform.cfapi.net",
            "session_duration": "8h",
            "policies": [
              "prod-policy"
            ],
            "aud": "for-each-prod-aud"
          }
        },
        {
          "index_key": "staging",
          "schema_version": 0,
          "attributes": {
            "id": "for-each-staging-id",
            "account_id": "test-account-id",
            "name": "cftftest staging",
            "domain": "staging.cort.terraform.cfapi.net",
            "session_duration": "24h",
            "policies": [
              "staging-policy"
            ],
            "aud": "for-each-staging-aud"
          }
        }
      ]
    },
    {
      "mode": "managed",
      "type": "cloudflare_access_application",
      "name": "complex_nested",
      "provider": "provider[\"registry.terraform.io/cloudflare/cloudflare\"]",
      "instances": [
        {
          "schema_version": 0,
          "attributes": {
            "id": "complex-nested-id",
            "account_id": "test-account-id",
            "name": "cftftest Complex",
            "domain": "complex.cort.terraform.cfapi.net",
            "session_duration": "12h",
            "auto_redirect_to_identity": false,
            "allowed_idps": [
              "idp-a",
              "idp-b",
              "idp-c"
            ],
            "policies": [
              "policy-1",
              "policy-2",
              "policy-3"
            ],
            "aud": "complex-aud",
            "cors_headers": [
              {
                "allowed_methods": [
                  "GET",
                  "POST"
                ],
                "allowed_origins": [
                  "*"
                ],
                "allow_credentials": false,
                "max_age": 7200
              }
            ],
            "footer_links": [
              {
                "name": "Support",
                "url": "https://support.cort.terraform.cfapi.net"
              },
              {
                "name": "Terms",
                "url": "https://terms.cort.terraform.cfapi.net"
              }
            ],
            "type": "self_hosted"
          }
        }
      ]
    },
    {
      "mode": "managed",
      "type": "cloudflare_access_application",
      "name": "with_var_refs",
      "provider": "provider[\"registry.terraform.io/cloudflare/cloudflare\"]",
      "instances": [
        {
          "schema_version": 0,
          "attributes": {
            "id": "var-refs-id",
            "account_id": "test-account-id",
            "name": "cftftest Variable Refs",
            "domain": "var-refs.cort.terraform.cfapi.net",
            "policies": [
              "default-policy-id",
              "policy-1",
              "policy-2",
              "policy-3"
            ],
            "aud": "var-refs-aud",
            "type": "self_hosted"
          }
        }
      ]
    },
    {
      "mode": "managed",
      "type": "cloudflare_access_application",
      "name": "empty_policies",
      "provider": "provider[\"registry.terraform.io/cloudflare/cloudflare\"]",
      "instances": [
        {
          "schema_version": 0,
          "attributes": {
            "id": "empty-policies-id",
            "account_id": "test-account-id",
            "name": "cftftest Empty Policies",
            "domain": "empty-policies.cort.terraform.cfapi.net",
            "policies": [],
            "aud": "empty-policies-aud",
            "type": "self_hosted"
          }
        }
      ]
    },
    {
      "mode": "managed",
      "type": "cloudflare_access_application",
      "name": "sparse",
      "provider": "provider[\"registry.terraform.io/cloudflare/cloudflare\"]",
      "instances": [
        {
          "schema_version": 0,
          "attributes": {
            "id": "sparse-id",
            "account_id": "test-account-id",
            "name": "cftftest Sparse",
            "domain": "sparse.cort.terraform.cfapi.net",
            "aud": "sparse-aud",
            "type": "self_hosted"
          }
        }
      ]
    },
    {
      "mode": "managed",
      "type": "cloudflare_access_application",
      "name": "conditional",
      "provider": "provider[\"registry.terraform.io/cloudflare/cloudflare\"]",
      "instances": [
        {
          "index_key": 0,
          "schema_version": 0,
          "attributes": {
            "id": "conditional-id",
            "account_id": "test-account-id",
            "name": "cftftest Conditional",
            "domain": "conditional.cort.terraform.cfapi.net",
            "policies": [
              "conditional-policy"
            ],
            "aud": "conditional-aud",
            "type": "self_hosted"
          }
        }
      ]
    },
    {
      "mode": "managed",
      "type": "cloudflare_access_application",
      "name": "special_chars",
      "provider": "provider[\"registry.terraform.io/cloudflare/cloudflare\"]",
      "instances": [
        {
          "schema_version": 0,
          "attributes": {
            "id": "special-chars-id",
            "account_id": "test-account-id",
            "name": "cftftest Special \"Chars\" & 'Quotes'",
            "domain": "special.cort.terraform.cfapi.net",
            "custom_deny_message": "Access denied!\nPlease contact: admin@cort.terraform.cfapi.net\n\nFor help visit: https://help.cort.terraform.cfapi.net",
            "policies": [
              "special-policy"
            ],
            "aud": "special-chars-aud",
            "type": "self_hosted"
          }
        }
      ]
    }
  ]
}
