{
  "version": 4,
  "terraform_version": "1.5.0",
  "serial": 1,
  "lineage": "test-dns-lineage",
  "outputs": {},
  "resources": [
    {
      "mode": "managed",
      "type": "cloudflare_record",
      "name": "example_a",
      "provider": "provider[\"registry.terraform.io/cloudflare/cloudflare\"]",
      "instances": [
        {
          "schema_version": 0,
          "attributes": {
            "id": "372e67954025e0ba6aaa6d586b9e0b59",
            "zone_id": "0da42c8d2132a9ddaf714f9e7c920711",
            "name": "example",
            "value": "192.0.2.1",
            "type": "A",
            "proxied": true,
            "ttl": 1,
            "created_on": "2023-01-01T00:00:00Z",
            "modified_on": "2023-01-01T00:00:00Z"
          }
        }
      ]
    },
    {
      "mode": "managed",
      "type": "cloudflare_record",
      "name": "example_mx",
      "provider": "provider[\"registry.terraform.io/cloudflare/cloudflare\"]",
      "instances": [
        {
          "schema_version": 0,
          "attributes": {
            "id": "mx-record-id",
            "zone_id": "0da42c8d2132a9ddaf714f9e7c920711",
            "name": "@",
            "type": "MX",
            "value": "mail.example.com",
            "priority": 10,
            "ttl": 3600
          }
        }
      ]
    },
    {
      "mode": "managed",
      "type": "cloudflare_record",
      "name": "example_caa",
      "provider": "provider[\"registry.terraform.io/cloudflare/cloudflare\"]",
      "instances": [
        {
          "schema_version": 0,
          "attributes": {
            "id": "caa-record-id",
            "zone_id": "0da42c8d2132a9ddaf714f9e7c920711",
            "name": "@",
            "type": "CAA",
            "data": [
              {
                "flags": "0",
                "tag": "issue",
                "content": "ca.example.com"
              }
            ],
            "ttl": 3600
          }
        }
      ]
    },
    {
      "mode": "managed",
      "type": "cloudflare_record",
      "name": "example_caa_map",
      "provider": "provider[\"registry.terraform.io/cloudflare/cloudflare\"]",
      "instances": [
        {
          "schema_version": 0,
          "attributes": {
            "id": "caa-map-id",
            "zone_id": "0da42c8d2132a9ddaf714f9e7c920711",
            "name": "caa-map",
            "type": "CAA",
            "data": [
              {
                "flags": 128,
                "tag": "issuewild",
                "content": "ca.example.com"
              }
            ],
            "ttl": 3600
          }
        }
      ]
    },
    {
      "mode": "managed",
      "type": "cloudflare_record",
      "name": "example_srv",
      "provider": "provider[\"registry.terraform.io/cloudflare/cloudflare\"]",
      "instances": [
        {
          "schema_version": 0,
          "attributes": {
            "id": "srv-record-id",
            "zone_id": "0da42c8d2132a9ddaf714f9e7c920711",
            "name": "_service._tcp",
            "type": "SRV",
            "data": [
              {
                "priority": 5,
                "weight": 10,
                "port": 5060,
                "target": "sip.example.com"
              }
            ],
            "ttl": 3600
          }
        }
      ]
    },
    {
      "mode": "managed",
      "type": "cloudflare_record",
      "name": "example_uri",
      "provider": "provider[\"registry.terraform.io/cloudflare/cloudflare\"]",
      "instances": [
        {
          "schema_version": 0,
          "attributes": {
            "id": "uri-record-id",
            "zone_id": "0da42c8d2132a9ddaf714f9e7c920711",
            "name": "_http._tcp",
            "type": "URI",
            "data": [
              {
                "priority": 10,
                "weight": 20,
                "target": "http://example.com/path"
              }
            ],
            "ttl": 3600
          }
        }
      ]
    },
    {
      "mode": "managed",
      "type": "cloudflare_record",
      "name": "example_cname",
      "provider": "provider[\"registry.terraform.io/cloudflare/cloudflare\"]",
      "instances": [
        {
          "schema_version": 0,
          "attributes": {
            "id": "cname-record-id",
            "zone_id": "0da42c8d2132a9ddaf714f9e7c920711",
            "name": "www",
            "value": "example.com",
            "type": "CNAME",
            "proxied": false,
            "created_on": "2023-01-01T00:00:00Z"
          }
        }
      ]
    },
    {
      "mode": "managed",
      "type": "cloudflare_record",
      "name": "example_txt",
      "provider": "provider[\"registry.terraform.io/cloudflare/cloudflare\"]",
      "instances": [
        {
          "schema_version": 0,
          "attributes": {
            "id": "txt-record-id",
            "zone_id": "0da42c8d2132a9ddaf714f9e7c920711",
            "name": "@",
            "value": "v=spf1 include:_spf.example.com ~all",
            "type": "TXT",
            "ttl": 3600
          }
        }
      ]
    },
    {
      "mode": "managed",
      "type": "cloudflare_record",
      "name": "example_openpgpkey",
      "provider": "provider[\"registry.terraform.io/cloudflare/cloudflare\"]",
      "instances": [
        {
          "schema_version": 0,
          "attributes": {
            "id": "openpgpkey-record-id",
            "zone_id": "0da42c8d2132a9ddaf714f9e7c920711",
            "name": "user._openpgpkey",
            "type": "OPENPGPKEY",
            "value": "mQENBFzjqGoBCADTKLKfh...",
            "ttl": 3600
          }
        }
      ]
    }
  ]
}