{
  "lineage": "test-load-balancer-pool-lineage",
  "outputs": {},
  "resources": [
    {
      "instances": [
        {
          "attributes": {
            "id": "pool-basic-id",
            "account_id": "f037e56e89293a057740de681ac9abbe",
            "name": "cftftest-basic-pool",
            "origins": [
              {
                "name": "origin-1",
                "address": "192.0.2.1",
                "enabled": true,
                "weight": 1.0,
                "header": {}
              }
            ],
            "enabled": true,
            "minimum_origins": 1,
            "monitor": null,
            "notification_email": null,
            "check_regions": [],
            "created_on": "2023-01-01T00:00:00Z",
            "modified_on": "2023-01-01T00:00:00Z"
          },
          "schema_version": 0
        }
      ],
      "mode": "managed",
      "name": "basic",
      "provider": "provider[\"registry.terraform.io/cloudflare/cloudflare\"]",
      "type": "cloudflare_load_balancer_pool"
    },
    {
      "instances": [
        {
          "attributes": {
            "id": "pool-multi-id",
            "account_id": "f037e56e89293a057740de681ac9abbe",
            "name": "cftftest-multi-pool",
            "origins": [
              {
                "name": "origin-1",
                "address": "192.0.2.1",
                "enabled": true,
                "weight": 1.0,
                "header": {}
              },
              {
                "name": "origin-2",
                "address": "192.0.2.2",
                "enabled": true,
                "weight": 1.0,
                "header": {}
              },
              {
                "name": "origin-3",
                "address": "192.0.2.3",
                "enabled": false,
                "weight": 0.5,
                "header": {}
              }
            ],
            "enabled": true,
            "minimum_origins": 1,
            "monitor": null,
            "notification_email": null,
            "check_regions": [],
            "created_on": "2023-01-01T00:00:00Z",
            "modified_on": "2023-01-01T00:00:00Z"
          },
          "schema_version": 0
        }
      ],
      "mode": "managed",
      "name": "multi_origin",
      "provider": "provider[\"registry.terraform.io/cloudflare/cloudflare\"]",
      "type": "cloudflare_load_balancer_pool"
    }
  ],
  "serial": 1,
  "terraform_version": "1.0.0",
  "version": 4
}
