{
  "lineage": "test-load-balancer-pool-e2e-lineage",
  "outputs": {
    "e2e_basic_pool_id": {
      "type": "string",
      "value": "e2e-pool-basic-id"
    },
    "e2e_dynamic_headers_pool_id": {
      "type": "string",
      "value": "e2e-pool-dynamic-headers-id"
    },
    "e2e_dynamic_simple_pool_id": {
      "type": "string",
      "value": "e2e-pool-dynamic-simple-id"
    },
    "e2e_multi_pool_id": {
      "type": "string",
      "value": "e2e-pool-multi-id"
    },
    "e2e_shedding_pool_id": {
      "type": "string",
      "value": "e2e-pool-shedding-id"
    },
    "e2e_static_headers_pool_id": {
      "type": "string",
      "value": "e2e-pool-static-headers-id"
    }
  },
  "resources": [
    {
      "instances": [
        {
          "attributes": {
            "account_id": "394f312589f47dc33bc80a5a5f12f35f",
            "check_regions": [],
            "created_on": "2025-12-29T00:00:00Z",
            "enabled": true,
            "id": "e2e-pool-basic-id",
            "minimum_origins": 1,
            "modified_on": "2025-12-29T00:00:00Z",
            "monitor": null,
            "name": "cftftest-e2e-basic-pool",
            "notification_email": null,
            "origins": [
              {
                "address": "192.0.2.1",
                "enabled": true,
                "header": [],
                "name": "origin-1",
                "weight": 1
              }
            ]
          },
          "schema_version": 0
        }
      ],
      "mode": "managed",
      "name": "e2e_basic",
      "provider": "provider[\"registry.terraform.io/cloudflare/cloudflare\"]",
      "type": "cloudflare_load_balancer_pool"
    },
    {
      "instances": [
        {
          "attributes": {
            "account_id": "394f312589f47dc33bc80a5a5f12f35f",
            "check_regions": [],
            "created_on": "2025-12-29T00:00:00Z",
            "enabled": true,
            "id": "e2e-pool-multi-id",
            "minimum_origins": 1,
            "modified_on": "2025-12-29T00:00:00Z",
            "monitor": null,
            "name": "cftftest-e2e-multi-pool",
            "notification_email": null,
            "origins": [
              {
                "address": "192.0.2.10",
                "enabled": true,
                "header": [],
                "name": "origin-1",
                "weight": 1
              },
              {
                "address": "192.0.2.11",
                "enabled": true,
                "header": [],
                "name": "origin-2",
                "weight": 1
              }
            ]
          },
          "schema_version": 0
        }
      ],
      "mode": "managed",
      "name": "e2e_multi",
      "provider": "provider[\"registry.terraform.io/cloudflare/cloudflare\"]",
      "type": "cloudflare_load_balancer_pool"
    },
    {
      "instances": [
        {
          "attributes": {
            "account_id": "394f312589f47dc33bc80a5a5f12f35f",
            "check_regions": [],
            "created_on": "2025-12-29T00:00:00Z",
            "enabled": true,
            "id": "e2e-pool-shedding-id",
            "load_shedding": [
              {
                "default_percent": 55,
                "default_policy": "random",
                "session_percent": 30,
                "session_policy": "hash"
              }
            ],
            "minimum_origins": 1,
            "modified_on": "2025-12-29T00:00:00Z",
            "monitor": null,
            "name": "cftftest-e2e-shedding-pool",
            "notification_email": null,
            "origins": [
              {
                "address": "192.0.2.20",
                "enabled": true,
                "header": [],
                "name": "origin-1",
                "weight": 1
              }
            ]
          },
          "schema_version": 0
        }
      ],
      "mode": "managed",
      "name": "e2e_shedding",
      "provider": "provider[\"registry.terraform.io/cloudflare/cloudflare\"]",
      "type": "cloudflare_load_balancer_pool"
    },
    {
      "instances": [
        {
          "attributes": {
            "account_id": "394f312589f47dc33bc80a5a5f12f35f",
            "check_regions": [],
            "created_on": "2025-12-29T00:00:00Z",
            "description": "Pool with dynamic origins and headers",
            "enabled": true,
            "id": "e2e-pool-dynamic-headers-id",
            "minimum_origins": 1,
            "modified_on": "2025-12-29T00:00:00Z",
            "monitor": null,
            "name": "cftftest-e2e-dynamic-headers-pool",
            "notification_email": null,
            "origin_steering": [
              {
                "policy": "random"
              }
            ],
            "origins": [
              {
                "address": "192.0.2.100",
                "enabled": true,
                "header": [
                  {
                    "header": "Host",
                    "values": [
                      "api1.example.com"
                    ]
                  }
                ],
                "name": "backend-1",
                "weight": 1
              },
              {
                "address": "192.0.2.101",
                "enabled": true,
                "header": [
                  {
                    "header": "Host",
                    "values": [
                      "api2.example.com"
                    ]
                  }
                ],
                "name": "backend-2",
                "weight": 1
              },
              {
                "address": "192.0.2.102",
                "enabled": true,
                "header": [
                  {
                    "header": "Host",
                    "values": [
                      "api3.example.com"
                    ]
                  }
                ],
                "name": "backend-3",
                "weight": 0.5
              }
            ]
          },
          "schema_version": 0
        }
      ],
      "mode": "managed",
      "name": "e2e_dynamic_with_headers",
      "provider": "provider[\"registry.terraform.io/cloudflare/cloudflare\"]",
      "type": "cloudflare_load_balancer_pool"
    },
    {
      "instances": [
        {
          "attributes": {
            "account_id": "394f312589f47dc33bc80a5a5f12f35f",
            "check_regions": [],
            "created_on": "2025-12-29T00:00:00Z",
            "enabled": true,
            "id": "e2e-pool-dynamic-simple-id",
            "minimum_origins": 1,
            "modified_on": "2025-12-29T00:00:00Z",
            "monitor": null,
            "name": "cftftest-e2e-dynamic-simple-pool",
            "notification_email": null,
            "origins": [
              {
                "address": "192.0.2.100",
                "enabled": true,
                "header": [],
                "name": "backend-1",
                "weight": 1
              },
              {
                "address": "192.0.2.101",
                "enabled": true,
                "header": [],
                "name": "backend-2",
                "weight": 1
              },
              {
                "address": "192.0.2.102",
                "enabled": true,
                "header": [],
                "name": "backend-3",
                "weight": 1
              }
            ]
          },
          "schema_version": 0
        }
      ],
      "mode": "managed",
      "name": "e2e_dynamic_simple",
      "provider": "provider[\"registry.terraform.io/cloudflare/cloudflare\"]",
      "type": "cloudflare_load_balancer_pool"
    },
    {
      "instances": [
        {
          "attributes": {
            "account_id": "394f312589f47dc33bc80a5a5f12f35f",
            "check_regions": [],
            "created_on": "2025-12-29T00:00:00Z",
            "enabled": true,
            "id": "e2e-pool-static-headers-id",
            "load_shedding": [
              {
                "default_percent": 75,
                "default_policy": "random",
                "session_percent": 50,
                "session_policy": "hash"
              }
            ],
            "minimum_origins": 1,
            "modified_on": "2025-12-29T00:00:00Z",
            "monitor": null,
            "name": "cftftest-e2e-static-headers-pool",
            "notification_email": null,
            "origins": [
              {
                "address": "192.0.2.200",
                "enabled": true,
                "header": [
                  {
                    "header": "Host",
                    "values": [
                      "static1.example.com"
                    ]
                  }
                ],
                "name": "static-origin-1",
                "weight": 1
              },
              {
                "address": "192.0.2.201",
                "enabled": false,
                "header": [
                  {
                    "header": "Host",
                    "values": [
                      "static2.example.com",
                      "static2-alt.example.com"
                    ]
                  }
                ],
                "name": "static-origin-2",
                "weight": 1
              }
            ]
          },
          "schema_version": 0
        }
      ],
      "mode": "managed",
      "name": "e2e_static_with_headers",
      "provider": "provider[\"registry.terraform.io/cloudflare/cloudflare\"]",
      "type": "cloudflare_load_balancer_pool"
    }
  ],
  "serial": 1,
  "terraform_version": "1.0.0",
  "version": 4
}