{
  "lineage": "test-load-balancer-pool-e2e-lineage",
  "outputs": {
    "e2e_advanced_steering_pool_id": {
      "type": "string",
      "value": "e2e-pool-advanced-id"
    },
    "e2e_comprehensive_pool_id": {
      "type": "string",
      "value": "e2e-pool-comprehensive-id"
    },
    "e2e_minimal_pool_id": {
      "type": "string",
      "value": "e2e-pool-minimal-id"
    }
  },
  "resources": [
    {
      "instances": [
        {
          "attributes": {
            "account_id": "394f312589f47dc33bc80a5a5f12f35f",
            "check_regions": [
              "WEU",
              "ENAM"
            ],
            "created_on": "2025-12-29T00:00:00Z",
            "description": "Comprehensive E2E test pool with all attributes",
            "enabled": true,
            "id": "e2e-pool-comprehensive-id",
            "latitude": 37.7749,
            "load_shedding": {
              "default_percent": 55,
              "default_policy": "random",
              "session_percent": 30,
              "session_policy": "hash"
            },
            "longitude": -122.4194,
            "minimum_origins": 1,
            "modified_on": "2025-12-29T00:00:00Z",
            "monitor": null,
            "name": "cftftest-e2e-comprehensive",
            "notification_email": "alerts@example.com",
            "origin_steering": {
              "policy": "random"
            },
            "origins": [
              {
                "address": "192.0.2.1",
                "enabled": true,
                "header": {},
                "name": "origin-1",
                "weight": 0.6
              },
              {
                "address": "192.0.2.2",
                "enabled": true,
                "header": {},
                "name": "origin-2",
                "weight": 0.4
              }
            ]
          },
          "schema_version": 0
        }
      ],
      "mode": "managed",
      "name": "e2e_comprehensive",
      "provider": "provider[\"registry.terraform.io/cloudflare/cloudflare\"]",
      "type": "cloudflare_load_balancer_pool"
    },
    {
      "instances": [
        {
          "attributes": {
            "account_id": "394f312589f47dc33bc80a5a5f12f35f",
            "check_regions": [],
            "created_on": "2025-12-29T00:00:00Z",
            "enabled": true,
            "id": "e2e-pool-minimal-id",
            "latitude": null,
            "longitude": null,
            "minimum_origins": 1,
            "modified_on": "2025-12-29T00:00:00Z",
            "monitor": null,
            "name": "cftftest-e2e-minimal",
            "notification_email": null,
            "origins": [
              {
                "address": "192.0.2.10",
                "enabled": true,
                "header": {},
                "name": "origin-1",
                "weight": 1
              }
            ]
          },
          "schema_version": 0
        }
      ],
      "mode": "managed",
      "name": "e2e_minimal",
      "provider": "provider[\"registry.terraform.io/cloudflare/cloudflare\"]",
      "type": "cloudflare_load_balancer_pool"
    },
    {
      "instances": [
        {
          "attributes": {
            "account_id": "394f312589f47dc33bc80a5a5f12f35f",
            "check_regions": [],
            "created_on": "2025-12-29T00:00:00Z",
            "enabled": true,
            "id": "e2e-pool-advanced-id",
            "latitude": null,
            "longitude": null,
            "minimum_origins": 1,
            "modified_on": "2025-12-29T00:00:00Z",
            "monitor": null,
            "name": "cftftest-e2e-advanced",
            "notification_email": null,
            "origin_steering": {
              "policy": "least_outstanding_requests"
            },
            "origins": [
              {
                "address": "192.0.2.21",
                "enabled": true,
                "header": {},
                "name": "origin-us-east",
                "weight": 1
              },
              {
                "address": "192.0.2.20",
                "enabled": true,
                "header": {},
                "name": "origin-us-west",
                "weight": 1
              }
            ]
          },
          "schema_version": 0
        }
      ],
      "mode": "managed",
      "name": "e2e_advanced_steering",
      "provider": "provider[\"registry.terraform.io/cloudflare/cloudflare\"]",
      "type": "cloudflare_load_balancer_pool"
    }
  ],
  "serial": 1,
  "terraform_version": "1.0.0",
  "version": 4
}