{
  "version": 4,
  "terraform_version": "1.15.0",
  "serial": 7,
  "lineage": "711dca58-1045-8360-2b93-c9a8646b64cc",
  "outputs": {},
  "resources": [
    {
      "mode": "managed",
      "type": "cloudflare_zero_trust_access_service_token",
      "name": "basic_token_legacy",
      "provider": "provider[\"registry.terraform.io/cloudflare/cloudflare\"]",
      "instances": [
        {
          "schema_version": 0,
          "attributes": {
            "account_id": "f037e56e89293a057740de681ac9abbe",
            "client_id": "123456.access",
            "client_secret": "123456",
            "client_secret_version": 2.0,
            "duration": "8760h",
            "expires_at": "2026-10-31T16:42:49Z",
            "id": "a3689b90-4fd8-4655-8444-faa0446287ed",
            "name": "basic_token_legacy",
            "previous_client_secret_expires_at": "2024-12-31T23:59:59Z",
            "zone_id": null
          },
          "sensitive_attributes": [
            [
              {
                "type": "get_attr",
                "value": "client_secret"
              }
            ]
          ],
          "identity_schema_version": 0,
          "private": "bnVsbA=="
        }
      ]
    },
    {
      "mode": "managed",
      "type": "cloudflare_zero_trust_access_service_token",
      "name": "basic_token",
      "provider": "provider[\"registry.terraform.io/cloudflare/cloudflare\"]",
      "instances": [
        {
          "schema_version": 0,
          "attributes": {
            "account_id": "f037e56e89293a057740de681ac9abbe",
            "client_id": "123456.access",
            "client_secret": "123456",
            "client_secret_version": 2.0,
            "duration": "8760h",
            "expires_at": "2026-10-31T16:42:49Z",
            "id": "89500dab-f7ac-4a1d-9157-b43a78429292",
            "name": "basic_token",
            "previous_client_secret_expires_at": "2024-12-31T23:59:59Z",
            "zone_id": null
          },
          "sensitive_attributes": [
            [
              {
                "type": "get_attr",
                "value": "client_secret"
              }
            ]
          ],
          "identity_schema_version": 0,
          "private": "bnVsbA=="
        }
      ]
    }
  ],
  "check_results": null
}
