{
  "version": 4,
  "terraform_version": "1.5.0",
  "serial": 1,
  "lineage": "test-zero-trust-access-service-token-lineage",
  "outputs": {},
  "resources": [
    {
      "mode": "managed",
      "type": "cloudflare_zero_trust_access_service_token",
      "name": "map_example",
      "provider": "provider[\"registry.terraform.io/cloudflare/cloudflare\"]",
      "instances": [
        {
          "index_key": "dev",
          "schema_version": 0,
          "attributes": {
            "id": "map-dev-token-id",
            "account_id": "f037e56e89293a057740de681ac9abbe",
            "name": "cftftest-dev-service-token",
            "duration": "2190h",
            "min_days_for_renewal": 7,
            "client_secret_version": 1,
            "client_id": "dev-client-id",
            "client_secret": "",
            "expires_at": "2025-03-01T00:00:00Z",
            "zone_id": null
          }
        },
        {
          "index_key": "perf",
          "schema_version": 0,
          "attributes": {
            "id": "map-perf-token-id",
            "account_id": "f037e56e89293a057740de681ac9abbe",
            "name": "cftftest-perf-service-token",
            "duration": "2190h",
            "min_days_for_renewal": 5,
            "client_secret_version": 2,
            "client_id": "perf-client-id",
            "client_secret": "",
            "expires_at": "2025-03-01T00:00:00Z",
            "zone_id": null
          }
        },
        {
          "index_key": "prod",
          "schema_version": 0,
          "attributes": {
            "id": "map-prod-token-id",
            "account_id": "f037e56e89293a057740de681ac9abbe",
            "name": "cftftest-prod-service-token",
            "duration": "8760h",
            "min_days_for_renewal": 30,
            "client_secret_version": 1,
            "client_id": "prod-client-id",
            "client_secret": "",
            "expires_at": "2025-12-31T00:00:00Z",
            "zone_id": null
          }
        },
        {
          "index_key": "qa",
          "schema_version": 0,
          "attributes": {
            "id": "map-qa-token-id",
            "account_id": "f037e56e89293a057740de681ac9abbe",
            "name": "cftftest-qa-service-token",
            "duration": "4380h",
            "min_days_for_renewal": 10,
            "client_secret_version": 3,
            "client_id": "qa-client-id",
            "client_secret": "",
            "expires_at": "2025-06-30T00:00:00Z",
            "zone_id": null
          }
        },
        {
          "index_key": "staging",
          "schema_version": 0,
          "attributes": {
            "id": "map-staging-token-id",
            "account_id": "f037e56e89293a057740de681ac9abbe",
            "name": "cftftest-staging-service-token",
            "duration": "4380h",
            "min_days_for_renewal": 15,
            "client_secret_version": 2,
            "client_id": "staging-client-id",
            "client_secret": "",
            "expires_at": "2025-06-30T00:00:00Z",
            "zone_id": null
          }
        }
      ]
    },
    {
      "mode": "managed",
      "type": "cloudflare_zero_trust_access_service_token",
      "name": "set_example",
      "provider": "provider[\"registry.terraform.io/cloudflare/cloudflare\"]",
      "instances": [
        {
          "index_key": "alpha",
          "schema_version": 0,
          "attributes": {
            "id": "set-alpha-token-id",
            "account_id": "f037e56e89293a057740de681ac9abbe",
            "name": "cftftest-set-alpha-token",
            "duration": "8760h",
            "min_days_for_renewal": 30,
            "client_secret_version": 1,
            "client_id": "alpha-client-id",
            "client_secret": "",
            "expires_at": "2025-12-31T00:00:00Z",
            "zone_id": null
          }
        },
        {
          "index_key": "beta",
          "schema_version": 0,
          "attributes": {
            "id": "set-beta-token-id",
            "account_id": "f037e56e89293a057740de681ac9abbe",
            "name": "cftftest-set-beta-token",
            "duration": "8760h",
            "min_days_for_renewal": 30,
            "client_secret_version": 1,
            "client_id": "beta-client-id",
            "client_secret": "",
            "expires_at": "2025-12-31T00:00:00Z",
            "zone_id": null
          }
        },
        {
          "index_key": "delta",
          "schema_version": 0,
          "attributes": {
            "id": "set-delta-token-id",
            "account_id": "f037e56e89293a057740de681ac9abbe",
            "name": "cftftest-set-delta-token",
            "duration": "8760h",
            "min_days_for_renewal": 30,
            "client_secret_version": 1,
            "client_id": "delta-client-id",
            "client_secret": "",
            "expires_at": "2025-12-31T00:00:00Z",
            "zone_id": null
          }
        },
        {
          "index_key": "gamma",
          "schema_version": 0,
          "attributes": {
            "id": "set-gamma-token-id",
            "account_id": "f037e56e89293a057740de681ac9abbe",
            "name": "cftftest-set-gamma-token",
            "duration": "8760h",
            "min_days_for_renewal": 30,
            "client_secret_version": 1,
            "client_id": "gamma-client-id",
            "client_secret": "",
            "expires_at": "2025-12-31T00:00:00Z",
            "zone_id": null
          }
        }
      ]
    },
    {
      "mode": "managed",
      "type": "cloudflare_zero_trust_access_service_token",
      "name": "counted",
      "provider": "provider[\"registry.terraform.io/cloudflare/cloudflare\"]",
      "instances": [
        {
          "index_key": 0,
          "schema_version": 0,
          "attributes": {
            "id": "counted-0-token-id",
            "account_id": "f037e56e89293a057740de681ac9abbe",
            "name": "cftftest-counted-token-0",
            "duration": "8760h",
            "min_days_for_renewal": 10,
            "client_secret_version": 1,
            "client_id": "counted-0-client-id",
            "client_secret": "",
            "expires_at": "2025-12-31T00:00:00Z",
            "zone_id": null
          }
        },
        {
          "index_key": 1,
          "schema_version": 0,
          "attributes": {
            "id": "counted-1-token-id",
            "account_id": "f037e56e89293a057740de681ac9abbe",
            "name": "cftftest-counted-token-1",
            "duration": "8760h",
            "min_days_for_renewal": 20,
            "client_secret_version": 2,
            "client_id": "counted-1-client-id",
            "client_secret": "",
            "expires_at": "2025-12-31T00:00:00Z",
            "zone_id": null
          }
        },
        {
          "index_key": 2,
          "schema_version": 0,
          "attributes": {
            "id": "counted-2-token-id",
            "account_id": "f037e56e89293a057740de681ac9abbe",
            "name": "cftftest-counted-token-2",
            "duration": "8760h",
            "min_days_for_renewal": 30,
            "client_secret_version": 3,
            "client_id": "counted-2-client-id",
            "client_secret": "",
            "expires_at": "2025-12-31T00:00:00Z",
            "zone_id": null
          }
        }
      ]
    },
    {
      "mode": "managed",
      "type": "cloudflare_zero_trust_access_service_token",
      "name": "conditional_enabled",
      "provider": "provider[\"registry.terraform.io/cloudflare/cloudflare\"]",
      "instances": [
        {
          "index_key": 0,
          "schema_version": 0,
          "attributes": {
            "id": "conditional-enabled-token-id",
            "account_id": "f037e56e89293a057740de681ac9abbe",
            "name": "cftftest-conditional-long-duration",
            "duration": "17520h",
            "min_days_for_renewal": 60,
            "client_secret_version": 1,
            "client_id": "conditional-enabled-client-id",
            "client_secret": "",
            "expires_at": "2027-01-01T00:00:00Z",
            "zone_id": null
          }
        }
      ]
    },
    {
      "mode": "managed",
      "type": "cloudflare_zero_trust_access_service_token",
      "name": "with_functions",
      "provider": "provider[\"registry.terraform.io/cloudflare/cloudflare\"]",
      "instances": [
        {
          "schema_version": 0,
          "attributes": {
            "id": "with-functions-token-id",
            "account_id": "f037e56e89293a057740de681ac9abbe",
            "name": "cftftest-test-integration-function-example",
            "duration": "8760h",
            "min_days_for_renewal": 30,
            "client_secret_version": 1,
            "client_id": "with-functions-client-id",
            "client_secret": "",
            "expires_at": "2025-12-31T00:00:00Z",
            "zone_id": null
          }
        }
      ]
    },
    {
      "mode": "managed",
      "type": "cloudflare_zero_trust_access_service_token",
      "name": "with_interpolation",
      "provider": "provider[\"registry.terraform.io/cloudflare/cloudflare\"]",
      "instances": [
        {
          "schema_version": 0,
          "attributes": {
            "id": "with-interpolation-token-id",
            "account_id": "f037e56e89293a057740de681ac9abbe",
            "name": "cftftest-token-for-account-f037e56e89293a057740de681ac9abbe",
            "duration": "8760h",
            "min_days_for_renewal": 30,
            "client_secret_version": 1,
            "client_id": "with-interpolation-client-id",
            "client_secret": "",
            "expires_at": "2025-12-31T00:00:00Z",
            "zone_id": null
          }
        }
      ]
    },
    {
      "mode": "managed",
      "type": "cloudflare_zero_trust_access_service_token",
      "name": "with_lifecycle",
      "provider": "provider[\"registry.terraform.io/cloudflare/cloudflare\"]",
      "instances": [
        {
          "schema_version": 0,
          "attributes": {
            "id": "with-lifecycle-token-id",
            "account_id": "f037e56e89293a057740de681ac9abbe",
            "name": "cftftest-lifecycle-test-token",
            "duration": "8760h",
            "min_days_for_renewal": 30,
            "client_secret_version": 1,
            "client_id": "with-lifecycle-client-id",
            "client_secret": "",
            "expires_at": "2025-12-31T00:00:00Z",
            "zone_id": null
          }
        }
      ]
    },
    {
      "mode": "managed",
      "type": "cloudflare_zero_trust_access_service_token",
      "name": "with_prevent_destroy",
      "provider": "provider[\"registry.terraform.io/cloudflare/cloudflare\"]",
      "instances": [
        {
          "schema_version": 0,
          "attributes": {
            "id": "with-prevent-destroy-token-id",
            "account_id": "f037e56e89293a057740de681ac9abbe",
            "name": "cftftest-prevent-destroy-token",
            "duration": "8760h",
            "min_days_for_renewal": 30,
            "client_secret_version": 1,
            "client_id": "with-prevent-destroy-client-id",
            "client_secret": "",
            "expires_at": "2025-12-31T00:00:00Z",
            "zone_id": null
          }
        }
      ]
    },
    {
      "mode": "managed",
      "type": "cloudflare_zero_trust_access_service_token",
      "name": "minimal",
      "provider": "provider[\"registry.terraform.io/cloudflare/cloudflare\"]",
      "instances": [
        {
          "schema_version": 0,
          "attributes": {
            "id": "minimal-token-id",
            "account_id": "f037e56e89293a057740de681ac9abbe",
            "name": "cftftest-minimal-token",
            "client_id": "minimal-client-id",
            "client_secret": "",
            "expires_at": "2025-12-31T00:00:00Z",
            "zone_id": null
          }
        }
      ]
    },
    {
      "mode": "managed",
      "type": "cloudflare_zero_trust_access_service_token",
      "name": "maximal",
      "provider": "provider[\"registry.terraform.io/cloudflare/cloudflare\"]",
      "instances": [
        {
          "schema_version": 0,
          "attributes": {
            "id": "maximal-token-id",
            "account_id": "f037e56e89293a057740de681ac9abbe",
            "name": "cftftest-maximal-token",
            "duration": "8760h",
            "min_days_for_renewal": 30,
            "client_secret_version": 5,
            "previous_client_secret_expires_at": "2025-12-31T23:59:59Z",
            "client_id": "maximal-client-id",
            "client_secret": "",
            "expires_at": "2025-12-31T00:00:00Z",
            "zone_id": null
          }
        }
      ]
    },
    {
      "mode": "managed",
      "type": "cloudflare_zero_trust_access_service_token",
      "name": "zero_values",
      "provider": "provider[\"registry.terraform.io/cloudflare/cloudflare\"]",
      "instances": [
        {
          "schema_version": 0,
          "attributes": {
            "id": "zero-values-token-id",
            "account_id": "f037e56e89293a057740de681ac9abbe",
            "name": "cftftest-zero-values-token",
            "duration": "8760h",
            "min_days_for_renewal": 0,
            "client_secret_version": 1,
            "client_id": "zero-values-client-id",
            "client_secret": "",
            "expires_at": "2025-12-31T00:00:00Z",
            "zone_id": null
          }
        }
      ]
    },
    {
      "mode": "managed",
      "type": "cloudflare_access_service_token",
      "name": "legacy_name",
      "provider": "provider[\"registry.terraform.io/cloudflare/cloudflare\"]",
      "instances": [
        {
          "schema_version": 0,
          "attributes": {
            "id": "legacy-name-token-id",
            "account_id": "f037e56e89293a057740de681ac9abbe",
            "name": "cftftest-legacy-name-token",
            "duration": "8760h",
            "min_days_for_renewal": 30,
            "client_secret_version": 2,
            "previous_client_secret_expires_at": "2024-12-31T23:59:59Z",
            "client_id": "legacy-name-client-id",
            "client_secret": "",
            "expires_at": "2025-12-31T00:00:00Z",
            "zone_id": null
          }
        }
      ]
    },
    {
      "mode": "managed",
      "type": "cloudflare_zero_trust_access_service_token",
      "name": "without_deprecated",
      "provider": "provider[\"registry.terraform.io/cloudflare/cloudflare\"]",
      "instances": [
        {
          "schema_version": 0,
          "attributes": {
            "id": "without-deprecated-token-id",
            "account_id": "f037e56e89293a057740de681ac9abbe",
            "name": "cftftest-no-deprecated-field",
            "duration": "8760h",
            "client_secret_version": 1,
            "client_id": "without-deprecated-client-id",
            "client_secret": "",
            "expires_at": "2025-12-31T00:00:00Z",
            "zone_id": null
          }
        }
      ]
    },
    {
      "mode": "managed",
      "type": "cloudflare_zero_trust_access_service_token",
      "name": "large_version",
      "provider": "provider[\"registry.terraform.io/cloudflare/cloudflare\"]",
      "instances": [
        {
          "schema_version": 0,
          "attributes": {
            "id": "large-version-token-id",
            "account_id": "f037e56e89293a057740de681ac9abbe",
            "name": "cftftest-large-version-token",
            "duration": "8760h",
            "min_days_for_renewal": 30,
            "client_secret_version": 999,
            "client_id": "large-version-client-id",
            "client_secret": "",
            "expires_at": "2025-12-31T00:00:00Z",
            "zone_id": null
          }
        }
      ]
    },
    {
      "mode": "managed",
      "type": "cloudflare_zero_trust_access_service_token",
      "name": "special_chars",
      "provider": "provider[\"registry.terraform.io/cloudflare/cloudflare\"]",
      "instances": [
        {
          "schema_version": 0,
          "attributes": {
            "id": "special-chars-token-id",
            "account_id": "f037e56e89293a057740de681ac9abbe",
            "name": "cftftest-token-with-special_chars-123",
            "duration": "8760h",
            "min_days_for_renewal": 30,
            "client_secret_version": 1,
            "client_id": "special-chars-client-id",
            "client_secret": "",
            "expires_at": "2025-12-31T00:00:00Z",
            "zone_id": null
          }
        }
      ]
    },
    {
      "mode": "managed",
      "type": "cloudflare_zero_trust_access_service_token",
      "name": "min_duration",
      "provider": "provider[\"registry.terraform.io/cloudflare/cloudflare\"]",
      "instances": [
        {
          "schema_version": 0,
          "attributes": {
            "id": "min-duration-token-id",
            "account_id": "f037e56e89293a057740de681ac9abbe",
            "name": "cftftest-min-duration-token",
            "duration": "30m",
            "min_days_for_renewal": 1,
            "client_secret_version": 1,
            "client_id": "min-duration-client-id",
            "client_secret": "",
            "expires_at": "2025-01-01T00:30:00Z",
            "zone_id": null
          }
        }
      ]
    },
    {
      "mode": "managed",
      "type": "cloudflare_zero_trust_access_service_token",
      "name": "max_duration",
      "provider": "provider[\"registry.terraform.io/cloudflare/cloudflare\"]",
      "instances": [
        {
          "schema_version": 0,
          "attributes": {
            "id": "max-duration-token-id",
            "account_id": "f037e56e89293a057740de681ac9abbe",
            "name": "cftftest-max-duration-token",
            "duration": "87600h",
            "min_days_for_renewal": 365,
            "client_secret_version": 1,
            "client_id": "max-duration-client-id",
            "client_secret": "",
            "expires_at": "2035-01-01T00:00:00Z",
            "zone_id": null
          }
        }
      ]
    }
  ],
  "check_results": null
}
