{
  "lineage": "test-split-tunnel-lineage",
  "outputs": {},
  "resources": [
    {
      "instances": [
        {
          "attributes": {
            "account_id": "test-account-123",
            "exclude": [
              {
                "address": "192.168.0.0/16",
                "description": "Private network"
              },
              {
                "address": "10.0.0.0/8",
                "host": "internal.local"
              }
            ],
            "id": "test-account-123",
            "include": [
              {
                "address": "203.0.113.0/24",
                "description": "Corporate VPN"
              }
            ]
          },
          "schema_version": 0
        }
      ],
      "mode": "managed",
      "name": "default",
      "provider": "provider[\"registry.terraform.io/cloudflare/cloudflare\"]",
      "type": "cloudflare_zero_trust_device_default_profile"
    },
    {
      "instances": [
        {
          "attributes": {
            "account_id": "test-account-123",
            "exclude": [
              {
                "address": "172.16.0.0/12",
                "description": "Dev environment"
              },
              {
                "address": "192.168.2.0/24",
                "description": "Complex expression"
              }
            ],
            "id": "test-policy-single-456",
            "match": "identity.groups == \"developers\"",
            "name": "single_tunnel_profile",
            "policy_id": "test-policy-single-456",
            "precedence": 100
          },
          "schema_version": 0
        }
      ],
      "mode": "managed",
      "name": "single_tunnel",
      "provider": "provider[\"registry.terraform.io/cloudflare/cloudflare\"]",
      "type": "cloudflare_zero_trust_device_custom_profile"
    },
    {
      "instances": [
        {
          "attributes": {
            "account_id": "test-account-123",
            "exclude": [
              {
                "address": "172.20.0.0/16",
                "description": "Admin network 1"
              },
              {
                "address": "172.21.0.0/16",
                "host": "admin.internal"
              }
            ],
            "id": "test-policy-multiple-789",
            "include": [
              {
                "address": "10.100.0.0/16",
                "description": "Admin resources",
                "host": "prod.internal"
              }
            ],
            "match": "identity.groups == \"admins\"",
            "name": "multiple_tunnels_profile",
            "policy_id": "test-policy-multiple-789",
            "precedence": 200
          },
          "schema_version": 0
        }
      ],
      "mode": "managed",
      "name": "multiple_tunnels",
      "provider": "provider[\"registry.terraform.io/cloudflare/cloudflare\"]",
      "type": "cloudflare_zero_trust_device_custom_profile"
    }
  ],
  "serial": 1,
  "terraform_version": "1.5.0",
  "version": 4
}
