{
  "version": 4,
  "terraform_version": "1.5.0",
  "serial": 1,
  "lineage": "test-lineage",
  "outputs": {},
  "resources": [
    {
      "mode": "managed",
      "type": "cloudflare_zone",
      "name": "example",
      "provider": "provider[\"registry.terraform.io/cloudflare/cloudflare\"]",
      "instances": [
        {
          "schema_version": 0,
          "attributes": {
            "id": "zone123",
            "zone": "example.com",
            "account_id": "f037e56e89293a057740de681ac9abbe",
            "type": "full"
          }
        }
      ]
    },
    {
      "mode": "managed",
      "type": "cloudflare_zone",
      "name": "with_removed_attrs",
      "provider": "provider[\"registry.terraform.io/cloudflare/cloudflare\"]",
      "instances": [
        {
          "schema_version": 0,
          "attributes": {
            "id": "zone456",
            "zone": "test.example.com",
            "account_id": "f037e56e89293a057740de681ac9abbe",
            "jump_start": true,
            "plan": "pro",
            "paused": true
          }
        }
      ]
    }
  ]
}
