{
  "version": 4,
  "terraform_version": "1.0.0",
  "serial": 1,
  "lineage": "test",
  "outputs": {},
  "resources": [
    {
      "mode": "managed",
      "type": "cloudflare_load_balancer_monitor",
      "name": "test",
      "provider": "provider[\"registry.terraform.io/cloudflare/cloudflare\"]",
      "instances": [
        {
          "schema_version": 1,
          "attributes": {
            "id": "abc123def456",
            "account_id": "f037e56e89293a057740de681ac9abbe",
            "type": "https",
            "description": "Test HTTPS monitor",
            "method": "GET",
            "path": "/health",
            "interval": 30,
            "retries": 3,
            "timeout": 10,
            "expected_codes": "2xx",
            "expected_body": "healthy",
            "allow_insecure": true,
            "consecutive_up": 0,
            "consecutive_down": 0,
            "header": [
              {
                "header": "Host",
                "values": ["api.example.com"]
              },
              {
                "header": "Authorization",
                "values": ["Bearer token123"]
              }
            ],
            "created_on": "2023-01-01T00:00:00Z",
            "modified_on": "2023-01-01T00:00:00Z"
          }
        }
      ]
    },
    {
      "mode": "managed",
      "type": "cloudflare_load_balancer_monitor",
      "name": "minimal",
      "provider": "provider[\"registry.terraform.io/cloudflare/cloudflare\"]",
      "instances": [
        {
          "schema_version": 1,
          "attributes": {
            "id": "minimal123",
            "account_id": "f037e56e89293a057740de681ac9abbe",
            "type": "http",
            "interval": 60,
            "retries": 2,
            "timeout": 5,
            "consecutive_up": 0,
            "consecutive_down": 0,
            "created_on": "2023-01-01T00:00:00Z",
            "modified_on": "2023-01-01T00:00:00Z"
          }
        }
      ]
    }
  ]
}
