{
  "lineage": "test-load-balancer-monitor-lineage",
  "outputs": {},
  "resources": [
    {
      "instances": [
        {
          "attributes": {
            "account_id": "f037e56e89293a057740de681ac9abbe",
            "allow_insecure": null,
            "created_on": "2023-01-01T00:00:00Z",
            "description": null,
            "expected_body": null,
            "expected_codes": null,
            "follow_redirects": null,
            "id": "minimal-monitor-id",
            "interval": 60,
            "method": "GET",
            "modified_on": "2023-01-01T00:00:00Z",
            "probe_zone": null,
            "retries": 2,
            "timeout": 5,
            "type": "http"
          },
          "schema_version": 0
        }
      ],
      "mode": "managed",
      "name": "minimal",
      "provider": "provider[\"registry.terraform.io/cloudflare/cloudflare\"]",
      "type": "cloudflare_load_balancer_monitor"
    },
    {
      "instances": [
        {
          "attributes": {
            "account_id": "f037e56e89293a057740de681ac9abbe",
            "allow_insecure": null,
            "created_on": "2023-01-01T00:00:00Z",
            "description": null,
            "expected_body": null,
            "expected_codes": null,
            "follow_redirects": null,
            "header": {
              "Host": [
                "cf-tf-test.com"
              ]
            },
            "id": "http-with-header-id",
            "interval": 60,
            "method": "GET",
            "modified_on": "2023-01-01T00:00:00Z",
            "path": "/health",
            "probe_zone": null,
            "retries": 2,
            "timeout": 5,
            "type": "http"
          },
          "schema_version": 0
        }
      ],
      "mode": "managed",
      "name": "http_with_header",
      "provider": "provider[\"registry.terraform.io/cloudflare/cloudflare\"]",
      "type": "cloudflare_load_balancer_monitor"
    },
    {
      "instances": [
        {
          "attributes": {
            "account_id": "f037e56e89293a057740de681ac9abbe",
            "allow_insecure": null,
            "created_on": "2023-01-01T00:00:00Z",
            "description": null,
            "expected_body": "OK",
            "expected_codes": "200",
            "follow_redirects": null,
            "header": {
              "Authorization": [
                "Bearer token123"
              ],
              "Host": [
                "api.cf-tf-test.com"
              ],
              "User-Agent": [
                "CloudflareHealthCheck/1.0"
              ]
            },
            "id": "https-with-headers-id",
            "interval": 30,
            "method": "GET",
            "modified_on": "2023-01-01T00:00:00Z",
            "path": "/api/health",
            "port": 443,
            "probe_zone": null,
            "retries": 3,
            "timeout": 10,
            "type": "https"
          },
          "schema_version": 0
        }
      ],
      "mode": "managed",
      "name": "https_with_headers",
      "provider": "provider[\"registry.terraform.io/cloudflare/cloudflare\"]",
      "type": "cloudflare_load_balancer_monitor"
    },
    {
      "instances": [
        {
          "attributes": {
            "account_id": "f037e56e89293a057740de681ac9abbe",
            "allow_insecure": null,
            "created_on": "2023-01-01T00:00:00Z",
            "description": null,
            "expected_body": null,
            "expected_codes": null,
            "follow_redirects": null,
            "id": "tcp-monitor-id",
            "interval": 60,
            "method": "connection_established",
            "modified_on": "2023-01-01T00:00:00Z",
            "port": 8080,
            "probe_zone": null,
            "retries": 2,
            "timeout": 5,
            "type": "tcp"
          },
          "schema_version": 0
        }
      ],
      "mode": "managed",
      "name": "tcp",
      "provider": "provider[\"registry.terraform.io/cloudflare/cloudflare\"]",
      "type": "cloudflare_load_balancer_monitor"
    },
    {
      "instances": [
        {
          "attributes": {
            "account_id": "f037e56e89293a057740de681ac9abbe",
            "allow_insecure": false,
            "consecutive_down": 3,
            "consecutive_up": 2,
            "created_on": "2023-01-01T00:00:00Z",
            "description": "Comprehensive test monitor",
            "expected_body": "healthy",
            "expected_codes": "2xx,3xx",
            "follow_redirects": true,
            "header": {
              "Host": [
                "status.cf-tf-test.com"
              ],
              "X-Custom-Header": [
                "custom-value"
              ]
            },
            "id": "maximal-monitor-id",
            "interval": 120,
            "method": "POST",
            "modified_on": "2023-01-01T00:00:00Z",
            "path": "/status",
            "port": 8443,
            "probe_zone": "cf-tf-test.com",
            "retries": 5,
            "timeout": 15,
            "type": "https"
          },
          "schema_version": 0
        }
      ],
      "mode": "managed",
      "name": "maximal",
      "provider": "provider[\"registry.terraform.io/cloudflare/cloudflare\"]",
      "type": "cloudflare_load_balancer_monitor"
    },
    {
      "instances": [
        {
          "attributes": {
            "account_id": "f037e56e89293a057740de681ac9abbe",
            "allow_insecure": null,
            "created_on": "2023-01-01T00:00:00Z",
            "description": "API server health check",
            "expected_body": null,
            "expected_codes": null,
            "follow_redirects": null,
            "header": {
              "Host": [
                "api.cftftest.cf-tf-test.com"
              ]
            },
            "id": "map-api-monitor-id",
            "interval": 60,
            "method": "GET",
            "modified_on": "2023-01-01T00:00:00Z",
            "path": "/api/status",
            "port": 8443,
            "probe_zone": null,
            "retries": 2,
            "timeout": 5,
            "type": "https"
          },
          "index_key": "api",
          "schema_version": 0
        },
        {
          "attributes": {
            "account_id": "f037e56e89293a057740de681ac9abbe",
            "allow_insecure": null,
            "created_on": "2023-01-01T00:00:00Z",
            "description": "Cache server health check",
            "expected_body": null,
            "expected_codes": null,
            "follow_redirects": null,
            "header": {
              "Host": [
                "cache.cftftest.cf-tf-test.com"
              ]
            },
            "id": "map-cache-monitor-id",
            "interval": 60,
            "method": "GET",
            "modified_on": "2023-01-01T00:00:00Z",
            "path": "/ping",
            "port": 80,
            "probe_zone": null,
            "retries": 2,
            "timeout": 5,
            "type": "http"
          },
          "index_key": "cache",
          "schema_version": 0
        },
        {
          "attributes": {
            "account_id": "f037e56e89293a057740de681ac9abbe",
            "allow_insecure": null,
            "created_on": "2023-01-01T00:00:00Z",
            "description": "Web server health check",
            "expected_body": null,
            "expected_codes": null,
            "follow_redirects": null,
            "header": {
              "Host": [
                "web.cftftest.cf-tf-test.com"
              ]
            },
            "id": "map-web-monitor-id",
            "interval": 60,
            "method": "GET",
            "modified_on": "2023-01-01T00:00:00Z",
            "path": "/health",
            "port": 443,
            "probe_zone": null,
            "retries": 2,
            "timeout": 5,
            "type": "https"
          },
          "index_key": "web",
          "schema_version": 0
        }
      ],
      "mode": "managed",
      "name": "map_monitors",
      "provider": "provider[\"registry.terraform.io/cloudflare/cloudflare\"]",
      "type": "cloudflare_load_balancer_monitor"
    },
    {
      "instances": [
        {
          "attributes": {
            "account_id": "f037e56e89293a057740de681ac9abbe",
            "allow_insecure": null,
            "created_on": "2023-01-01T00:00:00Z",
            "description": "cftftest-monitor-alpha",
            "expected_body": null,
            "expected_codes": null,
            "follow_redirects": null,
            "id": "set-alpha-monitor-id",
            "interval": 60,
            "method": "GET",
            "modified_on": "2023-01-01T00:00:00Z",
            "path": "/healthz",
            "probe_zone": null,
            "retries": 2,
            "timeout": 5,
            "type": "http"
          },
          "index_key": "alpha",
          "schema_version": 0
        },
        {
          "attributes": {
            "account_id": "f037e56e89293a057740de681ac9abbe",
            "allow_insecure": null,
            "created_on": "2023-01-01T00:00:00Z",
            "description": "cftftest-monitor-beta",
            "expected_body": null,
            "expected_codes": null,
            "follow_redirects": null,
            "id": "set-beta-monitor-id",
            "interval": 60,
            "method": "GET",
            "modified_on": "2023-01-01T00:00:00Z",
            "path": "/healthz",
            "probe_zone": null,
            "retries": 2,
            "timeout": 5,
            "type": "http"
          },
          "index_key": "beta",
          "schema_version": 0
        },
        {
          "attributes": {
            "account_id": "f037e56e89293a057740de681ac9abbe",
            "allow_insecure": null,
            "created_on": "2023-01-01T00:00:00Z",
            "description": "cftftest-monitor-delta",
            "expected_body": null,
            "expected_codes": null,
            "follow_redirects": null,
            "id": "set-delta-monitor-id",
            "interval": 60,
            "method": "GET",
            "modified_on": "2023-01-01T00:00:00Z",
            "path": "/healthz",
            "probe_zone": null,
            "retries": 2,
            "timeout": 5,
            "type": "http"
          },
          "index_key": "delta",
          "schema_version": 0
        },
        {
          "attributes": {
            "account_id": "f037e56e89293a057740de681ac9abbe",
            "allow_insecure": null,
            "created_on": "2023-01-01T00:00:00Z",
            "description": "cftftest-monitor-gamma",
            "expected_body": null,
            "expected_codes": null,
            "follow_redirects": null,
            "id": "set-gamma-monitor-id",
            "interval": 60,
            "method": "GET",
            "modified_on": "2023-01-01T00:00:00Z",
            "path": "/healthz",
            "probe_zone": null,
            "retries": 2,
            "timeout": 5,
            "type": "http"
          },
          "index_key": "gamma",
          "schema_version": 0
        }
      ],
      "mode": "managed",
      "name": "set_monitors",
      "provider": "provider[\"registry.terraform.io/cloudflare/cloudflare\"]",
      "type": "cloudflare_load_balancer_monitor"
    },
    {
      "instances": [
        {
          "attributes": {
            "account_id": "f037e56e89293a057740de681ac9abbe",
            "allow_insecure": null,
            "created_on": "2023-01-01T00:00:00Z",
            "description": "cftftest-monitor-0",
            "expected_body": null,
            "expected_codes": null,
            "follow_redirects": null,
            "id": "counted-0-monitor-id",
            "interval": 30,
            "method": "GET",
            "modified_on": "2023-01-01T00:00:00Z",
            "path": "/health0",
            "port": 8080,
            "probe_zone": null,
            "retries": 2,
            "timeout": 5,
            "type": "http"
          },
          "index_key": 0,
          "schema_version": 0
        },
        {
          "attributes": {
            "account_id": "f037e56e89293a057740de681ac9abbe",
            "allow_insecure": null,
            "created_on": "2023-01-01T00:00:00Z",
            "description": "cftftest-monitor-1",
            "expected_body": null,
            "expected_codes": null,
            "follow_redirects": null,
            "id": "counted-1-monitor-id",
            "interval": 40,
            "method": "GET",
            "modified_on": "2023-01-01T00:00:00Z",
            "path": "/health1",
            "port": 8081,
            "probe_zone": null,
            "retries": 2,
            "timeout": 5,
            "type": "http"
          },
          "index_key": 1,
          "schema_version": 0
        },
        {
          "attributes": {
            "account_id": "f037e56e89293a057740de681ac9abbe",
            "allow_insecure": null,
            "created_on": "2023-01-01T00:00:00Z",
            "description": "cftftest-monitor-2",
            "expected_body": null,
            "expected_codes": null,
            "follow_redirects": null,
            "id": "counted-2-monitor-id",
            "interval": 50,
            "method": "GET",
            "modified_on": "2023-01-01T00:00:00Z",
            "path": "/health2",
            "port": 8082,
            "probe_zone": null,
            "retries": 2,
            "timeout": 5,
            "type": "http"
          },
          "index_key": 2,
          "schema_version": 0
        }
      ],
      "mode": "managed",
      "name": "counted",
      "provider": "provider[\"registry.terraform.io/cloudflare/cloudflare\"]",
      "type": "cloudflare_load_balancer_monitor"
    },
    {
      "instances": [
        {
          "attributes": {
            "account_id": "f037e56e89293a057740de681ac9abbe",
            "allow_insecure": null,
            "created_on": "2023-01-01T00:00:00Z",
            "description": "cftftest-conditional-enabled",
            "expected_body": null,
            "expected_codes": null,
            "follow_redirects": null,
            "id": "conditional-enabled-id",
            "interval": 60,
            "method": "GET",
            "modified_on": "2023-01-01T00:00:00Z",
            "path": "/enabled",
            "probe_zone": null,
            "retries": 2,
            "timeout": 5,
            "type": "http"
          },
          "index_key": 0,
          "schema_version": 0
        }
      ],
      "mode": "managed",
      "name": "conditional_enabled",
      "provider": "provider[\"registry.terraform.io/cloudflare/cloudflare\"]",
      "type": "cloudflare_load_balancer_monitor"
    },
    {
      "instances": [
        {
          "attributes": {
            "account_id": "f037e56e89293a057740de681ac9abbe",
            "allow_insecure": null,
            "created_on": "2023-01-01T00:00:00Z",
            "description": "cftftest-function-test",
            "expected_body": null,
            "expected_codes": null,
            "follow_redirects": null,
            "header": {
              "Host": [
                "cftftest.cf-tf-test.com"
              ]
            },
            "id": "with-functions-id",
            "interval": 60,
            "method": "GET",
            "modified_on": "2023-01-01T00:00:00Z",
            "path": "/check",
            "probe_zone": null,
            "retries": 2,
            "timeout": 5,
            "type": "https"
          },
          "schema_version": 0
        }
      ],
      "mode": "managed",
      "name": "with_functions",
      "provider": "provider[\"registry.terraform.io/cloudflare/cloudflare\"]",
      "type": "cloudflare_load_balancer_monitor"
    },
    {
      "instances": [
        {
          "attributes": {
            "account_id": "f037e56e89293a057740de681ac9abbe",
            "allow_insecure": null,
            "created_on": "2023-01-01T00:00:00Z",
            "description": "cftftest-lifecycle-test",
            "expected_body": null,
            "expected_codes": null,
            "follow_redirects": null,
            "id": "with-lifecycle-id",
            "interval": 60,
            "method": "GET",
            "modified_on": "2023-01-01T00:00:00Z",
            "path": "/lifecycle",
            "probe_zone": null,
            "retries": 2,
            "timeout": 5,
            "type": "http"
          },
          "schema_version": 0
        }
      ],
      "mode": "managed",
      "name": "with_lifecycle",
      "provider": "provider[\"registry.terraform.io/cloudflare/cloudflare\"]",
      "type": "cloudflare_load_balancer_monitor"
    },
    {
      "instances": [
        {
          "attributes": {
            "account_id": "f037e56e89293a057740de681ac9abbe",
            "allow_insecure": null,
            "created_on": "2023-01-01T00:00:00Z",
            "description": null,
            "expected_body": null,
            "expected_codes": null,
            "follow_redirects": null,
            "id": "empty-optionals-id",
            "interval": 60,
            "method": "GET",
            "modified_on": "2023-01-01T00:00:00Z",
            "probe_zone": null,
            "retries": 2,
            "timeout": 5,
            "type": "http"
          },
          "schema_version": 0
        }
      ],
      "mode": "managed",
      "name": "empty_optionals",
      "provider": "provider[\"registry.terraform.io/cloudflare/cloudflare\"]",
      "type": "cloudflare_load_balancer_monitor"
    },
    {
      "instances": [
        {
          "attributes": {
            "account_id": "f037e56e89293a057740de681ac9abbe",
            "allow_insecure": null,
            "created_on": "2023-01-01T00:00:00Z",
            "description": null,
            "expected_body": null,
            "expected_codes": null,
            "follow_redirects": null,
            "id": "smtp-monitor-id",
            "interval": 60,
            "modified_on": "2023-01-01T00:00:00Z",
            "port": 25,
            "probe_zone": null,
            "retries": 3,
            "timeout": 10,
            "type": "smtp"
          },
          "schema_version": 0
        }
      ],
      "mode": "managed",
      "name": "smtp",
      "provider": "provider[\"registry.terraform.io/cloudflare/cloudflare\"]",
      "type": "cloudflare_load_balancer_monitor"
    },
    {
      "instances": [
        {
          "attributes": {
            "account_id": "f037e56e89293a057740de681ac9abbe",
            "allow_insecure": null,
            "created_on": "2023-01-01T00:00:00Z",
            "description": null,
            "expected_body": null,
            "expected_codes": null,
            "follow_redirects": null,
            "id": "udp-icmp-monitor-id",
            "interval": 30,
            "modified_on": "2023-01-01T00:00:00Z",
            "port": 53,
            "probe_zone": null,
            "retries": 2,
            "timeout": 5,
            "type": "udp_icmp"
          },
          "schema_version": 0
        }
      ],
      "mode": "managed",
      "name": "udp_icmp",
      "provider": "provider[\"registry.terraform.io/cloudflare/cloudflare\"]",
      "type": "cloudflare_load_balancer_monitor"
    },
    {
      "instances": [
        {
          "attributes": {
            "account_id": "f037e56e89293a057740de681ac9abbe",
            "allow_insecure": null,
            "created_on": "2023-01-01T00:00:00Z",
            "description": null,
            "expected_body": null,
            "expected_codes": null,
            "follow_redirects": null,
            "id": "icmp-ping-monitor-id",
            "interval": 60,
            "modified_on": "2023-01-01T00:00:00Z",
            "probe_zone": null,
            "retries": 2,
            "timeout": 5,
            "type": "icmp_ping"
          },
          "schema_version": 0
        }
      ],
      "mode": "managed",
      "name": "icmp_ping",
      "provider": "provider[\"registry.terraform.io/cloudflare/cloudflare\"]",
      "type": "cloudflare_load_balancer_monitor"
    },
    {
      "instances": [
        {
          "attributes": {
            "account_id": "f037e56e89293a057740de681ac9abbe",
            "allow_insecure": null,
            "created_on": "2023-01-01T00:00:00Z",
            "description": null,
            "expected_body": null,
            "expected_codes": null,
            "follow_redirects": null,
            "header": {
              "Accept": [
                "application/json",
                "application/xml",
                "text/html"
              ],
              "Accept-Language": [
                "en-US",
                "en",
                "fr"
              ]
            },
            "id": "multi-value-header-id",
            "interval": 60,
            "method": "GET",
            "modified_on": "2023-01-01T00:00:00Z",
            "path": "/multi",
            "probe_zone": null,
            "retries": 2,
            "timeout": 5,
            "type": "https"
          },
          "schema_version": 0
        }
      ],
      "mode": "managed",
      "name": "multi_value_header",
      "provider": "provider[\"registry.terraform.io/cloudflare/cloudflare\"]",
      "type": "cloudflare_load_balancer_monitor"
    },
    {
      "instances": [
        {
          "attributes": {
            "account_id": "f037e56e89293a057740de681ac9abbe",
            "allow_insecure": null,
            "created_on": "2023-01-01T00:00:00Z",
            "description": "Monitor for account f037e56e89293a057740de681ac9abbe",
            "expected_body": null,
            "expected_codes": null,
            "follow_redirects": null,
            "id": "with-interpolation-id",
            "interval": 60,
            "method": "GET",
            "modified_on": "2023-01-01T00:00:00Z",
            "path": "/check",
            "probe_zone": null,
            "retries": 2,
            "timeout": 5,
            "type": "http"
          },
          "schema_version": 0
        }
      ],
      "mode": "managed",
      "name": "with_interpolation",
      "provider": "provider[\"registry.terraform.io/cloudflare/cloudflare\"]",
      "type": "cloudflare_load_balancer_monitor"
    },
    {
      "instances": [
        {
          "attributes": {
            "account_id": "f037e56e89293a057740de681ac9abbe",
            "allow_insecure": null,
            "created_on": "2023-01-01T00:00:00Z",
            "description": "Test: Special \u0026 chars \u003c\u003e in \"description\"",
            "expected_body": "Status: OK | Ready: true",
            "expected_codes": null,
            "follow_redirects": null,
            "header": {
              "X-API-Key": [
                "key_with-dashes.and_underscores"
              ]
            },
            "id": "special-chars-id",
            "interval": 60,
            "method": "GET",
            "modified_on": "2023-01-01T00:00:00Z",
            "path": "/api/v2/status?detailed=true\u0026format=json",
            "probe_zone": null,
            "retries": 2,
            "timeout": 5,
            "type": "https"
          },
          "schema_version": 0
        }
      ],
      "mode": "managed",
      "name": "special_chars",
      "provider": "provider[\"registry.terraform.io/cloudflare/cloudflare\"]",
      "type": "cloudflare_load_balancer_monitor"
    },
    {
      "instances": [
        {
          "attributes": {
            "account_id": "f037e56e89293a057740de681ac9abbe",
            "allow_insecure": null,
            "consecutive_down": 5,
            "consecutive_up": 3,
            "created_on": "2023-01-01T00:00:00Z",
            "description": null,
            "expected_body": null,
            "expected_codes": null,
            "follow_redirects": null,
            "id": "consecutive-values-id",
            "interval": 45,
            "method": "GET",
            "modified_on": "2023-01-01T00:00:00Z",
            "path": "/check",
            "probe_zone": null,
            "retries": 4,
            "timeout": 8,
            "type": "http"
          },
          "schema_version": 0
        }
      ],
      "mode": "managed",
      "name": "consecutive_values",
      "provider": "provider[\"registry.terraform.io/cloudflare/cloudflare\"]",
      "type": "cloudflare_load_balancer_monitor"
    },
    {
      "instances": [
        {
          "attributes": {
            "account_id": "f037e56e89293a057740de681ac9abbe",
            "allow_insecure": null,
            "created_on": "2023-01-01T00:00:00Z",
            "description": null,
            "expected_body": null,
            "expected_codes": null,
            "follow_redirects": null,
            "header": {
              "Host": [
                "cftftest.cf-tf-test.com"
              ]
            },
            "id": "with-probe-zone-id",
            "interval": 60,
            "method": "GET",
            "modified_on": "2023-01-01T00:00:00Z",
            "path": "/health",
            "probe_zone": "cftftest.cf-tf-test.com",
            "retries": 2,
            "timeout": 5,
            "type": "https"
          },
          "schema_version": 0
        }
      ],
      "mode": "managed",
      "name": "with_probe_zone",
      "provider": "provider[\"registry.terraform.io/cloudflare/cloudflare\"]",
      "type": "cloudflare_load_balancer_monitor"
    }
  ],
  "serial": 1,
  "terraform_version": "1.5.0",
  "version": 4
}